{
  "version": 4,
  "terraform_version": "1.14.3",
  "serial": 26,
  "lineage": "1bbf130b-567a-2fc3-fce1-78c293edcd61",
  "outputs": {},
  "resources": [
    {
      "mode": "managed",
      "type": "helm_release",
      "name": "analytics_service",
      "provider": "provider[\"registry.terraform.io/hashicorp/helm\"]",
      "instances": [
        {
          "schema_version": 2,
          "attributes": {
            "atomic": false,
            "chart": "./../helm-chart/analytics-service",
            "cleanup_on_fail": false,
            "create_namespace": false,
            "dependency_update": false,
            "description": null,
            "devel": null,
            "disable_crd_hooks": false,
            "disable_openapi_validation": false,
            "disable_webhooks": false,
            "force_update": false,
            "id": "analytics-service",
            "keyring": null,
            "lint": false,
            "manifest": null,
            "max_history": 0,
            "metadata": {
              "app_version": "0.1.0",
              "chart": "analytics-service",
              "first_deployed": 1768299090,
              "last_deployed": 1768299090,
              "name": "analytics-service",
              "namespace": "team4",
              "notes": "",
              "revision": 1,
              "values": "{\"image\":{\"pullPolicy\":\"IfNotPresent\",\"repository\":\"analytics-service\",\"tag\":\"latest\"},\"replicaCount\":1,\"service\":{\"port\":8080}}",
              "version": "0.1.0"
            },
            "name": "analytics-service",
            "namespace": "team4",
            "pass_credentials": false,
            "postrender": null,
            "recreate_pods": false,
            "render_subchart_notes": true,
            "replace": false,
            "repository": null,
            "repository_ca_file": null,
            "repository_cert_file": null,
            "repository_key_file": null,
            "repository_password": null,
            "repository_username": null,
            "reset_values": false,
            "resources": null,
            "reuse_values": false,
            "set": null,
            "set_list": null,
            "set_sensitive": null,
            "set_wo": null,
            "set_wo_revision": null,
            "skip_crds": false,
            "status": "deployed",
            "take_ownership": false,
            "timeout": 300,
            "timeouts": null,
            "upgrade_install": false,
            "values": [
              "\"image\":\n  \"pullPolicy\": \"IfNotPresent\"\n  \"repository\": \"analytics-service\"\n  \"tag\": \"latest\"\n\"replicaCount\": 1\n\"service\":\n  \"port\": 8080\n"
            ],
            "verify": false,
            "version": "0.1.0",
            "wait": true,
            "wait_for_jobs": false
          },
          "sensitive_attributes": [
            [
              {
                "type": "get_attr",
                "value": "repository_password"
              }
            ]
          ],
          "identity_schema_version": 0,
          "identity": {
            "namespace": "team4",
            "release_name": "analytics-service"
          },
          "dependencies": [
            "helm_release.influxdb2",
            "helm_release.strimzi_operator",
            "kubernetes_manifest.kafka_cluster",
            "kubernetes_manifest.kafka_nodepool_dualrole",
            "kubernetes_namespace_v1.team4"
          ]
        }
      ]
    },
    {
      "mode": "managed",
      "type": "helm_release",
      "name": "influxdb2",
      "provider": "provider[\"registry.terraform.io/hashicorp/helm\"]",
      "instances": [
        {
          "schema_version": 2,
          "attributes": {
            "atomic": false,
            "chart": "influxdb2",
            "cleanup_on_fail": false,
            "create_namespace": false,
            "dependency_update": false,
            "description": null,
            "devel": null,
            "disable_crd_hooks": false,
            "disable_openapi_validation": false,
            "disable_webhooks": false,
            "force_update": false,
            "id": "influxdb2",
            "keyring": null,
            "lint": false,
            "manifest": null,
            "max_history": 0,
            "metadata": {
              "app_version": "2.7.4",
              "chart": "influxdb2",
              "first_deployed": 1768299058,
              "last_deployed": 1768299058,
              "name": "influxdb2",
              "namespace": "team4",
              "notes": "InfluxDB 2 is deployed as a StatefulSet on your cluster.\n\nYou can access it by using the service name: influxdb2\n\nTo retrieve the password for the 'admin' user:\n\n  echo $(kubectl get secret influxdb2-auth -o \"jsonpath={.data['admin-password']}\" --namespace team4 | base64 --decode)\n\nNote: with enabled persistence, admin password is only set once during the initial deployment. The password is not changed when InfluxDB 2 is re-deployed with different password.\n",
              "revision": 1,
              "values": "{\"adminUser\":{\"bucket\":\"team4-bucket\",\"organization\":\"team4-org\",\"password\":\"admin123\",\"token\":\"team4-dev-admin-token\",\"user\":\"admin\"},\"persistence\":{\"enabled\":false},\"service\":{\"type\":\"ClusterIP\"}}",
              "version": "2.1.2"
            },
            "name": "influxdb2",
            "namespace": "team4",
            "pass_credentials": false,
            "postrender": null,
            "recreate_pods": false,
            "render_subchart_notes": true,
            "replace": false,
            "repository": "https://helm.influxdata.com",
            "repository_ca_file": null,
            "repository_cert_file": null,
            "repository_key_file": null,
            "repository_password": null,
            "repository_username": null,
            "reset_values": false,
            "resources": null,
            "reuse_values": false,
            "set": null,
            "set_list": null,
            "set_sensitive": null,
            "set_wo": null,
            "set_wo_revision": null,
            "skip_crds": false,
            "status": "deployed",
            "take_ownership": false,
            "timeout": 300,
            "timeouts": null,
            "upgrade_install": false,
            "values": [
              "\"adminUser\":\n  \"bucket\": \"team4-bucket\"\n  \"organization\": \"team4-org\"\n  \"password\": \"admin123\"\n  \"token\": \"team4-dev-admin-token\"\n  \"user\": \"admin\"\n\"persistence\":\n  \"enabled\": false\n\"service\":\n  \"type\": \"ClusterIP\"\n"
            ],
            "verify": false,
            "version": "2.1.2",
            "wait": true,
            "wait_for_jobs": false
          },
          "sensitive_attributes": [
            [
              {
                "type": "get_attr",
                "value": "repository_password"
              }
            ]
          ],
          "identity_schema_version": 0,
          "identity": {
            "namespace": "team4",
            "release_name": "influxdb2"
          },
          "dependencies": [
            "kubernetes_namespace_v1.team4"
          ]
        }
      ]
    },
    {
      "mode": "managed",
      "type": "helm_release",
      "name": "strimzi_operator",
      "provider": "provider[\"registry.terraform.io/hashicorp/helm\"]",
      "instances": [
        {
          "schema_version": 2,
          "attributes": {
            "atomic": false,
            "chart": "strimzi-kafka-operator",
            "cleanup_on_fail": false,
            "create_namespace": false,
            "dependency_update": false,
            "description": null,
            "devel": null,
            "disable_crd_hooks": false,
            "disable_openapi_validation": false,
            "disable_webhooks": false,
            "force_update": false,
            "id": "strimzi-operator",
            "keyring": null,
            "lint": false,
            "manifest": null,
            "max_history": 0,
            "metadata": {
              "app_version": "0.49.1",
              "chart": "strimzi-kafka-operator",
              "first_deployed": 1768299056,
              "last_deployed": 1768299056,
              "name": "strimzi-operator",
              "namespace": "team4",
              "notes": "Thank you for installing strimzi-kafka-operator-0.49.1\n\nTo create a Kafka cluster refer to the following documentation.\n\nhttps://strimzi.io/docs/operators/latest/deploying.html#deploying-cluster-operator-helm-chart-str\n",
              "revision": 1,
              "values": "{}",
              "version": "0.49.1"
            },
            "name": "strimzi-operator",
            "namespace": "team4",
            "pass_credentials": false,
            "postrender": null,
            "recreate_pods": false,
            "render_subchart_notes": true,
            "replace": false,
            "repository": "oci://quay.io/strimzi-helm",
            "repository_ca_file": null,
            "repository_cert_file": null,
            "repository_key_file": null,
            "repository_password": null,
            "repository_username": null,
            "reset_values": false,
            "resources": null,
            "reuse_values": false,
            "set": null,
            "set_list": null,
            "set_sensitive": null,
            "set_wo": null,
            "set_wo_revision": null,
            "skip_crds": false,
            "status": "deployed",
            "take_ownership": false,
            "timeout": 300,
            "timeouts": null,
            "upgrade_install": false,
            "values": null,
            "verify": false,
            "version": "0.49.1",
            "wait": true,
            "wait_for_jobs": false
          },
          "sensitive_attributes": [
            [
              {
                "type": "get_attr",
                "value": "repository_password"
              }
            ]
          ],
          "identity_schema_version": 0,
          "identity": {
            "namespace": "team4",
            "release_name": "strimzi-operator"
          },
          "dependencies": [
            "kubernetes_namespace_v1.team4"
          ]
        }
      ]
    },
    {
      "mode": "managed",
      "type": "kubernetes_manifest",
      "name": "kafka_cluster",
      "provider": "provider[\"registry.terraform.io/hashicorp/kubernetes\"]",
      "instances": [
        {
          "schema_version": 1,
          "attributes": {
            "computed_fields": null,
            "field_manager": [],
            "manifest": {
              "value": {
                "apiVersion": "kafka.strimzi.io/v1",
                "kind": "Kafka",
                "metadata": {
                  "name": "team4-kafka",
                  "namespace": "team4"
                },
                "spec": {
                  "entityOperator": {
                    "topicOperator": {},
                    "userOperator": {}
                  },
                  "kafka": {
                    "config": {
                      "default.replication.factor": 1,
                      "min.insync.replicas": 1,
                      "offsets.topic.replication.factor": 1,
                      "transaction.state.log.min.isr": 1,
                      "transaction.state.log.replication.factor": 1
                    },
                    "listeners": [
                      {
                        "name": "plain",
                        "port": 9092,
                        "tls": false,
                        "type": "internal"
                      }
                    ],
                    "metadataVersion": "4.1-IV1",
                    "version": "4.1.1"
                  }
                }
              },
              "type": [
                "object",
                {
                  "apiVersion": "string",
                  "kind": "string",
                  "metadata": [
                    "object",
                    {
                      "name": "string",
                      "namespace": "string"
                    }
                  ],
                  "spec": [
                    "object",
                    {
                      "entityOperator": [
                        "object",
                        {
                          "topicOperator": [
                            "object",
                            {}
                          ],
                          "userOperator": [
                            "object",
                            {}
                          ]
                        }
                      ],
                      "kafka": [
                        "object",
                        {
                          "config": [
                            "object",
                            {
                              "default.replication.factor": "number",
                              "min.insync.replicas": "number",
                              "offsets.topic.replication.factor": "number",
                              "transaction.state.log.min.isr": "number",
                              "transaction.state.log.replication.factor": "number"
                            }
                          ],
                          "listeners": [
                            "tuple",
                            [
                              [
                                "object",
                                {
                                  "name": "string",
                                  "port": "number",
                                  "tls": "bool",
                                  "type": "string"
                                }
                              ]
                            ]
                          ],
                          "metadataVersion": "string",
                          "version": "string"
                        }
                      ]
                    }
                  ]
                }
              ]
            },
            "object": {
              "value": {
                "apiVersion": "kafka.strimzi.io/v1",
                "kind": "Kafka",
                "metadata": {
                  "annotations": null,
                  "creationTimestamp": null,
                  "deletionGracePeriodSeconds": null,
                  "deletionTimestamp": null,
                  "finalizers": null,
                  "generateName": null,
                  "generation": null,
                  "labels": null,
                  "managedFields": null,
                  "name": "team4-kafka",
                  "namespace": "team4",
                  "ownerReferences": null,
                  "resourceVersion": null,
                  "selfLink": null,
                  "uid": null
                },
                "spec": {
                  "clientsCa": {
                    "certificateExpirationPolicy": null,
                    "generateCertificateAuthority": null,
                    "generateSecretOwnerReference": null,
                    "renewalDays": null,
                    "validityDays": null
                  },
                  "clusterCa": {
                    "certificateExpirationPolicy": null,
                    "generateCertificateAuthority": null,
                    "generateSecretOwnerReference": null,
                    "renewalDays": null,
                    "validityDays": null
                  },
                  "cruiseControl": {
                    "apiUsers": {
                      "type": null,
                      "valueFrom": {
                        "secretKeyRef": {
                          "key": null,
                          "name": null,
                          "optional": null
                        }
                      }
                    },
                    "autoRebalance": null,
                    "brokerCapacity": {
                      "cpu": null,
                      "inboundNetwork": null,
                      "outboundNetwork": null,
                      "overrides": null
                    },
                    "config": null,
                    "image": null,
                    "jvmOptions": {
                      "-XX": null,
                      "-Xms": null,
                      "-Xmx": null,
                      "gcLoggingEnabled": null,
                      "javaSystemProperties": null
                    },
                    "livenessProbe": {
                      "failureThreshold": null,
                      "initialDelaySeconds": null,
                      "periodSeconds": null,
                      "successThreshold": null,
                      "timeoutSeconds": null
                    },
                    "logging": {
                      "loggers": null,
                      "type": null,
                      "valueFrom": {
                        "configMapKeyRef": {
                          "key": null,
                          "name": null,
                          "optional": null
                        }
                      }
                    },
                    "metricsConfig": {
                      "type": null,
                      "valueFrom": {
                        "configMapKeyRef": {
                          "key": null,
                          "name": null,
                          "optional": null
                        }
                      },
                      "values": {
                        "allowList": null
                      }
                    },
                    "readinessProbe": {
                      "failureThreshold": null,
                      "initialDelaySeconds": null,
                      "periodSeconds": null,
                      "successThreshold": null,
                      "timeoutSeconds": null
                    },
                    "resources": {
                      "claims": null,
                      "limits": null,
                      "requests": null
                    },
                    "template": {
                      "apiService": {
                        "ipFamilies": null,
                        "ipFamilyPolicy": null,
                        "metadata": {
                          "annotations": null,
                          "labels": null
                        }
                      },
                      "cruiseControlContainer": {
                        "env": null,
                        "securityContext": {
                          "allowPrivilegeEscalation": null,
                          "appArmorProfile": {
                            "localhostProfile": null,
                            "type": null
                          },
                          "capabilities": {
                            "add": null,
                            "drop": null
                          },
                          "privileged": null,
                          "procMount": null,
                          "readOnlyRootFilesystem": null,
                          "runAsGroup": null,
                          "runAsNonRoot": null,
                          "runAsUser": null,
                          "seLinuxOptions": {
                            "level": null,
                            "role": null,
                            "type": null,
                            "user": null
                          },
                          "seccompProfile": {
                            "localhostProfile": null,
                            "type": null
                          },
                          "windowsOptions": {
                            "gmsaCredentialSpec": null,
                            "gmsaCredentialSpecName": null,
                            "hostProcess": null,
                            "runAsUserName": null
                          }
                        },
                        "volumeMounts": null
                      },
                      "deployment": {
                        "deploymentStrategy": null,
                        "metadata": {
                          "annotations": null,
                          "labels": null
                        }
                      },
                      "pod": {
                        "affinity": {
                          "nodeAffinity": {
                            "preferredDuringSchedulingIgnoredDuringExecution": null,
                            "requiredDuringSchedulingIgnoredDuringExecution": {
                              "nodeSelectorTerms": null
                            }
                          },
                          "podAffinity": {
                            "preferredDuringSchedulingIgnoredDuringExecution": null,
                            "requiredDuringSchedulingIgnoredDuringExecution": null
                          },
                          "podAntiAffinity": {
                            "preferredDuringSchedulingIgnoredDuringExecution": null,
                            "requiredDuringSchedulingIgnoredDuringExecution": null
                          }
                        },
                        "dnsConfig": {
                          "nameservers": null,
                          "options": null,
                          "searches": null
                        },
                        "dnsPolicy": null,
                        "enableServiceLinks": null,
                        "hostAliases": null,
                        "imagePullSecrets": null,
                        "metadata": {
                          "annotations": null,
                          "labels": null
                        },
                        "priorityClassName": null,
                        "schedulerName": null,
                        "securityContext": {
                          "appArmorProfile": {
                            "localhostProfile": null,
                            "type": null
                          },
                          "fsGroup": null,
                          "fsGroupChangePolicy": null,
                          "runAsGroup": null,
                          "runAsNonRoot": null,
                          "runAsUser": null,
                          "seLinuxChangePolicy": null,
                          "seLinuxOptions": {
                            "level": null,
                            "role": null,
                            "type": null,
                            "user": null
                          },
                          "seccompProfile": {
                            "localhostProfile": null,
                            "type": null
                          },
                          "supplementalGroups": null,
                          "supplementalGroupsPolicy": null,
                          "sysctls": null,
                          "windowsOptions": {
                            "gmsaCredentialSpec": null,
                            "gmsaCredentialSpecName": null,
                            "hostProcess": null,
                            "runAsUserName": null
                          }
                        },
                        "terminationGracePeriodSeconds": null,
                        "tmpDirSizeLimit": null,
                        "tolerations": null,
                        "topologySpreadConstraints": null,
                        "volumes": null
                      },
                      "podDisruptionBudget": {
                        "maxUnavailable": null,
                        "metadata": {
                          "annotations": null,
                          "labels": null
                        }
                      },
                      "serviceAccount": {
                        "metadata": {
                          "annotations": null,
                          "labels": null
                        }
                      }
                    }
                  },
                  "entityOperator": {
                    "template": {
                      "deployment": {
                        "deploymentStrategy": null,
                        "metadata": {
                          "annotations": null,
                          "labels": null
                        }
                      },
                      "entityOperatorRole": {
                        "metadata": {
                          "annotations": null,
                          "labels": null
                        }
                      },
                      "pod": {
                        "affinity": {
                          "nodeAffinity": {
                            "preferredDuringSchedulingIgnoredDuringExecution": null,
                            "requiredDuringSchedulingIgnoredDuringExecution": {
                              "nodeSelectorTerms": null
                            }
                          },
                          "podAffinity": {
                            "preferredDuringSchedulingIgnoredDuringExecution": null,
                            "requiredDuringSchedulingIgnoredDuringExecution": null
                          },
                          "podAntiAffinity": {
                            "preferredDuringSchedulingIgnoredDuringExecution": null,
                            "requiredDuringSchedulingIgnoredDuringExecution": null
                          }
                        },
                        "dnsConfig": {
                          "nameservers": null,
                          "options": null,
                          "searches": null
                        },
                        "dnsPolicy": null,
                        "enableServiceLinks": null,
                        "hostAliases": null,
                        "imagePullSecrets": null,
                        "metadata": {
                          "annotations": null,
                          "labels": null
                        },
                        "priorityClassName": null,
                        "schedulerName": null,
                        "securityContext": {
                          "appArmorProfile": {
                            "localhostProfile": null,
                            "type": null
                          },
                          "fsGroup": null,
                          "fsGroupChangePolicy": null,
                          "runAsGroup": null,
                          "runAsNonRoot": null,
                          "runAsUser": null,
                          "seLinuxChangePolicy": null,
                          "seLinuxOptions": {
                            "level": null,
                            "role": null,
                            "type": null,
                            "user": null
                          },
                          "seccompProfile": {
                            "localhostProfile": null,
                            "type": null
                          },
                          "supplementalGroups": null,
                          "supplementalGroupsPolicy": null,
                          "sysctls": null,
                          "windowsOptions": {
                            "gmsaCredentialSpec": null,
                            "gmsaCredentialSpecName": null,
                            "hostProcess": null,
                            "runAsUserName": null
                          }
                        },
                        "terminationGracePeriodSeconds": null,
                        "tmpDirSizeLimit": null,
                        "tolerations": null,
                        "topologySpreadConstraints": null,
                        "volumes": null
                      },
                      "podDisruptionBudget": {
                        "maxUnavailable": null,
                        "metadata": {
                          "annotations": null,
                          "labels": null
                        }
                      },
                      "serviceAccount": {
                        "metadata": {
                          "annotations": null,
                          "labels": null
                        }
                      },
                      "topicOperatorContainer": {
                        "env": null,
                        "securityContext": {
                          "allowPrivilegeEscalation": null,
                          "appArmorProfile": {
                            "localhostProfile": null,
                            "type": null
                          },
                          "capabilities": {
                            "add": null,
                            "drop": null
                          },
                          "privileged": null,
                          "procMount": null,
                          "readOnlyRootFilesystem": null,
                          "runAsGroup": null,
                          "runAsNonRoot": null,
                          "runAsUser": null,
                          "seLinuxOptions": {
                            "level": null,
                            "role": null,
                            "type": null,
                            "user": null
                          },
                          "seccompProfile": {
                            "localhostProfile": null,
                            "type": null
                          },
                          "windowsOptions": {
                            "gmsaCredentialSpec": null,
                            "gmsaCredentialSpecName": null,
                            "hostProcess": null,
                            "runAsUserName": null
                          }
                        },
                        "volumeMounts": null
                      },
                      "topicOperatorRoleBinding": {
                        "metadata": {
                          "annotations": null,
                          "labels": null
                        }
                      },
                      "userOperatorContainer": {
                        "env": null,
                        "securityContext": {
                          "allowPrivilegeEscalation": null,
                          "appArmorProfile": {
                            "localhostProfile": null,
                            "type": null
                          },
                          "capabilities": {
                            "add": null,
                            "drop": null
                          },
                          "privileged": null,
                          "procMount": null,
                          "readOnlyRootFilesystem": null,
                          "runAsGroup": null,
                          "runAsNonRoot": null,
                          "runAsUser": null,
                          "seLinuxOptions": {
                            "level": null,
                            "role": null,
                            "type": null,
                            "user": null
                          },
                          "seccompProfile": {
                            "localhostProfile": null,
                            "type": null
                          },
                          "windowsOptions": {
                            "gmsaCredentialSpec": null,
                            "gmsaCredentialSpecName": null,
                            "hostProcess": null,
                            "runAsUserName": null
                          }
                        },
                        "volumeMounts": null
                      },
                      "userOperatorRoleBinding": {
                        "metadata": {
                          "annotations": null,
                          "labels": null
                        }
                      }
                    },
                    "topicOperator": {
                      "image": null,
                      "jvmOptions": {
                        "-XX": null,
                        "-Xms": null,
                        "-Xmx": null,
                        "gcLoggingEnabled": null,
                        "javaSystemProperties": null
                      },
                      "livenessProbe": {
                        "failureThreshold": null,
                        "initialDelaySeconds": null,
                        "periodSeconds": null,
                        "successThreshold": null,
                        "timeoutSeconds": null
                      },
                      "logging": {
                        "loggers": null,
                        "type": null,
                        "valueFrom": {
                          "configMapKeyRef": {
                            "key": null,
                            "name": null,
                            "optional": null
                          }
                        }
                      },
                      "readinessProbe": {
                        "failureThreshold": null,
                        "initialDelaySeconds": null,
                        "periodSeconds": null,
                        "successThreshold": null,
                        "timeoutSeconds": null
                      },
                      "reconciliationIntervalMs": null,
                      "resources": {
                        "claims": null,
                        "limits": null,
                        "requests": null
                      },
                      "startupProbe": {
                        "failureThreshold": null,
                        "initialDelaySeconds": null,
                        "periodSeconds": null,
                        "successThreshold": null,
                        "timeoutSeconds": null
                      },
                      "watchedNamespace": null
                    },
                    "userOperator": {
                      "image": null,
                      "jvmOptions": {
                        "-XX": null,
                        "-Xms": null,
                        "-Xmx": null,
                        "gcLoggingEnabled": null,
                        "javaSystemProperties": null
                      },
                      "livenessProbe": {
                        "failureThreshold": null,
                        "initialDelaySeconds": null,
                        "periodSeconds": null,
                        "successThreshold": null,
                        "timeoutSeconds": null
                      },
                      "logging": {
                        "loggers": null,
                        "type": null,
                        "valueFrom": {
                          "configMapKeyRef": {
                            "key": null,
                            "name": null,
                            "optional": null
                          }
                        }
                      },
                      "readinessProbe": {
                        "failureThreshold": null,
                        "initialDelaySeconds": null,
                        "periodSeconds": null,
                        "successThreshold": null,
                        "timeoutSeconds": null
                      },
                      "reconciliationIntervalMs": null,
                      "resources": {
                        "claims": null,
                        "limits": null,
                        "requests": null
                      },
                      "secretPrefix": null,
                      "watchedNamespace": null
                    }
                  },
                  "kafka": {
                    "authorization": {
                      "authorizerClass": null,
                      "superUsers": null,
                      "supportsAdminApi": null,
                      "type": null
                    },
                    "brokerRackInitImage": null,
                    "config": {
                      "default.replication.factor": 1,
                      "min.insync.replicas": 1,
                      "offsets.topic.replication.factor": 1,
                      "transaction.state.log.min.isr": 1,
                      "transaction.state.log.replication.factor": 1
                    },
                    "image": null,
                    "jmxOptions": {
                      "authentication": {
                        "type": null
                      }
                    },
                    "jvmOptions": {
                      "-XX": null,
                      "-Xms": null,
                      "-Xmx": null,
                      "gcLoggingEnabled": null,
                      "javaSystemProperties": null
                    },
                    "listeners": [
                      {
                        "authentication": {
                          "listenerConfig": null,
                          "sasl": null,
                          "type": null
                        },
                        "configuration": {
                          "advertisedHostTemplate": null,
                          "allocateLoadBalancerNodePorts": null,
                          "bootstrap": {
                            "alternativeNames": null,
                            "annotations": null,
                            "externalIPs": null,
                            "host": null,
                            "labels": null,
                            "loadBalancerIP": null,
                            "nodePort": null
                          },
                          "brokerCertChainAndKey": {
                            "certificate": null,
                            "key": null,
                            "secretName": null
                          },
                          "brokers": null,
                          "class": null,
                          "createBootstrapService": null,
                          "externalTrafficPolicy": null,
                          "finalizers": null,
                          "hostTemplate": null,
                          "ipFamilies": null,
                          "ipFamilyPolicy": null,
                          "loadBalancerSourceRanges": null,
                          "maxConnectionCreationRate": null,
                          "maxConnections": null,
                          "preferredNodePortAddressType": null,
                          "publishNotReadyAddresses": null,
                          "useServiceDnsDomain": null
                        },
                        "name": "plain",
                        "networkPolicyPeers": null,
                        "port": 9092,
                        "tls": false,
                        "type": "internal"
                      }
                    ],
                    "livenessProbe": {
                      "failureThreshold": null,
                      "initialDelaySeconds": null,
                      "periodSeconds": null,
                      "successThreshold": null,
                      "timeoutSeconds": null
                    },
                    "logging": {
                      "loggers": null,
                      "type": null,
                      "valueFrom": {
                        "configMapKeyRef": {
                          "key": null,
                          "name": null,
                          "optional": null
                        }
                      }
                    },
                    "metadataVersion": "4.1-IV1",
                    "metricsConfig": {
                      "type": null,
                      "valueFrom": {
                        "configMapKeyRef": {
                          "key": null,
                          "name": null,
                          "optional": null
                        }
                      },
                      "values": {
                        "allowList": null
                      }
                    },
                    "quotas": {
                      "consumerByteRate": null,
                      "controllerMutationRate": null,
                      "excludedPrincipals": null,
                      "minAvailableBytesPerVolume": null,
                      "minAvailableRatioPerVolume": null,
                      "producerByteRate": null,
                      "requestPercentage": null,
                      "type": null
                    },
                    "rack": {
                      "topologyKey": null
                    },
                    "readinessProbe": {
                      "failureThreshold": null,
                      "initialDelaySeconds": null,
                      "periodSeconds": null,
                      "successThreshold": null,
                      "timeoutSeconds": null
                    },
                    "template": {
                      "bootstrapService": {
                        "ipFamilies": null,
                        "ipFamilyPolicy": null,
                        "metadata": {
                          "annotations": null,
                          "labels": null
                        }
                      },
                      "brokersService": {
                        "ipFamilies": null,
                        "ipFamilyPolicy": null,
                        "metadata": {
                          "annotations": null,
                          "labels": null
                        }
                      },
                      "clusterCaCert": {
                        "metadata": {
                          "annotations": null,
                          "labels": null
                        }
                      },
                      "clusterRoleBinding": {
                        "metadata": {
                          "annotations": null,
                          "labels": null
                        }
                      },
                      "externalBootstrapIngress": {
                        "metadata": {
                          "annotations": null,
                          "labels": null
                        }
                      },
                      "externalBootstrapRoute": {
                        "metadata": {
                          "annotations": null,
                          "labels": null
                        }
                      },
                      "externalBootstrapService": {
                        "metadata": {
                          "annotations": null,
                          "labels": null
                        }
                      },
                      "initContainer": {
                        "env": null,
                        "securityContext": {
                          "allowPrivilegeEscalation": null,
                          "appArmorProfile": {
                            "localhostProfile": null,
                            "type": null
                          },
                          "capabilities": {
                            "add": null,
                            "drop": null
                          },
                          "privileged": null,
                          "procMount": null,
                          "readOnlyRootFilesystem": null,
                          "runAsGroup": null,
                          "runAsNonRoot": null,
                          "runAsUser": null,
                          "seLinuxOptions": {
                            "level": null,
                            "role": null,
                            "type": null,
                            "user": null
                          },
                          "seccompProfile": {
                            "localhostProfile": null,
                            "type": null
                          },
                          "windowsOptions": {
                            "gmsaCredentialSpec": null,
                            "gmsaCredentialSpecName": null,
                            "hostProcess": null,
                            "runAsUserName": null
                          }
                        },
                        "volumeMounts": null
                      },
                      "jmxSecret": {
                        "metadata": {
                          "annotations": null,
                          "labels": null
                        }
                      },
                      "kafkaContainer": {
                        "env": null,
                        "securityContext": {
                          "allowPrivilegeEscalation": null,
                          "appArmorProfile": {
                            "localhostProfile": null,
                            "type": null
                          },
                          "capabilities": {
                            "add": null,
                            "drop": null
                          },
                          "privileged": null,
                          "procMount": null,
                          "readOnlyRootFilesystem": null,
                          "runAsGroup": null,
                          "runAsNonRoot": null,
                          "runAsUser": null,
                          "seLinuxOptions": {
                            "level": null,
                            "role": null,
                            "type": null,
                            "user": null
                          },
                          "seccompProfile": {
                            "localhostProfile": null,
                            "type": null
                          },
                          "windowsOptions": {
                            "gmsaCredentialSpec": null,
                            "gmsaCredentialSpecName": null,
                            "hostProcess": null,
                            "runAsUserName": null
                          }
                        },
                        "volumeMounts": null
                      },
                      "perPodIngress": {
                        "metadata": {
                          "annotations": null,
                          "labels": null
                        }
                      },
                      "perPodRoute": {
                        "metadata": {
                          "annotations": null,
                          "labels": null
                        }
                      },
                      "perPodService": {
                        "metadata": {
                          "annotations": null,
                          "labels": null
                        }
                      },
                      "persistentVolumeClaim": {
                        "metadata": {
                          "annotations": null,
                          "labels": null
                        }
                      },
                      "pod": {
                        "affinity": {
                          "nodeAffinity": {
                            "preferredDuringSchedulingIgnoredDuringExecution": null,
                            "requiredDuringSchedulingIgnoredDuringExecution": {
                              "nodeSelectorTerms": null
                            }
                          },
                          "podAffinity": {
                            "preferredDuringSchedulingIgnoredDuringExecution": null,
                            "requiredDuringSchedulingIgnoredDuringExecution": null
                          },
                          "podAntiAffinity": {
                            "preferredDuringSchedulingIgnoredDuringExecution": null,
                            "requiredDuringSchedulingIgnoredDuringExecution": null
                          }
                        },
                        "dnsConfig": {
                          "nameservers": null,
                          "options": null,
                          "searches": null
                        },
                        "dnsPolicy": null,
                        "enableServiceLinks": null,
                        "hostAliases": null,
                        "imagePullSecrets": null,
                        "metadata": {
                          "annotations": null,
                          "labels": null
                        },
                        "priorityClassName": null,
                        "schedulerName": null,
                        "securityContext": {
                          "appArmorProfile": {
                            "localhostProfile": null,
                            "type": null
                          },
                          "fsGroup": null,
                          "fsGroupChangePolicy": null,
                          "runAsGroup": null,
                          "runAsNonRoot": null,
                          "runAsUser": null,
                          "seLinuxChangePolicy": null,
                          "seLinuxOptions": {
                            "level": null,
                            "role": null,
                            "type": null,
                            "user": null
                          },
                          "seccompProfile": {
                            "localhostProfile": null,
                            "type": null
                          },
                          "supplementalGroups": null,
                          "supplementalGroupsPolicy": null,
                          "sysctls": null,
                          "windowsOptions": {
                            "gmsaCredentialSpec": null,
                            "gmsaCredentialSpecName": null,
                            "hostProcess": null,
                            "runAsUserName": null
                          }
                        },
                        "terminationGracePeriodSeconds": null,
                        "tmpDirSizeLimit": null,
                        "tolerations": null,
                        "topologySpreadConstraints": null,
                        "volumes": null
                      },
                      "podDisruptionBudget": {
                        "maxUnavailable": null,
                        "metadata": {
                          "annotations": null,
                          "labels": null
                        }
                      },
                      "podSet": {
                        "metadata": {
                          "annotations": null,
                          "labels": null
                        }
                      },
                      "serviceAccount": {
                        "metadata": {
                          "annotations": null,
                          "labels": null
                        }
                      }
                    },
                    "tieredStorage": {
                      "remoteStorageManager": {
                        "className": null,
                        "classPath": null,
                        "config": null
                      },
                      "type": null
                    },
                    "version": "4.1.1"
                  },
                  "kafkaExporter": {
                    "enableSaramaLogging": null,
                    "groupExcludeRegex": null,
                    "groupRegex": null,
                    "image": null,
                    "livenessProbe": {
                      "failureThreshold": null,
                      "initialDelaySeconds": null,
                      "periodSeconds": null,
                      "successThreshold": null,
                      "timeoutSeconds": null
                    },
                    "logging": null,
                    "readinessProbe": {
                      "failureThreshold": null,
                      "initialDelaySeconds": null,
                      "periodSeconds": null,
                      "successThreshold": null,
                      "timeoutSeconds": null
                    },
                    "resources": {
                      "claims": null,
                      "limits": null,
                      "requests": null
                    },
                    "showAllOffsets": null,
                    "template": {
                      "container": {
                        "env": null,
                        "securityContext": {
                          "allowPrivilegeEscalation": null,
                          "appArmorProfile": {
                            "localhostProfile": null,
                            "type": null
                          },
                          "capabilities": {
                            "add": null,
                            "drop": null
                          },
                          "privileged": null,
                          "procMount": null,
                          "readOnlyRootFilesystem": null,
                          "runAsGroup": null,
                          "runAsNonRoot": null,
                          "runAsUser": null,
                          "seLinuxOptions": {
                            "level": null,
                            "role": null,
                            "type": null,
                            "user": null
                          },
                          "seccompProfile": {
                            "localhostProfile": null,
                            "type": null
                          },
                          "windowsOptions": {
                            "gmsaCredentialSpec": null,
                            "gmsaCredentialSpecName": null,
                            "hostProcess": null,
                            "runAsUserName": null
                          }
                        },
                        "volumeMounts": null
                      },
                      "deployment": {
                        "deploymentStrategy": null,
                        "metadata": {
                          "annotations": null,
                          "labels": null
                        }
                      },
                      "pod": {
                        "affinity": {
                          "nodeAffinity": {
                            "preferredDuringSchedulingIgnoredDuringExecution": null,
                            "requiredDuringSchedulingIgnoredDuringExecution": {
                              "nodeSelectorTerms": null
                            }
                          },
                          "podAffinity": {
                            "preferredDuringSchedulingIgnoredDuringExecution": null,
                            "requiredDuringSchedulingIgnoredDuringExecution": null
                          },
                          "podAntiAffinity": {
                            "preferredDuringSchedulingIgnoredDuringExecution": null,
                            "requiredDuringSchedulingIgnoredDuringExecution": null
                          }
                        },
                        "dnsConfig": {
                          "nameservers": null,
                          "options": null,
                          "searches": null
                        },
                        "dnsPolicy": null,
                        "enableServiceLinks": null,
                        "hostAliases": null,
                        "imagePullSecrets": null,
                        "metadata": {
                          "annotations": null,
                          "labels": null
                        },
                        "priorityClassName": null,
                        "schedulerName": null,
                        "securityContext": {
                          "appArmorProfile": {
                            "localhostProfile": null,
                            "type": null
                          },
                          "fsGroup": null,
                          "fsGroupChangePolicy": null,
                          "runAsGroup": null,
                          "runAsNonRoot": null,
                          "runAsUser": null,
                          "seLinuxChangePolicy": null,
                          "seLinuxOptions": {
                            "level": null,
                            "role": null,
                            "type": null,
                            "user": null
                          },
                          "seccompProfile": {
                            "localhostProfile": null,
                            "type": null
                          },
                          "supplementalGroups": null,
                          "supplementalGroupsPolicy": null,
                          "sysctls": null,
                          "windowsOptions": {
                            "gmsaCredentialSpec": null,
                            "gmsaCredentialSpecName": null,
                            "hostProcess": null,
                            "runAsUserName": null
                          }
                        },
                        "terminationGracePeriodSeconds": null,
                        "tmpDirSizeLimit": null,
                        "tolerations": null,
                        "topologySpreadConstraints": null,
                        "volumes": null
                      },
                      "podDisruptionBudget": {
                        "maxUnavailable": null,
                        "metadata": {
                          "annotations": null,
                          "labels": null
                        }
                      },
                      "serviceAccount": {
                        "metadata": {
                          "annotations": null,
                          "labels": null
                        }
                      }
                    },
                    "topicExcludeRegex": null,
                    "topicRegex": null
                  },
                  "maintenanceTimeWindows": null
                }
              },
              "type": [
                "object",
                {
                  "apiVersion": "string",
                  "kind": "string",
                  "metadata": [
                    "object",
                    {
                      "annotations": [
                        "map",
                        "string"
                      ],
                      "creationTimestamp": "string",
                      "deletionGracePeriodSeconds": "number",
                      "deletionTimestamp": "string",
                      "finalizers": [
                        "list",
                        "string"
                      ],
                      "generateName": "string",
                      "generation": "number",
                      "labels": [
                        "map",
                        "string"
                      ],
                      "managedFields": [
                        "tuple",
                        [
                          [
                            "object",
                            {
                              "apiVersion": "string",
                              "fieldsType": "string",
                              "fieldsV1": "dynamic",
                              "manager": "string",
                              "operation": "string",
                              "subresource": "string",
                              "time": "string"
                            }
                          ]
                        ]
                      ],
                      "name": "string",
                      "namespace": "string",
                      "ownerReferences": [
                        "list",
                        [
                          "object",
                          {
                            "apiVersion": "string",
                            "blockOwnerDeletion": "bool",
                            "controller": "bool",
                            "kind": "string",
                            "name": "string",
                            "uid": "string"
                          }
                        ]
                      ],
                      "resourceVersion": "string",
                      "selfLink": "string",
                      "uid": "string"
                    }
                  ],
                  "spec": [
                    "object",
                    {
                      "clientsCa": [
                        "object",
                        {
                          "certificateExpirationPolicy": "string",
                          "generateCertificateAuthority": "bool",
                          "generateSecretOwnerReference": "bool",
                          "renewalDays": "number",
                          "validityDays": "number"
                        }
                      ],
                      "clusterCa": [
                        "object",
                        {
                          "certificateExpirationPolicy": "string",
                          "generateCertificateAuthority": "bool",
                          "generateSecretOwnerReference": "bool",
                          "renewalDays": "number",
                          "validityDays": "number"
                        }
                      ],
                      "cruiseControl": [
                        "object",
                        {
                          "apiUsers": [
                            "object",
                            {
                              "type": "string",
                              "valueFrom": [
                                "object",
                                {
                                  "secretKeyRef": [
                                    "object",
                                    {
                                      "key": "string",
                                      "name": "string",
                                      "optional": "bool"
                                    }
                                  ]
                                }
                              ]
                            }
                          ],
                          "autoRebalance": [
                            "list",
                            [
                              "object",
                              {
                                "mode": "string",
                                "template": [
                                  "object",
                                  {
                                    "name": "string"
                                  }
                                ]
                              }
                            ]
                          ],
                          "brokerCapacity": [
                            "object",
                            {
                              "cpu": "string",
                              "inboundNetwork": "string",
                              "outboundNetwork": "string",
                              "overrides": [
                                "list",
                                [
                                  "object",
                                  {
                                    "brokers": [
                                      "list",
                                      "number"
                                    ],
                                    "cpu": "string",
                                    "inboundNetwork": "string",
                                    "outboundNetwork": "string"
                                  }
                                ]
                              ]
                            }
                          ],
                          "config": "dynamic",
                          "image": "string",
                          "jvmOptions": [
                            "object",
                            {
                              "-XX": [
                                "map",
                                "string"
                              ],
                              "-Xms": "string",
                              "-Xmx": "string",
                              "gcLoggingEnabled": "bool",
                              "javaSystemProperties": [
                                "list",
                                [
                                  "object",
                                  {
                                    "name": "string",
                                    "value": "string"
                                  }
                                ]
                              ]
                            }
                          ],
                          "livenessProbe": [
                            "object",
                            {
                              "failureThreshold": "number",
                              "initialDelaySeconds": "number",
                              "periodSeconds": "number",
                              "successThreshold": "number",
                              "timeoutSeconds": "number"
                            }
                          ],
                          "logging": [
                            "object",
                            {
                              "loggers": [
                                "map",
                                "string"
                              ],
                              "type": "string",
                              "valueFrom": [
                                "object",
                                {
                                  "configMapKeyRef": [
                                    "object",
                                    {
                                      "key": "string",
                                      "name": "string",
                                      "optional": "bool"
                                    }
                                  ]
                                }
                              ]
                            }
                          ],
                          "metricsConfig": [
                            "object",
                            {
                              "type": "string",
                              "valueFrom": [
                                "object",
                                {
                                  "configMapKeyRef": [
                                    "object",
                                    {
                                      "key": "string",
                                      "name": "string",
                                      "optional": "bool"
                                    }
                                  ]
                                }
                              ],
                              "values": [
                                "object",
                                {
                                  "allowList": [
                                    "list",
                                    "string"
                                  ]
                                }
                              ]
                            }
                          ],
                          "readinessProbe": [
                            "object",
                            {
                              "failureThreshold": "number",
                              "initialDelaySeconds": "number",
                              "periodSeconds": "number",
                              "successThreshold": "number",
                              "timeoutSeconds": "number"
                            }
                          ],
                          "resources": [
                            "object",
                            {
                              "claims": [
                                "list",
                                [
                                  "object",
                                  {
                                    "name": "string",
                                    "request": "string"
                                  }
                                ]
                              ],
                              "limits": [
                                "map",
                                "string"
                              ],
                              "requests": [
                                "map",
                                "string"
                              ]
                            }
                          ],
                          "template": [
                            "object",
                            {
                              "apiService": [
                                "object",
                                {
                                  "ipFamilies": [
                                    "list",
                                    "string"
                                  ],
                                  "ipFamilyPolicy": "string",
                                  "metadata": [
                                    "object",
                                    {
                                      "annotations": [
                                        "map",
                                        "string"
                                      ],
                                      "labels": [
                                        "map",
                                        "string"
                                      ]
                                    }
                                  ]
                                }
                              ],
                              "cruiseControlContainer": [
                                "object",
                                {
                                  "env": [
                                    "list",
                                    [
                                      "object",
                                      {
                                        "name": "string",
                                        "value": "string",
                                        "valueFrom": [
                                          "object",
                                          {
                                            "configMapKeyRef": [
                                              "object",
                                              {
                                                "key": "string",
                                                "name": "string",
                                                "optional": "bool"
                                              }
                                            ],
                                            "secretKeyRef": [
                                              "object",
                                              {
                                                "key": "string",
                                                "name": "string",
                                                "optional": "bool"
                                              }
                                            ]
                                          }
                                        ]
                                      }
                                    ]
                                  ],
                                  "securityContext": [
                                    "object",
                                    {
                                      "allowPrivilegeEscalation": "bool",
                                      "appArmorProfile": [
                                        "object",
                                        {
                                          "localhostProfile": "string",
                                          "type": "string"
                                        }
                                      ],
                                      "capabilities": [
                                        "object",
                                        {
                                          "add": [
                                            "list",
                                            "string"
                                          ],
                                          "drop": [
                                            "list",
                                            "string"
                                          ]
                                        }
                                      ],
                                      "privileged": "bool",
                                      "procMount": "string",
                                      "readOnlyRootFilesystem": "bool",
                                      "runAsGroup": "number",
                                      "runAsNonRoot": "bool",
                                      "runAsUser": "number",
                                      "seLinuxOptions": [
                                        "object",
                                        {
                                          "level": "string",
                                          "role": "string",
                                          "type": "string",
                                          "user": "string"
                                        }
                                      ],
                                      "seccompProfile": [
                                        "object",
                                        {
                                          "localhostProfile": "string",
                                          "type": "string"
                                        }
                                      ],
                                      "windowsOptions": [
                                        "object",
                                        {
                                          "gmsaCredentialSpec": "string",
                                          "gmsaCredentialSpecName": "string",
                                          "hostProcess": "bool",
                                          "runAsUserName": "string"
                                        }
                                      ]
                                    }
                                  ],
                                  "volumeMounts": [
                                    "list",
                                    [
                                      "object",
                                      {
                                        "mountPath": "string",
                                        "mountPropagation": "string",
                                        "name": "string",
                                        "readOnly": "bool",
                                        "recursiveReadOnly": "string",
                                        "subPath": "string",
                                        "subPathExpr": "string"
                                      }
                                    ]
                                  ]
                                }
                              ],
                              "deployment": [
                                "object",
                                {
                                  "deploymentStrategy": "string",
                                  "metadata": [
                                    "object",
                                    {
                                      "annotations": [
                                        "map",
                                        "string"
                                      ],
                                      "labels": [
                                        "map",
                                        "string"
                                      ]
                                    }
                                  ]
                                }
                              ],
                              "pod": [
                                "object",
                                {
                                  "affinity": [
                                    "object",
                                    {
                                      "nodeAffinity": [
                                        "object",
                                        {
                                          "preferredDuringSchedulingIgnoredDuringExecution": [
                                            "list",
                                            [
                                              "object",
                                              {
                                                "preference": [
                                                  "object",
                                                  {
                                                    "matchExpressions": [
                                                      "list",
                                                      [
                                                        "object",
                                                        {
                                                          "key": "string",
                                                          "operator": "string",
                                                          "values": [
                                                            "list",
                                                            "string"
                                                          ]
                                                        }
                                                      ]
                                                    ],
                                                    "matchFields": [
                                                      "list",
                                                      [
                                                        "object",
                                                        {
                                                          "key": "string",
                                                          "operator": "string",
                                                          "values": [
                                                            "list",
                                                            "string"
                                                          ]
                                                        }
                                                      ]
                                                    ]
                                                  }
                                                ],
                                                "weight": "number"
                                              }
                                            ]
                                          ],
                                          "requiredDuringSchedulingIgnoredDuringExecution": [
                                            "object",
                                            {
                                              "nodeSelectorTerms": [
                                                "list",
                                                [
                                                  "object",
                                                  {
                                                    "matchExpressions": [
                                                      "list",
                                                      [
                                                        "object",
                                                        {
                                                          "key": "string",
                                                          "operator": "string",
                                                          "values": [
                                                            "list",
                                                            "string"
                                                          ]
                                                        }
                                                      ]
                                                    ],
                                                    "matchFields": [
                                                      "list",
                                                      [
                                                        "object",
                                                        {
                                                          "key": "string",
                                                          "operator": "string",
                                                          "values": [
                                                            "list",
                                                            "string"
                                                          ]
                                                        }
                                                      ]
                                                    ]
                                                  }
                                                ]
                                              ]
                                            }
                                          ]
                                        }
                                      ],
                                      "podAffinity": [
                                        "object",
                                        {
                                          "preferredDuringSchedulingIgnoredDuringExecution": [
                                            "list",
                                            [
                                              "object",
                                              {
                                                "podAffinityTerm": [
                                                  "object",
                                                  {
                                                    "labelSelector": [
                                                      "object",
                                                      {
                                                        "matchExpressions": [
                                                          "list",
                                                          [
                                                            "object",
                                                            {
                                                              "key": "string",
                                                              "operator": "string",
                                                              "values": [
                                                                "list",
                                                                "string"
                                                              ]
                                                            }
                                                          ]
                                                        ],
                                                        "matchLabels": [
                                                          "map",
                                                          "string"
                                                        ]
                                                      }
                                                    ],
                                                    "matchLabelKeys": [
                                                      "list",
                                                      "string"
                                                    ],
                                                    "mismatchLabelKeys": [
                                                      "list",
                                                      "string"
                                                    ],
                                                    "namespaceSelector": [
                                                      "object",
                                                      {
                                                        "matchExpressions": [
                                                          "list",
                                                          [
                                                            "object",
                                                            {
                                                              "key": "string",
                                                              "operator": "string",
                                                              "values": [
                                                                "list",
                                                                "string"
                                                              ]
                                                            }
                                                          ]
                                                        ],
                                                        "matchLabels": [
                                                          "map",
                                                          "string"
                                                        ]
                                                      }
                                                    ],
                                                    "namespaces": [
                                                      "list",
                                                      "string"
                                                    ],
                                                    "topologyKey": "string"
                                                  }
                                                ],
                                                "weight": "number"
                                              }
                                            ]
                                          ],
                                          "requiredDuringSchedulingIgnoredDuringExecution": [
                                            "list",
                                            [
                                              "object",
                                              {
                                                "labelSelector": [
                                                  "object",
                                                  {
                                                    "matchExpressions": [
                                                      "list",
                                                      [
                                                        "object",
                                                        {
                                                          "key": "string",
                                                          "operator": "string",
                                                          "values": [
                                                            "list",
                                                            "string"
                                                          ]
                                                        }
                                                      ]
                                                    ],
                                                    "matchLabels": [
                                                      "map",
                                                      "string"
                                                    ]
                                                  }
                                                ],
                                                "matchLabelKeys": [
                                                  "list",
                                                  "string"
                                                ],
                                                "mismatchLabelKeys": [
                                                  "list",
                                                  "string"
                                                ],
                                                "namespaceSelector": [
                                                  "object",
                                                  {
                                                    "matchExpressions": [
                                                      "list",
                                                      [
                                                        "object",
                                                        {
                                                          "key": "string",
                                                          "operator": "string",
                                                          "values": [
                                                            "list",
                                                            "string"
                                                          ]
                                                        }
                                                      ]
                                                    ],
                                                    "matchLabels": [
                                                      "map",
                                                      "string"
                                                    ]
                                                  }
                                                ],
                                                "namespaces": [
                                                  "list",
                                                  "string"
                                                ],
                                                "topologyKey": "string"
                                              }
                                            ]
                                          ]
                                        }
                                      ],
                                      "podAntiAffinity": [
                                        "object",
                                        {
                                          "preferredDuringSchedulingIgnoredDuringExecution": [
                                            "list",
                                            [
                                              "object",
                                              {
                                                "podAffinityTerm": [
                                                  "object",
                                                  {
                                                    "labelSelector": [
                                                      "object",
                                                      {
                                                        "matchExpressions": [
                                                          "list",
                                                          [
                                                            "object",
                                                            {
                                                              "key": "string",
                                                              "operator": "string",
                                                              "values": [
                                                                "list",
                                                                "string"
                                                              ]
                                                            }
                                                          ]
                                                        ],
                                                        "matchLabels": [
                                                          "map",
                                                          "string"
                                                        ]
                                                      }
                                                    ],
                                                    "matchLabelKeys": [
                                                      "list",
                                                      "string"
                                                    ],
                                                    "mismatchLabelKeys": [
                                                      "list",
                                                      "string"
                                                    ],
                                                    "namespaceSelector": [
                                                      "object",
                                                      {
                                                        "matchExpressions": [
                                                          "list",
                                                          [
                                                            "object",
                                                            {
                                                              "key": "string",
                                                              "operator": "string",
                                                              "values": [
                                                                "list",
                                                                "string"
                                                              ]
                                                            }
                                                          ]
                                                        ],
                                                        "matchLabels": [
                                                          "map",
                                                          "string"
                                                        ]
                                                      }
                                                    ],
                                                    "namespaces": [
                                                      "list",
                                                      "string"
                                                    ],
                                                    "topologyKey": "string"
                                                  }
                                                ],
                                                "weight": "number"
                                              }
                                            ]
                                          ],
                                          "requiredDuringSchedulingIgnoredDuringExecution": [
                                            "list",
                                            [
                                              "object",
                                              {
                                                "labelSelector": [
                                                  "object",
                                                  {
                                                    "matchExpressions": [
                                                      "list",
                                                      [
                                                        "object",
                                                        {
                                                          "key": "string",
                                                          "operator": "string",
                                                          "values": [
                                                            "list",
                                                            "string"
                                                          ]
                                                        }
                                                      ]
                                                    ],
                                                    "matchLabels": [
                                                      "map",
                                                      "string"
                                                    ]
                                                  }
                                                ],
                                                "matchLabelKeys": [
                                                  "list",
                                                  "string"
                                                ],
                                                "mismatchLabelKeys": [
                                                  "list",
                                                  "string"
                                                ],
                                                "namespaceSelector": [
                                                  "object",
                                                  {
                                                    "matchExpressions": [
                                                      "list",
                                                      [
                                                        "object",
                                                        {
                                                          "key": "string",
                                                          "operator": "string",
                                                          "values": [
                                                            "list",
                                                            "string"
                                                          ]
                                                        }
                                                      ]
                                                    ],
                                                    "matchLabels": [
                                                      "map",
                                                      "string"
                                                    ]
                                                  }
                                                ],
                                                "namespaces": [
                                                  "list",
                                                  "string"
                                                ],
                                                "topologyKey": "string"
                                              }
                                            ]
                                          ]
                                        }
                                      ]
                                    }
                                  ],
                                  "dnsConfig": [
                                    "object",
                                    {
                                      "nameservers": [
                                        "list",
                                        "string"
                                      ],
                                      "options": [
                                        "list",
                                        [
                                          "object",
                                          {
                                            "name": "string",
                                            "value": "string"
                                          }
                                        ]
                                      ],
                                      "searches": [
                                        "list",
                                        "string"
                                      ]
                                    }
                                  ],
                                  "dnsPolicy": "string",
                                  "enableServiceLinks": "bool",
                                  "hostAliases": [
                                    "list",
                                    [
                                      "object",
                                      {
                                        "hostnames": [
                                          "list",
                                          "string"
                                        ],
                                        "ip": "string"
                                      }
                                    ]
                                  ],
                                  "imagePullSecrets": [
                                    "list",
                                    [
                                      "object",
                                      {
                                        "name": "string"
                                      }
                                    ]
                                  ],
                                  "metadata": [
                                    "object",
                                    {
                                      "annotations": [
                                        "map",
                                        "string"
                                      ],
                                      "labels": [
                                        "map",
                                        "string"
                                      ]
                                    }
                                  ],
                                  "priorityClassName": "string",
                                  "schedulerName": "string",
                                  "securityContext": [
                                    "object",
                                    {
                                      "appArmorProfile": [
                                        "object",
                                        {
                                          "localhostProfile": "string",
                                          "type": "string"
                                        }
                                      ],
                                      "fsGroup": "number",
                                      "fsGroupChangePolicy": "string",
                                      "runAsGroup": "number",
                                      "runAsNonRoot": "bool",
                                      "runAsUser": "number",
                                      "seLinuxChangePolicy": "string",
                                      "seLinuxOptions": [
                                        "object",
                                        {
                                          "level": "string",
                                          "role": "string",
                                          "type": "string",
                                          "user": "string"
                                        }
                                      ],
                                      "seccompProfile": [
                                        "object",
                                        {
                                          "localhostProfile": "string",
                                          "type": "string"
                                        }
                                      ],
                                      "supplementalGroups": [
                                        "list",
                                        "number"
                                      ],
                                      "supplementalGroupsPolicy": "string",
                                      "sysctls": [
                                        "list",
                                        [
                                          "object",
                                          {
                                            "name": "string",
                                            "value": "string"
                                          }
                                        ]
                                      ],
                                      "windowsOptions": [
                                        "object",
                                        {
                                          "gmsaCredentialSpec": "string",
                                          "gmsaCredentialSpecName": "string",
                                          "hostProcess": "bool",
                                          "runAsUserName": "string"
                                        }
                                      ]
                                    }
                                  ],
                                  "terminationGracePeriodSeconds": "number",
                                  "tmpDirSizeLimit": "string",
                                  "tolerations": [
                                    "list",
                                    [
                                      "object",
                                      {
                                        "effect": "string",
                                        "key": "string",
                                        "operator": "string",
                                        "tolerationSeconds": "number",
                                        "value": "string"
                                      }
                                    ]
                                  ],
                                  "topologySpreadConstraints": [
                                    "list",
                                    [
                                      "object",
                                      {
                                        "labelSelector": [
                                          "object",
                                          {
                                            "matchExpressions": [
                                              "list",
                                              [
                                                "object",
                                                {
                                                  "key": "string",
                                                  "operator": "string",
                                                  "values": [
                                                    "list",
                                                    "string"
                                                  ]
                                                }
                                              ]
                                            ],
                                            "matchLabels": [
                                              "map",
                                              "string"
                                            ]
                                          }
                                        ],
                                        "matchLabelKeys": [
                                          "list",
                                          "string"
                                        ],
                                        "maxSkew": "number",
                                        "minDomains": "number",
                                        "nodeAffinityPolicy": "string",
                                        "nodeTaintsPolicy": "string",
                                        "topologyKey": "string",
                                        "whenUnsatisfiable": "string"
                                      }
                                    ]
                                  ],
                                  "volumes": [
                                    "list",
                                    [
                                      "object",
                                      {
                                        "configMap": [
                                          "object",
                                          {
                                            "defaultMode": "number",
                                            "items": [
                                              "list",
                                              [
                                                "object",
                                                {
                                                  "key": "string",
                                                  "mode": "number",
                                                  "path": "string"
                                                }
                                              ]
                                            ],
                                            "name": "string",
                                            "optional": "bool"
                                          }
                                        ],
                                        "csi": [
                                          "object",
                                          {
                                            "driver": "string",
                                            "fsType": "string",
                                            "nodePublishSecretRef": [
                                              "object",
                                              {
                                                "name": "string"
                                              }
                                            ],
                                            "readOnly": "bool",
                                            "volumeAttributes": [
                                              "map",
                                              "string"
                                            ]
                                          }
                                        ],
                                        "emptyDir": [
                                          "object",
                                          {
                                            "medium": "string",
                                            "sizeLimit": "string"
                                          }
                                        ],
                                        "image": [
                                          "object",
                                          {
                                            "pullPolicy": "string",
                                            "reference": "string"
                                          }
                                        ],
                                        "name": "string",
                                        "persistentVolumeClaim": [
                                          "object",
                                          {
                                            "claimName": "string",
                                            "readOnly": "bool"
                                          }
                                        ],
                                        "secret": [
                                          "object",
                                          {
                                            "defaultMode": "number",
                                            "items": [
                                              "list",
                                              [
                                                "object",
                                                {
                                                  "key": "string",
                                                  "mode": "number",
                                                  "path": "string"
                                                }
                                              ]
                                            ],
                                            "optional": "bool",
                                            "secretName": "string"
                                          }
                                        ]
                                      }
                                    ]
                                  ]
                                }
                              ],
                              "podDisruptionBudget": [
                                "object",
                                {
                                  "maxUnavailable": "number",
                                  "metadata": [
                                    "object",
                                    {
                                      "annotations": [
                                        "map",
                                        "string"
                                      ],
                                      "labels": [
                                        "map",
                                        "string"
                                      ]
                                    }
                                  ]
                                }
                              ],
                              "serviceAccount": [
                                "object",
                                {
                                  "metadata": [
                                    "object",
                                    {
                                      "annotations": [
                                        "map",
                                        "string"
                                      ],
                                      "labels": [
                                        "map",
                                        "string"
                                      ]
                                    }
                                  ]
                                }
                              ]
                            }
                          ]
                        }
                      ],
                      "entityOperator": [
                        "object",
                        {
                          "template": [
                            "object",
                            {
                              "deployment": [
                                "object",
                                {
                                  "deploymentStrategy": "string",
                                  "metadata": [
                                    "object",
                                    {
                                      "annotations": [
                                        "map",
                                        "string"
                                      ],
                                      "labels": [
                                        "map",
                                        "string"
                                      ]
                                    }
                                  ]
                                }
                              ],
                              "entityOperatorRole": [
                                "object",
                                {
                                  "metadata": [
                                    "object",
                                    {
                                      "annotations": [
                                        "map",
                                        "string"
                                      ],
                                      "labels": [
                                        "map",
                                        "string"
                                      ]
                                    }
                                  ]
                                }
                              ],
                              "pod": [
                                "object",
                                {
                                  "affinity": [
                                    "object",
                                    {
                                      "nodeAffinity": [
                                        "object",
                                        {
                                          "preferredDuringSchedulingIgnoredDuringExecution": [
                                            "list",
                                            [
                                              "object",
                                              {
                                                "preference": [
                                                  "object",
                                                  {
                                                    "matchExpressions": [
                                                      "list",
                                                      [
                                                        "object",
                                                        {
                                                          "key": "string",
                                                          "operator": "string",
                                                          "values": [
                                                            "list",
                                                            "string"
                                                          ]
                                                        }
                                                      ]
                                                    ],
                                                    "matchFields": [
                                                      "list",
                                                      [
                                                        "object",
                                                        {
                                                          "key": "string",
                                                          "operator": "string",
                                                          "values": [
                                                            "list",
                                                            "string"
                                                          ]
                                                        }
                                                      ]
                                                    ]
                                                  }
                                                ],
                                                "weight": "number"
                                              }
                                            ]
                                          ],
                                          "requiredDuringSchedulingIgnoredDuringExecution": [
                                            "object",
                                            {
                                              "nodeSelectorTerms": [
                                                "list",
                                                [
                                                  "object",
                                                  {
                                                    "matchExpressions": [
                                                      "list",
                                                      [
                                                        "object",
                                                        {
                                                          "key": "string",
                                                          "operator": "string",
                                                          "values": [
                                                            "list",
                                                            "string"
                                                          ]
                                                        }
                                                      ]
                                                    ],
                                                    "matchFields": [
                                                      "list",
                                                      [
                                                        "object",
                                                        {
                                                          "key": "string",
                                                          "operator": "string",
                                                          "values": [
                                                            "list",
                                                            "string"
                                                          ]
                                                        }
                                                      ]
                                                    ]
                                                  }
                                                ]
                                              ]
                                            }
                                          ]
                                        }
                                      ],
                                      "podAffinity": [
                                        "object",
                                        {
                                          "preferredDuringSchedulingIgnoredDuringExecution": [
                                            "list",
                                            [
                                              "object",
                                              {
                                                "podAffinityTerm": [
                                                  "object",
                                                  {
                                                    "labelSelector": [
                                                      "object",
                                                      {
                                                        "matchExpressions": [
                                                          "list",
                                                          [
                                                            "object",
                                                            {
                                                              "key": "string",
                                                              "operator": "string",
                                                              "values": [
                                                                "list",
                                                                "string"
                                                              ]
                                                            }
                                                          ]
                                                        ],
                                                        "matchLabels": [
                                                          "map",
                                                          "string"
                                                        ]
                                                      }
                                                    ],
                                                    "matchLabelKeys": [
                                                      "list",
                                                      "string"
                                                    ],
                                                    "mismatchLabelKeys": [
                                                      "list",
                                                      "string"
                                                    ],
                                                    "namespaceSelector": [
                                                      "object",
                                                      {
                                                        "matchExpressions": [
                                                          "list",
                                                          [
                                                            "object",
                                                            {
                                                              "key": "string",
                                                              "operator": "string",
                                                              "values": [
                                                                "list",
                                                                "string"
                                                              ]
                                                            }
                                                          ]
                                                        ],
                                                        "matchLabels": [
                                                          "map",
                                                          "string"
                                                        ]
                                                      }
                                                    ],
                                                    "namespaces": [
                                                      "list",
                                                      "string"
                                                    ],
                                                    "topologyKey": "string"
                                                  }
                                                ],
                                                "weight": "number"
                                              }
                                            ]
                                          ],
                                          "requiredDuringSchedulingIgnoredDuringExecution": [
                                            "list",
                                            [
                                              "object",
                                              {
                                                "labelSelector": [
                                                  "object",
                                                  {
                                                    "matchExpressions": [
                                                      "list",
                                                      [
                                                        "object",
                                                        {
                                                          "key": "string",
                                                          "operator": "string",
                                                          "values": [
                                                            "list",
                                                            "string"
                                                          ]
                                                        }
                                                      ]
                                                    ],
                                                    "matchLabels": [
                                                      "map",
                                                      "string"
                                                    ]
                                                  }
                                                ],
                                                "matchLabelKeys": [
                                                  "list",
                                                  "string"
                                                ],
                                                "mismatchLabelKeys": [
                                                  "list",
                                                  "string"
                                                ],
                                                "namespaceSelector": [
                                                  "object",
                                                  {
                                                    "matchExpressions": [
                                                      "list",
                                                      [
                                                        "object",
                                                        {
                                                          "key": "string",
                                                          "operator": "string",
                                                          "values": [
                                                            "list",
                                                            "string"
                                                          ]
                                                        }
                                                      ]
                                                    ],
                                                    "matchLabels": [
                                                      "map",
                                                      "string"
                                                    ]
                                                  }
                                                ],
                                                "namespaces": [
                                                  "list",
                                                  "string"
                                                ],
                                                "topologyKey": "string"
                                              }
                                            ]
                                          ]
                                        }
                                      ],
                                      "podAntiAffinity": [
                                        "object",
                                        {
                                          "preferredDuringSchedulingIgnoredDuringExecution": [
                                            "list",
                                            [
                                              "object",
                                              {
                                                "podAffinityTerm": [
                                                  "object",
                                                  {
                                                    "labelSelector": [
                                                      "object",
                                                      {
                                                        "matchExpressions": [
                                                          "list",
                                                          [
                                                            "object",
                                                            {
                                                              "key": "string",
                                                              "operator": "string",
                                                              "values": [
                                                                "list",
                                                                "string"
                                                              ]
                                                            }
                                                          ]
                                                        ],
                                                        "matchLabels": [
                                                          "map",
                                                          "string"
                                                        ]
                                                      }
                                                    ],
                                                    "matchLabelKeys": [
                                                      "list",
                                                      "string"
                                                    ],
                                                    "mismatchLabelKeys": [
                                                      "list",
                                                      "string"
                                                    ],
                                                    "namespaceSelector": [
                                                      "object",
                                                      {
                                                        "matchExpressions": [
                                                          "list",
                                                          [
                                                            "object",
                                                            {
                                                              "key": "string",
                                                              "operator": "string",
                                                              "values": [
                                                                "list",
                                                                "string"
                                                              ]
                                                            }
                                                          ]
                                                        ],
                                                        "matchLabels": [
                                                          "map",
                                                          "string"
                                                        ]
                                                      }
                                                    ],
                                                    "namespaces": [
                                                      "list",
                                                      "string"
                                                    ],
                                                    "topologyKey": "string"
                                                  }
                                                ],
                                                "weight": "number"
                                              }
                                            ]
                                          ],
                                          "requiredDuringSchedulingIgnoredDuringExecution": [
                                            "list",
                                            [
                                              "object",
                                              {
                                                "labelSelector": [
                                                  "object",
                                                  {
                                                    "matchExpressions": [
                                                      "list",
                                                      [
                                                        "object",
                                                        {
                                                          "key": "string",
                                                          "operator": "string",
                                                          "values": [
                                                            "list",
                                                            "string"
                                                          ]
                                                        }
                                                      ]
                                                    ],
                                                    "matchLabels": [
                                                      "map",
                                                      "string"
                                                    ]
                                                  }
                                                ],
                                                "matchLabelKeys": [
                                                  "list",
                                                  "string"
                                                ],
                                                "mismatchLabelKeys": [
                                                  "list",
                                                  "string"
                                                ],
                                                "namespaceSelector": [
                                                  "object",
                                                  {
                                                    "matchExpressions": [
                                                      "list",
                                                      [
                                                        "object",
                                                        {
                                                          "key": "string",
                                                          "operator": "string",
                                                          "values": [
                                                            "list",
                                                            "string"
                                                          ]
                                                        }
                                                      ]
                                                    ],
                                                    "matchLabels": [
                                                      "map",
                                                      "string"
                                                    ]
                                                  }
                                                ],
                                                "namespaces": [
                                                  "list",
                                                  "string"
                                                ],
                                                "topologyKey": "string"
                                              }
                                            ]
                                          ]
                                        }
                                      ]
                                    }
                                  ],
                                  "dnsConfig": [
                                    "object",
                                    {
                                      "nameservers": [
                                        "list",
                                        "string"
                                      ],
                                      "options": [
                                        "list",
                                        [
                                          "object",
                                          {
                                            "name": "string",
                                            "value": "string"
                                          }
                                        ]
                                      ],
                                      "searches": [
                                        "list",
                                        "string"
                                      ]
                                    }
                                  ],
                                  "dnsPolicy": "string",
                                  "enableServiceLinks": "bool",
                                  "hostAliases": [
                                    "list",
                                    [
                                      "object",
                                      {
                                        "hostnames": [
                                          "list",
                                          "string"
                                        ],
                                        "ip": "string"
                                      }
                                    ]
                                  ],
                                  "imagePullSecrets": [
                                    "list",
                                    [
                                      "object",
                                      {
                                        "name": "string"
                                      }
                                    ]
                                  ],
                                  "metadata": [
                                    "object",
                                    {
                                      "annotations": [
                                        "map",
                                        "string"
                                      ],
                                      "labels": [
                                        "map",
                                        "string"
                                      ]
                                    }
                                  ],
                                  "priorityClassName": "string",
                                  "schedulerName": "string",
                                  "securityContext": [
                                    "object",
                                    {
                                      "appArmorProfile": [
                                        "object",
                                        {
                                          "localhostProfile": "string",
                                          "type": "string"
                                        }
                                      ],
                                      "fsGroup": "number",
                                      "fsGroupChangePolicy": "string",
                                      "runAsGroup": "number",
                                      "runAsNonRoot": "bool",
                                      "runAsUser": "number",
                                      "seLinuxChangePolicy": "string",
                                      "seLinuxOptions": [
                                        "object",
                                        {
                                          "level": "string",
                                          "role": "string",
                                          "type": "string",
                                          "user": "string"
                                        }
                                      ],
                                      "seccompProfile": [
                                        "object",
                                        {
                                          "localhostProfile": "string",
                                          "type": "string"
                                        }
                                      ],
                                      "supplementalGroups": [
                                        "list",
                                        "number"
                                      ],
                                      "supplementalGroupsPolicy": "string",
                                      "sysctls": [
                                        "list",
                                        [
                                          "object",
                                          {
                                            "name": "string",
                                            "value": "string"
                                          }
                                        ]
                                      ],
                                      "windowsOptions": [
                                        "object",
                                        {
                                          "gmsaCredentialSpec": "string",
                                          "gmsaCredentialSpecName": "string",
                                          "hostProcess": "bool",
                                          "runAsUserName": "string"
                                        }
                                      ]
                                    }
                                  ],
                                  "terminationGracePeriodSeconds": "number",
                                  "tmpDirSizeLimit": "string",
                                  "tolerations": [
                                    "list",
                                    [
                                      "object",
                                      {
                                        "effect": "string",
                                        "key": "string",
                                        "operator": "string",
                                        "tolerationSeconds": "number",
                                        "value": "string"
                                      }
                                    ]
                                  ],
                                  "topologySpreadConstraints": [
                                    "list",
                                    [
                                      "object",
                                      {
                                        "labelSelector": [
                                          "object",
                                          {
                                            "matchExpressions": [
                                              "list",
                                              [
                                                "object",
                                                {
                                                  "key": "string",
                                                  "operator": "string",
                                                  "values": [
                                                    "list",
                                                    "string"
                                                  ]
                                                }
                                              ]
                                            ],
                                            "matchLabels": [
                                              "map",
                                              "string"
                                            ]
                                          }
                                        ],
                                        "matchLabelKeys": [
                                          "list",
                                          "string"
                                        ],
                                        "maxSkew": "number",
                                        "minDomains": "number",
                                        "nodeAffinityPolicy": "string",
                                        "nodeTaintsPolicy": "string",
                                        "topologyKey": "string",
                                        "whenUnsatisfiable": "string"
                                      }
                                    ]
                                  ],
                                  "volumes": [
                                    "list",
                                    [
                                      "object",
                                      {
                                        "configMap": [
                                          "object",
                                          {
                                            "defaultMode": "number",
                                            "items": [
                                              "list",
                                              [
                                                "object",
                                                {
                                                  "key": "string",
                                                  "mode": "number",
                                                  "path": "string"
                                                }
                                              ]
                                            ],
                                            "name": "string",
                                            "optional": "bool"
                                          }
                                        ],
                                        "csi": [
                                          "object",
                                          {
                                            "driver": "string",
                                            "fsType": "string",
                                            "nodePublishSecretRef": [
                                              "object",
                                              {
                                                "name": "string"
                                              }
                                            ],
                                            "readOnly": "bool",
                                            "volumeAttributes": [
                                              "map",
                                              "string"
                                            ]
                                          }
                                        ],
                                        "emptyDir": [
                                          "object",
                                          {
                                            "medium": "string",
                                            "sizeLimit": "string"
                                          }
                                        ],
                                        "image": [
                                          "object",
                                          {
                                            "pullPolicy": "string",
                                            "reference": "string"
                                          }
                                        ],
                                        "name": "string",
                                        "persistentVolumeClaim": [
                                          "object",
                                          {
                                            "claimName": "string",
                                            "readOnly": "bool"
                                          }
                                        ],
                                        "secret": [
                                          "object",
                                          {
                                            "defaultMode": "number",
                                            "items": [
                                              "list",
                                              [
                                                "object",
                                                {
                                                  "key": "string",
                                                  "mode": "number",
                                                  "path": "string"
                                                }
                                              ]
                                            ],
                                            "optional": "bool",
                                            "secretName": "string"
                                          }
                                        ]
                                      }
                                    ]
                                  ]
                                }
                              ],
                              "podDisruptionBudget": [
                                "object",
                                {
                                  "maxUnavailable": "number",
                                  "metadata": [
                                    "object",
                                    {
                                      "annotations": [
                                        "map",
                                        "string"
                                      ],
                                      "labels": [
                                        "map",
                                        "string"
                                      ]
                                    }
                                  ]
                                }
                              ],
                              "serviceAccount": [
                                "object",
                                {
                                  "metadata": [
                                    "object",
                                    {
                                      "annotations": [
                                        "map",
                                        "string"
                                      ],
                                      "labels": [
                                        "map",
                                        "string"
                                      ]
                                    }
                                  ]
                                }
                              ],
                              "topicOperatorContainer": [
                                "object",
                                {
                                  "env": [
                                    "list",
                                    [
                                      "object",
                                      {
                                        "name": "string",
                                        "value": "string",
                                        "valueFrom": [
                                          "object",
                                          {
                                            "configMapKeyRef": [
                                              "object",
                                              {
                                                "key": "string",
                                                "name": "string",
                                                "optional": "bool"
                                              }
                                            ],
                                            "secretKeyRef": [
                                              "object",
                                              {
                                                "key": "string",
                                                "name": "string",
                                                "optional": "bool"
                                              }
                                            ]
                                          }
                                        ]
                                      }
                                    ]
                                  ],
                                  "securityContext": [
                                    "object",
                                    {
                                      "allowPrivilegeEscalation": "bool",
                                      "appArmorProfile": [
                                        "object",
                                        {
                                          "localhostProfile": "string",
                                          "type": "string"
                                        }
                                      ],
                                      "capabilities": [
                                        "object",
                                        {
                                          "add": [
                                            "list",
                                            "string"
                                          ],
                                          "drop": [
                                            "list",
                                            "string"
                                          ]
                                        }
                                      ],
                                      "privileged": "bool",
                                      "procMount": "string",
                                      "readOnlyRootFilesystem": "bool",
                                      "runAsGroup": "number",
                                      "runAsNonRoot": "bool",
                                      "runAsUser": "number",
                                      "seLinuxOptions": [
                                        "object",
                                        {
                                          "level": "string",
                                          "role": "string",
                                          "type": "string",
                                          "user": "string"
                                        }
                                      ],
                                      "seccompProfile": [
                                        "object",
                                        {
                                          "localhostProfile": "string",
                                          "type": "string"
                                        }
                                      ],
                                      "windowsOptions": [
                                        "object",
                                        {
                                          "gmsaCredentialSpec": "string",
                                          "gmsaCredentialSpecName": "string",
                                          "hostProcess": "bool",
                                          "runAsUserName": "string"
                                        }
                                      ]
                                    }
                                  ],
                                  "volumeMounts": [
                                    "list",
                                    [
                                      "object",
                                      {
                                        "mountPath": "string",
                                        "mountPropagation": "string",
                                        "name": "string",
                                        "readOnly": "bool",
                                        "recursiveReadOnly": "string",
                                        "subPath": "string",
                                        "subPathExpr": "string"
                                      }
                                    ]
                                  ]
                                }
                              ],
                              "topicOperatorRoleBinding": [
                                "object",
                                {
                                  "metadata": [
                                    "object",
                                    {
                                      "annotations": [
                                        "map",
                                        "string"
                                      ],
                                      "labels": [
                                        "map",
                                        "string"
                                      ]
                                    }
                                  ]
                                }
                              ],
                              "userOperatorContainer": [
                                "object",
                                {
                                  "env": [
                                    "list",
                                    [
                                      "object",
                                      {
                                        "name": "string",
                                        "value": "string",
                                        "valueFrom": [
                                          "object",
                                          {
                                            "configMapKeyRef": [
                                              "object",
                                              {
                                                "key": "string",
                                                "name": "string",
                                                "optional": "bool"
                                              }
                                            ],
                                            "secretKeyRef": [
                                              "object",
                                              {
                                                "key": "string",
                                                "name": "string",
                                                "optional": "bool"
                                              }
                                            ]
                                          }
                                        ]
                                      }
                                    ]
                                  ],
                                  "securityContext": [
                                    "object",
                                    {
                                      "allowPrivilegeEscalation": "bool",
                                      "appArmorProfile": [
                                        "object",
                                        {
                                          "localhostProfile": "string",
                                          "type": "string"
                                        }
                                      ],
                                      "capabilities": [
                                        "object",
                                        {
                                          "add": [
                                            "list",
                                            "string"
                                          ],
                                          "drop": [
                                            "list",
                                            "string"
                                          ]
                                        }
                                      ],
                                      "privileged": "bool",
                                      "procMount": "string",
                                      "readOnlyRootFilesystem": "bool",
                                      "runAsGroup": "number",
                                      "runAsNonRoot": "bool",
                                      "runAsUser": "number",
                                      "seLinuxOptions": [
                                        "object",
                                        {
                                          "level": "string",
                                          "role": "string",
                                          "type": "string",
                                          "user": "string"
                                        }
                                      ],
                                      "seccompProfile": [
                                        "object",
                                        {
                                          "localhostProfile": "string",
                                          "type": "string"
                                        }
                                      ],
                                      "windowsOptions": [
                                        "object",
                                        {
                                          "gmsaCredentialSpec": "string",
                                          "gmsaCredentialSpecName": "string",
                                          "hostProcess": "bool",
                                          "runAsUserName": "string"
                                        }
                                      ]
                                    }
                                  ],
                                  "volumeMounts": [
                                    "list",
                                    [
                                      "object",
                                      {
                                        "mountPath": "string",
                                        "mountPropagation": "string",
                                        "name": "string",
                                        "readOnly": "bool",
                                        "recursiveReadOnly": "string",
                                        "subPath": "string",
                                        "subPathExpr": "string"
                                      }
                                    ]
                                  ]
                                }
                              ],
                              "userOperatorRoleBinding": [
                                "object",
                                {
                                  "metadata": [
                                    "object",
                                    {
                                      "annotations": [
                                        "map",
                                        "string"
                                      ],
                                      "labels": [
                                        "map",
                                        "string"
                                      ]
                                    }
                                  ]
                                }
                              ]
                            }
                          ],
                          "topicOperator": [
                            "object",
                            {
                              "image": "string",
                              "jvmOptions": [
                                "object",
                                {
                                  "-XX": [
                                    "map",
                                    "string"
                                  ],
                                  "-Xms": "string",
                                  "-Xmx": "string",
                                  "gcLoggingEnabled": "bool",
                                  "javaSystemProperties": [
                                    "list",
                                    [
                                      "object",
                                      {
                                        "name": "string",
                                        "value": "string"
                                      }
                                    ]
                                  ]
                                }
                              ],
                              "livenessProbe": [
                                "object",
                                {
                                  "failureThreshold": "number",
                                  "initialDelaySeconds": "number",
                                  "periodSeconds": "number",
                                  "successThreshold": "number",
                                  "timeoutSeconds": "number"
                                }
                              ],
                              "logging": [
                                "object",
                                {
                                  "loggers": [
                                    "map",
                                    "string"
                                  ],
                                  "type": "string",
                                  "valueFrom": [
                                    "object",
                                    {
                                      "configMapKeyRef": [
                                        "object",
                                        {
                                          "key": "string",
                                          "name": "string",
                                          "optional": "bool"
                                        }
                                      ]
                                    }
                                  ]
                                }
                              ],
                              "readinessProbe": [
                                "object",
                                {
                                  "failureThreshold": "number",
                                  "initialDelaySeconds": "number",
                                  "periodSeconds": "number",
                                  "successThreshold": "number",
                                  "timeoutSeconds": "number"
                                }
                              ],
                              "reconciliationIntervalMs": "number",
                              "resources": [
                                "object",
                                {
                                  "claims": [
                                    "list",
                                    [
                                      "object",
                                      {
                                        "name": "string",
                                        "request": "string"
                                      }
                                    ]
                                  ],
                                  "limits": [
                                    "map",
                                    "string"
                                  ],
                                  "requests": [
                                    "map",
                                    "string"
                                  ]
                                }
                              ],
                              "startupProbe": [
                                "object",
                                {
                                  "failureThreshold": "number",
                                  "initialDelaySeconds": "number",
                                  "periodSeconds": "number",
                                  "successThreshold": "number",
                                  "timeoutSeconds": "number"
                                }
                              ],
                              "watchedNamespace": "string"
                            }
                          ],
                          "userOperator": [
                            "object",
                            {
                              "image": "string",
                              "jvmOptions": [
                                "object",
                                {
                                  "-XX": [
                                    "map",
                                    "string"
                                  ],
                                  "-Xms": "string",
                                  "-Xmx": "string",
                                  "gcLoggingEnabled": "bool",
                                  "javaSystemProperties": [
                                    "list",
                                    [
                                      "object",
                                      {
                                        "name": "string",
                                        "value": "string"
                                      }
                                    ]
                                  ]
                                }
                              ],
                              "livenessProbe": [
                                "object",
                                {
                                  "failureThreshold": "number",
                                  "initialDelaySeconds": "number",
                                  "periodSeconds": "number",
                                  "successThreshold": "number",
                                  "timeoutSeconds": "number"
                                }
                              ],
                              "logging": [
                                "object",
                                {
                                  "loggers": [
                                    "map",
                                    "string"
                                  ],
                                  "type": "string",
                                  "valueFrom": [
                                    "object",
                                    {
                                      "configMapKeyRef": [
                                        "object",
                                        {
                                          "key": "string",
                                          "name": "string",
                                          "optional": "bool"
                                        }
                                      ]
                                    }
                                  ]
                                }
                              ],
                              "readinessProbe": [
                                "object",
                                {
                                  "failureThreshold": "number",
                                  "initialDelaySeconds": "number",
                                  "periodSeconds": "number",
                                  "successThreshold": "number",
                                  "timeoutSeconds": "number"
                                }
                              ],
                              "reconciliationIntervalMs": "number",
                              "resources": [
                                "object",
                                {
                                  "claims": [
                                    "list",
                                    [
                                      "object",
                                      {
                                        "name": "string",
                                        "request": "string"
                                      }
                                    ]
                                  ],
                                  "limits": [
                                    "map",
                                    "string"
                                  ],
                                  "requests": [
                                    "map",
                                    "string"
                                  ]
                                }
                              ],
                              "secretPrefix": "string",
                              "watchedNamespace": "string"
                            }
                          ]
                        }
                      ],
                      "kafka": [
                        "object",
                        {
                          "authorization": [
                            "object",
                            {
                              "authorizerClass": "string",
                              "superUsers": [
                                "list",
                                "string"
                              ],
                              "supportsAdminApi": "bool",
                              "type": "string"
                            }
                          ],
                          "brokerRackInitImage": "string",
                          "config": [
                            "object",
                            {
                              "default.replication.factor": "number",
                              "min.insync.replicas": "number",
                              "offsets.topic.replication.factor": "number",
                              "transaction.state.log.min.isr": "number",
                              "transaction.state.log.replication.factor": "number"
                            }
                          ],
                          "image": "string",
                          "jmxOptions": [
                            "object",
                            {
                              "authentication": [
                                "object",
                                {
                                  "type": "string"
                                }
                              ]
                            }
                          ],
                          "jvmOptions": [
                            "object",
                            {
                              "-XX": [
                                "map",
                                "string"
                              ],
                              "-Xms": "string",
                              "-Xmx": "string",
                              "gcLoggingEnabled": "bool",
                              "javaSystemProperties": [
                                "list",
                                [
                                  "object",
                                  {
                                    "name": "string",
                                    "value": "string"
                                  }
                                ]
                              ]
                            }
                          ],
                          "listeners": [
                            "tuple",
                            [
                              [
                                "object",
                                {
                                  "authentication": [
                                    "object",
                                    {
                                      "listenerConfig": "dynamic",
                                      "sasl": "bool",
                                      "type": "string"
                                    }
                                  ],
                                  "configuration": [
                                    "object",
                                    {
                                      "advertisedHostTemplate": "string",
                                      "allocateLoadBalancerNodePorts": "bool",
                                      "bootstrap": [
                                        "object",
                                        {
                                          "alternativeNames": [
                                            "list",
                                            "string"
                                          ],
                                          "annotations": [
                                            "map",
                                            "string"
                                          ],
                                          "externalIPs": [
                                            "list",
                                            "string"
                                          ],
                                          "host": "string",
                                          "labels": [
                                            "map",
                                            "string"
                                          ],
                                          "loadBalancerIP": "string",
                                          "nodePort": "number"
                                        }
                                      ],
                                      "brokerCertChainAndKey": [
                                        "object",
                                        {
                                          "certificate": "string",
                                          "key": "string",
                                          "secretName": "string"
                                        }
                                      ],
                                      "brokers": [
                                        "list",
                                        [
                                          "object",
                                          {
                                            "advertisedHost": "string",
                                            "advertisedPort": "number",
                                            "annotations": [
                                              "map",
                                              "string"
                                            ],
                                            "broker": "number",
                                            "externalIPs": [
                                              "list",
                                              "string"
                                            ],
                                            "host": "string",
                                            "labels": [
                                              "map",
                                              "string"
                                            ],
                                            "loadBalancerIP": "string",
                                            "nodePort": "number"
                                          }
                                        ]
                                      ],
                                      "class": "string",
                                      "createBootstrapService": "bool",
                                      "externalTrafficPolicy": "string",
                                      "finalizers": [
                                        "list",
                                        "string"
                                      ],
                                      "hostTemplate": "string",
                                      "ipFamilies": [
                                        "list",
                                        "string"
                                      ],
                                      "ipFamilyPolicy": "string",
                                      "loadBalancerSourceRanges": [
                                        "list",
                                        "string"
                                      ],
                                      "maxConnectionCreationRate": "number",
                                      "maxConnections": "number",
                                      "preferredNodePortAddressType": "string",
                                      "publishNotReadyAddresses": "bool",
                                      "useServiceDnsDomain": "bool"
                                    }
                                  ],
                                  "name": "string",
                                  "networkPolicyPeers": [
                                    "list",
                                    [
                                      "object",
                                      {
                                        "ipBlock": [
                                          "object",
                                          {
                                            "cidr": "string",
                                            "except": [
                                              "list",
                                              "string"
                                            ]
                                          }
                                        ],
                                        "namespaceSelector": [
                                          "object",
                                          {
                                            "matchExpressions": [
                                              "list",
                                              [
                                                "object",
                                                {
                                                  "key": "string",
                                                  "operator": "string",
                                                  "values": [
                                                    "list",
                                                    "string"
                                                  ]
                                                }
                                              ]
                                            ],
                                            "matchLabels": [
                                              "map",
                                              "string"
                                            ]
                                          }
                                        ],
                                        "podSelector": [
                                          "object",
                                          {
                                            "matchExpressions": [
                                              "list",
                                              [
                                                "object",
                                                {
                                                  "key": "string",
                                                  "operator": "string",
                                                  "values": [
                                                    "list",
                                                    "string"
                                                  ]
                                                }
                                              ]
                                            ],
                                            "matchLabels": [
                                              "map",
                                              "string"
                                            ]
                                          }
                                        ]
                                      }
                                    ]
                                  ],
                                  "port": "number",
                                  "tls": "bool",
                                  "type": "string"
                                }
                              ]
                            ]
                          ],
                          "livenessProbe": [
                            "object",
                            {
                              "failureThreshold": "number",
                              "initialDelaySeconds": "number",
                              "periodSeconds": "number",
                              "successThreshold": "number",
                              "timeoutSeconds": "number"
                            }
                          ],
                          "logging": [
                            "object",
                            {
                              "loggers": [
                                "map",
                                "string"
                              ],
                              "type": "string",
                              "valueFrom": [
                                "object",
                                {
                                  "configMapKeyRef": [
                                    "object",
                                    {
                                      "key": "string",
                                      "name": "string",
                                      "optional": "bool"
                                    }
                                  ]
                                }
                              ]
                            }
                          ],
                          "metadataVersion": "string",
                          "metricsConfig": [
                            "object",
                            {
                              "type": "string",
                              "valueFrom": [
                                "object",
                                {
                                  "configMapKeyRef": [
                                    "object",
                                    {
                                      "key": "string",
                                      "name": "string",
                                      "optional": "bool"
                                    }
                                  ]
                                }
                              ],
                              "values": [
                                "object",
                                {
                                  "allowList": [
                                    "list",
                                    "string"
                                  ]
                                }
                              ]
                            }
                          ],
                          "quotas": [
                            "object",
                            {
                              "consumerByteRate": "number",
                              "controllerMutationRate": "number",
                              "excludedPrincipals": [
                                "list",
                                "string"
                              ],
                              "minAvailableBytesPerVolume": "number",
                              "minAvailableRatioPerVolume": "number",
                              "producerByteRate": "number",
                              "requestPercentage": "number",
                              "type": "string"
                            }
                          ],
                          "rack": [
                            "object",
                            {
                              "topologyKey": "string"
                            }
                          ],
                          "readinessProbe": [
                            "object",
                            {
                              "failureThreshold": "number",
                              "initialDelaySeconds": "number",
                              "periodSeconds": "number",
                              "successThreshold": "number",
                              "timeoutSeconds": "number"
                            }
                          ],
                          "template": [
                            "object",
                            {
                              "bootstrapService": [
                                "object",
                                {
                                  "ipFamilies": [
                                    "list",
                                    "string"
                                  ],
                                  "ipFamilyPolicy": "string",
                                  "metadata": [
                                    "object",
                                    {
                                      "annotations": [
                                        "map",
                                        "string"
                                      ],
                                      "labels": [
                                        "map",
                                        "string"
                                      ]
                                    }
                                  ]
                                }
                              ],
                              "brokersService": [
                                "object",
                                {
                                  "ipFamilies": [
                                    "list",
                                    "string"
                                  ],
                                  "ipFamilyPolicy": "string",
                                  "metadata": [
                                    "object",
                                    {
                                      "annotations": [
                                        "map",
                                        "string"
                                      ],
                                      "labels": [
                                        "map",
                                        "string"
                                      ]
                                    }
                                  ]
                                }
                              ],
                              "clusterCaCert": [
                                "object",
                                {
                                  "metadata": [
                                    "object",
                                    {
                                      "annotations": [
                                        "map",
                                        "string"
                                      ],
                                      "labels": [
                                        "map",
                                        "string"
                                      ]
                                    }
                                  ]
                                }
                              ],
                              "clusterRoleBinding": [
                                "object",
                                {
                                  "metadata": [
                                    "object",
                                    {
                                      "annotations": [
                                        "map",
                                        "string"
                                      ],
                                      "labels": [
                                        "map",
                                        "string"
                                      ]
                                    }
                                  ]
                                }
                              ],
                              "externalBootstrapIngress": [
                                "object",
                                {
                                  "metadata": [
                                    "object",
                                    {
                                      "annotations": [
                                        "map",
                                        "string"
                                      ],
                                      "labels": [
                                        "map",
                                        "string"
                                      ]
                                    }
                                  ]
                                }
                              ],
                              "externalBootstrapRoute": [
                                "object",
                                {
                                  "metadata": [
                                    "object",
                                    {
                                      "annotations": [
                                        "map",
                                        "string"
                                      ],
                                      "labels": [
                                        "map",
                                        "string"
                                      ]
                                    }
                                  ]
                                }
                              ],
                              "externalBootstrapService": [
                                "object",
                                {
                                  "metadata": [
                                    "object",
                                    {
                                      "annotations": [
                                        "map",
                                        "string"
                                      ],
                                      "labels": [
                                        "map",
                                        "string"
                                      ]
                                    }
                                  ]
                                }
                              ],
                              "initContainer": [
                                "object",
                                {
                                  "env": [
                                    "list",
                                    [
                                      "object",
                                      {
                                        "name": "string",
                                        "value": "string",
                                        "valueFrom": [
                                          "object",
                                          {
                                            "configMapKeyRef": [
                                              "object",
                                              {
                                                "key": "string",
                                                "name": "string",
                                                "optional": "bool"
                                              }
                                            ],
                                            "secretKeyRef": [
                                              "object",
                                              {
                                                "key": "string",
                                                "name": "string",
                                                "optional": "bool"
                                              }
                                            ]
                                          }
                                        ]
                                      }
                                    ]
                                  ],
                                  "securityContext": [
                                    "object",
                                    {
                                      "allowPrivilegeEscalation": "bool",
                                      "appArmorProfile": [
                                        "object",
                                        {
                                          "localhostProfile": "string",
                                          "type": "string"
                                        }
                                      ],
                                      "capabilities": [
                                        "object",
                                        {
                                          "add": [
                                            "list",
                                            "string"
                                          ],
                                          "drop": [
                                            "list",
                                            "string"
                                          ]
                                        }
                                      ],
                                      "privileged": "bool",
                                      "procMount": "string",
                                      "readOnlyRootFilesystem": "bool",
                                      "runAsGroup": "number",
                                      "runAsNonRoot": "bool",
                                      "runAsUser": "number",
                                      "seLinuxOptions": [
                                        "object",
                                        {
                                          "level": "string",
                                          "role": "string",
                                          "type": "string",
                                          "user": "string"
                                        }
                                      ],
                                      "seccompProfile": [
                                        "object",
                                        {
                                          "localhostProfile": "string",
                                          "type": "string"
                                        }
                                      ],
                                      "windowsOptions": [
                                        "object",
                                        {
                                          "gmsaCredentialSpec": "string",
                                          "gmsaCredentialSpecName": "string",
                                          "hostProcess": "bool",
                                          "runAsUserName": "string"
                                        }
                                      ]
                                    }
                                  ],
                                  "volumeMounts": [
                                    "list",
                                    [
                                      "object",
                                      {
                                        "mountPath": "string",
                                        "mountPropagation": "string",
                                        "name": "string",
                                        "readOnly": "bool",
                                        "recursiveReadOnly": "string",
                                        "subPath": "string",
                                        "subPathExpr": "string"
                                      }
                                    ]
                                  ]
                                }
                              ],
                              "jmxSecret": [
                                "object",
                                {
                                  "metadata": [
                                    "object",
                                    {
                                      "annotations": [
                                        "map",
                                        "string"
                                      ],
                                      "labels": [
                                        "map",
                                        "string"
                                      ]
                                    }
                                  ]
                                }
                              ],
                              "kafkaContainer": [
                                "object",
                                {
                                  "env": [
                                    "list",
                                    [
                                      "object",
                                      {
                                        "name": "string",
                                        "value": "string",
                                        "valueFrom": [
                                          "object",
                                          {
                                            "configMapKeyRef": [
                                              "object",
                                              {
                                                "key": "string",
                                                "name": "string",
                                                "optional": "bool"
                                              }
                                            ],
                                            "secretKeyRef": [
                                              "object",
                                              {
                                                "key": "string",
                                                "name": "string",
                                                "optional": "bool"
                                              }
                                            ]
                                          }
                                        ]
                                      }
                                    ]
                                  ],
                                  "securityContext": [
                                    "object",
                                    {
                                      "allowPrivilegeEscalation": "bool",
                                      "appArmorProfile": [
                                        "object",
                                        {
                                          "localhostProfile": "string",
                                          "type": "string"
                                        }
                                      ],
                                      "capabilities": [
                                        "object",
                                        {
                                          "add": [
                                            "list",
                                            "string"
                                          ],
                                          "drop": [
                                            "list",
                                            "string"
                                          ]
                                        }
                                      ],
                                      "privileged": "bool",
                                      "procMount": "string",
                                      "readOnlyRootFilesystem": "bool",
                                      "runAsGroup": "number",
                                      "runAsNonRoot": "bool",
                                      "runAsUser": "number",
                                      "seLinuxOptions": [
                                        "object",
                                        {
                                          "level": "string",
                                          "role": "string",
                                          "type": "string",
                                          "user": "string"
                                        }
                                      ],
                                      "seccompProfile": [
                                        "object",
                                        {
                                          "localhostProfile": "string",
                                          "type": "string"
                                        }
                                      ],
                                      "windowsOptions": [
                                        "object",
                                        {
                                          "gmsaCredentialSpec": "string",
                                          "gmsaCredentialSpecName": "string",
                                          "hostProcess": "bool",
                                          "runAsUserName": "string"
                                        }
                                      ]
                                    }
                                  ],
                                  "volumeMounts": [
                                    "list",
                                    [
                                      "object",
                                      {
                                        "mountPath": "string",
                                        "mountPropagation": "string",
                                        "name": "string",
                                        "readOnly": "bool",
                                        "recursiveReadOnly": "string",
                                        "subPath": "string",
                                        "subPathExpr": "string"
                                      }
                                    ]
                                  ]
                                }
                              ],
                              "perPodIngress": [
                                "object",
                                {
                                  "metadata": [
                                    "object",
                                    {
                                      "annotations": [
                                        "map",
                                        "string"
                                      ],
                                      "labels": [
                                        "map",
                                        "string"
                                      ]
                                    }
                                  ]
                                }
                              ],
                              "perPodRoute": [
                                "object",
                                {
                                  "metadata": [
                                    "object",
                                    {
                                      "annotations": [
                                        "map",
                                        "string"
                                      ],
                                      "labels": [
                                        "map",
                                        "string"
                                      ]
                                    }
                                  ]
                                }
                              ],
                              "perPodService": [
                                "object",
                                {
                                  "metadata": [
                                    "object",
                                    {
                                      "annotations": [
                                        "map",
                                        "string"
                                      ],
                                      "labels": [
                                        "map",
                                        "string"
                                      ]
                                    }
                                  ]
                                }
                              ],
                              "persistentVolumeClaim": [
                                "object",
                                {
                                  "metadata": [
                                    "object",
                                    {
                                      "annotations": [
                                        "map",
                                        "string"
                                      ],
                                      "labels": [
                                        "map",
                                        "string"
                                      ]
                                    }
                                  ]
                                }
                              ],
                              "pod": [
                                "object",
                                {
                                  "affinity": [
                                    "object",
                                    {
                                      "nodeAffinity": [
                                        "object",
                                        {
                                          "preferredDuringSchedulingIgnoredDuringExecution": [
                                            "list",
                                            [
                                              "object",
                                              {
                                                "preference": [
                                                  "object",
                                                  {
                                                    "matchExpressions": [
                                                      "list",
                                                      [
                                                        "object",
                                                        {
                                                          "key": "string",
                                                          "operator": "string",
                                                          "values": [
                                                            "list",
                                                            "string"
                                                          ]
                                                        }
                                                      ]
                                                    ],
                                                    "matchFields": [
                                                      "list",
                                                      [
                                                        "object",
                                                        {
                                                          "key": "string",
                                                          "operator": "string",
                                                          "values": [
                                                            "list",
                                                            "string"
                                                          ]
                                                        }
                                                      ]
                                                    ]
                                                  }
                                                ],
                                                "weight": "number"
                                              }
                                            ]
                                          ],
                                          "requiredDuringSchedulingIgnoredDuringExecution": [
                                            "object",
                                            {
                                              "nodeSelectorTerms": [
                                                "list",
                                                [
                                                  "object",
                                                  {
                                                    "matchExpressions": [
                                                      "list",
                                                      [
                                                        "object",
                                                        {
                                                          "key": "string",
                                                          "operator": "string",
                                                          "values": [
                                                            "list",
                                                            "string"
                                                          ]
                                                        }
                                                      ]
                                                    ],
                                                    "matchFields": [
                                                      "list",
                                                      [
                                                        "object",
                                                        {
                                                          "key": "string",
                                                          "operator": "string",
                                                          "values": [
                                                            "list",
                                                            "string"
                                                          ]
                                                        }
                                                      ]
                                                    ]
                                                  }
                                                ]
                                              ]
                                            }
                                          ]
                                        }
                                      ],
                                      "podAffinity": [
                                        "object",
                                        {
                                          "preferredDuringSchedulingIgnoredDuringExecution": [
                                            "list",
                                            [
                                              "object",
                                              {
                                                "podAffinityTerm": [
                                                  "object",
                                                  {
                                                    "labelSelector": [
                                                      "object",
                                                      {
                                                        "matchExpressions": [
                                                          "list",
                                                          [
                                                            "object",
                                                            {
                                                              "key": "string",
                                                              "operator": "string",
                                                              "values": [
                                                                "list",
                                                                "string"
                                                              ]
                                                            }
                                                          ]
                                                        ],
                                                        "matchLabels": [
                                                          "map",
                                                          "string"
                                                        ]
                                                      }
                                                    ],
                                                    "matchLabelKeys": [
                                                      "list",
                                                      "string"
                                                    ],
                                                    "mismatchLabelKeys": [
                                                      "list",
                                                      "string"
                                                    ],
                                                    "namespaceSelector": [
                                                      "object",
                                                      {
                                                        "matchExpressions": [
                                                          "list",
                                                          [
                                                            "object",
                                                            {
                                                              "key": "string",
                                                              "operator": "string",
                                                              "values": [
                                                                "list",
                                                                "string"
                                                              ]
                                                            }
                                                          ]
                                                        ],
                                                        "matchLabels": [
                                                          "map",
                                                          "string"
                                                        ]
                                                      }
                                                    ],
                                                    "namespaces": [
                                                      "list",
                                                      "string"
                                                    ],
                                                    "topologyKey": "string"
                                                  }
                                                ],
                                                "weight": "number"
                                              }
                                            ]
                                          ],
                                          "requiredDuringSchedulingIgnoredDuringExecution": [
                                            "list",
                                            [
                                              "object",
                                              {
                                                "labelSelector": [
                                                  "object",
                                                  {
                                                    "matchExpressions": [
                                                      "list",
                                                      [
                                                        "object",
                                                        {
                                                          "key": "string",
                                                          "operator": "string",
                                                          "values": [
                                                            "list",
                                                            "string"
                                                          ]
                                                        }
                                                      ]
                                                    ],
                                                    "matchLabels": [
                                                      "map",
                                                      "string"
                                                    ]
                                                  }
                                                ],
                                                "matchLabelKeys": [
                                                  "list",
                                                  "string"
                                                ],
                                                "mismatchLabelKeys": [
                                                  "list",
                                                  "string"
                                                ],
                                                "namespaceSelector": [
                                                  "object",
                                                  {
                                                    "matchExpressions": [
                                                      "list",
                                                      [
                                                        "object",
                                                        {
                                                          "key": "string",
                                                          "operator": "string",
                                                          "values": [
                                                            "list",
                                                            "string"
                                                          ]
                                                        }
                                                      ]
                                                    ],
                                                    "matchLabels": [
                                                      "map",
                                                      "string"
                                                    ]
                                                  }
                                                ],
                                                "namespaces": [
                                                  "list",
                                                  "string"
                                                ],
                                                "topologyKey": "string"
                                              }
                                            ]
                                          ]
                                        }
                                      ],
                                      "podAntiAffinity": [
                                        "object",
                                        {
                                          "preferredDuringSchedulingIgnoredDuringExecution": [
                                            "list",
                                            [
                                              "object",
                                              {
                                                "podAffinityTerm": [
                                                  "object",
                                                  {
                                                    "labelSelector": [
                                                      "object",
                                                      {
                                                        "matchExpressions": [
                                                          "list",
                                                          [
                                                            "object",
                                                            {
                                                              "key": "string",
                                                              "operator": "string",
                                                              "values": [
                                                                "list",
                                                                "string"
                                                              ]
                                                            }
                                                          ]
                                                        ],
                                                        "matchLabels": [
                                                          "map",
                                                          "string"
                                                        ]
                                                      }
                                                    ],
                                                    "matchLabelKeys": [
                                                      "list",
                                                      "string"
                                                    ],
                                                    "mismatchLabelKeys": [
                                                      "list",
                                                      "string"
                                                    ],
                                                    "namespaceSelector": [
                                                      "object",
                                                      {
                                                        "matchExpressions": [
                                                          "list",
                                                          [
                                                            "object",
                                                            {
                                                              "key": "string",
                                                              "operator": "string",
                                                              "values": [
                                                                "list",
                                                                "string"
                                                              ]
                                                            }
                                                          ]
                                                        ],
                                                        "matchLabels": [
                                                          "map",
                                                          "string"
                                                        ]
                                                      }
                                                    ],
                                                    "namespaces": [
                                                      "list",
                                                      "string"
                                                    ],
                                                    "topologyKey": "string"
                                                  }
                                                ],
                                                "weight": "number"
                                              }
                                            ]
                                          ],
                                          "requiredDuringSchedulingIgnoredDuringExecution": [
                                            "list",
                                            [
                                              "object",
                                              {
                                                "labelSelector": [
                                                  "object",
                                                  {
                                                    "matchExpressions": [
                                                      "list",
                                                      [
                                                        "object",
                                                        {
                                                          "key": "string",
                                                          "operator": "string",
                                                          "values": [
                                                            "list",
                                                            "string"
                                                          ]
                                                        }
                                                      ]
                                                    ],
                                                    "matchLabels": [
                                                      "map",
                                                      "string"
                                                    ]
                                                  }
                                                ],
                                                "matchLabelKeys": [
                                                  "list",
                                                  "string"
                                                ],
                                                "mismatchLabelKeys": [
                                                  "list",
                                                  "string"
                                                ],
                                                "namespaceSelector": [
                                                  "object",
                                                  {
                                                    "matchExpressions": [
                                                      "list",
                                                      [
                                                        "object",
                                                        {
                                                          "key": "string",
                                                          "operator": "string",
                                                          "values": [
                                                            "list",
                                                            "string"
                                                          ]
                                                        }
                                                      ]
                                                    ],
                                                    "matchLabels": [
                                                      "map",
                                                      "string"
                                                    ]
                                                  }
                                                ],
                                                "namespaces": [
                                                  "list",
                                                  "string"
                                                ],
                                                "topologyKey": "string"
                                              }
                                            ]
                                          ]
                                        }
                                      ]
                                    }
                                  ],
                                  "dnsConfig": [
                                    "object",
                                    {
                                      "nameservers": [
                                        "list",
                                        "string"
                                      ],
                                      "options": [
                                        "list",
                                        [
                                          "object",
                                          {
                                            "name": "string",
                                            "value": "string"
                                          }
                                        ]
                                      ],
                                      "searches": [
                                        "list",
                                        "string"
                                      ]
                                    }
                                  ],
                                  "dnsPolicy": "string",
                                  "enableServiceLinks": "bool",
                                  "hostAliases": [
                                    "list",
                                    [
                                      "object",
                                      {
                                        "hostnames": [
                                          "list",
                                          "string"
                                        ],
                                        "ip": "string"
                                      }
                                    ]
                                  ],
                                  "imagePullSecrets": [
                                    "list",
                                    [
                                      "object",
                                      {
                                        "name": "string"
                                      }
                                    ]
                                  ],
                                  "metadata": [
                                    "object",
                                    {
                                      "annotations": [
                                        "map",
                                        "string"
                                      ],
                                      "labels": [
                                        "map",
                                        "string"
                                      ]
                                    }
                                  ],
                                  "priorityClassName": "string",
                                  "schedulerName": "string",
                                  "securityContext": [
                                    "object",
                                    {
                                      "appArmorProfile": [
                                        "object",
                                        {
                                          "localhostProfile": "string",
                                          "type": "string"
                                        }
                                      ],
                                      "fsGroup": "number",
                                      "fsGroupChangePolicy": "string",
                                      "runAsGroup": "number",
                                      "runAsNonRoot": "bool",
                                      "runAsUser": "number",
                                      "seLinuxChangePolicy": "string",
                                      "seLinuxOptions": [
                                        "object",
                                        {
                                          "level": "string",
                                          "role": "string",
                                          "type": "string",
                                          "user": "string"
                                        }
                                      ],
                                      "seccompProfile": [
                                        "object",
                                        {
                                          "localhostProfile": "string",
                                          "type": "string"
                                        }
                                      ],
                                      "supplementalGroups": [
                                        "list",
                                        "number"
                                      ],
                                      "supplementalGroupsPolicy": "string",
                                      "sysctls": [
                                        "list",
                                        [
                                          "object",
                                          {
                                            "name": "string",
                                            "value": "string"
                                          }
                                        ]
                                      ],
                                      "windowsOptions": [
                                        "object",
                                        {
                                          "gmsaCredentialSpec": "string",
                                          "gmsaCredentialSpecName": "string",
                                          "hostProcess": "bool",
                                          "runAsUserName": "string"
                                        }
                                      ]
                                    }
                                  ],
                                  "terminationGracePeriodSeconds": "number",
                                  "tmpDirSizeLimit": "string",
                                  "tolerations": [
                                    "list",
                                    [
                                      "object",
                                      {
                                        "effect": "string",
                                        "key": "string",
                                        "operator": "string",
                                        "tolerationSeconds": "number",
                                        "value": "string"
                                      }
                                    ]
                                  ],
                                  "topologySpreadConstraints": [
                                    "list",
                                    [
                                      "object",
                                      {
                                        "labelSelector": [
                                          "object",
                                          {
                                            "matchExpressions": [
                                              "list",
                                              [
                                                "object",
                                                {
                                                  "key": "string",
                                                  "operator": "string",
                                                  "values": [
                                                    "list",
                                                    "string"
                                                  ]
                                                }
                                              ]
                                            ],
                                            "matchLabels": [
                                              "map",
                                              "string"
                                            ]
                                          }
                                        ],
                                        "matchLabelKeys": [
                                          "list",
                                          "string"
                                        ],
                                        "maxSkew": "number",
                                        "minDomains": "number",
                                        "nodeAffinityPolicy": "string",
                                        "nodeTaintsPolicy": "string",
                                        "topologyKey": "string",
                                        "whenUnsatisfiable": "string"
                                      }
                                    ]
                                  ],
                                  "volumes": [
                                    "list",
                                    [
                                      "object",
                                      {
                                        "configMap": [
                                          "object",
                                          {
                                            "defaultMode": "number",
                                            "items": [
                                              "list",
                                              [
                                                "object",
                                                {
                                                  "key": "string",
                                                  "mode": "number",
                                                  "path": "string"
                                                }
                                              ]
                                            ],
                                            "name": "string",
                                            "optional": "bool"
                                          }
                                        ],
                                        "csi": [
                                          "object",
                                          {
                                            "driver": "string",
                                            "fsType": "string",
                                            "nodePublishSecretRef": [
                                              "object",
                                              {
                                                "name": "string"
                                              }
                                            ],
                                            "readOnly": "bool",
                                            "volumeAttributes": [
                                              "map",
                                              "string"
                                            ]
                                          }
                                        ],
                                        "emptyDir": [
                                          "object",
                                          {
                                            "medium": "string",
                                            "sizeLimit": "string"
                                          }
                                        ],
                                        "image": [
                                          "object",
                                          {
                                            "pullPolicy": "string",
                                            "reference": "string"
                                          }
                                        ],
                                        "name": "string",
                                        "persistentVolumeClaim": [
                                          "object",
                                          {
                                            "claimName": "string",
                                            "readOnly": "bool"
                                          }
                                        ],
                                        "secret": [
                                          "object",
                                          {
                                            "defaultMode": "number",
                                            "items": [
                                              "list",
                                              [
                                                "object",
                                                {
                                                  "key": "string",
                                                  "mode": "number",
                                                  "path": "string"
                                                }
                                              ]
                                            ],
                                            "optional": "bool",
                                            "secretName": "string"
                                          }
                                        ]
                                      }
                                    ]
                                  ]
                                }
                              ],
                              "podDisruptionBudget": [
                                "object",
                                {
                                  "maxUnavailable": "number",
                                  "metadata": [
                                    "object",
                                    {
                                      "annotations": [
                                        "map",
                                        "string"
                                      ],
                                      "labels": [
                                        "map",
                                        "string"
                                      ]
                                    }
                                  ]
                                }
                              ],
                              "podSet": [
                                "object",
                                {
                                  "metadata": [
                                    "object",
                                    {
                                      "annotations": [
                                        "map",
                                        "string"
                                      ],
                                      "labels": [
                                        "map",
                                        "string"
                                      ]
                                    }
                                  ]
                                }
                              ],
                              "serviceAccount": [
                                "object",
                                {
                                  "metadata": [
                                    "object",
                                    {
                                      "annotations": [
                                        "map",
                                        "string"
                                      ],
                                      "labels": [
                                        "map",
                                        "string"
                                      ]
                                    }
                                  ]
                                }
                              ]
                            }
                          ],
                          "tieredStorage": [
                            "object",
                            {
                              "remoteStorageManager": [
                                "object",
                                {
                                  "className": "string",
                                  "classPath": "string",
                                  "config": [
                                    "map",
                                    "string"
                                  ]
                                }
                              ],
                              "type": "string"
                            }
                          ],
                          "version": "string"
                        }
                      ],
                      "kafkaExporter": [
                        "object",
                        {
                          "enableSaramaLogging": "bool",
                          "groupExcludeRegex": "string",
                          "groupRegex": "string",
                          "image": "string",
                          "livenessProbe": [
                            "object",
                            {
                              "failureThreshold": "number",
                              "initialDelaySeconds": "number",
                              "periodSeconds": "number",
                              "successThreshold": "number",
                              "timeoutSeconds": "number"
                            }
                          ],
                          "logging": "string",
                          "readinessProbe": [
                            "object",
                            {
                              "failureThreshold": "number",
                              "initialDelaySeconds": "number",
                              "periodSeconds": "number",
                              "successThreshold": "number",
                              "timeoutSeconds": "number"
                            }
                          ],
                          "resources": [
                            "object",
                            {
                              "claims": [
                                "list",
                                [
                                  "object",
                                  {
                                    "name": "string",
                                    "request": "string"
                                  }
                                ]
                              ],
                              "limits": [
                                "map",
                                "string"
                              ],
                              "requests": [
                                "map",
                                "string"
                              ]
                            }
                          ],
                          "showAllOffsets": "bool",
                          "template": [
                            "object",
                            {
                              "container": [
                                "object",
                                {
                                  "env": [
                                    "list",
                                    [
                                      "object",
                                      {
                                        "name": "string",
                                        "value": "string",
                                        "valueFrom": [
                                          "object",
                                          {
                                            "configMapKeyRef": [
                                              "object",
                                              {
                                                "key": "string",
                                                "name": "string",
                                                "optional": "bool"
                                              }
                                            ],
                                            "secretKeyRef": [
                                              "object",
                                              {
                                                "key": "string",
                                                "name": "string",
                                                "optional": "bool"
                                              }
                                            ]
                                          }
                                        ]
                                      }
                                    ]
                                  ],
                                  "securityContext": [
                                    "object",
                                    {
                                      "allowPrivilegeEscalation": "bool",
                                      "appArmorProfile": [
                                        "object",
                                        {
                                          "localhostProfile": "string",
                                          "type": "string"
                                        }
                                      ],
                                      "capabilities": [
                                        "object",
                                        {
                                          "add": [
                                            "list",
                                            "string"
                                          ],
                                          "drop": [
                                            "list",
                                            "string"
                                          ]
                                        }
                                      ],
                                      "privileged": "bool",
                                      "procMount": "string",
                                      "readOnlyRootFilesystem": "bool",
                                      "runAsGroup": "number",
                                      "runAsNonRoot": "bool",
                                      "runAsUser": "number",
                                      "seLinuxOptions": [
                                        "object",
                                        {
                                          "level": "string",
                                          "role": "string",
                                          "type": "string",
                                          "user": "string"
                                        }
                                      ],
                                      "seccompProfile": [
                                        "object",
                                        {
                                          "localhostProfile": "string",
                                          "type": "string"
                                        }
                                      ],
                                      "windowsOptions": [
                                        "object",
                                        {
                                          "gmsaCredentialSpec": "string",
                                          "gmsaCredentialSpecName": "string",
                                          "hostProcess": "bool",
                                          "runAsUserName": "string"
                                        }
                                      ]
                                    }
                                  ],
                                  "volumeMounts": [
                                    "list",
                                    [
                                      "object",
                                      {
                                        "mountPath": "string",
                                        "mountPropagation": "string",
                                        "name": "string",
                                        "readOnly": "bool",
                                        "recursiveReadOnly": "string",
                                        "subPath": "string",
                                        "subPathExpr": "string"
                                      }
                                    ]
                                  ]
                                }
                              ],
                              "deployment": [
                                "object",
                                {
                                  "deploymentStrategy": "string",
                                  "metadata": [
                                    "object",
                                    {
                                      "annotations": [
                                        "map",
                                        "string"
                                      ],
                                      "labels": [
                                        "map",
                                        "string"
                                      ]
                                    }
                                  ]
                                }
                              ],
                              "pod": [
                                "object",
                                {
                                  "affinity": [
                                    "object",
                                    {
                                      "nodeAffinity": [
                                        "object",
                                        {
                                          "preferredDuringSchedulingIgnoredDuringExecution": [
                                            "list",
                                            [
                                              "object",
                                              {
                                                "preference": [
                                                  "object",
                                                  {
                                                    "matchExpressions": [
                                                      "list",
                                                      [
                                                        "object",
                                                        {
                                                          "key": "string",
                                                          "operator": "string",
                                                          "values": [
                                                            "list",
                                                            "string"
                                                          ]
                                                        }
                                                      ]
                                                    ],
                                                    "matchFields": [
                                                      "list",
                                                      [
                                                        "object",
                                                        {
                                                          "key": "string",
                                                          "operator": "string",
                                                          "values": [
                                                            "list",
                                                            "string"
                                                          ]
                                                        }
                                                      ]
                                                    ]
                                                  }
                                                ],
                                                "weight": "number"
                                              }
                                            ]
                                          ],
                                          "requiredDuringSchedulingIgnoredDuringExecution": [
                                            "object",
                                            {
                                              "nodeSelectorTerms": [
                                                "list",
                                                [
                                                  "object",
                                                  {
                                                    "matchExpressions": [
                                                      "list",
                                                      [
                                                        "object",
                                                        {
                                                          "key": "string",
                                                          "operator": "string",
                                                          "values": [
                                                            "list",
                                                            "string"
                                                          ]
                                                        }
                                                      ]
                                                    ],
                                                    "matchFields": [
                                                      "list",
                                                      [
                                                        "object",
                                                        {
                                                          "key": "string",
                                                          "operator": "string",
                                                          "values": [
                                                            "list",
                                                            "string"
                                                          ]
                                                        }
                                                      ]
                                                    ]
                                                  }
                                                ]
                                              ]
                                            }
                                          ]
                                        }
                                      ],
                                      "podAffinity": [
                                        "object",
                                        {
                                          "preferredDuringSchedulingIgnoredDuringExecution": [
                                            "list",
                                            [
                                              "object",
                                              {
                                                "podAffinityTerm": [
                                                  "object",
                                                  {
                                                    "labelSelector": [
                                                      "object",
                                                      {
                                                        "matchExpressions": [
                                                          "list",
                                                          [
                                                            "object",
                                                            {
                                                              "key": "string",
                                                              "operator": "string",
                                                              "values": [
                                                                "list",
                                                                "string"
                                                              ]
                                                            }
                                                          ]
                                                        ],
                                                        "matchLabels": [
                                                          "map",
                                                          "string"
                                                        ]
                                                      }
                                                    ],
                                                    "matchLabelKeys": [
                                                      "list",
                                                      "string"
                                                    ],
                                                    "mismatchLabelKeys": [
                                                      "list",
                                                      "string"
                                                    ],
                                                    "namespaceSelector": [
                                                      "object",
                                                      {
                                                        "matchExpressions": [
                                                          "list",
                                                          [
                                                            "object",
                                                            {
                                                              "key": "string",
                                                              "operator": "string",
                                                              "values": [
                                                                "list",
                                                                "string"
                                                              ]
                                                            }
                                                          ]
                                                        ],
                                                        "matchLabels": [
                                                          "map",
                                                          "string"
                                                        ]
                                                      }
                                                    ],
                                                    "namespaces": [
                                                      "list",
                                                      "string"
                                                    ],
                                                    "topologyKey": "string"
                                                  }
                                                ],
                                                "weight": "number"
                                              }
                                            ]
                                          ],
                                          "requiredDuringSchedulingIgnoredDuringExecution": [
                                            "list",
                                            [
                                              "object",
                                              {
                                                "labelSelector": [
                                                  "object",
                                                  {
                                                    "matchExpressions": [
                                                      "list",
                                                      [
                                                        "object",
                                                        {
                                                          "key": "string",
                                                          "operator": "string",
                                                          "values": [
                                                            "list",
                                                            "string"
                                                          ]
                                                        }
                                                      ]
                                                    ],
                                                    "matchLabels": [
                                                      "map",
                                                      "string"
                                                    ]
                                                  }
                                                ],
                                                "matchLabelKeys": [
                                                  "list",
                                                  "string"
                                                ],
                                                "mismatchLabelKeys": [
                                                  "list",
                                                  "string"
                                                ],
                                                "namespaceSelector": [
                                                  "object",
                                                  {
                                                    "matchExpressions": [
                                                      "list",
                                                      [
                                                        "object",
                                                        {
                                                          "key": "string",
                                                          "operator": "string",
                                                          "values": [
                                                            "list",
                                                            "string"
                                                          ]
                                                        }
                                                      ]
                                                    ],
                                                    "matchLabels": [
                                                      "map",
                                                      "string"
                                                    ]
                                                  }
                                                ],
                                                "namespaces": [
                                                  "list",
                                                  "string"
                                                ],
                                                "topologyKey": "string"
                                              }
                                            ]
                                          ]
                                        }
                                      ],
                                      "podAntiAffinity": [
                                        "object",
                                        {
                                          "preferredDuringSchedulingIgnoredDuringExecution": [
                                            "list",
                                            [
                                              "object",
                                              {
                                                "podAffinityTerm": [
                                                  "object",
                                                  {
                                                    "labelSelector": [
                                                      "object",
                                                      {
                                                        "matchExpressions": [
                                                          "list",
                                                          [
                                                            "object",
                                                            {
                                                              "key": "string",
                                                              "operator": "string",
                                                              "values": [
                                                                "list",
                                                                "string"
                                                              ]
                                                            }
                                                          ]
                                                        ],
                                                        "matchLabels": [
                                                          "map",
                                                          "string"
                                                        ]
                                                      }
                                                    ],
                                                    "matchLabelKeys": [
                                                      "list",
                                                      "string"
                                                    ],
                                                    "mismatchLabelKeys": [
                                                      "list",
                                                      "string"
                                                    ],
                                                    "namespaceSelector": [
                                                      "object",
                                                      {
                                                        "matchExpressions": [
                                                          "list",
                                                          [
                                                            "object",
                                                            {
                                                              "key": "string",
                                                              "operator": "string",
                                                              "values": [
                                                                "list",
                                                                "string"
                                                              ]
                                                            }
                                                          ]
                                                        ],
                                                        "matchLabels": [
                                                          "map",
                                                          "string"
                                                        ]
                                                      }
                                                    ],
                                                    "namespaces": [
                                                      "list",
                                                      "string"
                                                    ],
                                                    "topologyKey": "string"
                                                  }
                                                ],
                                                "weight": "number"
                                              }
                                            ]
                                          ],
                                          "requiredDuringSchedulingIgnoredDuringExecution": [
                                            "list",
                                            [
                                              "object",
                                              {
                                                "labelSelector": [
                                                  "object",
                                                  {
                                                    "matchExpressions": [
                                                      "list",
                                                      [
                                                        "object",
                                                        {
                                                          "key": "string",
                                                          "operator": "string",
                                                          "values": [
                                                            "list",
                                                            "string"
                                                          ]
                                                        }
                                                      ]
                                                    ],
                                                    "matchLabels": [
                                                      "map",
                                                      "string"
                                                    ]
                                                  }
                                                ],
                                                "matchLabelKeys": [
                                                  "list",
                                                  "string"
                                                ],
                                                "mismatchLabelKeys": [
                                                  "list",
                                                  "string"
                                                ],
                                                "namespaceSelector": [
                                                  "object",
                                                  {
                                                    "matchExpressions": [
                                                      "list",
                                                      [
                                                        "object",
                                                        {
                                                          "key": "string",
                                                          "operator": "string",
                                                          "values": [
                                                            "list",
                                                            "string"
                                                          ]
                                                        }
                                                      ]
                                                    ],
                                                    "matchLabels": [
                                                      "map",
                                                      "string"
                                                    ]
                                                  }
                                                ],
                                                "namespaces": [
                                                  "list",
                                                  "string"
                                                ],
                                                "topologyKey": "string"
                                              }
                                            ]
                                          ]
                                        }
                                      ]
                                    }
                                  ],
                                  "dnsConfig": [
                                    "object",
                                    {
                                      "nameservers": [
                                        "list",
                                        "string"
                                      ],
                                      "options": [
                                        "list",
                                        [
                                          "object",
                                          {
                                            "name": "string",
                                            "value": "string"
                                          }
                                        ]
                                      ],
                                      "searches": [
                                        "list",
                                        "string"
                                      ]
                                    }
                                  ],
                                  "dnsPolicy": "string",
                                  "enableServiceLinks": "bool",
                                  "hostAliases": [
                                    "list",
                                    [
                                      "object",
                                      {
                                        "hostnames": [
                                          "list",
                                          "string"
                                        ],
                                        "ip": "string"
                                      }
                                    ]
                                  ],
                                  "imagePullSecrets": [
                                    "list",
                                    [
                                      "object",
                                      {
                                        "name": "string"
                                      }
                                    ]
                                  ],
                                  "metadata": [
                                    "object",
                                    {
                                      "annotations": [
                                        "map",
                                        "string"
                                      ],
                                      "labels": [
                                        "map",
                                        "string"
                                      ]
                                    }
                                  ],
                                  "priorityClassName": "string",
                                  "schedulerName": "string",
                                  "securityContext": [
                                    "object",
                                    {
                                      "appArmorProfile": [
                                        "object",
                                        {
                                          "localhostProfile": "string",
                                          "type": "string"
                                        }
                                      ],
                                      "fsGroup": "number",
                                      "fsGroupChangePolicy": "string",
                                      "runAsGroup": "number",
                                      "runAsNonRoot": "bool",
                                      "runAsUser": "number",
                                      "seLinuxChangePolicy": "string",
                                      "seLinuxOptions": [
                                        "object",
                                        {
                                          "level": "string",
                                          "role": "string",
                                          "type": "string",
                                          "user": "string"
                                        }
                                      ],
                                      "seccompProfile": [
                                        "object",
                                        {
                                          "localhostProfile": "string",
                                          "type": "string"
                                        }
                                      ],
                                      "supplementalGroups": [
                                        "list",
                                        "number"
                                      ],
                                      "supplementalGroupsPolicy": "string",
                                      "sysctls": [
                                        "list",
                                        [
                                          "object",
                                          {
                                            "name": "string",
                                            "value": "string"
                                          }
                                        ]
                                      ],
                                      "windowsOptions": [
                                        "object",
                                        {
                                          "gmsaCredentialSpec": "string",
                                          "gmsaCredentialSpecName": "string",
                                          "hostProcess": "bool",
                                          "runAsUserName": "string"
                                        }
                                      ]
                                    }
                                  ],
                                  "terminationGracePeriodSeconds": "number",
                                  "tmpDirSizeLimit": "string",
                                  "tolerations": [
                                    "list",
                                    [
                                      "object",
                                      {
                                        "effect": "string",
                                        "key": "string",
                                        "operator": "string",
                                        "tolerationSeconds": "number",
                                        "value": "string"
                                      }
                                    ]
                                  ],
                                  "topologySpreadConstraints": [
                                    "list",
                                    [
                                      "object",
                                      {
                                        "labelSelector": [
                                          "object",
                                          {
                                            "matchExpressions": [
                                              "list",
                                              [
                                                "object",
                                                {
                                                  "key": "string",
                                                  "operator": "string",
                                                  "values": [
                                                    "list",
                                                    "string"
                                                  ]
                                                }
                                              ]
                                            ],
                                            "matchLabels": [
                                              "map",
                                              "string"
                                            ]
                                          }
                                        ],
                                        "matchLabelKeys": [
                                          "list",
                                          "string"
                                        ],
                                        "maxSkew": "number",
                                        "minDomains": "number",
                                        "nodeAffinityPolicy": "string",
                                        "nodeTaintsPolicy": "string",
                                        "topologyKey": "string",
                                        "whenUnsatisfiable": "string"
                                      }
                                    ]
                                  ],
                                  "volumes": [
                                    "list",
                                    [
                                      "object",
                                      {
                                        "configMap": [
                                          "object",
                                          {
                                            "defaultMode": "number",
                                            "items": [
                                              "list",
                                              [
                                                "object",
                                                {
                                                  "key": "string",
                                                  "mode": "number",
                                                  "path": "string"
                                                }
                                              ]
                                            ],
                                            "name": "string",
                                            "optional": "bool"
                                          }
                                        ],
                                        "csi": [
                                          "object",
                                          {
                                            "driver": "string",
                                            "fsType": "string",
                                            "nodePublishSecretRef": [
                                              "object",
                                              {
                                                "name": "string"
                                              }
                                            ],
                                            "readOnly": "bool",
                                            "volumeAttributes": [
                                              "map",
                                              "string"
                                            ]
                                          }
                                        ],
                                        "emptyDir": [
                                          "object",
                                          {
                                            "medium": "string",
                                            "sizeLimit": "string"
                                          }
                                        ],
                                        "image": [
                                          "object",
                                          {
                                            "pullPolicy": "string",
                                            "reference": "string"
                                          }
                                        ],
                                        "name": "string",
                                        "persistentVolumeClaim": [
                                          "object",
                                          {
                                            "claimName": "string",
                                            "readOnly": "bool"
                                          }
                                        ],
                                        "secret": [
                                          "object",
                                          {
                                            "defaultMode": "number",
                                            "items": [
                                              "list",
                                              [
                                                "object",
                                                {
                                                  "key": "string",
                                                  "mode": "number",
                                                  "path": "string"
                                                }
                                              ]
                                            ],
                                            "optional": "bool",
                                            "secretName": "string"
                                          }
                                        ]
                                      }
                                    ]
                                  ]
                                }
                              ],
                              "podDisruptionBudget": [
                                "object",
                                {
                                  "maxUnavailable": "number",
                                  "metadata": [
                                    "object",
                                    {
                                      "annotations": [
                                        "map",
                                        "string"
                                      ],
                                      "labels": [
                                        "map",
                                        "string"
                                      ]
                                    }
                                  ]
                                }
                              ],
                              "serviceAccount": [
                                "object",
                                {
                                  "metadata": [
                                    "object",
                                    {
                                      "annotations": [
                                        "map",
                                        "string"
                                      ],
                                      "labels": [
                                        "map",
                                        "string"
                                      ]
                                    }
                                  ]
                                }
                              ]
                            }
                          ],
                          "topicExcludeRegex": "string",
                          "topicRegex": "string"
                        }
                      ],
                      "maintenanceTimeWindows": [
                        "list",
                        "string"
                      ]
                    }
                  ]
                }
              ]
            },
            "timeouts": [],
            "wait": [],
            "wait_for": null
          },
          "sensitive_attributes": [],
          "identity_schema_version": 1,
          "identity": {
            "api_version": "kafka.strimzi.io/v1",
            "kind": "Kafka",
            "name": "team4-kafka",
            "namespace": "team4"
          },
          "dependencies": [
            "helm_release.strimzi_operator",
            "kubernetes_manifest.kafka_nodepool_dualrole",
            "kubernetes_namespace_v1.team4"
          ]
        }
      ]
    },
    {
      "mode": "managed",
      "type": "kubernetes_manifest",
      "name": "kafka_nodepool_dualrole",
      "provider": "provider[\"registry.terraform.io/hashicorp/kubernetes\"]",
      "instances": [
        {
          "schema_version": 1,
          "attributes": {
            "computed_fields": null,
            "field_manager": [],
            "manifest": {
              "value": {
                "apiVersion": "kafka.strimzi.io/v1",
                "kind": "KafkaNodePool",
                "metadata": {
                  "labels": {
                    "strimzi.io/cluster": "team4-kafka"
                  },
                  "name": "dual-role",
                  "namespace": "team4"
                },
                "spec": {
                  "replicas": 1,
                  "roles": [
                    "controller",
                    "broker"
                  ],
                  "storage": {
                    "type": "ephemeral"
                  }
                }
              },
              "type": [
                "object",
                {
                  "apiVersion": "string",
                  "kind": "string",
                  "metadata": [
                    "object",
                    {
                      "labels": [
                        "object",
                        {
                          "strimzi.io/cluster": "string"
                        }
                      ],
                      "name": "string",
                      "namespace": "string"
                    }
                  ],
                  "spec": [
                    "object",
                    {
                      "replicas": "number",
                      "roles": [
                        "tuple",
                        [
                          "string",
                          "string"
                        ]
                      ],
                      "storage": [
                        "object",
                        {
                          "type": "string"
                        }
                      ]
                    }
                  ]
                }
              ]
            },
            "object": {
              "value": {
                "apiVersion": "kafka.strimzi.io/v1",
                "kind": "KafkaNodePool",
                "metadata": {
                  "annotations": null,
                  "creationTimestamp": null,
                  "deletionGracePeriodSeconds": null,
                  "deletionTimestamp": null,
                  "finalizers": null,
                  "generateName": null,
                  "generation": null,
                  "labels": {
                    "strimzi.io/cluster": "team4-kafka"
                  },
                  "managedFields": null,
                  "name": "dual-role",
                  "namespace": "team4",
                  "ownerReferences": null,
                  "resourceVersion": null,
                  "selfLink": null,
                  "uid": null
                },
                "spec": {
                  "jvmOptions": {
                    "-XX": null,
                    "-Xms": null,
                    "-Xmx": null,
                    "gcLoggingEnabled": null,
                    "javaSystemProperties": null
                  },
                  "replicas": 1,
                  "resources": {
                    "claims": null,
                    "limits": null,
                    "requests": null
                  },
                  "roles": [
                    "controller",
                    "broker"
                  ],
                  "storage": {
                    "class": null,
                    "deleteClaim": null,
                    "id": null,
                    "kraftMetadata": null,
                    "selector": null,
                    "size": null,
                    "sizeLimit": null,
                    "type": "ephemeral",
                    "volumeAttributesClass": null,
                    "volumes": null
                  },
                  "template": {
                    "initContainer": {
                      "env": null,
                      "securityContext": {
                        "allowPrivilegeEscalation": null,
                        "appArmorProfile": {
                          "localhostProfile": null,
                          "type": null
                        },
                        "capabilities": {
                          "add": null,
                          "drop": null
                        },
                        "privileged": null,
                        "procMount": null,
                        "readOnlyRootFilesystem": null,
                        "runAsGroup": null,
                        "runAsNonRoot": null,
                        "runAsUser": null,
                        "seLinuxOptions": {
                          "level": null,
                          "role": null,
                          "type": null,
                          "user": null
                        },
                        "seccompProfile": {
                          "localhostProfile": null,
                          "type": null
                        },
                        "windowsOptions": {
                          "gmsaCredentialSpec": null,
                          "gmsaCredentialSpecName": null,
                          "hostProcess": null,
                          "runAsUserName": null
                        }
                      },
                      "volumeMounts": null
                    },
                    "kafkaContainer": {
                      "env": null,
                      "securityContext": {
                        "allowPrivilegeEscalation": null,
                        "appArmorProfile": {
                          "localhostProfile": null,
                          "type": null
                        },
                        "capabilities": {
                          "add": null,
                          "drop": null
                        },
                        "privileged": null,
                        "procMount": null,
                        "readOnlyRootFilesystem": null,
                        "runAsGroup": null,
                        "runAsNonRoot": null,
                        "runAsUser": null,
                        "seLinuxOptions": {
                          "level": null,
                          "role": null,
                          "type": null,
                          "user": null
                        },
                        "seccompProfile": {
                          "localhostProfile": null,
                          "type": null
                        },
                        "windowsOptions": {
                          "gmsaCredentialSpec": null,
                          "gmsaCredentialSpecName": null,
                          "hostProcess": null,
                          "runAsUserName": null
                        }
                      },
                      "volumeMounts": null
                    },
                    "perPodIngress": {
                      "metadata": {
                        "annotations": null,
                        "labels": null
                      }
                    },
                    "perPodRoute": {
                      "metadata": {
                        "annotations": null,
                        "labels": null
                      }
                    },
                    "perPodService": {
                      "metadata": {
                        "annotations": null,
                        "labels": null
                      }
                    },
                    "persistentVolumeClaim": {
                      "metadata": {
                        "annotations": null,
                        "labels": null
                      }
                    },
                    "pod": {
                      "affinity": {
                        "nodeAffinity": {
                          "preferredDuringSchedulingIgnoredDuringExecution": null,
                          "requiredDuringSchedulingIgnoredDuringExecution": {
                            "nodeSelectorTerms": null
                          }
                        },
                        "podAffinity": {
                          "preferredDuringSchedulingIgnoredDuringExecution": null,
                          "requiredDuringSchedulingIgnoredDuringExecution": null
                        },
                        "podAntiAffinity": {
                          "preferredDuringSchedulingIgnoredDuringExecution": null,
                          "requiredDuringSchedulingIgnoredDuringExecution": null
                        }
                      },
                      "dnsConfig": {
                        "nameservers": null,
                        "options": null,
                        "searches": null
                      },
                      "dnsPolicy": null,
                      "enableServiceLinks": null,
                      "hostAliases": null,
                      "imagePullSecrets": null,
                      "metadata": {
                        "annotations": null,
                        "labels": null
                      },
                      "priorityClassName": null,
                      "schedulerName": null,
                      "securityContext": {
                        "appArmorProfile": {
                          "localhostProfile": null,
                          "type": null
                        },
                        "fsGroup": null,
                        "fsGroupChangePolicy": null,
                        "runAsGroup": null,
                        "runAsNonRoot": null,
                        "runAsUser": null,
                        "seLinuxChangePolicy": null,
                        "seLinuxOptions": {
                          "level": null,
                          "role": null,
                          "type": null,
                          "user": null
                        },
                        "seccompProfile": {
                          "localhostProfile": null,
                          "type": null
                        },
                        "supplementalGroups": null,
                        "supplementalGroupsPolicy": null,
                        "sysctls": null,
                        "windowsOptions": {
                          "gmsaCredentialSpec": null,
                          "gmsaCredentialSpecName": null,
                          "hostProcess": null,
                          "runAsUserName": null
                        }
                      },
                      "terminationGracePeriodSeconds": null,
                      "tmpDirSizeLimit": null,
                      "tolerations": null,
                      "topologySpreadConstraints": null,
                      "volumes": null
                    },
                    "podSet": {
                      "metadata": {
                        "annotations": null,
                        "labels": null
                      }
                    }
                  }
                }
              },
              "type": [
                "object",
                {
                  "apiVersion": "string",
                  "kind": "string",
                  "metadata": [
                    "object",
                    {
                      "annotations": [
                        "map",
                        "string"
                      ],
                      "creationTimestamp": "string",
                      "deletionGracePeriodSeconds": "number",
                      "deletionTimestamp": "string",
                      "finalizers": [
                        "list",
                        "string"
                      ],
                      "generateName": "string",
                      "generation": "number",
                      "labels": [
                        "map",
                        "string"
                      ],
                      "managedFields": [
                        "tuple",
                        [
                          [
                            "object",
                            {
                              "apiVersion": "string",
                              "fieldsType": "string",
                              "fieldsV1": "dynamic",
                              "manager": "string",
                              "operation": "string",
                              "subresource": "string",
                              "time": "string"
                            }
                          ]
                        ]
                      ],
                      "name": "string",
                      "namespace": "string",
                      "ownerReferences": [
                        "list",
                        [
                          "object",
                          {
                            "apiVersion": "string",
                            "blockOwnerDeletion": "bool",
                            "controller": "bool",
                            "kind": "string",
                            "name": "string",
                            "uid": "string"
                          }
                        ]
                      ],
                      "resourceVersion": "string",
                      "selfLink": "string",
                      "uid": "string"
                    }
                  ],
                  "spec": [
                    "object",
                    {
                      "jvmOptions": [
                        "object",
                        {
                          "-XX": [
                            "map",
                            "string"
                          ],
                          "-Xms": "string",
                          "-Xmx": "string",
                          "gcLoggingEnabled": "bool",
                          "javaSystemProperties": [
                            "list",
                            [
                              "object",
                              {
                                "name": "string",
                                "value": "string"
                              }
                            ]
                          ]
                        }
                      ],
                      "replicas": "number",
                      "resources": [
                        "object",
                        {
                          "claims": [
                            "list",
                            [
                              "object",
                              {
                                "name": "string",
                                "request": "string"
                              }
                            ]
                          ],
                          "limits": [
                            "map",
                            "string"
                          ],
                          "requests": [
                            "map",
                            "string"
                          ]
                        }
                      ],
                      "roles": [
                        "list",
                        "string"
                      ],
                      "storage": [
                        "object",
                        {
                          "class": "string",
                          "deleteClaim": "bool",
                          "id": "number",
                          "kraftMetadata": "string",
                          "selector": [
                            "map",
                            "string"
                          ],
                          "size": "string",
                          "sizeLimit": "string",
                          "type": "string",
                          "volumeAttributesClass": "string",
                          "volumes": [
                            "list",
                            [
                              "object",
                              {
                                "class": "string",
                                "deleteClaim": "bool",
                                "id": "number",
                                "kraftMetadata": "string",
                                "selector": [
                                  "map",
                                  "string"
                                ],
                                "size": "string",
                                "sizeLimit": "string",
                                "type": "string",
                                "volumeAttributesClass": "string"
                              }
                            ]
                          ]
                        }
                      ],
                      "template": [
                        "object",
                        {
                          "initContainer": [
                            "object",
                            {
                              "env": [
                                "list",
                                [
                                  "object",
                                  {
                                    "name": "string",
                                    "value": "string",
                                    "valueFrom": [
                                      "object",
                                      {
                                        "configMapKeyRef": [
                                          "object",
                                          {
                                            "key": "string",
                                            "name": "string",
                                            "optional": "bool"
                                          }
                                        ],
                                        "secretKeyRef": [
                                          "object",
                                          {
                                            "key": "string",
                                            "name": "string",
                                            "optional": "bool"
                                          }
                                        ]
                                      }
                                    ]
                                  }
                                ]
                              ],
                              "securityContext": [
                                "object",
                                {
                                  "allowPrivilegeEscalation": "bool",
                                  "appArmorProfile": [
                                    "object",
                                    {
                                      "localhostProfile": "string",
                                      "type": "string"
                                    }
                                  ],
                                  "capabilities": [
                                    "object",
                                    {
                                      "add": [
                                        "list",
                                        "string"
                                      ],
                                      "drop": [
                                        "list",
                                        "string"
                                      ]
                                    }
                                  ],
                                  "privileged": "bool",
                                  "procMount": "string",
                                  "readOnlyRootFilesystem": "bool",
                                  "runAsGroup": "number",
                                  "runAsNonRoot": "bool",
                                  "runAsUser": "number",
                                  "seLinuxOptions": [
                                    "object",
                                    {
                                      "level": "string",
                                      "role": "string",
                                      "type": "string",
                                      "user": "string"
                                    }
                                  ],
                                  "seccompProfile": [
                                    "object",
                                    {
                                      "localhostProfile": "string",
                                      "type": "string"
                                    }
                                  ],
                                  "windowsOptions": [
                                    "object",
                                    {
                                      "gmsaCredentialSpec": "string",
                                      "gmsaCredentialSpecName": "string",
                                      "hostProcess": "bool",
                                      "runAsUserName": "string"
                                    }
                                  ]
                                }
                              ],
                              "volumeMounts": [
                                "list",
                                [
                                  "object",
                                  {
                                    "mountPath": "string",
                                    "mountPropagation": "string",
                                    "name": "string",
                                    "readOnly": "bool",
                                    "recursiveReadOnly": "string",
                                    "subPath": "string",
                                    "subPathExpr": "string"
                                  }
                                ]
                              ]
                            }
                          ],
                          "kafkaContainer": [
                            "object",
                            {
                              "env": [
                                "list",
                                [
                                  "object",
                                  {
                                    "name": "string",
                                    "value": "string",
                                    "valueFrom": [
                                      "object",
                                      {
                                        "configMapKeyRef": [
                                          "object",
                                          {
                                            "key": "string",
                                            "name": "string",
                                            "optional": "bool"
                                          }
                                        ],
                                        "secretKeyRef": [
                                          "object",
                                          {
                                            "key": "string",
                                            "name": "string",
                                            "optional": "bool"
                                          }
                                        ]
                                      }
                                    ]
                                  }
                                ]
                              ],
                              "securityContext": [
                                "object",
                                {
                                  "allowPrivilegeEscalation": "bool",
                                  "appArmorProfile": [
                                    "object",
                                    {
                                      "localhostProfile": "string",
                                      "type": "string"
                                    }
                                  ],
                                  "capabilities": [
                                    "object",
                                    {
                                      "add": [
                                        "list",
                                        "string"
                                      ],
                                      "drop": [
                                        "list",
                                        "string"
                                      ]
                                    }
                                  ],
                                  "privileged": "bool",
                                  "procMount": "string",
                                  "readOnlyRootFilesystem": "bool",
                                  "runAsGroup": "number",
                                  "runAsNonRoot": "bool",
                                  "runAsUser": "number",
                                  "seLinuxOptions": [
                                    "object",
                                    {
                                      "level": "string",
                                      "role": "string",
                                      "type": "string",
                                      "user": "string"
                                    }
                                  ],
                                  "seccompProfile": [
                                    "object",
                                    {
                                      "localhostProfile": "string",
                                      "type": "string"
                                    }
                                  ],
                                  "windowsOptions": [
                                    "object",
                                    {
                                      "gmsaCredentialSpec": "string",
                                      "gmsaCredentialSpecName": "string",
                                      "hostProcess": "bool",
                                      "runAsUserName": "string"
                                    }
                                  ]
                                }
                              ],
                              "volumeMounts": [
                                "list",
                                [
                                  "object",
                                  {
                                    "mountPath": "string",
                                    "mountPropagation": "string",
                                    "name": "string",
                                    "readOnly": "bool",
                                    "recursiveReadOnly": "string",
                                    "subPath": "string",
                                    "subPathExpr": "string"
                                  }
                                ]
                              ]
                            }
                          ],
                          "perPodIngress": [
                            "object",
                            {
                              "metadata": [
                                "object",
                                {
                                  "annotations": [
                                    "map",
                                    "string"
                                  ],
                                  "labels": [
                                    "map",
                                    "string"
                                  ]
                                }
                              ]
                            }
                          ],
                          "perPodRoute": [
                            "object",
                            {
                              "metadata": [
                                "object",
                                {
                                  "annotations": [
                                    "map",
                                    "string"
                                  ],
                                  "labels": [
                                    "map",
                                    "string"
                                  ]
                                }
                              ]
                            }
                          ],
                          "perPodService": [
                            "object",
                            {
                              "metadata": [
                                "object",
                                {
                                  "annotations": [
                                    "map",
                                    "string"
                                  ],
                                  "labels": [
                                    "map",
                                    "string"
                                  ]
                                }
                              ]
                            }
                          ],
                          "persistentVolumeClaim": [
                            "object",
                            {
                              "metadata": [
                                "object",
                                {
                                  "annotations": [
                                    "map",
                                    "string"
                                  ],
                                  "labels": [
                                    "map",
                                    "string"
                                  ]
                                }
                              ]
                            }
                          ],
                          "pod": [
                            "object",
                            {
                              "affinity": [
                                "object",
                                {
                                  "nodeAffinity": [
                                    "object",
                                    {
                                      "preferredDuringSchedulingIgnoredDuringExecution": [
                                        "list",
                                        [
                                          "object",
                                          {
                                            "preference": [
                                              "object",
                                              {
                                                "matchExpressions": [
                                                  "list",
                                                  [
                                                    "object",
                                                    {
                                                      "key": "string",
                                                      "operator": "string",
                                                      "values": [
                                                        "list",
                                                        "string"
                                                      ]
                                                    }
                                                  ]
                                                ],
                                                "matchFields": [
                                                  "list",
                                                  [
                                                    "object",
                                                    {
                                                      "key": "string",
                                                      "operator": "string",
                                                      "values": [
                                                        "list",
                                                        "string"
                                                      ]
                                                    }
                                                  ]
                                                ]
                                              }
                                            ],
                                            "weight": "number"
                                          }
                                        ]
                                      ],
                                      "requiredDuringSchedulingIgnoredDuringExecution": [
                                        "object",
                                        {
                                          "nodeSelectorTerms": [
                                            "list",
                                            [
                                              "object",
                                              {
                                                "matchExpressions": [
                                                  "list",
                                                  [
                                                    "object",
                                                    {
                                                      "key": "string",
                                                      "operator": "string",
                                                      "values": [
                                                        "list",
                                                        "string"
                                                      ]
                                                    }
                                                  ]
                                                ],
                                                "matchFields": [
                                                  "list",
                                                  [
                                                    "object",
                                                    {
                                                      "key": "string",
                                                      "operator": "string",
                                                      "values": [
                                                        "list",
                                                        "string"
                                                      ]
                                                    }
                                                  ]
                                                ]
                                              }
                                            ]
                                          ]
                                        }
                                      ]
                                    }
                                  ],
                                  "podAffinity": [
                                    "object",
                                    {
                                      "preferredDuringSchedulingIgnoredDuringExecution": [
                                        "list",
                                        [
                                          "object",
                                          {
                                            "podAffinityTerm": [
                                              "object",
                                              {
                                                "labelSelector": [
                                                  "object",
                                                  {
                                                    "matchExpressions": [
                                                      "list",
                                                      [
                                                        "object",
                                                        {
                                                          "key": "string",
                                                          "operator": "string",
                                                          "values": [
                                                            "list",
                                                            "string"
                                                          ]
                                                        }
                                                      ]
                                                    ],
                                                    "matchLabels": [
                                                      "map",
                                                      "string"
                                                    ]
                                                  }
                                                ],
                                                "matchLabelKeys": [
                                                  "list",
                                                  "string"
                                                ],
                                                "mismatchLabelKeys": [
                                                  "list",
                                                  "string"
                                                ],
                                                "namespaceSelector": [
                                                  "object",
                                                  {
                                                    "matchExpressions": [
                                                      "list",
                                                      [
                                                        "object",
                                                        {
                                                          "key": "string",
                                                          "operator": "string",
                                                          "values": [
                                                            "list",
                                                            "string"
                                                          ]
                                                        }
                                                      ]
                                                    ],
                                                    "matchLabels": [
                                                      "map",
                                                      "string"
                                                    ]
                                                  }
                                                ],
                                                "namespaces": [
                                                  "list",
                                                  "string"
                                                ],
                                                "topologyKey": "string"
                                              }
                                            ],
                                            "weight": "number"
                                          }
                                        ]
                                      ],
                                      "requiredDuringSchedulingIgnoredDuringExecution": [
                                        "list",
                                        [
                                          "object",
                                          {
                                            "labelSelector": [
                                              "object",
                                              {
                                                "matchExpressions": [
                                                  "list",
                                                  [
                                                    "object",
                                                    {
                                                      "key": "string",
                                                      "operator": "string",
                                                      "values": [
                                                        "list",
                                                        "string"
                                                      ]
                                                    }
                                                  ]
                                                ],
                                                "matchLabels": [
                                                  "map",
                                                  "string"
                                                ]
                                              }
                                            ],
                                            "matchLabelKeys": [
                                              "list",
                                              "string"
                                            ],
                                            "mismatchLabelKeys": [
                                              "list",
                                              "string"
                                            ],
                                            "namespaceSelector": [
                                              "object",
                                              {
                                                "matchExpressions": [
                                                  "list",
                                                  [
                                                    "object",
                                                    {
                                                      "key": "string",
                                                      "operator": "string",
                                                      "values": [
                                                        "list",
                                                        "string"
                                                      ]
                                                    }
                                                  ]
                                                ],
                                                "matchLabels": [
                                                  "map",
                                                  "string"
                                                ]
                                              }
                                            ],
                                            "namespaces": [
                                              "list",
                                              "string"
                                            ],
                                            "topologyKey": "string"
                                          }
                                        ]
                                      ]
                                    }
                                  ],
                                  "podAntiAffinity": [
                                    "object",
                                    {
                                      "preferredDuringSchedulingIgnoredDuringExecution": [
                                        "list",
                                        [
                                          "object",
                                          {
                                            "podAffinityTerm": [
                                              "object",
                                              {
                                                "labelSelector": [
                                                  "object",
                                                  {
                                                    "matchExpressions": [
                                                      "list",
                                                      [
                                                        "object",
                                                        {
                                                          "key": "string",
                                                          "operator": "string",
                                                          "values": [
                                                            "list",
                                                            "string"
                                                          ]
                                                        }
                                                      ]
                                                    ],
                                                    "matchLabels": [
                                                      "map",
                                                      "string"
                                                    ]
                                                  }
                                                ],
                                                "matchLabelKeys": [
                                                  "list",
                                                  "string"
                                                ],
                                                "mismatchLabelKeys": [
                                                  "list",
                                                  "string"
                                                ],
                                                "namespaceSelector": [
                                                  "object",
                                                  {
                                                    "matchExpressions": [
                                                      "list",
                                                      [
                                                        "object",
                                                        {
                                                          "key": "string",
                                                          "operator": "string",
                                                          "values": [
                                                            "list",
                                                            "string"
                                                          ]
                                                        }
                                                      ]
                                                    ],
                                                    "matchLabels": [
                                                      "map",
                                                      "string"
                                                    ]
                                                  }
                                                ],
                                                "namespaces": [
                                                  "list",
                                                  "string"
                                                ],
                                                "topologyKey": "string"
                                              }
                                            ],
                                            "weight": "number"
                                          }
                                        ]
                                      ],
                                      "requiredDuringSchedulingIgnoredDuringExecution": [
                                        "list",
                                        [
                                          "object",
                                          {
                                            "labelSelector": [
                                              "object",
                                              {
                                                "matchExpressions": [
                                                  "list",
                                                  [
                                                    "object",
                                                    {
                                                      "key": "string",
                                                      "operator": "string",
                                                      "values": [
                                                        "list",
                                                        "string"
                                                      ]
                                                    }
                                                  ]
                                                ],
                                                "matchLabels": [
                                                  "map",
                                                  "string"
                                                ]
                                              }
                                            ],
                                            "matchLabelKeys": [
                                              "list",
                                              "string"
                                            ],
                                            "mismatchLabelKeys": [
                                              "list",
                                              "string"
                                            ],
                                            "namespaceSelector": [
                                              "object",
                                              {
                                                "matchExpressions": [
                                                  "list",
                                                  [
                                                    "object",
                                                    {
                                                      "key": "string",
                                                      "operator": "string",
                                                      "values": [
                                                        "list",
                                                        "string"
                                                      ]
                                                    }
                                                  ]
                                                ],
                                                "matchLabels": [
                                                  "map",
                                                  "string"
                                                ]
                                              }
                                            ],
                                            "namespaces": [
                                              "list",
                                              "string"
                                            ],
                                            "topologyKey": "string"
                                          }
                                        ]
                                      ]
                                    }
                                  ]
                                }
                              ],
                              "dnsConfig": [
                                "object",
                                {
                                  "nameservers": [
                                    "list",
                                    "string"
                                  ],
                                  "options": [
                                    "list",
                                    [
                                      "object",
                                      {
                                        "name": "string",
                                        "value": "string"
                                      }
                                    ]
                                  ],
                                  "searches": [
                                    "list",
                                    "string"
                                  ]
                                }
                              ],
                              "dnsPolicy": "string",
                              "enableServiceLinks": "bool",
                              "hostAliases": [
                                "list",
                                [
                                  "object",
                                  {
                                    "hostnames": [
                                      "list",
                                      "string"
                                    ],
                                    "ip": "string"
                                  }
                                ]
                              ],
                              "imagePullSecrets": [
                                "list",
                                [
                                  "object",
                                  {
                                    "name": "string"
                                  }
                                ]
                              ],
                              "metadata": [
                                "object",
                                {
                                  "annotations": [
                                    "map",
                                    "string"
                                  ],
                                  "labels": [
                                    "map",
                                    "string"
                                  ]
                                }
                              ],
                              "priorityClassName": "string",
                              "schedulerName": "string",
                              "securityContext": [
                                "object",
                                {
                                  "appArmorProfile": [
                                    "object",
                                    {
                                      "localhostProfile": "string",
                                      "type": "string"
                                    }
                                  ],
                                  "fsGroup": "number",
                                  "fsGroupChangePolicy": "string",
                                  "runAsGroup": "number",
                                  "runAsNonRoot": "bool",
                                  "runAsUser": "number",
                                  "seLinuxChangePolicy": "string",
                                  "seLinuxOptions": [
                                    "object",
                                    {
                                      "level": "string",
                                      "role": "string",
                                      "type": "string",
                                      "user": "string"
                                    }
                                  ],
                                  "seccompProfile": [
                                    "object",
                                    {
                                      "localhostProfile": "string",
                                      "type": "string"
                                    }
                                  ],
                                  "supplementalGroups": [
                                    "list",
                                    "number"
                                  ],
                                  "supplementalGroupsPolicy": "string",
                                  "sysctls": [
                                    "list",
                                    [
                                      "object",
                                      {
                                        "name": "string",
                                        "value": "string"
                                      }
                                    ]
                                  ],
                                  "windowsOptions": [
                                    "object",
                                    {
                                      "gmsaCredentialSpec": "string",
                                      "gmsaCredentialSpecName": "string",
                                      "hostProcess": "bool",
                                      "runAsUserName": "string"
                                    }
                                  ]
                                }
                              ],
                              "terminationGracePeriodSeconds": "number",
                              "tmpDirSizeLimit": "string",
                              "tolerations": [
                                "list",
                                [
                                  "object",
                                  {
                                    "effect": "string",
                                    "key": "string",
                                    "operator": "string",
                                    "tolerationSeconds": "number",
                                    "value": "string"
                                  }
                                ]
                              ],
                              "topologySpreadConstraints": [
                                "list",
                                [
                                  "object",
                                  {
                                    "labelSelector": [
                                      "object",
                                      {
                                        "matchExpressions": [
                                          "list",
                                          [
                                            "object",
                                            {
                                              "key": "string",
                                              "operator": "string",
                                              "values": [
                                                "list",
                                                "string"
                                              ]
                                            }
                                          ]
                                        ],
                                        "matchLabels": [
                                          "map",
                                          "string"
                                        ]
                                      }
                                    ],
                                    "matchLabelKeys": [
                                      "list",
                                      "string"
                                    ],
                                    "maxSkew": "number",
                                    "minDomains": "number",
                                    "nodeAffinityPolicy": "string",
                                    "nodeTaintsPolicy": "string",
                                    "topologyKey": "string",
                                    "whenUnsatisfiable": "string"
                                  }
                                ]
                              ],
                              "volumes": [
                                "list",
                                [
                                  "object",
                                  {
                                    "configMap": [
                                      "object",
                                      {
                                        "defaultMode": "number",
                                        "items": [
                                          "list",
                                          [
                                            "object",
                                            {
                                              "key": "string",
                                              "mode": "number",
                                              "path": "string"
                                            }
                                          ]
                                        ],
                                        "name": "string",
                                        "optional": "bool"
                                      }
                                    ],
                                    "csi": [
                                      "object",
                                      {
                                        "driver": "string",
                                        "fsType": "string",
                                        "nodePublishSecretRef": [
                                          "object",
                                          {
                                            "name": "string"
                                          }
                                        ],
                                        "readOnly": "bool",
                                        "volumeAttributes": [
                                          "map",
                                          "string"
                                        ]
                                      }
                                    ],
                                    "emptyDir": [
                                      "object",
                                      {
                                        "medium": "string",
                                        "sizeLimit": "string"
                                      }
                                    ],
                                    "image": [
                                      "object",
                                      {
                                        "pullPolicy": "string",
                                        "reference": "string"
                                      }
                                    ],
                                    "name": "string",
                                    "persistentVolumeClaim": [
                                      "object",
                                      {
                                        "claimName": "string",
                                        "readOnly": "bool"
                                      }
                                    ],
                                    "secret": [
                                      "object",
                                      {
                                        "defaultMode": "number",
                                        "items": [
                                          "list",
                                          [
                                            "object",
                                            {
                                              "key": "string",
                                              "mode": "number",
                                              "path": "string"
                                            }
                                          ]
                                        ],
                                        "optional": "bool",
                                        "secretName": "string"
                                      }
                                    ]
                                  }
                                ]
                              ]
                            }
                          ],
                          "podSet": [
                            "object",
                            {
                              "metadata": [
                                "object",
                                {
                                  "annotations": [
                                    "map",
                                    "string"
                                  ],
                                  "labels": [
                                    "map",
                                    "string"
                                  ]
                                }
                              ]
                            }
                          ]
                        }
                      ]
                    }
                  ]
                }
              ]
            },
            "timeouts": [],
            "wait": [],
            "wait_for": null
          },
          "sensitive_attributes": [],
          "identity_schema_version": 1,
          "identity": {
            "api_version": "kafka.strimzi.io/v1",
            "kind": "KafkaNodePool",
            "name": "dual-role",
            "namespace": "team4"
          },
          "dependencies": [
            "helm_release.strimzi_operator",
            "kubernetes_namespace_v1.team4"
          ]
        }
      ]
    },
    {
      "mode": "managed",
      "type": "kubernetes_manifest",
      "name": "kafka_topic_analytics",
      "provider": "provider[\"registry.terraform.io/hashicorp/kubernetes\"]",
      "instances": [
        {
          "schema_version": 1,
          "attributes": {
            "computed_fields": null,
            "field_manager": [],
            "manifest": {
              "value": {
                "apiVersion": "kafka.strimzi.io/v1",
                "kind": "KafkaTopic",
                "metadata": {
                  "labels": {
                    "strimzi.io/cluster": "team4-kafka"
                  },
                  "name": "analytics-events",
                  "namespace": "team4"
                },
                "spec": {
                  "config": {
                    "retention.ms": 7200000
                  },
                  "partitions": 1,
                  "replicas": 1
                }
              },
              "type": [
                "object",
                {
                  "apiVersion": "string",
                  "kind": "string",
                  "metadata": [
                    "object",
                    {
                      "labels": [
                        "object",
                        {
                          "strimzi.io/cluster": "string"
                        }
                      ],
                      "name": "string",
                      "namespace": "string"
                    }
                  ],
                  "spec": [
                    "object",
                    {
                      "config": [
                        "object",
                        {
                          "retention.ms": "number"
                        }
                      ],
                      "partitions": "number",
                      "replicas": "number"
                    }
                  ]
                }
              ]
            },
            "object": {
              "value": {
                "apiVersion": "kafka.strimzi.io/v1",
                "kind": "KafkaTopic",
                "metadata": {
                  "annotations": null,
                  "creationTimestamp": null,
                  "deletionGracePeriodSeconds": null,
                  "deletionTimestamp": null,
                  "finalizers": null,
                  "generateName": null,
                  "generation": null,
                  "labels": {
                    "strimzi.io/cluster": "team4-kafka"
                  },
                  "managedFields": null,
                  "name": "analytics-events",
                  "namespace": "team4",
                  "ownerReferences": null,
                  "resourceVersion": null,
                  "selfLink": null,
                  "uid": null
                },
                "spec": {
                  "config": {
                    "retention.ms": 7200000
                  },
                  "partitions": 1,
                  "replicas": 1,
                  "topicName": null
                }
              },
              "type": [
                "object",
                {
                  "apiVersion": "string",
                  "kind": "string",
                  "metadata": [
                    "object",
                    {
                      "annotations": [
                        "map",
                        "string"
                      ],
                      "creationTimestamp": "string",
                      "deletionGracePeriodSeconds": "number",
                      "deletionTimestamp": "string",
                      "finalizers": [
                        "list",
                        "string"
                      ],
                      "generateName": "string",
                      "generation": "number",
                      "labels": [
                        "map",
                        "string"
                      ],
                      "managedFields": [
                        "tuple",
                        [
                          [
                            "object",
                            {
                              "apiVersion": "string",
                              "fieldsType": "string",
                              "fieldsV1": "dynamic",
                              "manager": "string",
                              "operation": "string",
                              "subresource": "string",
                              "time": "string"
                            }
                          ]
                        ]
                      ],
                      "name": "string",
                      "namespace": "string",
                      "ownerReferences": [
                        "list",
                        [
                          "object",
                          {
                            "apiVersion": "string",
                            "blockOwnerDeletion": "bool",
                            "controller": "bool",
                            "kind": "string",
                            "name": "string",
                            "uid": "string"
                          }
                        ]
                      ],
                      "resourceVersion": "string",
                      "selfLink": "string",
                      "uid": "string"
                    }
                  ],
                  "spec": [
                    "object",
                    {
                      "config": [
                        "object",
                        {
                          "retention.ms": "number"
                        }
                      ],
                      "partitions": "number",
                      "replicas": "number",
                      "topicName": "string"
                    }
                  ]
                }
              ]
            },
            "timeouts": [],
            "wait": [],
            "wait_for": null
          },
          "sensitive_attributes": [],
          "identity_schema_version": 1,
          "identity": {
            "api_version": "kafka.strimzi.io/v1",
            "kind": "KafkaTopic",
            "name": "analytics-events",
            "namespace": "team4"
          },
          "dependencies": [
            "helm_release.strimzi_operator",
            "kubernetes_manifest.kafka_cluster",
            "kubernetes_manifest.kafka_nodepool_dualrole",
            "kubernetes_namespace_v1.team4"
          ]
        }
      ]
    },
    {
      "mode": "managed",
      "type": "kubernetes_namespace_v1",
      "name": "team4",
      "provider": "provider[\"registry.terraform.io/hashicorp/kubernetes\"]",
      "instances": [
        {
          "schema_version": 0,
          "attributes": {
            "id": "team4",
            "metadata": [
              {
                "annotations": null,
                "generate_name": "",
                "generation": 0,
                "labels": null,
                "name": "team4",
                "resource_version": "34236",
                "uid": "9f96244c-b4a9-4fcc-a5a6-be6ddbdbc965"
              }
            ],
            "timeouts": null,
            "wait_for_default_service_account": false
          },
          "sensitive_attributes": [],
          "identity_schema_version": 1,
          "identity": {
            "api_version": "v1",
            "kind": "Namespace",
            "name": "team4"
          },
          "private": "eyJlMmJmYjczMC1lY2FhLTExZTYtOGY4OC0zNDM2M2JjN2M0YzAiOnsiZGVsZXRlIjozMDAwMDAwMDAwMDB9fQ=="
        }
      ]
    }
  ],
  "check_results": null
}
