{
  "version": 4,
  "terraform_version": "1.14.3",
  "serial": 507,
  "lineage": "9b70dbcb-99da-25d1-0e8d-7957bcc1efc0",
  "outputs": {},
  "resources": [
    {
      "mode": "managed",
      "type": "kubernetes_manifest",
      "name": "analytics_service_monitor",
      "provider": "provider[\"registry.terraform.io/hashicorp/kubernetes\"]",
      "instances": [
        {
          "schema_version": 1,
          "attributes": {
            "computed_fields": null,
            "field_manager": [],
            "manifest": {
              "value": {
                "apiVersion": "monitoring.coreos.com/v1",
                "kind": "ServiceMonitor",
                "metadata": {
                  "labels": {
                    "release": "kube-prometheus-stack"
                  },
                  "name": "analytics-service-sm",
                  "namespace": "team4"
                },
                "spec": {
                  "endpoints": [
                    {
                      "interval": "30s",
                      "path": "/metrics",
                      "port": "http"
                    }
                  ],
                  "namespaceSelector": {
                    "matchNames": [
                      "team4"
                    ]
                  },
                  "selector": {
                    "matchLabels": {
                      "app.kubernetes.io/name": "analytics-service"
                    }
                  }
                }
              },
              "type": [
                "object",
                {
                  "apiVersion": "string",
                  "kind": "string",
                  "metadata": [
                    "object",
                    {
                      "labels": [
                        "object",
                        {
                          "release": "string"
                        }
                      ],
                      "name": "string",
                      "namespace": "string"
                    }
                  ],
                  "spec": [
                    "object",
                    {
                      "endpoints": [
                        "tuple",
                        [
                          [
                            "object",
                            {
                              "interval": "string",
                              "path": "string",
                              "port": "string"
                            }
                          ]
                        ]
                      ],
                      "namespaceSelector": [
                        "object",
                        {
                          "matchNames": [
                            "tuple",
                            [
                              "string"
                            ]
                          ]
                        }
                      ],
                      "selector": [
                        "object",
                        {
                          "matchLabels": [
                            "object",
                            {
                              "app.kubernetes.io/name": "string"
                            }
                          ]
                        }
                      ]
                    }
                  ]
                }
              ]
            },
            "object": {
              "value": {
                "apiVersion": "monitoring.coreos.com/v1",
                "kind": "ServiceMonitor",
                "metadata": {
                  "annotations": null,
                  "creationTimestamp": null,
                  "deletionGracePeriodSeconds": null,
                  "deletionTimestamp": null,
                  "finalizers": null,
                  "generateName": null,
                  "generation": null,
                  "labels": {
                    "release": "kube-prometheus-stack"
                  },
                  "managedFields": null,
                  "name": "analytics-service-sm",
                  "namespace": "team4",
                  "ownerReferences": null,
                  "resourceVersion": null,
                  "selfLink": null,
                  "uid": null
                },
                "spec": {
                  "attachMetadata": {
                    "node": null
                  },
                  "bodySizeLimit": null,
                  "endpoints": [
                    {
                      "authorization": {
                        "credentials": {
                          "key": null,
                          "name": null,
                          "optional": null
                        },
                        "type": null
                      },
                      "basicAuth": {
                        "password": {
                          "key": null,
                          "name": null,
                          "optional": null
                        },
                        "username": {
                          "key": null,
                          "name": null,
                          "optional": null
                        }
                      },
                      "bearerTokenFile": null,
                      "bearerTokenSecret": {
                        "key": null,
                        "name": null,
                        "optional": null
                      },
                      "enableHttp2": null,
                      "filterRunning": null,
                      "followRedirects": null,
                      "honorLabels": null,
                      "honorTimestamps": null,
                      "interval": "30s",
                      "metricRelabelings": null,
                      "oauth2": {
                        "clientId": {
                          "configMap": {
                            "key": null,
                            "name": null,
                            "optional": null
                          },
                          "secret": {
                            "key": null,
                            "name": null,
                            "optional": null
                          }
                        },
                        "clientSecret": {
                          "key": null,
                          "name": null,
                          "optional": null
                        },
                        "endpointParams": null,
                        "noProxy": null,
                        "proxyConnectHeader": null,
                        "proxyFromEnvironment": null,
                        "proxyUrl": null,
                        "scopes": null,
                        "tlsConfig": {
                          "ca": {
                            "configMap": {
                              "key": null,
                              "name": null,
                              "optional": null
                            },
                            "secret": {
                              "key": null,
                              "name": null,
                              "optional": null
                            }
                          },
                          "cert": {
                            "configMap": {
                              "key": null,
                              "name": null,
                              "optional": null
                            },
                            "secret": {
                              "key": null,
                              "name": null,
                              "optional": null
                            }
                          },
                          "insecureSkipVerify": null,
                          "keySecret": {
                            "key": null,
                            "name": null,
                            "optional": null
                          },
                          "maxVersion": null,
                          "minVersion": null,
                          "serverName": null
                        },
                        "tokenUrl": null
                      },
                      "params": null,
                      "path": "/metrics",
                      "port": "http",
                      "proxyUrl": null,
                      "relabelings": null,
                      "scheme": null,
                      "scrapeTimeout": null,
                      "targetPort": null,
                      "tlsConfig": {
                        "ca": {
                          "configMap": {
                            "key": null,
                            "name": null,
                            "optional": null
                          },
                          "secret": {
                            "key": null,
                            "name": null,
                            "optional": null
                          }
                        },
                        "caFile": null,
                        "cert": {
                          "configMap": {
                            "key": null,
                            "name": null,
                            "optional": null
                          },
                          "secret": {
                            "key": null,
                            "name": null,
                            "optional": null
                          }
                        },
                        "certFile": null,
                        "insecureSkipVerify": null,
                        "keyFile": null,
                        "keySecret": {
                          "key": null,
                          "name": null,
                          "optional": null
                        },
                        "maxVersion": null,
                        "minVersion": null,
                        "serverName": null
                      },
                      "trackTimestampsStaleness": null
                    }
                  ],
                  "jobLabel": null,
                  "keepDroppedTargets": null,
                  "labelLimit": null,
                  "labelNameLengthLimit": null,
                  "labelValueLengthLimit": null,
                  "namespaceSelector": {
                    "any": null,
                    "matchNames": [
                      "team4"
                    ]
                  },
                  "podTargetLabels": null,
                  "sampleLimit": null,
                  "scrapeClass": null,
                  "scrapeProtocols": null,
                  "selector": {
                    "matchExpressions": null,
                    "matchLabels": {
                      "app.kubernetes.io/name": "analytics-service"
                    }
                  },
                  "targetLabels": null,
                  "targetLimit": null
                }
              },
              "type": [
                "object",
                {
                  "apiVersion": "string",
                  "kind": "string",
                  "metadata": [
                    "object",
                    {
                      "annotations": [
                        "map",
                        "string"
                      ],
                      "creationTimestamp": "string",
                      "deletionGracePeriodSeconds": "number",
                      "deletionTimestamp": "string",
                      "finalizers": [
                        "list",
                        "string"
                      ],
                      "generateName": "string",
                      "generation": "number",
                      "labels": [
                        "map",
                        "string"
                      ],
                      "managedFields": [
                        "tuple",
                        [
                          [
                            "object",
                            {
                              "apiVersion": "string",
                              "fieldsType": "string",
                              "fieldsV1": "dynamic",
                              "manager": "string",
                              "operation": "string",
                              "subresource": "string",
                              "time": "string"
                            }
                          ]
                        ]
                      ],
                      "name": "string",
                      "namespace": "string",
                      "ownerReferences": [
                        "list",
                        [
                          "object",
                          {
                            "apiVersion": "string",
                            "blockOwnerDeletion": "bool",
                            "controller": "bool",
                            "kind": "string",
                            "name": "string",
                            "uid": "string"
                          }
                        ]
                      ],
                      "resourceVersion": "string",
                      "selfLink": "string",
                      "uid": "string"
                    }
                  ],
                  "spec": [
                    "object",
                    {
                      "attachMetadata": [
                        "object",
                        {
                          "node": "bool"
                        }
                      ],
                      "bodySizeLimit": "string",
                      "endpoints": [
                        "list",
                        [
                          "object",
                          {
                            "authorization": [
                              "object",
                              {
                                "credentials": [
                                  "object",
                                  {
                                    "key": "string",
                                    "name": "string",
                                    "optional": "bool"
                                  }
                                ],
                                "type": "string"
                              }
                            ],
                            "basicAuth": [
                              "object",
                              {
                                "password": [
                                  "object",
                                  {
                                    "key": "string",
                                    "name": "string",
                                    "optional": "bool"
                                  }
                                ],
                                "username": [
                                  "object",
                                  {
                                    "key": "string",
                                    "name": "string",
                                    "optional": "bool"
                                  }
                                ]
                              }
                            ],
                            "bearerTokenFile": "string",
                            "bearerTokenSecret": [
                              "object",
                              {
                                "key": "string",
                                "name": "string",
                                "optional": "bool"
                              }
                            ],
                            "enableHttp2": "bool",
                            "filterRunning": "bool",
                            "followRedirects": "bool",
                            "honorLabels": "bool",
                            "honorTimestamps": "bool",
                            "interval": "string",
                            "metricRelabelings": [
                              "list",
                              [
                                "object",
                                {
                                  "action": "string",
                                  "modulus": "number",
                                  "regex": "string",
                                  "replacement": "string",
                                  "separator": "string",
                                  "sourceLabels": [
                                    "list",
                                    "string"
                                  ],
                                  "targetLabel": "string"
                                }
                              ]
                            ],
                            "oauth2": [
                              "object",
                              {
                                "clientId": [
                                  "object",
                                  {
                                    "configMap": [
                                      "object",
                                      {
                                        "key": "string",
                                        "name": "string",
                                        "optional": "bool"
                                      }
                                    ],
                                    "secret": [
                                      "object",
                                      {
                                        "key": "string",
                                        "name": "string",
                                        "optional": "bool"
                                      }
                                    ]
                                  }
                                ],
                                "clientSecret": [
                                  "object",
                                  {
                                    "key": "string",
                                    "name": "string",
                                    "optional": "bool"
                                  }
                                ],
                                "endpointParams": [
                                  "map",
                                  "string"
                                ],
                                "noProxy": "string",
                                "proxyConnectHeader": [
                                  "map",
                                  [
                                    "list",
                                    [
                                      "object",
                                      {
                                        "key": "string",
                                        "name": "string",
                                        "optional": "bool"
                                      }
                                    ]
                                  ]
                                ],
                                "proxyFromEnvironment": "bool",
                                "proxyUrl": "string",
                                "scopes": [
                                  "list",
                                  "string"
                                ],
                                "tlsConfig": [
                                  "object",
                                  {
                                    "ca": [
                                      "object",
                                      {
                                        "configMap": [
                                          "object",
                                          {
                                            "key": "string",
                                            "name": "string",
                                            "optional": "bool"
                                          }
                                        ],
                                        "secret": [
                                          "object",
                                          {
                                            "key": "string",
                                            "name": "string",
                                            "optional": "bool"
                                          }
                                        ]
                                      }
                                    ],
                                    "cert": [
                                      "object",
                                      {
                                        "configMap": [
                                          "object",
                                          {
                                            "key": "string",
                                            "name": "string",
                                            "optional": "bool"
                                          }
                                        ],
                                        "secret": [
                                          "object",
                                          {
                                            "key": "string",
                                            "name": "string",
                                            "optional": "bool"
                                          }
                                        ]
                                      }
                                    ],
                                    "insecureSkipVerify": "bool",
                                    "keySecret": [
                                      "object",
                                      {
                                        "key": "string",
                                        "name": "string",
                                        "optional": "bool"
                                      }
                                    ],
                                    "maxVersion": "string",
                                    "minVersion": "string",
                                    "serverName": "string"
                                  }
                                ],
                                "tokenUrl": "string"
                              }
                            ],
                            "params": [
                              "map",
                              [
                                "list",
                                "string"
                              ]
                            ],
                            "path": "string",
                            "port": "string",
                            "proxyUrl": "string",
                            "relabelings": [
                              "list",
                              [
                                "object",
                                {
                                  "action": "string",
                                  "modulus": "number",
                                  "regex": "string",
                                  "replacement": "string",
                                  "separator": "string",
                                  "sourceLabels": [
                                    "list",
                                    "string"
                                  ],
                                  "targetLabel": "string"
                                }
                              ]
                            ],
                            "scheme": "string",
                            "scrapeTimeout": "string",
                            "targetPort": "string",
                            "tlsConfig": [
                              "object",
                              {
                                "ca": [
                                  "object",
                                  {
                                    "configMap": [
                                      "object",
                                      {
                                        "key": "string",
                                        "name": "string",
                                        "optional": "bool"
                                      }
                                    ],
                                    "secret": [
                                      "object",
                                      {
                                        "key": "string",
                                        "name": "string",
                                        "optional": "bool"
                                      }
                                    ]
                                  }
                                ],
                                "caFile": "string",
                                "cert": [
                                  "object",
                                  {
                                    "configMap": [
                                      "object",
                                      {
                                        "key": "string",
                                        "name": "string",
                                        "optional": "bool"
                                      }
                                    ],
                                    "secret": [
                                      "object",
                                      {
                                        "key": "string",
                                        "name": "string",
                                        "optional": "bool"
                                      }
                                    ]
                                  }
                                ],
                                "certFile": "string",
                                "insecureSkipVerify": "bool",
                                "keyFile": "string",
                                "keySecret": [
                                  "object",
                                  {
                                    "key": "string",
                                    "name": "string",
                                    "optional": "bool"
                                  }
                                ],
                                "maxVersion": "string",
                                "minVersion": "string",
                                "serverName": "string"
                              }
                            ],
                            "trackTimestampsStaleness": "bool"
                          }
                        ]
                      ],
                      "jobLabel": "string",
                      "keepDroppedTargets": "number",
                      "labelLimit": "number",
                      "labelNameLengthLimit": "number",
                      "labelValueLengthLimit": "number",
                      "namespaceSelector": [
                        "object",
                        {
                          "any": "bool",
                          "matchNames": [
                            "list",
                            "string"
                          ]
                        }
                      ],
                      "podTargetLabels": [
                        "list",
                        "string"
                      ],
                      "sampleLimit": "number",
                      "scrapeClass": "string",
                      "scrapeProtocols": [
                        "list",
                        "string"
                      ],
                      "selector": [
                        "object",
                        {
                          "matchExpressions": [
                            "list",
                            [
                              "object",
                              {
                                "key": "string",
                                "operator": "string",
                                "values": [
                                  "list",
                                  "string"
                                ]
                              }
                            ]
                          ],
                          "matchLabels": [
                            "map",
                            "string"
                          ]
                        }
                      ],
                      "targetLabels": [
                        "list",
                        "string"
                      ],
                      "targetLimit": "number"
                    }
                  ]
                }
              ]
            },
            "timeouts": [],
            "wait": [],
            "wait_for": null
          },
          "sensitive_attributes": [],
          "identity_schema_version": 1,
          "identity": {
            "api_version": "monitoring.coreos.com/v1",
            "kind": "ServiceMonitor",
            "name": "analytics-service-sm",
            "namespace": "team4"
          },
          "dependencies": [
            "kubernetes_namespace_v1.strimzi",
            "module.analytics_service.helm_release.app",
            "module.influxdb2.helm_release.influxdb2",
            "module.kafka.kubernetes_manifest.kafka_cluster",
            "module.kafka.kubernetes_manifest.kafka_metrics_cm",
            "module.kafka.kubernetes_manifest.kafka_nodepool_dualrole",
            "module.monitoring.helm_release.monitoring",
            "module.namespace.kubernetes_namespace_v1.ns",
            "module.ns_monitoring.kubernetes_namespace_v1.ns",
            "module.strimzi_operator.helm_release.strimzi",
            "null_resource.wait_for_monitoring_crds",
            "null_resource.wait_for_strimzi_crds"
          ]
        }
      ]
    },
    {
      "mode": "managed",
      "type": "kubernetes_manifest",
      "name": "influxdb_sm",
      "provider": "provider[\"registry.terraform.io/hashicorp/kubernetes\"]",
      "instances": [
        {
          "schema_version": 1,
          "attributes": {
            "computed_fields": null,
            "field_manager": [],
            "manifest": {
              "value": {
                "apiVersion": "monitoring.coreos.com/v1",
                "kind": "ServiceMonitor",
                "metadata": {
                  "labels": {
                    "release": "kube-prometheus-stack"
                  },
                  "name": "influxdb2-sm",
                  "namespace": "team4"
                },
                "spec": {
                  "endpoints": [
                    {
                      "interval": "30s",
                      "path": "/metrics",
                      "port": "http"
                    }
                  ],
                  "namespaceSelector": {
                    "matchNames": [
                      "team4"
                    ]
                  },
                  "selector": {
                    "matchLabels": {
                      "app.kubernetes.io/instance": "influxdb2",
                      "app.kubernetes.io/name": "influxdb2"
                    }
                  }
                }
              },
              "type": [
                "object",
                {
                  "apiVersion": "string",
                  "kind": "string",
                  "metadata": [
                    "object",
                    {
                      "labels": [
                        "object",
                        {
                          "release": "string"
                        }
                      ],
                      "name": "string",
                      "namespace": "string"
                    }
                  ],
                  "spec": [
                    "object",
                    {
                      "endpoints": [
                        "tuple",
                        [
                          [
                            "object",
                            {
                              "interval": "string",
                              "path": "string",
                              "port": "string"
                            }
                          ]
                        ]
                      ],
                      "namespaceSelector": [
                        "object",
                        {
                          "matchNames": [
                            "tuple",
                            [
                              "string"
                            ]
                          ]
                        }
                      ],
                      "selector": [
                        "object",
                        {
                          "matchLabels": [
                            "object",
                            {
                              "app.kubernetes.io/instance": "string",
                              "app.kubernetes.io/name": "string"
                            }
                          ]
                        }
                      ]
                    }
                  ]
                }
              ]
            },
            "object": {
              "value": {
                "apiVersion": "monitoring.coreos.com/v1",
                "kind": "ServiceMonitor",
                "metadata": {
                  "annotations": null,
                  "creationTimestamp": null,
                  "deletionGracePeriodSeconds": null,
                  "deletionTimestamp": null,
                  "finalizers": null,
                  "generateName": null,
                  "generation": null,
                  "labels": {
                    "release": "kube-prometheus-stack"
                  },
                  "managedFields": null,
                  "name": "influxdb2-sm",
                  "namespace": "team4",
                  "ownerReferences": null,
                  "resourceVersion": null,
                  "selfLink": null,
                  "uid": null
                },
                "spec": {
                  "attachMetadata": {
                    "node": null
                  },
                  "bodySizeLimit": null,
                  "endpoints": [
                    {
                      "authorization": {
                        "credentials": {
                          "key": null,
                          "name": null,
                          "optional": null
                        },
                        "type": null
                      },
                      "basicAuth": {
                        "password": {
                          "key": null,
                          "name": null,
                          "optional": null
                        },
                        "username": {
                          "key": null,
                          "name": null,
                          "optional": null
                        }
                      },
                      "bearerTokenFile": null,
                      "bearerTokenSecret": {
                        "key": null,
                        "name": null,
                        "optional": null
                      },
                      "enableHttp2": null,
                      "filterRunning": null,
                      "followRedirects": null,
                      "honorLabels": null,
                      "honorTimestamps": null,
                      "interval": "30s",
                      "metricRelabelings": null,
                      "oauth2": {
                        "clientId": {
                          "configMap": {
                            "key": null,
                            "name": null,
                            "optional": null
                          },
                          "secret": {
                            "key": null,
                            "name": null,
                            "optional": null
                          }
                        },
                        "clientSecret": {
                          "key": null,
                          "name": null,
                          "optional": null
                        },
                        "endpointParams": null,
                        "noProxy": null,
                        "proxyConnectHeader": null,
                        "proxyFromEnvironment": null,
                        "proxyUrl": null,
                        "scopes": null,
                        "tlsConfig": {
                          "ca": {
                            "configMap": {
                              "key": null,
                              "name": null,
                              "optional": null
                            },
                            "secret": {
                              "key": null,
                              "name": null,
                              "optional": null
                            }
                          },
                          "cert": {
                            "configMap": {
                              "key": null,
                              "name": null,
                              "optional": null
                            },
                            "secret": {
                              "key": null,
                              "name": null,
                              "optional": null
                            }
                          },
                          "insecureSkipVerify": null,
                          "keySecret": {
                            "key": null,
                            "name": null,
                            "optional": null
                          },
                          "maxVersion": null,
                          "minVersion": null,
                          "serverName": null
                        },
                        "tokenUrl": null
                      },
                      "params": null,
                      "path": "/metrics",
                      "port": "http",
                      "proxyUrl": null,
                      "relabelings": null,
                      "scheme": null,
                      "scrapeTimeout": null,
                      "targetPort": null,
                      "tlsConfig": {
                        "ca": {
                          "configMap": {
                            "key": null,
                            "name": null,
                            "optional": null
                          },
                          "secret": {
                            "key": null,
                            "name": null,
                            "optional": null
                          }
                        },
                        "caFile": null,
                        "cert": {
                          "configMap": {
                            "key": null,
                            "name": null,
                            "optional": null
                          },
                          "secret": {
                            "key": null,
                            "name": null,
                            "optional": null
                          }
                        },
                        "certFile": null,
                        "insecureSkipVerify": null,
                        "keyFile": null,
                        "keySecret": {
                          "key": null,
                          "name": null,
                          "optional": null
                        },
                        "maxVersion": null,
                        "minVersion": null,
                        "serverName": null
                      },
                      "trackTimestampsStaleness": null
                    }
                  ],
                  "jobLabel": null,
                  "keepDroppedTargets": null,
                  "labelLimit": null,
                  "labelNameLengthLimit": null,
                  "labelValueLengthLimit": null,
                  "namespaceSelector": {
                    "any": null,
                    "matchNames": [
                      "team4"
                    ]
                  },
                  "podTargetLabels": null,
                  "sampleLimit": null,
                  "scrapeClass": null,
                  "scrapeProtocols": null,
                  "selector": {
                    "matchExpressions": null,
                    "matchLabels": {
                      "app.kubernetes.io/instance": "influxdb2",
                      "app.kubernetes.io/name": "influxdb2"
                    }
                  },
                  "targetLabels": null,
                  "targetLimit": null
                }
              },
              "type": [
                "object",
                {
                  "apiVersion": "string",
                  "kind": "string",
                  "metadata": [
                    "object",
                    {
                      "annotations": [
                        "map",
                        "string"
                      ],
                      "creationTimestamp": "string",
                      "deletionGracePeriodSeconds": "number",
                      "deletionTimestamp": "string",
                      "finalizers": [
                        "list",
                        "string"
                      ],
                      "generateName": "string",
                      "generation": "number",
                      "labels": [
                        "map",
                        "string"
                      ],
                      "managedFields": [
                        "tuple",
                        [
                          [
                            "object",
                            {
                              "apiVersion": "string",
                              "fieldsType": "string",
                              "fieldsV1": "dynamic",
                              "manager": "string",
                              "operation": "string",
                              "subresource": "string",
                              "time": "string"
                            }
                          ]
                        ]
                      ],
                      "name": "string",
                      "namespace": "string",
                      "ownerReferences": [
                        "list",
                        [
                          "object",
                          {
                            "apiVersion": "string",
                            "blockOwnerDeletion": "bool",
                            "controller": "bool",
                            "kind": "string",
                            "name": "string",
                            "uid": "string"
                          }
                        ]
                      ],
                      "resourceVersion": "string",
                      "selfLink": "string",
                      "uid": "string"
                    }
                  ],
                  "spec": [
                    "object",
                    {
                      "attachMetadata": [
                        "object",
                        {
                          "node": "bool"
                        }
                      ],
                      "bodySizeLimit": "string",
                      "endpoints": [
                        "list",
                        [
                          "object",
                          {
                            "authorization": [
                              "object",
                              {
                                "credentials": [
                                  "object",
                                  {
                                    "key": "string",
                                    "name": "string",
                                    "optional": "bool"
                                  }
                                ],
                                "type": "string"
                              }
                            ],
                            "basicAuth": [
                              "object",
                              {
                                "password": [
                                  "object",
                                  {
                                    "key": "string",
                                    "name": "string",
                                    "optional": "bool"
                                  }
                                ],
                                "username": [
                                  "object",
                                  {
                                    "key": "string",
                                    "name": "string",
                                    "optional": "bool"
                                  }
                                ]
                              }
                            ],
                            "bearerTokenFile": "string",
                            "bearerTokenSecret": [
                              "object",
                              {
                                "key": "string",
                                "name": "string",
                                "optional": "bool"
                              }
                            ],
                            "enableHttp2": "bool",
                            "filterRunning": "bool",
                            "followRedirects": "bool",
                            "honorLabels": "bool",
                            "honorTimestamps": "bool",
                            "interval": "string",
                            "metricRelabelings": [
                              "list",
                              [
                                "object",
                                {
                                  "action": "string",
                                  "modulus": "number",
                                  "regex": "string",
                                  "replacement": "string",
                                  "separator": "string",
                                  "sourceLabels": [
                                    "list",
                                    "string"
                                  ],
                                  "targetLabel": "string"
                                }
                              ]
                            ],
                            "oauth2": [
                              "object",
                              {
                                "clientId": [
                                  "object",
                                  {
                                    "configMap": [
                                      "object",
                                      {
                                        "key": "string",
                                        "name": "string",
                                        "optional": "bool"
                                      }
                                    ],
                                    "secret": [
                                      "object",
                                      {
                                        "key": "string",
                                        "name": "string",
                                        "optional": "bool"
                                      }
                                    ]
                                  }
                                ],
                                "clientSecret": [
                                  "object",
                                  {
                                    "key": "string",
                                    "name": "string",
                                    "optional": "bool"
                                  }
                                ],
                                "endpointParams": [
                                  "map",
                                  "string"
                                ],
                                "noProxy": "string",
                                "proxyConnectHeader": [
                                  "map",
                                  [
                                    "list",
                                    [
                                      "object",
                                      {
                                        "key": "string",
                                        "name": "string",
                                        "optional": "bool"
                                      }
                                    ]
                                  ]
                                ],
                                "proxyFromEnvironment": "bool",
                                "proxyUrl": "string",
                                "scopes": [
                                  "list",
                                  "string"
                                ],
                                "tlsConfig": [
                                  "object",
                                  {
                                    "ca": [
                                      "object",
                                      {
                                        "configMap": [
                                          "object",
                                          {
                                            "key": "string",
                                            "name": "string",
                                            "optional": "bool"
                                          }
                                        ],
                                        "secret": [
                                          "object",
                                          {
                                            "key": "string",
                                            "name": "string",
                                            "optional": "bool"
                                          }
                                        ]
                                      }
                                    ],
                                    "cert": [
                                      "object",
                                      {
                                        "configMap": [
                                          "object",
                                          {
                                            "key": "string",
                                            "name": "string",
                                            "optional": "bool"
                                          }
                                        ],
                                        "secret": [
                                          "object",
                                          {
                                            "key": "string",
                                            "name": "string",
                                            "optional": "bool"
                                          }
                                        ]
                                      }
                                    ],
                                    "insecureSkipVerify": "bool",
                                    "keySecret": [
                                      "object",
                                      {
                                        "key": "string",
                                        "name": "string",
                                        "optional": "bool"
                                      }
                                    ],
                                    "maxVersion": "string",
                                    "minVersion": "string",
                                    "serverName": "string"
                                  }
                                ],
                                "tokenUrl": "string"
                              }
                            ],
                            "params": [
                              "map",
                              [
                                "list",
                                "string"
                              ]
                            ],
                            "path": "string",
                            "port": "string",
                            "proxyUrl": "string",
                            "relabelings": [
                              "list",
                              [
                                "object",
                                {
                                  "action": "string",
                                  "modulus": "number",
                                  "regex": "string",
                                  "replacement": "string",
                                  "separator": "string",
                                  "sourceLabels": [
                                    "list",
                                    "string"
                                  ],
                                  "targetLabel": "string"
                                }
                              ]
                            ],
                            "scheme": "string",
                            "scrapeTimeout": "string",
                            "targetPort": "string",
                            "tlsConfig": [
                              "object",
                              {
                                "ca": [
                                  "object",
                                  {
                                    "configMap": [
                                      "object",
                                      {
                                        "key": "string",
                                        "name": "string",
                                        "optional": "bool"
                                      }
                                    ],
                                    "secret": [
                                      "object",
                                      {
                                        "key": "string",
                                        "name": "string",
                                        "optional": "bool"
                                      }
                                    ]
                                  }
                                ],
                                "caFile": "string",
                                "cert": [
                                  "object",
                                  {
                                    "configMap": [
                                      "object",
                                      {
                                        "key": "string",
                                        "name": "string",
                                        "optional": "bool"
                                      }
                                    ],
                                    "secret": [
                                      "object",
                                      {
                                        "key": "string",
                                        "name": "string",
                                        "optional": "bool"
                                      }
                                    ]
                                  }
                                ],
                                "certFile": "string",
                                "insecureSkipVerify": "bool",
                                "keyFile": "string",
                                "keySecret": [
                                  "object",
                                  {
                                    "key": "string",
                                    "name": "string",
                                    "optional": "bool"
                                  }
                                ],
                                "maxVersion": "string",
                                "minVersion": "string",
                                "serverName": "string"
                              }
                            ],
                            "trackTimestampsStaleness": "bool"
                          }
                        ]
                      ],
                      "jobLabel": "string",
                      "keepDroppedTargets": "number",
                      "labelLimit": "number",
                      "labelNameLengthLimit": "number",
                      "labelValueLengthLimit": "number",
                      "namespaceSelector": [
                        "object",
                        {
                          "any": "bool",
                          "matchNames": [
                            "list",
                            "string"
                          ]
                        }
                      ],
                      "podTargetLabels": [
                        "list",
                        "string"
                      ],
                      "sampleLimit": "number",
                      "scrapeClass": "string",
                      "scrapeProtocols": [
                        "list",
                        "string"
                      ],
                      "selector": [
                        "object",
                        {
                          "matchExpressions": [
                            "list",
                            [
                              "object",
                              {
                                "key": "string",
                                "operator": "string",
                                "values": [
                                  "list",
                                  "string"
                                ]
                              }
                            ]
                          ],
                          "matchLabels": [
                            "map",
                            "string"
                          ]
                        }
                      ],
                      "targetLabels": [
                        "list",
                        "string"
                      ],
                      "targetLimit": "number"
                    }
                  ]
                }
              ]
            },
            "timeouts": [],
            "wait": [],
            "wait_for": null
          },
          "sensitive_attributes": [],
          "identity_schema_version": 1,
          "identity": {
            "api_version": "monitoring.coreos.com/v1",
            "kind": "ServiceMonitor",
            "name": "influxdb2-sm",
            "namespace": "team4"
          },
          "dependencies": [
            "module.influxdb2.helm_release.influxdb2",
            "module.monitoring.helm_release.monitoring",
            "module.namespace.kubernetes_namespace_v1.ns",
            "module.ns_monitoring.kubernetes_namespace_v1.ns",
            "null_resource.wait_for_monitoring_crds"
          ]
        }
      ]
    },
    {
      "mode": "managed",
      "type": "kubernetes_manifest",
      "name": "kafka_exporter_sm",
      "provider": "provider[\"registry.terraform.io/hashicorp/kubernetes\"]",
      "instances": [
        {
          "schema_version": 1,
          "attributes": {
            "computed_fields": null,
            "field_manager": [],
            "manifest": {
              "value": {
                "apiVersion": "monitoring.coreos.com/v1",
                "kind": "ServiceMonitor",
                "metadata": {
                  "labels": {
                    "release": "kube-prometheus-stack"
                  },
                  "name": "kafka-exporter-sm",
                  "namespace": "team4"
                },
                "spec": {
                  "endpoints": [
                    {
                      "interval": "30s",
                      "path": "/metrics",
                      "port": "prometheus"
                    }
                  ],
                  "namespaceSelector": {
                    "matchNames": [
                      "team4"
                    ]
                  },
                  "selector": {
                    "matchLabels": {
                      "app.kubernetes.io/name": "kafka-exporter",
                      "strimzi.io/cluster": "team4-kafka"
                    }
                  }
                }
              },
              "type": [
                "object",
                {
                  "apiVersion": "string",
                  "kind": "string",
                  "metadata": [
                    "object",
                    {
                      "labels": [
                        "object",
                        {
                          "release": "string"
                        }
                      ],
                      "name": "string",
                      "namespace": "string"
                    }
                  ],
                  "spec": [
                    "object",
                    {
                      "endpoints": [
                        "tuple",
                        [
                          [
                            "object",
                            {
                              "interval": "string",
                              "path": "string",
                              "port": "string"
                            }
                          ]
                        ]
                      ],
                      "namespaceSelector": [
                        "object",
                        {
                          "matchNames": [
                            "tuple",
                            [
                              "string"
                            ]
                          ]
                        }
                      ],
                      "selector": [
                        "object",
                        {
                          "matchLabels": [
                            "object",
                            {
                              "app.kubernetes.io/name": "string",
                              "strimzi.io/cluster": "string"
                            }
                          ]
                        }
                      ]
                    }
                  ]
                }
              ]
            },
            "object": {
              "value": {
                "apiVersion": "monitoring.coreos.com/v1",
                "kind": "ServiceMonitor",
                "metadata": {
                  "annotations": null,
                  "creationTimestamp": null,
                  "deletionGracePeriodSeconds": null,
                  "deletionTimestamp": null,
                  "finalizers": null,
                  "generateName": null,
                  "generation": null,
                  "labels": {
                    "release": "kube-prometheus-stack"
                  },
                  "managedFields": null,
                  "name": "kafka-exporter-sm",
                  "namespace": "team4",
                  "ownerReferences": null,
                  "resourceVersion": null,
                  "selfLink": null,
                  "uid": null
                },
                "spec": {
                  "attachMetadata": {
                    "node": null
                  },
                  "bodySizeLimit": null,
                  "endpoints": [
                    {
                      "authorization": {
                        "credentials": {
                          "key": null,
                          "name": null,
                          "optional": null
                        },
                        "type": null
                      },
                      "basicAuth": {
                        "password": {
                          "key": null,
                          "name": null,
                          "optional": null
                        },
                        "username": {
                          "key": null,
                          "name": null,
                          "optional": null
                        }
                      },
                      "bearerTokenFile": null,
                      "bearerTokenSecret": {
                        "key": null,
                        "name": null,
                        "optional": null
                      },
                      "enableHttp2": null,
                      "filterRunning": null,
                      "followRedirects": null,
                      "honorLabels": null,
                      "honorTimestamps": null,
                      "interval": "30s",
                      "metricRelabelings": null,
                      "oauth2": {
                        "clientId": {
                          "configMap": {
                            "key": null,
                            "name": null,
                            "optional": null
                          },
                          "secret": {
                            "key": null,
                            "name": null,
                            "optional": null
                          }
                        },
                        "clientSecret": {
                          "key": null,
                          "name": null,
                          "optional": null
                        },
                        "endpointParams": null,
                        "noProxy": null,
                        "proxyConnectHeader": null,
                        "proxyFromEnvironment": null,
                        "proxyUrl": null,
                        "scopes": null,
                        "tlsConfig": {
                          "ca": {
                            "configMap": {
                              "key": null,
                              "name": null,
                              "optional": null
                            },
                            "secret": {
                              "key": null,
                              "name": null,
                              "optional": null
                            }
                          },
                          "cert": {
                            "configMap": {
                              "key": null,
                              "name": null,
                              "optional": null
                            },
                            "secret": {
                              "key": null,
                              "name": null,
                              "optional": null
                            }
                          },
                          "insecureSkipVerify": null,
                          "keySecret": {
                            "key": null,
                            "name": null,
                            "optional": null
                          },
                          "maxVersion": null,
                          "minVersion": null,
                          "serverName": null
                        },
                        "tokenUrl": null
                      },
                      "params": null,
                      "path": "/metrics",
                      "port": "prometheus",
                      "proxyUrl": null,
                      "relabelings": null,
                      "scheme": null,
                      "scrapeTimeout": null,
                      "targetPort": null,
                      "tlsConfig": {
                        "ca": {
                          "configMap": {
                            "key": null,
                            "name": null,
                            "optional": null
                          },
                          "secret": {
                            "key": null,
                            "name": null,
                            "optional": null
                          }
                        },
                        "caFile": null,
                        "cert": {
                          "configMap": {
                            "key": null,
                            "name": null,
                            "optional": null
                          },
                          "secret": {
                            "key": null,
                            "name": null,
                            "optional": null
                          }
                        },
                        "certFile": null,
                        "insecureSkipVerify": null,
                        "keyFile": null,
                        "keySecret": {
                          "key": null,
                          "name": null,
                          "optional": null
                        },
                        "maxVersion": null,
                        "minVersion": null,
                        "serverName": null
                      },
                      "trackTimestampsStaleness": null
                    }
                  ],
                  "jobLabel": null,
                  "keepDroppedTargets": null,
                  "labelLimit": null,
                  "labelNameLengthLimit": null,
                  "labelValueLengthLimit": null,
                  "namespaceSelector": {
                    "any": null,
                    "matchNames": [
                      "team4"
                    ]
                  },
                  "podTargetLabels": null,
                  "sampleLimit": null,
                  "scrapeClass": null,
                  "scrapeProtocols": null,
                  "selector": {
                    "matchExpressions": null,
                    "matchLabels": {
                      "app.kubernetes.io/name": "kafka-exporter",
                      "strimzi.io/cluster": "team4-kafka"
                    }
                  },
                  "targetLabels": null,
                  "targetLimit": null
                }
              },
              "type": [
                "object",
                {
                  "apiVersion": "string",
                  "kind": "string",
                  "metadata": [
                    "object",
                    {
                      "annotations": [
                        "map",
                        "string"
                      ],
                      "creationTimestamp": "string",
                      "deletionGracePeriodSeconds": "number",
                      "deletionTimestamp": "string",
                      "finalizers": [
                        "list",
                        "string"
                      ],
                      "generateName": "string",
                      "generation": "number",
                      "labels": [
                        "map",
                        "string"
                      ],
                      "managedFields": [
                        "tuple",
                        [
                          [
                            "object",
                            {
                              "apiVersion": "string",
                              "fieldsType": "string",
                              "fieldsV1": "dynamic",
                              "manager": "string",
                              "operation": "string",
                              "subresource": "string",
                              "time": "string"
                            }
                          ]
                        ]
                      ],
                      "name": "string",
                      "namespace": "string",
                      "ownerReferences": [
                        "list",
                        [
                          "object",
                          {
                            "apiVersion": "string",
                            "blockOwnerDeletion": "bool",
                            "controller": "bool",
                            "kind": "string",
                            "name": "string",
                            "uid": "string"
                          }
                        ]
                      ],
                      "resourceVersion": "string",
                      "selfLink": "string",
                      "uid": "string"
                    }
                  ],
                  "spec": [
                    "object",
                    {
                      "attachMetadata": [
                        "object",
                        {
                          "node": "bool"
                        }
                      ],
                      "bodySizeLimit": "string",
                      "endpoints": [
                        "list",
                        [
                          "object",
                          {
                            "authorization": [
                              "object",
                              {
                                "credentials": [
                                  "object",
                                  {
                                    "key": "string",
                                    "name": "string",
                                    "optional": "bool"
                                  }
                                ],
                                "type": "string"
                              }
                            ],
                            "basicAuth": [
                              "object",
                              {
                                "password": [
                                  "object",
                                  {
                                    "key": "string",
                                    "name": "string",
                                    "optional": "bool"
                                  }
                                ],
                                "username": [
                                  "object",
                                  {
                                    "key": "string",
                                    "name": "string",
                                    "optional": "bool"
                                  }
                                ]
                              }
                            ],
                            "bearerTokenFile": "string",
                            "bearerTokenSecret": [
                              "object",
                              {
                                "key": "string",
                                "name": "string",
                                "optional": "bool"
                              }
                            ],
                            "enableHttp2": "bool",
                            "filterRunning": "bool",
                            "followRedirects": "bool",
                            "honorLabels": "bool",
                            "honorTimestamps": "bool",
                            "interval": "string",
                            "metricRelabelings": [
                              "list",
                              [
                                "object",
                                {
                                  "action": "string",
                                  "modulus": "number",
                                  "regex": "string",
                                  "replacement": "string",
                                  "separator": "string",
                                  "sourceLabels": [
                                    "list",
                                    "string"
                                  ],
                                  "targetLabel": "string"
                                }
                              ]
                            ],
                            "oauth2": [
                              "object",
                              {
                                "clientId": [
                                  "object",
                                  {
                                    "configMap": [
                                      "object",
                                      {
                                        "key": "string",
                                        "name": "string",
                                        "optional": "bool"
                                      }
                                    ],
                                    "secret": [
                                      "object",
                                      {
                                        "key": "string",
                                        "name": "string",
                                        "optional": "bool"
                                      }
                                    ]
                                  }
                                ],
                                "clientSecret": [
                                  "object",
                                  {
                                    "key": "string",
                                    "name": "string",
                                    "optional": "bool"
                                  }
                                ],
                                "endpointParams": [
                                  "map",
                                  "string"
                                ],
                                "noProxy": "string",
                                "proxyConnectHeader": [
                                  "map",
                                  [
                                    "list",
                                    [
                                      "object",
                                      {
                                        "key": "string",
                                        "name": "string",
                                        "optional": "bool"
                                      }
                                    ]
                                  ]
                                ],
                                "proxyFromEnvironment": "bool",
                                "proxyUrl": "string",
                                "scopes": [
                                  "list",
                                  "string"
                                ],
                                "tlsConfig": [
                                  "object",
                                  {
                                    "ca": [
                                      "object",
                                      {
                                        "configMap": [
                                          "object",
                                          {
                                            "key": "string",
                                            "name": "string",
                                            "optional": "bool"
                                          }
                                        ],
                                        "secret": [
                                          "object",
                                          {
                                            "key": "string",
                                            "name": "string",
                                            "optional": "bool"
                                          }
                                        ]
                                      }
                                    ],
                                    "cert": [
                                      "object",
                                      {
                                        "configMap": [
                                          "object",
                                          {
                                            "key": "string",
                                            "name": "string",
                                            "optional": "bool"
                                          }
                                        ],
                                        "secret": [
                                          "object",
                                          {
                                            "key": "string",
                                            "name": "string",
                                            "optional": "bool"
                                          }
                                        ]
                                      }
                                    ],
                                    "insecureSkipVerify": "bool",
                                    "keySecret": [
                                      "object",
                                      {
                                        "key": "string",
                                        "name": "string",
                                        "optional": "bool"
                                      }
                                    ],
                                    "maxVersion": "string",
                                    "minVersion": "string",
                                    "serverName": "string"
                                  }
                                ],
                                "tokenUrl": "string"
                              }
                            ],
                            "params": [
                              "map",
                              [
                                "list",
                                "string"
                              ]
                            ],
                            "path": "string",
                            "port": "string",
                            "proxyUrl": "string",
                            "relabelings": [
                              "list",
                              [
                                "object",
                                {
                                  "action": "string",
                                  "modulus": "number",
                                  "regex": "string",
                                  "replacement": "string",
                                  "separator": "string",
                                  "sourceLabels": [
                                    "list",
                                    "string"
                                  ],
                                  "targetLabel": "string"
                                }
                              ]
                            ],
                            "scheme": "string",
                            "scrapeTimeout": "string",
                            "targetPort": "string",
                            "tlsConfig": [
                              "object",
                              {
                                "ca": [
                                  "object",
                                  {
                                    "configMap": [
                                      "object",
                                      {
                                        "key": "string",
                                        "name": "string",
                                        "optional": "bool"
                                      }
                                    ],
                                    "secret": [
                                      "object",
                                      {
                                        "key": "string",
                                        "name": "string",
                                        "optional": "bool"
                                      }
                                    ]
                                  }
                                ],
                                "caFile": "string",
                                "cert": [
                                  "object",
                                  {
                                    "configMap": [
                                      "object",
                                      {
                                        "key": "string",
                                        "name": "string",
                                        "optional": "bool"
                                      }
                                    ],
                                    "secret": [
                                      "object",
                                      {
                                        "key": "string",
                                        "name": "string",
                                        "optional": "bool"
                                      }
                                    ]
                                  }
                                ],
                                "certFile": "string",
                                "insecureSkipVerify": "bool",
                                "keyFile": "string",
                                "keySecret": [
                                  "object",
                                  {
                                    "key": "string",
                                    "name": "string",
                                    "optional": "bool"
                                  }
                                ],
                                "maxVersion": "string",
                                "minVersion": "string",
                                "serverName": "string"
                              }
                            ],
                            "trackTimestampsStaleness": "bool"
                          }
                        ]
                      ],
                      "jobLabel": "string",
                      "keepDroppedTargets": "number",
                      "labelLimit": "number",
                      "labelNameLengthLimit": "number",
                      "labelValueLengthLimit": "number",
                      "namespaceSelector": [
                        "object",
                        {
                          "any": "bool",
                          "matchNames": [
                            "list",
                            "string"
                          ]
                        }
                      ],
                      "podTargetLabels": [
                        "list",
                        "string"
                      ],
                      "sampleLimit": "number",
                      "scrapeClass": "string",
                      "scrapeProtocols": [
                        "list",
                        "string"
                      ],
                      "selector": [
                        "object",
                        {
                          "matchExpressions": [
                            "list",
                            [
                              "object",
                              {
                                "key": "string",
                                "operator": "string",
                                "values": [
                                  "list",
                                  "string"
                                ]
                              }
                            ]
                          ],
                          "matchLabels": [
                            "map",
                            "string"
                          ]
                        }
                      ],
                      "targetLabels": [
                        "list",
                        "string"
                      ],
                      "targetLimit": "number"
                    }
                  ]
                }
              ]
            },
            "timeouts": [],
            "wait": [],
            "wait_for": null
          },
          "sensitive_attributes": [],
          "identity_schema_version": 1,
          "identity": {
            "api_version": "monitoring.coreos.com/v1",
            "kind": "ServiceMonitor",
            "name": "kafka-exporter-sm",
            "namespace": "team4"
          },
          "dependencies": [
            "kubernetes_namespace_v1.strimzi",
            "module.kafka.kubernetes_manifest.kafka_cluster",
            "module.kafka.kubernetes_manifest.kafka_metrics_cm",
            "module.kafka.kubernetes_manifest.kafka_nodepool_dualrole",
            "module.monitoring.helm_release.monitoring",
            "module.namespace.kubernetes_namespace_v1.ns",
            "module.ns_monitoring.kubernetes_namespace_v1.ns",
            "module.strimzi_operator.helm_release.strimzi",
            "null_resource.wait_for_monitoring_crds",
            "null_resource.wait_for_strimzi_crds"
          ]
        }
      ]
    },
    {
      "mode": "managed",
      "type": "kubernetes_namespace_v1",
      "name": "strimzi",
      "provider": "provider[\"registry.terraform.io/hashicorp/kubernetes\"]",
      "instances": [
        {
          "schema_version": 0,
          "attributes": {
            "id": "strimzi",
            "metadata": [
              {
                "annotations": {},
                "generate_name": "",
                "generation": 0,
                "labels": {},
                "name": "strimzi",
                "resource_version": "26477",
                "uid": "6d156052-0729-4d64-b439-ea679c017d78"
              }
            ],
            "timeouts": null,
            "wait_for_default_service_account": false
          },
          "sensitive_attributes": [],
          "identity_schema_version": 1,
          "identity": {
            "api_version": "v1",
            "kind": "Namespace",
            "name": "strimzi"
          },
          "private": "eyJlMmJmYjczMC1lY2FhLTExZTYtOGY4OC0zNDM2M2JjN2M0YzAiOnsiZGVsZXRlIjozMDAwMDAwMDAwMDB9fQ=="
        }
      ]
    },
    {
      "mode": "managed",
      "type": "kubernetes_secret",
      "name": "influxdb_auth",
      "provider": "provider[\"registry.terraform.io/hashicorp/kubernetes\"]",
      "instances": [
        {
          "schema_version": 0,
          "attributes": {
            "binary_data": null,
            "binary_data_wo": null,
            "binary_data_wo_revision": null,
            "data": {
              "token": "dGVhbTQtZGV2LWFkbWluLXRva2Vu"
            },
            "data_wo": null,
            "data_wo_revision": null,
            "id": "team4/influxdb-auth",
            "immutable": false,
            "metadata": [
              {
                "annotations": {},
                "generate_name": "",
                "generation": 0,
                "labels": {},
                "name": "influxdb-auth",
                "namespace": "team4",
                "resource_version": "27587",
                "uid": "897525d6-a8eb-490d-95b5-0dbc9fe27968"
              }
            ],
            "timeouts": null,
            "type": "Opaque",
            "wait_for_service_account_token": true
          },
          "sensitive_attributes": [
            [
              {
                "type": "get_attr",
                "value": "binary_data"
              }
            ],
            [
              {
                "type": "get_attr",
                "value": "data"
              }
            ]
          ],
          "identity_schema_version": 1,
          "identity": {
            "api_version": "v1",
            "kind": "Secret",
            "name": "influxdb-auth",
            "namespace": "team4"
          },
          "private": "eyJlMmJmYjczMC1lY2FhLTExZTYtOGY4OC0zNDM2M2JjN2M0YzAiOnsiY3JlYXRlIjo2MDAwMDAwMDAwMH19",
          "dependencies": [
            "module.influxdb2.helm_release.influxdb2",
            "module.namespace.kubernetes_namespace_v1.ns"
          ]
        }
      ]
    },
    {
      "mode": "managed",
      "type": "null_resource",
      "name": "wait_for_monitoring_crds",
      "provider": "provider[\"registry.terraform.io/hashicorp/null\"]",
      "instances": [
        {
          "schema_version": 0,
          "attributes": {
            "id": "2231091287481013529",
            "triggers": null
          },
          "sensitive_attributes": [],
          "identity_schema_version": 0,
          "dependencies": [
            "module.monitoring.helm_release.monitoring",
            "module.ns_monitoring.kubernetes_namespace_v1.ns"
          ]
        }
      ]
    },
    {
      "mode": "managed",
      "type": "null_resource",
      "name": "wait_for_strimzi_crds",
      "provider": "provider[\"registry.terraform.io/hashicorp/null\"]",
      "instances": [
        {
          "schema_version": 0,
          "attributes": {
            "id": "63639064586502632",
            "triggers": null
          },
          "sensitive_attributes": [],
          "identity_schema_version": 0,
          "dependencies": [
            "kubernetes_namespace_v1.strimzi",
            "module.strimzi_operator.helm_release.strimzi"
          ]
        }
      ]
    },
    {
      "module": "module.analytics_service",
      "mode": "managed",
      "type": "helm_release",
      "name": "app",
      "provider": "provider[\"registry.terraform.io/hashicorp/helm\"]",
      "instances": [
        {
          "schema_version": 2,
          "attributes": {
            "atomic": false,
            "chart": "./../helm-chart/analytics-service",
            "cleanup_on_fail": false,
            "create_namespace": false,
            "dependency_update": false,
            "description": null,
            "devel": null,
            "disable_crd_hooks": false,
            "disable_openapi_validation": false,
            "disable_webhooks": false,
            "force_update": false,
            "id": "analytics-service",
            "keyring": null,
            "lint": false,
            "manifest": null,
            "max_history": 0,
            "metadata": {
              "app_version": "0.1.0",
              "chart": "analytics-service",
              "first_deployed": 1770640351,
              "last_deployed": 1770714397,
              "name": "analytics-service",
              "namespace": "team4",
              "notes": "",
              "revision": 9,
              "values": "{\"image\":{\"pullPolicy\":\"Always\",\"repository\":\"vanshi29/analytics-service\",\"tag\":\"30b8380\"},\"influxdb\":{\"bucket\":\"analytics\",\"org\":\"team4\",\"password\":\"admin123\",\"token\":\"team4-dev-admin-token\",\"url\":\"http://influxdb2.team4.svc.cluster.local\",\"username\":\"admin\"},\"kafka\":{\"bootstrapServers\":\"team4-kafka-kafka-bootstrap.team4.svc.cluster.local:9092\"},\"podAnnotations\":{\"rollout.nonce\":\"30b8380\"},\"replicaCount\":1,\"service\":{\"port\":8080}}",
              "version": "0.1.0"
            },
            "name": "analytics-service",
            "namespace": "team4",
            "pass_credentials": false,
            "postrender": null,
            "recreate_pods": false,
            "render_subchart_notes": true,
            "replace": false,
            "repository": null,
            "repository_ca_file": null,
            "repository_cert_file": null,
            "repository_key_file": null,
            "repository_password": null,
            "repository_username": null,
            "reset_values": false,
            "resources": null,
            "reuse_values": false,
            "set": null,
            "set_list": null,
            "set_sensitive": null,
            "set_wo": null,
            "set_wo_revision": null,
            "skip_crds": false,
            "status": "deployed",
            "take_ownership": false,
            "timeout": 300,
            "timeouts": null,
            "upgrade_install": false,
            "values": [
              "\"image\":\n  \"pullPolicy\": \"Always\"\n  \"repository\": \"vanshi29/analytics-service\"\n  \"tag\": \"30b8380\"\n\"influxdb\":\n  \"bucket\": \"analytics\"\n  \"org\": \"team4\"\n  \"password\": \"admin123\"\n  \"token\": \"team4-dev-admin-token\"\n  \"url\": \"http://influxdb2.team4.svc.cluster.local\"\n  \"username\": \"admin\"\n\"kafka\":\n  \"bootstrapServers\": \"team4-kafka-kafka-bootstrap.team4.svc.cluster.local:9092\"\n\"podAnnotations\":\n  \"rollout.nonce\": \"30b8380\"\n\"replicaCount\": 1\n\"service\":\n  \"port\": 8080\n"
            ],
            "verify": false,
            "version": "0.1.0",
            "wait": true,
            "wait_for_jobs": false
          },
          "sensitive_attributes": [
            [
              {
                "type": "get_attr",
                "value": "repository_password"
              }
            ]
          ],
          "identity_schema_version": 0,
          "identity": {
            "namespace": "team4",
            "release_name": "analytics-service"
          },
          "dependencies": [
            "kubernetes_namespace_v1.strimzi",
            "module.influxdb2.helm_release.influxdb2",
            "module.kafka.kubernetes_manifest.kafka_cluster",
            "module.kafka.kubernetes_manifest.kafka_metrics_cm",
            "module.kafka.kubernetes_manifest.kafka_nodepool_dualrole",
            "module.namespace.kubernetes_namespace_v1.ns",
            "module.strimzi_operator.helm_release.strimzi",
            "null_resource.wait_for_strimzi_crds"
          ]
        }
      ]
    },
    {
      "module": "module.elasticsearch",
      "mode": "managed",
      "type": "helm_release",
      "name": "elasticsearch",
      "provider": "provider[\"registry.terraform.io/hashicorp/helm\"]",
      "instances": [
        {
          "schema_version": 2,
          "attributes": {
            "atomic": true,
            "chart": "elasticsearch",
            "cleanup_on_fail": true,
            "create_namespace": false,
            "dependency_update": false,
            "description": null,
            "devel": null,
            "disable_crd_hooks": false,
            "disable_openapi_validation": false,
            "disable_webhooks": false,
            "force_update": true,
            "id": "elasticsearch",
            "keyring": null,
            "lint": false,
            "manifest": null,
            "max_history": 0,
            "metadata": {
              "app_version": "8.5.1",
              "chart": "elasticsearch",
              "first_deployed": 1770640319,
              "last_deployed": 1770640319,
              "name": "elasticsearch",
              "namespace": "observability",
              "notes": "1. Watch all cluster members come up.\n  $ kubectl get pods --namespace=observability -l app=elasticsearch-master -w\n2. Retrieve elastic user's password.\n  $ kubectl get secrets --namespace=observability elasticsearch-master-credentials -ojsonpath='{.data.password}' | base64 -d\n3. Test cluster health using Helm test.\n  $ helm --namespace=observability test elasticsearch",
              "revision": 1,
              "values": "{\"esConfig\":{\"elasticsearch.yml\":\"xpack.security.enabled: true\\nxpack.security.http.ssl.enabled: true\\nxpack.security.transport.ssl.enabled: true\\nnode.store.allow_mmap: false\\n\"},\"esJavaOpts\":\"-Xms1g -Xmx1g\",\"podSecurityContext\":{\"fsGroup\":1000},\"replicas\":1,\"resources\":{\"limits\":{\"cpu\":\"1\",\"memory\":\"3Gi\"},\"requests\":{\"cpu\":\"200m\",\"memory\":\"1.5Gi\"}},\"volumeClaimTemplate\":{\"accessModes\":[\"ReadWriteOnce\"],\"resources\":{\"requests\":{\"storage\":\"10Gi\"}},\"storageClassName\":\"local-path\"},\"volumePermissions\":{\"enabled\":true}}",
              "version": "8.5.1"
            },
            "name": "elasticsearch",
            "namespace": "observability",
            "pass_credentials": false,
            "postrender": null,
            "recreate_pods": false,
            "render_subchart_notes": true,
            "replace": true,
            "repository": "https://helm.elastic.co",
            "repository_ca_file": null,
            "repository_cert_file": null,
            "repository_key_file": null,
            "repository_password": null,
            "repository_username": null,
            "reset_values": false,
            "resources": null,
            "reuse_values": false,
            "set": null,
            "set_list": null,
            "set_sensitive": null,
            "set_wo": null,
            "set_wo_revision": null,
            "skip_crds": false,
            "status": "deployed",
            "take_ownership": false,
            "timeout": 600,
            "timeouts": null,
            "upgrade_install": false,
            "values": [
              "replicas: 1\n\nesJavaOpts: \"-Xms1g -Xmx1g\"\n\n\nvolumePermissions:\n  enabled: true\n\n# --- Ensure pod can read/write the PVC as uid 1000 (elasticsearch user) ---\npodSecurityContext:\n  fsGroup: 1000\n\n\n# Local dev resources\nresources:\n  requests:\n    cpu: \"200m\"\n    memory: \"1.5Gi\"\n  limits:\n    cpu: \"1\"\n    memory: \"3Gi\"\n\n# PVC works on Rancher Desktop's local-path\nvolumeClaimTemplate:\n  storageClassName: \"local-path\"     # kubectl get storageclass to confirm\n  accessModes: [\"ReadWriteOnce\"]\n  resources:\n    requests:\n      storage: 10Gi\n\n# Remain secure + single-node + mmap off for macOS/containerd\n\nesConfig:\n  elasticsearch.yml: |\n    xpack.security.enabled: true\n    xpack.security.http.ssl.enabled: true\n    xpack.security.transport.ssl.enabled: true\n    node.store.allow_mmap: false\n    \n"
            ],
            "verify": false,
            "version": "8.5.1",
            "wait": true,
            "wait_for_jobs": false
          },
          "sensitive_attributes": [
            [
              {
                "type": "get_attr",
                "value": "repository_password"
              }
            ]
          ],
          "identity_schema_version": 0,
          "identity": {
            "namespace": "observability",
            "release_name": "elasticsearch"
          },
          "dependencies": [
            "module.ns_observability.kubernetes_namespace_v1.ns"
          ]
        }
      ]
    },
    {
      "module": "module.filebeat",
      "mode": "managed",
      "type": "helm_release",
      "name": "filebeat",
      "provider": "provider[\"registry.terraform.io/hashicorp/helm\"]",
      "instances": [
        {
          "schema_version": 2,
          "attributes": {
            "atomic": false,
            "chart": "filebeat",
            "cleanup_on_fail": false,
            "create_namespace": false,
            "dependency_update": false,
            "description": null,
            "devel": null,
            "disable_crd_hooks": false,
            "disable_openapi_validation": false,
            "disable_webhooks": false,
            "force_update": false,
            "id": "filebeat",
            "keyring": null,
            "lint": false,
            "manifest": null,
            "max_history": 0,
            "metadata": {
              "app_version": "8.5.1",
              "chart": "filebeat",
              "first_deployed": 1770640378,
              "last_deployed": 1770640378,
              "name": "filebeat",
              "namespace": "observability",
              "notes": "1. Watch all containers come up.\n  $ kubectl get pods --namespace=observability -l app=filebeat-filebeat -w\n",
              "revision": 1,
              "values": "{\"daemonset\":{\"enabled\":true,\"podSecurityContext\":{\"runAsUser\":0}},\"deployment\":{\"enabled\":false},\"extraEnvs\":[{\"name\":\"ES_PASSWORD\",\"valueFrom\":{\"secretKeyRef\":{\"key\":\"password\",\"name\":\"elasticsearch-master-credentials\"}}},{\"name\":\"NODE_NAME\",\"valueFrom\":{\"fieldRef\":{\"fieldPath\":\"spec.nodeName\"}}}],\"extraInitContainers\":[{\"command\":[\"sh\",\"-c\",\"rm -f /usr/share/filebeat/data/filebeat.lock || true\"],\"image\":\"busybox:1.36\",\"name\":\"remove-stale-lock\"}],\"extraVolumeMounts\":[{\"mountPath\":\"/var/log/containers\",\"name\":\"varlogcontainers\",\"readOnly\":true},{\"mountPath\":\"/var/log/pods\",\"name\":\"varlogpods\",\"readOnly\":true}],\"extraVolumes\":[{\"hostPath\":{\"path\":\"/var/log/containers\",\"type\":\"\"},\"name\":\"varlogcontainers\"},{\"hostPath\":{\"path\":\"/var/log/pods\",\"type\":\"\"},\"name\":\"varlogpods\"}],\"filebeatConfig\":{\"filebeat.yml\":\"filebeat.inputs:\\n  - type: container\\n    enabled: true\\n    paths:\\n      - /var/log/containers/*.log\\n\\n    processors:\\n      - add_kubernetes_metadata:\\n          host: ${NODE_NAME}\\n          matchers:\\n            - logs_path:\\n                logs_path: \\\"/var/log/containers/\\\"\\n\\n      - drop_event:\\n          when:\\n            not:\\n              equals:\\n                kubernetes.namespace: \\\"team4\\\"\\n\\n      # CRI prefix handling\\n      - dissect:\\n          when:\\n            regexp:\\n              message: '^\\\\d{4}-\\\\d{2}-\\\\d{2}T'\\n          tokenizer: \\\"%{cri_ts} %{cri_stream} %{cri_flag} %{json_message}\\\"\\n          field: \\\"message\\\"\\n          target_prefix: \\\"\\\"\\n\\n      # Decode JSON from CRI payload\\n      - decode_json_fields:\\n          when:\\n            regexp:\\n              json_message: '^\\\\s*\\\\{'\\n          fields: [\\\"json_message\\\"]\\n          target: \\\"app\\\"\\n          overwrite_keys: false\\n          add_error_key: true\\n\\n      # Decode JSON when message is already JSON\\n      - decode_json_fields:\\n          when:\\n            regexp:\\n              message: '^\\\\s*\\\\{'\\n          fields: [\\\"message\\\"]\\n          target: \\\"app\\\"\\n          overwrite_keys: false\\n          add_error_key: true\\n\\n      # Promote fields to ECS\\n      - rename:\\n          when:\\n            has_fields: [\\\"app.level\\\"]\\n          fields:\\n            - from: \\\"app.level\\\"\\n              to: \\\"log.level\\\"\\n          ignore_missing: true\\n          fail_on_error: false\\n\\n      - rename:\\n          when:\\n            and:\\n              - has_fields: [\\\"app.service\\\"]\\n              - not:\\n                  has_fields: [\\\"service.name\\\"]\\n          fields:\\n            - from: \\\"app.service\\\"\\n              to: \\\"service.name\\\"\\n          ignore_missing: true\\n          fail_on_error: false\\n\\n      - rename:\\n          when:\\n            has_fields: [\\\"app.trace_id\\\"]\\n          fields:\\n            - from: \\\"app.trace_id\\\"\\n              to: \\\"trace.id\\\"\\n          ignore_missing: true\\n          fail_on_error: false\\n\\n      # ✅ FINAL FIX (correct JS syntax for Filebeat):\\n      # Replace message JSON blob with app.message if present\\n      - script:\\n          lang: javascript\\n          id: set_message_from_app\\n          source: \\u003e\\n            function process(event) {\\n              var m = event.Get(\\\"app.message\\\");\\n              if (m !== null \\u0026\\u0026 m !== undefined) {\\n                event.Put(\\\"message\\\", m);\\n              }\\n            }\\n\\n      # Cleanup helper fields\\n      - drop_fields:\\n          fields: [\\\"json_message\\\", \\\"cri_ts\\\", \\\"cri_stream\\\", \\\"cri_flag\\\"]\\n          ignore_missing: true\\n\\noutput.elasticsearch:\\n  hosts: [\\\"https://elasticsearch-master.observability.svc.cluster.local:9200\\\"]\\n  username: \\\"elastic\\\"\\n  password: \\\"${ES_PASSWORD}\\\"\\n  ssl.verification_mode: \\\"none\\\"\\n  index: \\\"logs-team4-v1-%{+yyyy.MM.dd}\\\"\\n\\nsetup.template.enabled: false\\nsetup.ilm.enabled: false\\n\"},\"hostPath\":{\"enabled\":false}}",
              "version": "8.5.1"
            },
            "name": "filebeat",
            "namespace": "observability",
            "pass_credentials": false,
            "postrender": null,
            "recreate_pods": false,
            "render_subchart_notes": true,
            "replace": false,
            "repository": "https://helm.elastic.co",
            "repository_ca_file": null,
            "repository_cert_file": null,
            "repository_key_file": null,
            "repository_password": null,
            "repository_username": null,
            "reset_values": false,
            "resources": null,
            "reuse_values": false,
            "set": null,
            "set_list": null,
            "set_sensitive": null,
            "set_wo": null,
            "set_wo_revision": null,
            "skip_crds": false,
            "status": "deployed",
            "take_ownership": false,
            "timeout": 600,
            "timeouts": null,
            "upgrade_install": false,
            "values": [
              "daemonset:\n  enabled: true\n  podSecurityContext:\n    runAsUser: 0\n\ndeployment:\n  enabled: false\n\nhostPath:\n  enabled: false\n\nextraEnvs:\n  - name: ES_PASSWORD\n    valueFrom:\n      secretKeyRef:\n        name: elasticsearch-master-credentials\n        key: password\n\n  - name: NODE_NAME\n    valueFrom:\n      fieldRef:\n        fieldPath: spec.nodeName\n\nextraInitContainers:\n  - name: remove-stale-lock\n    image: busybox:1.36\n    command:\n      - sh\n      - -c\n      - rm -f /usr/share/filebeat/data/filebeat.lock || true\n\nfilebeatConfig:\n  filebeat.yml: |\n    filebeat.inputs:\n      - type: container\n        enabled: true\n        paths:\n          - /var/log/containers/*.log\n\n        processors:\n          - add_kubernetes_metadata:\n              host: ${NODE_NAME}\n              matchers:\n                - logs_path:\n                    logs_path: \"/var/log/containers/\"\n\n          - drop_event:\n              when:\n                not:\n                  equals:\n                    kubernetes.namespace: \"team4\"\n\n          # CRI prefix handling\n          - dissect:\n              when:\n                regexp:\n                  message: '^\\d{4}-\\d{2}-\\d{2}T'\n              tokenizer: \"%{cri_ts} %{cri_stream} %{cri_flag} %{json_message}\"\n              field: \"message\"\n              target_prefix: \"\"\n\n          # Decode JSON from CRI payload\n          - decode_json_fields:\n              when:\n                regexp:\n                  json_message: '^\\s*\\{'\n              fields: [\"json_message\"]\n              target: \"app\"\n              overwrite_keys: false\n              add_error_key: true\n\n          # Decode JSON when message is already JSON\n          - decode_json_fields:\n              when:\n                regexp:\n                  message: '^\\s*\\{'\n              fields: [\"message\"]\n              target: \"app\"\n              overwrite_keys: false\n              add_error_key: true\n\n          # Promote fields to ECS\n          - rename:\n              when:\n                has_fields: [\"app.level\"]\n              fields:\n                - from: \"app.level\"\n                  to: \"log.level\"\n              ignore_missing: true\n              fail_on_error: false\n\n          - rename:\n              when:\n                and:\n                  - has_fields: [\"app.service\"]\n                  - not:\n                      has_fields: [\"service.name\"]\n              fields:\n                - from: \"app.service\"\n                  to: \"service.name\"\n              ignore_missing: true\n              fail_on_error: false\n\n          - rename:\n              when:\n                has_fields: [\"app.trace_id\"]\n              fields:\n                - from: \"app.trace_id\"\n                  to: \"trace.id\"\n              ignore_missing: true\n              fail_on_error: false\n\n          # ✅ FINAL FIX (correct JS syntax for Filebeat):\n          # Replace message JSON blob with app.message if present\n          - script:\n              lang: javascript\n              id: set_message_from_app\n              source: \u003e\n                function process(event) {\n                  var m = event.Get(\"app.message\");\n                  if (m !== null \u0026\u0026 m !== undefined) {\n                    event.Put(\"message\", m);\n                  }\n                }\n\n          # Cleanup helper fields\n          - drop_fields:\n              fields: [\"json_message\", \"cri_ts\", \"cri_stream\", \"cri_flag\"]\n              ignore_missing: true\n\n    output.elasticsearch:\n      hosts: [\"https://elasticsearch-master.observability.svc.cluster.local:9200\"]\n      username: \"elastic\"\n      password: \"${ES_PASSWORD}\"\n      ssl.verification_mode: \"none\"\n      index: \"logs-team4-v1-%{+yyyy.MM.dd}\"\n\n    setup.template.enabled: false\n    setup.ilm.enabled: false\n\nextraVolumes:\n  - name: varlogcontainers\n    hostPath:\n      path: /var/log/containers\n      type: \"\"\n\n  - name: varlogpods\n    hostPath:\n      path: /var/log/pods\n      type: \"\"\n\nextraVolumeMounts:\n  - name: varlogcontainers\n    mountPath: /var/log/containers\n    readOnly: true\n\n  - name: varlogpods\n    mountPath: /var/log/pods\n    readOnly: true"
            ],
            "verify": false,
            "version": "8.5.1",
            "wait": true,
            "wait_for_jobs": false
          },
          "sensitive_attributes": [
            [
              {
                "type": "get_attr",
                "value": "repository_password"
              }
            ]
          ],
          "identity_schema_version": 0,
          "identity": {
            "namespace": "observability",
            "release_name": "filebeat"
          },
          "dependencies": [
            "module.elasticsearch.helm_release.elasticsearch",
            "module.ns_observability.kubernetes_namespace_v1.ns"
          ]
        }
      ]
    },
    {
      "module": "module.influxdb2",
      "mode": "managed",
      "type": "helm_release",
      "name": "influxdb2",
      "provider": "provider[\"registry.terraform.io/hashicorp/helm\"]",
      "instances": [
        {
          "schema_version": 2,
          "attributes": {
            "atomic": false,
            "chart": "influxdb2",
            "cleanup_on_fail": false,
            "create_namespace": false,
            "dependency_update": false,
            "description": null,
            "devel": null,
            "disable_crd_hooks": false,
            "disable_openapi_validation": false,
            "disable_webhooks": false,
            "force_update": false,
            "id": "influxdb2",
            "keyring": null,
            "lint": false,
            "manifest": null,
            "max_history": 0,
            "metadata": {
              "app_version": "2.7.4",
              "chart": "influxdb2",
              "first_deployed": 1770640326,
              "last_deployed": 1770640326,
              "name": "influxdb2",
              "namespace": "team4",
              "notes": "InfluxDB 2 is deployed as a StatefulSet on your cluster.\n\nYou can access it by using the service name: influxdb2\n\nTo retrieve the password for the 'admin' user:\n\n  echo $(kubectl get secret influxdb2-auth -o \"jsonpath={.data['admin-password']}\" --namespace team4 | base64 --decode)\n\nNote: with enabled persistence, admin password is only set once during the initial deployment. The password is not changed when InfluxDB 2 is re-deployed with different password.\n",
              "revision": 1,
              "values": "{\"adminUser\":{\"bucket\":\"analytics\",\"organization\":\"team4\",\"password\":\"admin123\",\"token\":\"team4-dev-admin-token\",\"user\":\"admin\"},\"persistence\":{\"enabled\":false},\"service\":{\"type\":\"ClusterIP\"}}",
              "version": "2.1.2"
            },
            "name": "influxdb2",
            "namespace": "team4",
            "pass_credentials": false,
            "postrender": null,
            "recreate_pods": false,
            "render_subchart_notes": true,
            "replace": false,
            "repository": "https://helm.influxdata.com",
            "repository_ca_file": null,
            "repository_cert_file": null,
            "repository_key_file": null,
            "repository_password": null,
            "repository_username": null,
            "reset_values": false,
            "resources": null,
            "reuse_values": false,
            "set": null,
            "set_list": null,
            "set_sensitive": null,
            "set_wo": null,
            "set_wo_revision": null,
            "skip_crds": false,
            "status": "deployed",
            "take_ownership": false,
            "timeout": 300,
            "timeouts": null,
            "upgrade_install": false,
            "values": [
              "\"adminUser\":\n  \"bucket\": \"analytics\"\n  \"organization\": \"team4\"\n  \"password\": \"admin123\"\n  \"token\": \"team4-dev-admin-token\"\n  \"user\": \"admin\"\n\"persistence\":\n  \"enabled\": false\n\"service\":\n  \"type\": \"ClusterIP\"\n"
            ],
            "verify": false,
            "version": "2.1.2",
            "wait": true,
            "wait_for_jobs": false
          },
          "sensitive_attributes": [
            [
              {
                "type": "get_attr",
                "value": "repository_password"
              }
            ]
          ],
          "identity_schema_version": 0,
          "identity": {
            "namespace": "team4",
            "release_name": "influxdb2"
          },
          "dependencies": [
            "module.namespace.kubernetes_namespace_v1.ns"
          ]
        }
      ]
    },
    {
      "module": "module.jaeger",
      "mode": "managed",
      "type": "helm_release",
      "name": "jaeger",
      "provider": "provider[\"registry.terraform.io/hashicorp/helm\"]",
      "instances": [
        {
          "schema_version": 2,
          "attributes": {
            "atomic": true,
            "chart": "jaeger",
            "cleanup_on_fail": true,
            "create_namespace": false,
            "dependency_update": false,
            "description": null,
            "devel": null,
            "disable_crd_hooks": false,
            "disable_openapi_validation": false,
            "disable_webhooks": false,
            "force_update": true,
            "id": "jaeger",
            "keyring": null,
            "lint": false,
            "manifest": null,
            "max_history": 0,
            "metadata": {
              "app_version": "2.14.1",
              "chart": "jaeger",
              "first_deployed": 1770640321,
              "last_deployed": 1770640321,
              "name": "jaeger",
              "namespace": "monitoring",
              "notes": "###################################################################\n### ⚠️  EXPERIMENTAL - NO STABILITY GUARANTEES                  ###\n###                                                             ###\n### This chart is under active development.                     ###\n### Breaking changes may occur in minor versions.               ###\n###                                                             ###\n### See README.md for configuration details.                    ###\n###################################################################\n\n🚀 Congratulations on successfully installing Jaeger v2.14.1 (Chart v4.4.2)!\n\nTo access the query UI:\n  export POD_NAME=$(kubectl get pods --namespace monitoring -l \"app.kubernetes.io/instance=jaeger,app.kubernetes.io/component=all-in-one\" -o jsonpath=\"{.items[0].metadata.name}\")\n  kubectl port-forward --namespace monitoring $POD_NAME 16686:16686 --address 0.0.0.0 \u0026\n  Visit http://127.0.0.1:16686/\n",
              "revision": 1,
              "values": "{\"config\":{\"extensions\":{\"healthcheckv2\":{\"http\":{\"endpoint\":\"0.0.0.0:13133\"},\"use_v2\":true},\"jaeger_storage\":{\"memory\":{\"max_traces\":100000},\"type\":\"memory\"}},\"processors\":{\"batch\":{}},\"receivers\":{\"jaeger\":{\"protocols\":{\"grpc\":{},\"thrift_http\":{}}},\"otlp\":{\"protocols\":{\"grpc\":{\"endpoint\":\"0.0.0.0:4317\"},\"http\":{\"endpoint\":\"0.0.0.0:4318\"}}},\"zipkin\":{}},\"service\":{\"extensions\":[\"jaeger_storage\",\"healthcheckv2\"],\"pipelines\":{\"traces\":{\"exporters\":[\"jaeger_storage_exporter\"],\"processors\":[\"batch\"],\"receivers\":[\"otlp\",\"jaeger\",\"zipkin\"]}}}},\"replicaCount\":1,\"resources\":{\"limits\":{\"cpu\":\"500m\",\"memory\":\"512Mi\"},\"requests\":{\"cpu\":\"100m\",\"memory\":\"256Mi\"}}}",
              "version": "4.4.2"
            },
            "name": "jaeger",
            "namespace": "monitoring",
            "pass_credentials": false,
            "postrender": null,
            "recreate_pods": false,
            "render_subchart_notes": true,
            "replace": true,
            "repository": "https://jaegertracing.github.io/helm-charts",
            "repository_ca_file": null,
            "repository_cert_file": null,
            "repository_key_file": null,
            "repository_password": null,
            "repository_username": null,
            "reset_values": false,
            "resources": null,
            "reuse_values": false,
            "set": null,
            "set_list": null,
            "set_sensitive": null,
            "set_wo": null,
            "set_wo_revision": null,
            "skip_crds": false,
            "status": "deployed",
            "take_ownership": false,
            "timeout": 600,
            "timeouts": null,
            "upgrade_install": false,
            "values": [
              "# terraform/modules/logging/jaeger/values.yaml\nreplicaCount: 1\n\nresources:\n  requests: { cpu: 100m, memory: 256Mi }\n  limits:   { cpu: 500m, memory: 512Mi }\n\n# Jaeger v2 unified config (built on OTel Collector)\nconfig:\n  receivers:\n    otlp:\n      protocols:\n        grpc:\n          endpoint: 0.0.0.0:4317\n        http:\n          endpoint: 0.0.0.0:4318\n    jaeger:\n      protocols:\n        grpc: {}\n        thrift_http: {}\n    zipkin: {}\n\n  processors:\n    batch: {}\n\n  extensions:\n    jaeger_storage:\n      type: memory                 # For milestone demo; swap to ES/Cassandra later\n      memory:\n        max_traces: 100000\n    healthcheckv2:\n      use_v2: true\n      http:\n        endpoint: 0.0.0.0:13133\n\n  service:\n    extensions: [jaeger_storage, healthcheckv2]\n    pipelines:\n      traces:\n        receivers:  [otlp, jaeger, zipkin]\n        processors: [batch]\n        exporters:  [jaeger_storage_exporter]"
            ],
            "verify": false,
            "version": "4.4.2",
            "wait": true,
            "wait_for_jobs": false
          },
          "sensitive_attributes": [
            [
              {
                "type": "get_attr",
                "value": "repository_password"
              }
            ]
          ],
          "identity_schema_version": 0,
          "identity": {
            "namespace": "monitoring",
            "release_name": "jaeger"
          },
          "dependencies": [
            "module.ns_monitoring.kubernetes_namespace_v1.ns"
          ]
        }
      ]
    },
    {
      "module": "module.kafka",
      "mode": "managed",
      "type": "kubernetes_manifest",
      "name": "kafka_cluster",
      "provider": "provider[\"registry.terraform.io/hashicorp/kubernetes\"]",
      "instances": [
        {
          "schema_version": 1,
          "attributes": {
            "computed_fields": null,
            "field_manager": [
              {
                "force_conflicts": true,
                "name": "terraform"
              }
            ],
            "manifest": {
              "value": {
                "apiVersion": "kafka.strimzi.io/v1beta2",
                "kind": "Kafka",
                "metadata": {
                  "name": "team4-kafka",
                  "namespace": "team4"
                },
                "spec": {
                  "entityOperator": {
                    "topicOperator": {},
                    "userOperator": {}
                  },
                  "kafka": {
                    "config": {
                      "default.replication.factor": 1,
                      "min.insync.replicas": 1,
                      "offsets.topic.replication.factor": 1,
                      "transaction.state.log.min.isr": 1,
                      "transaction.state.log.replication.factor": 1
                    },
                    "listeners": [
                      {
                        "name": "plain",
                        "port": 9092,
                        "tls": false,
                        "type": "internal"
                      }
                    ]
                  },
                  "kafkaExporter": {
                    "groupRegex": ".*",
                    "topicRegex": ".*"
                  }
                }
              },
              "type": [
                "object",
                {
                  "apiVersion": "string",
                  "kind": "string",
                  "metadata": [
                    "object",
                    {
                      "name": "string",
                      "namespace": "string"
                    }
                  ],
                  "spec": [
                    "object",
                    {
                      "entityOperator": [
                        "object",
                        {
                          "topicOperator": [
                            "object",
                            {}
                          ],
                          "userOperator": [
                            "object",
                            {}
                          ]
                        }
                      ],
                      "kafka": [
                        "object",
                        {
                          "config": [
                            "object",
                            {
                              "default.replication.factor": "number",
                              "min.insync.replicas": "number",
                              "offsets.topic.replication.factor": "number",
                              "transaction.state.log.min.isr": "number",
                              "transaction.state.log.replication.factor": "number"
                            }
                          ],
                          "listeners": [
                            "tuple",
                            [
                              [
                                "object",
                                {
                                  "name": "string",
                                  "port": "number",
                                  "tls": "bool",
                                  "type": "string"
                                }
                              ]
                            ]
                          ]
                        }
                      ],
                      "kafkaExporter": [
                        "object",
                        {
                          "groupRegex": "string",
                          "topicRegex": "string"
                        }
                      ]
                    }
                  ]
                }
              ]
            },
            "object": {
              "value": {
                "apiVersion": "kafka.strimzi.io/v1beta2",
                "kind": "Kafka",
                "metadata": {
                  "annotations": null,
                  "creationTimestamp": null,
                  "deletionGracePeriodSeconds": null,
                  "deletionTimestamp": null,
                  "finalizers": null,
                  "generateName": null,
                  "generation": null,
                  "labels": null,
                  "managedFields": null,
                  "name": "team4-kafka",
                  "namespace": "team4",
                  "ownerReferences": null,
                  "resourceVersion": null,
                  "selfLink": null,
                  "uid": null
                },
                "spec": {
                  "clientsCa": {
                    "certificateExpirationPolicy": null,
                    "generateCertificateAuthority": null,
                    "generateSecretOwnerReference": null,
                    "renewalDays": null,
                    "validityDays": null
                  },
                  "clusterCa": {
                    "certificateExpirationPolicy": null,
                    "generateCertificateAuthority": null,
                    "generateSecretOwnerReference": null,
                    "renewalDays": null,
                    "validityDays": null
                  },
                  "cruiseControl": {
                    "apiUsers": {
                      "type": null,
                      "valueFrom": {
                        "secretKeyRef": {
                          "key": null,
                          "name": null,
                          "optional": null
                        }
                      }
                    },
                    "autoRebalance": null,
                    "brokerCapacity": {
                      "cpu": null,
                      "cpuUtilization": null,
                      "disk": null,
                      "inboundNetwork": null,
                      "outboundNetwork": null,
                      "overrides": null
                    },
                    "config": null,
                    "image": null,
                    "jvmOptions": {
                      "-XX": null,
                      "-Xms": null,
                      "-Xmx": null,
                      "gcLoggingEnabled": null,
                      "javaSystemProperties": null
                    },
                    "livenessProbe": {
                      "failureThreshold": null,
                      "initialDelaySeconds": null,
                      "periodSeconds": null,
                      "successThreshold": null,
                      "timeoutSeconds": null
                    },
                    "logging": {
                      "loggers": null,
                      "type": null,
                      "valueFrom": {
                        "configMapKeyRef": {
                          "key": null,
                          "name": null,
                          "optional": null
                        }
                      }
                    },
                    "metricsConfig": {
                      "type": null,
                      "valueFrom": {
                        "configMapKeyRef": {
                          "key": null,
                          "name": null,
                          "optional": null
                        }
                      },
                      "values": {
                        "allowList": null
                      }
                    },
                    "readinessProbe": {
                      "failureThreshold": null,
                      "initialDelaySeconds": null,
                      "periodSeconds": null,
                      "successThreshold": null,
                      "timeoutSeconds": null
                    },
                    "resources": {
                      "claims": null,
                      "limits": null,
                      "requests": null
                    },
                    "template": {
                      "apiService": {
                        "ipFamilies": null,
                        "ipFamilyPolicy": null,
                        "metadata": {
                          "annotations": null,
                          "labels": null
                        }
                      },
                      "cruiseControlContainer": {
                        "env": null,
                        "securityContext": {
                          "allowPrivilegeEscalation": null,
                          "appArmorProfile": {
                            "localhostProfile": null,
                            "type": null
                          },
                          "capabilities": {
                            "add": null,
                            "drop": null
                          },
                          "privileged": null,
                          "procMount": null,
                          "readOnlyRootFilesystem": null,
                          "runAsGroup": null,
                          "runAsNonRoot": null,
                          "runAsUser": null,
                          "seLinuxOptions": {
                            "level": null,
                            "role": null,
                            "type": null,
                            "user": null
                          },
                          "seccompProfile": {
                            "localhostProfile": null,
                            "type": null
                          },
                          "windowsOptions": {
                            "gmsaCredentialSpec": null,
                            "gmsaCredentialSpecName": null,
                            "hostProcess": null,
                            "runAsUserName": null
                          }
                        },
                        "volumeMounts": null
                      },
                      "deployment": {
                        "deploymentStrategy": null,
                        "metadata": {
                          "annotations": null,
                          "labels": null
                        }
                      },
                      "pod": {
                        "affinity": {
                          "nodeAffinity": {
                            "preferredDuringSchedulingIgnoredDuringExecution": null,
                            "requiredDuringSchedulingIgnoredDuringExecution": {
                              "nodeSelectorTerms": null
                            }
                          },
                          "podAffinity": {
                            "preferredDuringSchedulingIgnoredDuringExecution": null,
                            "requiredDuringSchedulingIgnoredDuringExecution": null
                          },
                          "podAntiAffinity": {
                            "preferredDuringSchedulingIgnoredDuringExecution": null,
                            "requiredDuringSchedulingIgnoredDuringExecution": null
                          }
                        },
                        "dnsConfig": {
                          "nameservers": null,
                          "options": null,
                          "searches": null
                        },
                        "dnsPolicy": null,
                        "enableServiceLinks": null,
                        "hostAliases": null,
                        "imagePullSecrets": null,
                        "metadata": {
                          "annotations": null,
                          "labels": null
                        },
                        "priorityClassName": null,
                        "schedulerName": null,
                        "securityContext": {
                          "appArmorProfile": {
                            "localhostProfile": null,
                            "type": null
                          },
                          "fsGroup": null,
                          "fsGroupChangePolicy": null,
                          "runAsGroup": null,
                          "runAsNonRoot": null,
                          "runAsUser": null,
                          "seLinuxChangePolicy": null,
                          "seLinuxOptions": {
                            "level": null,
                            "role": null,
                            "type": null,
                            "user": null
                          },
                          "seccompProfile": {
                            "localhostProfile": null,
                            "type": null
                          },
                          "supplementalGroups": null,
                          "supplementalGroupsPolicy": null,
                          "sysctls": null,
                          "windowsOptions": {
                            "gmsaCredentialSpec": null,
                            "gmsaCredentialSpecName": null,
                            "hostProcess": null,
                            "runAsUserName": null
                          }
                        },
                        "terminationGracePeriodSeconds": null,
                        "tmpDirSizeLimit": null,
                        "tolerations": null,
                        "topologySpreadConstraints": null,
                        "volumes": null
                      },
                      "podDisruptionBudget": {
                        "maxUnavailable": null,
                        "metadata": {
                          "annotations": null,
                          "labels": null
                        }
                      },
                      "serviceAccount": {
                        "metadata": {
                          "annotations": null,
                          "labels": null
                        }
                      },
                      "tlsSidecarContainer": {
                        "env": null,
                        "securityContext": {
                          "allowPrivilegeEscalation": null,
                          "appArmorProfile": {
                            "localhostProfile": null,
                            "type": null
                          },
                          "capabilities": {
                            "add": null,
                            "drop": null
                          },
                          "privileged": null,
                          "procMount": null,
                          "readOnlyRootFilesystem": null,
                          "runAsGroup": null,
                          "runAsNonRoot": null,
                          "runAsUser": null,
                          "seLinuxOptions": {
                            "level": null,
                            "role": null,
                            "type": null,
                            "user": null
                          },
                          "seccompProfile": {
                            "localhostProfile": null,
                            "type": null
                          },
                          "windowsOptions": {
                            "gmsaCredentialSpec": null,
                            "gmsaCredentialSpecName": null,
                            "hostProcess": null,
                            "runAsUserName": null
                          }
                        },
                        "volumeMounts": null
                      }
                    },
                    "tlsSidecar": {
                      "image": null,
                      "livenessProbe": {
                        "failureThreshold": null,
                        "initialDelaySeconds": null,
                        "periodSeconds": null,
                        "successThreshold": null,
                        "timeoutSeconds": null
                      },
                      "logLevel": null,
                      "readinessProbe": {
                        "failureThreshold": null,
                        "initialDelaySeconds": null,
                        "periodSeconds": null,
                        "successThreshold": null,
                        "timeoutSeconds": null
                      },
                      "resources": {
                        "claims": null,
                        "limits": null,
                        "requests": null
                      }
                    }
                  },
                  "entityOperator": {
                    "template": {
                      "deployment": {
                        "deploymentStrategy": null,
                        "metadata": {
                          "annotations": null,
                          "labels": null
                        }
                      },
                      "entityOperatorRole": {
                        "metadata": {
                          "annotations": null,
                          "labels": null
                        }
                      },
                      "pod": {
                        "affinity": {
                          "nodeAffinity": {
                            "preferredDuringSchedulingIgnoredDuringExecution": null,
                            "requiredDuringSchedulingIgnoredDuringExecution": {
                              "nodeSelectorTerms": null
                            }
                          },
                          "podAffinity": {
                            "preferredDuringSchedulingIgnoredDuringExecution": null,
                            "requiredDuringSchedulingIgnoredDuringExecution": null
                          },
                          "podAntiAffinity": {
                            "preferredDuringSchedulingIgnoredDuringExecution": null,
                            "requiredDuringSchedulingIgnoredDuringExecution": null
                          }
                        },
                        "dnsConfig": {
                          "nameservers": null,
                          "options": null,
                          "searches": null
                        },
                        "dnsPolicy": null,
                        "enableServiceLinks": null,
                        "hostAliases": null,
                        "imagePullSecrets": null,
                        "metadata": {
                          "annotations": null,
                          "labels": null
                        },
                        "priorityClassName": null,
                        "schedulerName": null,
                        "securityContext": {
                          "appArmorProfile": {
                            "localhostProfile": null,
                            "type": null
                          },
                          "fsGroup": null,
                          "fsGroupChangePolicy": null,
                          "runAsGroup": null,
                          "runAsNonRoot": null,
                          "runAsUser": null,
                          "seLinuxChangePolicy": null,
                          "seLinuxOptions": {
                            "level": null,
                            "role": null,
                            "type": null,
                            "user": null
                          },
                          "seccompProfile": {
                            "localhostProfile": null,
                            "type": null
                          },
                          "supplementalGroups": null,
                          "supplementalGroupsPolicy": null,
                          "sysctls": null,
                          "windowsOptions": {
                            "gmsaCredentialSpec": null,
                            "gmsaCredentialSpecName": null,
                            "hostProcess": null,
                            "runAsUserName": null
                          }
                        },
                        "terminationGracePeriodSeconds": null,
                        "tmpDirSizeLimit": null,
                        "tolerations": null,
                        "topologySpreadConstraints": null,
                        "volumes": null
                      },
                      "podDisruptionBudget": {
                        "maxUnavailable": null,
                        "metadata": {
                          "annotations": null,
                          "labels": null
                        }
                      },
                      "serviceAccount": {
                        "metadata": {
                          "annotations": null,
                          "labels": null
                        }
                      },
                      "tlsSidecarContainer": {
                        "env": null,
                        "securityContext": {
                          "allowPrivilegeEscalation": null,
                          "appArmorProfile": {
                            "localhostProfile": null,
                            "type": null
                          },
                          "capabilities": {
                            "add": null,
                            "drop": null
                          },
                          "privileged": null,
                          "procMount": null,
                          "readOnlyRootFilesystem": null,
                          "runAsGroup": null,
                          "runAsNonRoot": null,
                          "runAsUser": null,
                          "seLinuxOptions": {
                            "level": null,
                            "role": null,
                            "type": null,
                            "user": null
                          },
                          "seccompProfile": {
                            "localhostProfile": null,
                            "type": null
                          },
                          "windowsOptions": {
                            "gmsaCredentialSpec": null,
                            "gmsaCredentialSpecName": null,
                            "hostProcess": null,
                            "runAsUserName": null
                          }
                        },
                        "volumeMounts": null
                      },
                      "topicOperatorContainer": {
                        "env": null,
                        "securityContext": {
                          "allowPrivilegeEscalation": null,
                          "appArmorProfile": {
                            "localhostProfile": null,
                            "type": null
                          },
                          "capabilities": {
                            "add": null,
                            "drop": null
                          },
                          "privileged": null,
                          "procMount": null,
                          "readOnlyRootFilesystem": null,
                          "runAsGroup": null,
                          "runAsNonRoot": null,
                          "runAsUser": null,
                          "seLinuxOptions": {
                            "level": null,
                            "role": null,
                            "type": null,
                            "user": null
                          },
                          "seccompProfile": {
                            "localhostProfile": null,
                            "type": null
                          },
                          "windowsOptions": {
                            "gmsaCredentialSpec": null,
                            "gmsaCredentialSpecName": null,
                            "hostProcess": null,
                            "runAsUserName": null
                          }
                        },
                        "volumeMounts": null
                      },
                      "topicOperatorRoleBinding": {
                        "metadata": {
                          "annotations": null,
                          "labels": null
                        }
                      },
                      "userOperatorContainer": {
                        "env": null,
                        "securityContext": {
                          "allowPrivilegeEscalation": null,
                          "appArmorProfile": {
                            "localhostProfile": null,
                            "type": null
                          },
                          "capabilities": {
                            "add": null,
                            "drop": null
                          },
                          "privileged": null,
                          "procMount": null,
                          "readOnlyRootFilesystem": null,
                          "runAsGroup": null,
                          "runAsNonRoot": null,
                          "runAsUser": null,
                          "seLinuxOptions": {
                            "level": null,
                            "role": null,
                            "type": null,
                            "user": null
                          },
                          "seccompProfile": {
                            "localhostProfile": null,
                            "type": null
                          },
                          "windowsOptions": {
                            "gmsaCredentialSpec": null,
                            "gmsaCredentialSpecName": null,
                            "hostProcess": null,
                            "runAsUserName": null
                          }
                        },
                        "volumeMounts": null
                      },
                      "userOperatorRoleBinding": {
                        "metadata": {
                          "annotations": null,
                          "labels": null
                        }
                      }
                    },
                    "tlsSidecar": {
                      "image": null,
                      "livenessProbe": {
                        "failureThreshold": null,
                        "initialDelaySeconds": null,
                        "periodSeconds": null,
                        "successThreshold": null,
                        "timeoutSeconds": null
                      },
                      "logLevel": null,
                      "readinessProbe": {
                        "failureThreshold": null,
                        "initialDelaySeconds": null,
                        "periodSeconds": null,
                        "successThreshold": null,
                        "timeoutSeconds": null
                      },
                      "resources": {
                        "claims": null,
                        "limits": null,
                        "requests": null
                      }
                    },
                    "topicOperator": {
                      "image": null,
                      "jvmOptions": {
                        "-XX": null,
                        "-Xms": null,
                        "-Xmx": null,
                        "gcLoggingEnabled": null,
                        "javaSystemProperties": null
                      },
                      "livenessProbe": {
                        "failureThreshold": null,
                        "initialDelaySeconds": null,
                        "periodSeconds": null,
                        "successThreshold": null,
                        "timeoutSeconds": null
                      },
                      "logging": {
                        "loggers": null,
                        "type": null,
                        "valueFrom": {
                          "configMapKeyRef": {
                            "key": null,
                            "name": null,
                            "optional": null
                          }
                        }
                      },
                      "readinessProbe": {
                        "failureThreshold": null,
                        "initialDelaySeconds": null,
                        "periodSeconds": null,
                        "successThreshold": null,
                        "timeoutSeconds": null
                      },
                      "reconciliationIntervalMs": null,
                      "reconciliationIntervalSeconds": null,
                      "resources": {
                        "claims": null,
                        "limits": null,
                        "requests": null
                      },
                      "startupProbe": {
                        "failureThreshold": null,
                        "initialDelaySeconds": null,
                        "periodSeconds": null,
                        "successThreshold": null,
                        "timeoutSeconds": null
                      },
                      "topicMetadataMaxAttempts": null,
                      "watchedNamespace": null,
                      "zookeeperSessionTimeoutSeconds": null
                    },
                    "userOperator": {
                      "image": null,
                      "jvmOptions": {
                        "-XX": null,
                        "-Xms": null,
                        "-Xmx": null,
                        "gcLoggingEnabled": null,
                        "javaSystemProperties": null
                      },
                      "livenessProbe": {
                        "failureThreshold": null,
                        "initialDelaySeconds": null,
                        "periodSeconds": null,
                        "successThreshold": null,
                        "timeoutSeconds": null
                      },
                      "logging": {
                        "loggers": null,
                        "type": null,
                        "valueFrom": {
                          "configMapKeyRef": {
                            "key": null,
                            "name": null,
                            "optional": null
                          }
                        }
                      },
                      "readinessProbe": {
                        "failureThreshold": null,
                        "initialDelaySeconds": null,
                        "periodSeconds": null,
                        "successThreshold": null,
                        "timeoutSeconds": null
                      },
                      "reconciliationIntervalMs": null,
                      "reconciliationIntervalSeconds": null,
                      "resources": {
                        "claims": null,
                        "limits": null,
                        "requests": null
                      },
                      "secretPrefix": null,
                      "watchedNamespace": null,
                      "zookeeperSessionTimeoutSeconds": null
                    }
                  },
                  "jmxTrans": {
                    "image": null,
                    "kafkaQueries": null,
                    "logLevel": null,
                    "outputDefinitions": null,
                    "resources": {
                      "claims": null,
                      "limits": null,
                      "requests": null
                    },
                    "template": {
                      "container": {
                        "env": null,
                        "securityContext": {
                          "allowPrivilegeEscalation": null,
                          "appArmorProfile": {
                            "localhostProfile": null,
                            "type": null
                          },
                          "capabilities": {
                            "add": null,
                            "drop": null
                          },
                          "privileged": null,
                          "procMount": null,
                          "readOnlyRootFilesystem": null,
                          "runAsGroup": null,
                          "runAsNonRoot": null,
                          "runAsUser": null,
                          "seLinuxOptions": {
                            "level": null,
                            "role": null,
                            "type": null,
                            "user": null
                          },
                          "seccompProfile": {
                            "localhostProfile": null,
                            "type": null
                          },
                          "windowsOptions": {
                            "gmsaCredentialSpec": null,
                            "gmsaCredentialSpecName": null,
                            "hostProcess": null,
                            "runAsUserName": null
                          }
                        },
                        "volumeMounts": null
                      },
                      "deployment": {
                        "deploymentStrategy": null,
                        "metadata": {
                          "annotations": null,
                          "labels": null
                        }
                      },
                      "pod": {
                        "affinity": {
                          "nodeAffinity": {
                            "preferredDuringSchedulingIgnoredDuringExecution": null,
                            "requiredDuringSchedulingIgnoredDuringExecution": {
                              "nodeSelectorTerms": null
                            }
                          },
                          "podAffinity": {
                            "preferredDuringSchedulingIgnoredDuringExecution": null,
                            "requiredDuringSchedulingIgnoredDuringExecution": null
                          },
                          "podAntiAffinity": {
                            "preferredDuringSchedulingIgnoredDuringExecution": null,
                            "requiredDuringSchedulingIgnoredDuringExecution": null
                          }
                        },
                        "dnsConfig": {
                          "nameservers": null,
                          "options": null,
                          "searches": null
                        },
                        "dnsPolicy": null,
                        "enableServiceLinks": null,
                        "hostAliases": null,
                        "imagePullSecrets": null,
                        "metadata": {
                          "annotations": null,
                          "labels": null
                        },
                        "priorityClassName": null,
                        "schedulerName": null,
                        "securityContext": {
                          "appArmorProfile": {
                            "localhostProfile": null,
                            "type": null
                          },
                          "fsGroup": null,
                          "fsGroupChangePolicy": null,
                          "runAsGroup": null,
                          "runAsNonRoot": null,
                          "runAsUser": null,
                          "seLinuxChangePolicy": null,
                          "seLinuxOptions": {
                            "level": null,
                            "role": null,
                            "type": null,
                            "user": null
                          },
                          "seccompProfile": {
                            "localhostProfile": null,
                            "type": null
                          },
                          "supplementalGroups": null,
                          "supplementalGroupsPolicy": null,
                          "sysctls": null,
                          "windowsOptions": {
                            "gmsaCredentialSpec": null,
                            "gmsaCredentialSpecName": null,
                            "hostProcess": null,
                            "runAsUserName": null
                          }
                        },
                        "terminationGracePeriodSeconds": null,
                        "tmpDirSizeLimit": null,
                        "tolerations": null,
                        "topologySpreadConstraints": null,
                        "volumes": null
                      },
                      "serviceAccount": {
                        "metadata": {
                          "annotations": null,
                          "labels": null
                        }
                      }
                    }
                  },
                  "kafka": {
                    "authorization": {
                      "allowOnError": null,
                      "authorizerClass": null,
                      "clientId": null,
                      "connectTimeoutSeconds": null,
                      "delegateToKafkaAcls": null,
                      "disableTlsHostnameVerification": null,
                      "enableMetrics": null,
                      "expireAfterMs": null,
                      "grantsAlwaysLatest": null,
                      "grantsGcPeriodSeconds": null,
                      "grantsMaxIdleTimeSeconds": null,
                      "grantsRefreshPeriodSeconds": null,
                      "grantsRefreshPoolSize": null,
                      "httpRetries": null,
                      "includeAcceptHeader": null,
                      "initialCacheCapacity": null,
                      "maximumCacheSize": null,
                      "readTimeoutSeconds": null,
                      "superUsers": null,
                      "supportsAdminApi": null,
                      "tlsTrustedCertificates": null,
                      "tokenEndpointUri": null,
                      "type": null,
                      "url": null
                    },
                    "brokerRackInitImage": null,
                    "config": {
                      "default.replication.factor": 1,
                      "min.insync.replicas": 1,
                      "offsets.topic.replication.factor": 1,
                      "transaction.state.log.min.isr": 1,
                      "transaction.state.log.replication.factor": 1
                    },
                    "image": null,
                    "jmxOptions": {
                      "authentication": {
                        "type": null
                      }
                    },
                    "jvmOptions": {
                      "-XX": null,
                      "-Xms": null,
                      "-Xmx": null,
                      "gcLoggingEnabled": null,
                      "javaSystemProperties": null
                    },
                    "listeners": [
                      {
                        "authentication": {
                          "accessTokenIsJwt": null,
                          "checkAccessTokenType": null,
                          "checkAudience": null,
                          "checkIssuer": null,
                          "clientAudience": null,
                          "clientGrantType": null,
                          "clientId": null,
                          "clientScope": null,
                          "clientSecret": {
                            "key": null,
                            "secretName": null
                          },
                          "connectTimeoutSeconds": null,
                          "customClaimCheck": null,
                          "disableTlsHostnameVerification": null,
                          "enableECDSA": null,
                          "enableMetrics": null,
                          "enableOauthBearer": null,
                          "enablePlain": null,
                          "failFast": null,
                          "fallbackUserNameClaim": null,
                          "fallbackUserNamePrefix": null,
                          "groupsClaim": null,
                          "groupsClaimDelimiter": null,
                          "httpRetries": null,
                          "httpRetryPauseMs": null,
                          "includeAcceptHeader": null,
                          "introspectionEndpointUri": null,
                          "jwksEndpointUri": null,
                          "jwksExpirySeconds": null,
                          "jwksIgnoreKeyUse": null,
                          "jwksMinRefreshPauseSeconds": null,
                          "jwksRefreshSeconds": null,
                          "listenerConfig": null,
                          "maxSecondsWithoutReauthentication": null,
                          "readTimeoutSeconds": null,
                          "sasl": null,
                          "secrets": null,
                          "serverBearerTokenLocation": null,
                          "tlsTrustedCertificates": null,
                          "tokenEndpointUri": null,
                          "type": null,
                          "userInfoEndpointUri": null,
                          "userNameClaim": null,
                          "userNamePrefix": null,
                          "validIssuerUri": null,
                          "validTokenType": null
                        },
                        "configuration": {
                          "advertisedHostTemplate": null,
                          "allocateLoadBalancerNodePorts": null,
                          "bootstrap": {
                            "alternativeNames": null,
                            "annotations": null,
                            "externalIPs": null,
                            "host": null,
                            "labels": null,
                            "loadBalancerIP": null,
                            "nodePort": null
                          },
                          "brokerCertChainAndKey": {
                            "certificate": null,
                            "key": null,
                            "secretName": null
                          },
                          "brokers": null,
                          "class": null,
                          "createBootstrapService": null,
                          "externalTrafficPolicy": null,
                          "finalizers": null,
                          "hostTemplate": null,
                          "ipFamilies": null,
                          "ipFamilyPolicy": null,
                          "loadBalancerSourceRanges": null,
                          "maxConnectionCreationRate": null,
                          "maxConnections": null,
                          "preferredNodePortAddressType": null,
                          "publishNotReadyAddresses": null,
                          "useServiceDnsDomain": null
                        },
                        "name": "plain",
                        "networkPolicyPeers": null,
                        "port": 9092,
                        "tls": false,
                        "type": "internal"
                      }
                    ],
                    "livenessProbe": {
                      "failureThreshold": null,
                      "initialDelaySeconds": null,
                      "periodSeconds": null,
                      "successThreshold": null,
                      "timeoutSeconds": null
                    },
                    "logging": {
                      "loggers": null,
                      "type": null,
                      "valueFrom": {
                        "configMapKeyRef": {
                          "key": null,
                          "name": null,
                          "optional": null
                        }
                      }
                    },
                    "metadataVersion": null,
                    "metricsConfig": {
                      "type": null,
                      "valueFrom": {
                        "configMapKeyRef": {
                          "key": null,
                          "name": null,
                          "optional": null
                        }
                      },
                      "values": {
                        "allowList": null
                      }
                    },
                    "quotas": {
                      "consumerByteRate": null,
                      "controllerMutationRate": null,
                      "excludedPrincipals": null,
                      "minAvailableBytesPerVolume": null,
                      "minAvailableRatioPerVolume": null,
                      "producerByteRate": null,
                      "requestPercentage": null,
                      "type": null
                    },
                    "rack": {
                      "topologyKey": null
                    },
                    "readinessProbe": {
                      "failureThreshold": null,
                      "initialDelaySeconds": null,
                      "periodSeconds": null,
                      "successThreshold": null,
                      "timeoutSeconds": null
                    },
                    "replicas": null,
                    "resources": {
                      "claims": null,
                      "limits": null,
                      "requests": null
                    },
                    "storage": {
                      "class": null,
                      "deleteClaim": null,
                      "id": null,
                      "kraftMetadata": null,
                      "overrides": null,
                      "selector": null,
                      "size": null,
                      "sizeLimit": null,
                      "type": null,
                      "volumeAttributesClass": null,
                      "volumes": null
                    },
                    "template": {
                      "bootstrapService": {
                        "ipFamilies": null,
                        "ipFamilyPolicy": null,
                        "metadata": {
                          "annotations": null,
                          "labels": null
                        }
                      },
                      "brokersService": {
                        "ipFamilies": null,
                        "ipFamilyPolicy": null,
                        "metadata": {
                          "annotations": null,
                          "labels": null
                        }
                      },
                      "clusterCaCert": {
                        "metadata": {
                          "annotations": null,
                          "labels": null
                        }
                      },
                      "clusterRoleBinding": {
                        "metadata": {
                          "annotations": null,
                          "labels": null
                        }
                      },
                      "externalBootstrapIngress": {
                        "metadata": {
                          "annotations": null,
                          "labels": null
                        }
                      },
                      "externalBootstrapRoute": {
                        "metadata": {
                          "annotations": null,
                          "labels": null
                        }
                      },
                      "externalBootstrapService": {
                        "metadata": {
                          "annotations": null,
                          "labels": null
                        }
                      },
                      "initContainer": {
                        "env": null,
                        "securityContext": {
                          "allowPrivilegeEscalation": null,
                          "appArmorProfile": {
                            "localhostProfile": null,
                            "type": null
                          },
                          "capabilities": {
                            "add": null,
                            "drop": null
                          },
                          "privileged": null,
                          "procMount": null,
                          "readOnlyRootFilesystem": null,
                          "runAsGroup": null,
                          "runAsNonRoot": null,
                          "runAsUser": null,
                          "seLinuxOptions": {
                            "level": null,
                            "role": null,
                            "type": null,
                            "user": null
                          },
                          "seccompProfile": {
                            "localhostProfile": null,
                            "type": null
                          },
                          "windowsOptions": {
                            "gmsaCredentialSpec": null,
                            "gmsaCredentialSpecName": null,
                            "hostProcess": null,
                            "runAsUserName": null
                          }
                        },
                        "volumeMounts": null
                      },
                      "jmxSecret": {
                        "metadata": {
                          "annotations": null,
                          "labels": null
                        }
                      },
                      "kafkaContainer": {
                        "env": null,
                        "securityContext": {
                          "allowPrivilegeEscalation": null,
                          "appArmorProfile": {
                            "localhostProfile": null,
                            "type": null
                          },
                          "capabilities": {
                            "add": null,
                            "drop": null
                          },
                          "privileged": null,
                          "procMount": null,
                          "readOnlyRootFilesystem": null,
                          "runAsGroup": null,
                          "runAsNonRoot": null,
                          "runAsUser": null,
                          "seLinuxOptions": {
                            "level": null,
                            "role": null,
                            "type": null,
                            "user": null
                          },
                          "seccompProfile": {
                            "localhostProfile": null,
                            "type": null
                          },
                          "windowsOptions": {
                            "gmsaCredentialSpec": null,
                            "gmsaCredentialSpecName": null,
                            "hostProcess": null,
                            "runAsUserName": null
                          }
                        },
                        "volumeMounts": null
                      },
                      "perPodIngress": {
                        "metadata": {
                          "annotations": null,
                          "labels": null
                        }
                      },
                      "perPodRoute": {
                        "metadata": {
                          "annotations": null,
                          "labels": null
                        }
                      },
                      "perPodService": {
                        "metadata": {
                          "annotations": null,
                          "labels": null
                        }
                      },
                      "persistentVolumeClaim": {
                        "metadata": {
                          "annotations": null,
                          "labels": null
                        }
                      },
                      "pod": {
                        "affinity": {
                          "nodeAffinity": {
                            "preferredDuringSchedulingIgnoredDuringExecution": null,
                            "requiredDuringSchedulingIgnoredDuringExecution": {
                              "nodeSelectorTerms": null
                            }
                          },
                          "podAffinity": {
                            "preferredDuringSchedulingIgnoredDuringExecution": null,
                            "requiredDuringSchedulingIgnoredDuringExecution": null
                          },
                          "podAntiAffinity": {
                            "preferredDuringSchedulingIgnoredDuringExecution": null,
                            "requiredDuringSchedulingIgnoredDuringExecution": null
                          }
                        },
                        "dnsConfig": {
                          "nameservers": null,
                          "options": null,
                          "searches": null
                        },
                        "dnsPolicy": null,
                        "enableServiceLinks": null,
                        "hostAliases": null,
                        "imagePullSecrets": null,
                        "metadata": {
                          "annotations": null,
                          "labels": null
                        },
                        "priorityClassName": null,
                        "schedulerName": null,
                        "securityContext": {
                          "appArmorProfile": {
                            "localhostProfile": null,
                            "type": null
                          },
                          "fsGroup": null,
                          "fsGroupChangePolicy": null,
                          "runAsGroup": null,
                          "runAsNonRoot": null,
                          "runAsUser": null,
                          "seLinuxChangePolicy": null,
                          "seLinuxOptions": {
                            "level": null,
                            "role": null,
                            "type": null,
                            "user": null
                          },
                          "seccompProfile": {
                            "localhostProfile": null,
                            "type": null
                          },
                          "supplementalGroups": null,
                          "supplementalGroupsPolicy": null,
                          "sysctls": null,
                          "windowsOptions": {
                            "gmsaCredentialSpec": null,
                            "gmsaCredentialSpecName": null,
                            "hostProcess": null,
                            "runAsUserName": null
                          }
                        },
                        "terminationGracePeriodSeconds": null,
                        "tmpDirSizeLimit": null,
                        "tolerations": null,
                        "topologySpreadConstraints": null,
                        "volumes": null
                      },
                      "podDisruptionBudget": {
                        "maxUnavailable": null,
                        "metadata": {
                          "annotations": null,
                          "labels": null
                        }
                      },
                      "podSet": {
                        "metadata": {
                          "annotations": null,
                          "labels": null
                        }
                      },
                      "serviceAccount": {
                        "metadata": {
                          "annotations": null,
                          "labels": null
                        }
                      },
                      "statefulset": {
                        "metadata": {
                          "annotations": null,
                          "labels": null
                        },
                        "podManagementPolicy": null
                      }
                    },
                    "tieredStorage": {
                      "remoteStorageManager": {
                        "className": null,
                        "classPath": null,
                        "config": null
                      },
                      "type": null
                    },
                    "version": null
                  },
                  "kafkaExporter": {
                    "enableSaramaLogging": null,
                    "groupExcludeRegex": null,
                    "groupRegex": ".*",
                    "image": null,
                    "livenessProbe": {
                      "failureThreshold": null,
                      "initialDelaySeconds": null,
                      "periodSeconds": null,
                      "successThreshold": null,
                      "timeoutSeconds": null
                    },
                    "logging": null,
                    "readinessProbe": {
                      "failureThreshold": null,
                      "initialDelaySeconds": null,
                      "periodSeconds": null,
                      "successThreshold": null,
                      "timeoutSeconds": null
                    },
                    "resources": {
                      "claims": null,
                      "limits": null,
                      "requests": null
                    },
                    "showAllOffsets": null,
                    "template": {
                      "container": {
                        "env": null,
                        "securityContext": {
                          "allowPrivilegeEscalation": null,
                          "appArmorProfile": {
                            "localhostProfile": null,
                            "type": null
                          },
                          "capabilities": {
                            "add": null,
                            "drop": null
                          },
                          "privileged": null,
                          "procMount": null,
                          "readOnlyRootFilesystem": null,
                          "runAsGroup": null,
                          "runAsNonRoot": null,
                          "runAsUser": null,
                          "seLinuxOptions": {
                            "level": null,
                            "role": null,
                            "type": null,
                            "user": null
                          },
                          "seccompProfile": {
                            "localhostProfile": null,
                            "type": null
                          },
                          "windowsOptions": {
                            "gmsaCredentialSpec": null,
                            "gmsaCredentialSpecName": null,
                            "hostProcess": null,
                            "runAsUserName": null
                          }
                        },
                        "volumeMounts": null
                      },
                      "deployment": {
                        "deploymentStrategy": null,
                        "metadata": {
                          "annotations": null,
                          "labels": null
                        }
                      },
                      "pod": {
                        "affinity": {
                          "nodeAffinity": {
                            "preferredDuringSchedulingIgnoredDuringExecution": null,
                            "requiredDuringSchedulingIgnoredDuringExecution": {
                              "nodeSelectorTerms": null
                            }
                          },
                          "podAffinity": {
                            "preferredDuringSchedulingIgnoredDuringExecution": null,
                            "requiredDuringSchedulingIgnoredDuringExecution": null
                          },
                          "podAntiAffinity": {
                            "preferredDuringSchedulingIgnoredDuringExecution": null,
                            "requiredDuringSchedulingIgnoredDuringExecution": null
                          }
                        },
                        "dnsConfig": {
                          "nameservers": null,
                          "options": null,
                          "searches": null
                        },
                        "dnsPolicy": null,
                        "enableServiceLinks": null,
                        "hostAliases": null,
                        "imagePullSecrets": null,
                        "metadata": {
                          "annotations": null,
                          "labels": null
                        },
                        "priorityClassName": null,
                        "schedulerName": null,
                        "securityContext": {
                          "appArmorProfile": {
                            "localhostProfile": null,
                            "type": null
                          },
                          "fsGroup": null,
                          "fsGroupChangePolicy": null,
                          "runAsGroup": null,
                          "runAsNonRoot": null,
                          "runAsUser": null,
                          "seLinuxChangePolicy": null,
                          "seLinuxOptions": {
                            "level": null,
                            "role": null,
                            "type": null,
                            "user": null
                          },
                          "seccompProfile": {
                            "localhostProfile": null,
                            "type": null
                          },
                          "supplementalGroups": null,
                          "supplementalGroupsPolicy": null,
                          "sysctls": null,
                          "windowsOptions": {
                            "gmsaCredentialSpec": null,
                            "gmsaCredentialSpecName": null,
                            "hostProcess": null,
                            "runAsUserName": null
                          }
                        },
                        "terminationGracePeriodSeconds": null,
                        "tmpDirSizeLimit": null,
                        "tolerations": null,
                        "topologySpreadConstraints": null,
                        "volumes": null
                      },
                      "podDisruptionBudget": {
                        "maxUnavailable": null,
                        "metadata": {
                          "annotations": null,
                          "labels": null
                        }
                      },
                      "service": {
                        "metadata": {
                          "annotations": null,
                          "labels": null
                        }
                      },
                      "serviceAccount": {
                        "metadata": {
                          "annotations": null,
                          "labels": null
                        }
                      }
                    },
                    "topicExcludeRegex": null,
                    "topicRegex": ".*"
                  },
                  "maintenanceTimeWindows": null,
                  "zookeeper": {
                    "config": null,
                    "image": null,
                    "jmxOptions": {
                      "authentication": {
                        "type": null
                      }
                    },
                    "jvmOptions": {
                      "-XX": null,
                      "-Xms": null,
                      "-Xmx": null,
                      "gcLoggingEnabled": null,
                      "javaSystemProperties": null
                    },
                    "livenessProbe": {
                      "failureThreshold": null,
                      "initialDelaySeconds": null,
                      "periodSeconds": null,
                      "successThreshold": null,
                      "timeoutSeconds": null
                    },
                    "logging": {
                      "loggers": null,
                      "type": null,
                      "valueFrom": {
                        "configMapKeyRef": {
                          "key": null,
                          "name": null,
                          "optional": null
                        }
                      }
                    },
                    "metricsConfig": {
                      "type": null,
                      "valueFrom": {
                        "configMapKeyRef": {
                          "key": null,
                          "name": null,
                          "optional": null
                        }
                      },
                      "values": {
                        "allowList": null
                      }
                    },
                    "readinessProbe": {
                      "failureThreshold": null,
                      "initialDelaySeconds": null,
                      "periodSeconds": null,
                      "successThreshold": null,
                      "timeoutSeconds": null
                    },
                    "replicas": null,
                    "resources": {
                      "claims": null,
                      "limits": null,
                      "requests": null
                    },
                    "storage": {
                      "class": null,
                      "deleteClaim": null,
                      "id": null,
                      "kraftMetadata": null,
                      "overrides": null,
                      "selector": null,
                      "size": null,
                      "sizeLimit": null,
                      "type": null,
                      "volumeAttributesClass": null
                    },
                    "template": {
                      "clientService": {
                        "ipFamilies": null,
                        "ipFamilyPolicy": null,
                        "metadata": {
                          "annotations": null,
                          "labels": null
                        }
                      },
                      "jmxSecret": {
                        "metadata": {
                          "annotations": null,
                          "labels": null
                        }
                      },
                      "nodesService": {
                        "ipFamilies": null,
                        "ipFamilyPolicy": null,
                        "metadata": {
                          "annotations": null,
                          "labels": null
                        }
                      },
                      "persistentVolumeClaim": {
                        "metadata": {
                          "annotations": null,
                          "labels": null
                        }
                      },
                      "pod": {
                        "affinity": {
                          "nodeAffinity": {
                            "preferredDuringSchedulingIgnoredDuringExecution": null,
                            "requiredDuringSchedulingIgnoredDuringExecution": {
                              "nodeSelectorTerms": null
                            }
                          },
                          "podAffinity": {
                            "preferredDuringSchedulingIgnoredDuringExecution": null,
                            "requiredDuringSchedulingIgnoredDuringExecution": null
                          },
                          "podAntiAffinity": {
                            "preferredDuringSchedulingIgnoredDuringExecution": null,
                            "requiredDuringSchedulingIgnoredDuringExecution": null
                          }
                        },
                        "dnsConfig": {
                          "nameservers": null,
                          "options": null,
                          "searches": null
                        },
                        "dnsPolicy": null,
                        "enableServiceLinks": null,
                        "hostAliases": null,
                        "imagePullSecrets": null,
                        "metadata": {
                          "annotations": null,
                          "labels": null
                        },
                        "priorityClassName": null,
                        "schedulerName": null,
                        "securityContext": {
                          "appArmorProfile": {
                            "localhostProfile": null,
                            "type": null
                          },
                          "fsGroup": null,
                          "fsGroupChangePolicy": null,
                          "runAsGroup": null,
                          "runAsNonRoot": null,
                          "runAsUser": null,
                          "seLinuxChangePolicy": null,
                          "seLinuxOptions": {
                            "level": null,
                            "role": null,
                            "type": null,
                            "user": null
                          },
                          "seccompProfile": {
                            "localhostProfile": null,
                            "type": null
                          },
                          "supplementalGroups": null,
                          "supplementalGroupsPolicy": null,
                          "sysctls": null,
                          "windowsOptions": {
                            "gmsaCredentialSpec": null,
                            "gmsaCredentialSpecName": null,
                            "hostProcess": null,
                            "runAsUserName": null
                          }
                        },
                        "terminationGracePeriodSeconds": null,
                        "tmpDirSizeLimit": null,
                        "tolerations": null,
                        "topologySpreadConstraints": null,
                        "volumes": null
                      },
                      "podDisruptionBudget": {
                        "maxUnavailable": null,
                        "metadata": {
                          "annotations": null,
                          "labels": null
                        }
                      },
                      "podSet": {
                        "metadata": {
                          "annotations": null,
                          "labels": null
                        }
                      },
                      "serviceAccount": {
                        "metadata": {
                          "annotations": null,
                          "labels": null
                        }
                      },
                      "statefulset": {
                        "metadata": {
                          "annotations": null,
                          "labels": null
                        },
                        "podManagementPolicy": null
                      },
                      "zookeeperContainer": {
                        "env": null,
                        "securityContext": {
                          "allowPrivilegeEscalation": null,
                          "appArmorProfile": {
                            "localhostProfile": null,
                            "type": null
                          },
                          "capabilities": {
                            "add": null,
                            "drop": null
                          },
                          "privileged": null,
                          "procMount": null,
                          "readOnlyRootFilesystem": null,
                          "runAsGroup": null,
                          "runAsNonRoot": null,
                          "runAsUser": null,
                          "seLinuxOptions": {
                            "level": null,
                            "role": null,
                            "type": null,
                            "user": null
                          },
                          "seccompProfile": {
                            "localhostProfile": null,
                            "type": null
                          },
                          "windowsOptions": {
                            "gmsaCredentialSpec": null,
                            "gmsaCredentialSpecName": null,
                            "hostProcess": null,
                            "runAsUserName": null
                          }
                        },
                        "volumeMounts": null
                      }
                    }
                  }
                }
              },
              "type": [
                "object",
                {
                  "apiVersion": "string",
                  "kind": "string",
                  "metadata": [
                    "object",
                    {
                      "annotations": [
                        "map",
                        "string"
                      ],
                      "creationTimestamp": "string",
                      "deletionGracePeriodSeconds": "number",
                      "deletionTimestamp": "string",
                      "finalizers": [
                        "list",
                        "string"
                      ],
                      "generateName": "string",
                      "generation": "number",
                      "labels": [
                        "map",
                        "string"
                      ],
                      "managedFields": [
                        "tuple",
                        [
                          [
                            "object",
                            {
                              "apiVersion": "string",
                              "fieldsType": "string",
                              "fieldsV1": "dynamic",
                              "manager": "string",
                              "operation": "string",
                              "subresource": "string",
                              "time": "string"
                            }
                          ]
                        ]
                      ],
                      "name": "string",
                      "namespace": "string",
                      "ownerReferences": [
                        "list",
                        [
                          "object",
                          {
                            "apiVersion": "string",
                            "blockOwnerDeletion": "bool",
                            "controller": "bool",
                            "kind": "string",
                            "name": "string",
                            "uid": "string"
                          }
                        ]
                      ],
                      "resourceVersion": "string",
                      "selfLink": "string",
                      "uid": "string"
                    }
                  ],
                  "spec": [
                    "object",
                    {
                      "clientsCa": [
                        "object",
                        {
                          "certificateExpirationPolicy": "string",
                          "generateCertificateAuthority": "bool",
                          "generateSecretOwnerReference": "bool",
                          "renewalDays": "number",
                          "validityDays": "number"
                        }
                      ],
                      "clusterCa": [
                        "object",
                        {
                          "certificateExpirationPolicy": "string",
                          "generateCertificateAuthority": "bool",
                          "generateSecretOwnerReference": "bool",
                          "renewalDays": "number",
                          "validityDays": "number"
                        }
                      ],
                      "cruiseControl": [
                        "object",
                        {
                          "apiUsers": [
                            "object",
                            {
                              "type": "string",
                              "valueFrom": [
                                "object",
                                {
                                  "secretKeyRef": [
                                    "object",
                                    {
                                      "key": "string",
                                      "name": "string",
                                      "optional": "bool"
                                    }
                                  ]
                                }
                              ]
                            }
                          ],
                          "autoRebalance": [
                            "list",
                            [
                              "object",
                              {
                                "mode": "string",
                                "template": [
                                  "object",
                                  {
                                    "name": "string"
                                  }
                                ]
                              }
                            ]
                          ],
                          "brokerCapacity": [
                            "object",
                            {
                              "cpu": "string",
                              "cpuUtilization": "number",
                              "disk": "string",
                              "inboundNetwork": "string",
                              "outboundNetwork": "string",
                              "overrides": [
                                "list",
                                [
                                  "object",
                                  {
                                    "brokers": [
                                      "list",
                                      "number"
                                    ],
                                    "cpu": "string",
                                    "inboundNetwork": "string",
                                    "outboundNetwork": "string"
                                  }
                                ]
                              ]
                            }
                          ],
                          "config": "dynamic",
                          "image": "string",
                          "jvmOptions": [
                            "object",
                            {
                              "-XX": [
                                "map",
                                "string"
                              ],
                              "-Xms": "string",
                              "-Xmx": "string",
                              "gcLoggingEnabled": "bool",
                              "javaSystemProperties": [
                                "list",
                                [
                                  "object",
                                  {
                                    "name": "string",
                                    "value": "string"
                                  }
                                ]
                              ]
                            }
                          ],
                          "livenessProbe": [
                            "object",
                            {
                              "failureThreshold": "number",
                              "initialDelaySeconds": "number",
                              "periodSeconds": "number",
                              "successThreshold": "number",
                              "timeoutSeconds": "number"
                            }
                          ],
                          "logging": [
                            "object",
                            {
                              "loggers": [
                                "map",
                                "string"
                              ],
                              "type": "string",
                              "valueFrom": [
                                "object",
                                {
                                  "configMapKeyRef": [
                                    "object",
                                    {
                                      "key": "string",
                                      "name": "string",
                                      "optional": "bool"
                                    }
                                  ]
                                }
                              ]
                            }
                          ],
                          "metricsConfig": [
                            "object",
                            {
                              "type": "string",
                              "valueFrom": [
                                "object",
                                {
                                  "configMapKeyRef": [
                                    "object",
                                    {
                                      "key": "string",
                                      "name": "string",
                                      "optional": "bool"
                                    }
                                  ]
                                }
                              ],
                              "values": [
                                "object",
                                {
                                  "allowList": [
                                    "list",
                                    "string"
                                  ]
                                }
                              ]
                            }
                          ],
                          "readinessProbe": [
                            "object",
                            {
                              "failureThreshold": "number",
                              "initialDelaySeconds": "number",
                              "periodSeconds": "number",
                              "successThreshold": "number",
                              "timeoutSeconds": "number"
                            }
                          ],
                          "resources": [
                            "object",
                            {
                              "claims": [
                                "list",
                                [
                                  "object",
                                  {
                                    "name": "string",
                                    "request": "string"
                                  }
                                ]
                              ],
                              "limits": [
                                "map",
                                "string"
                              ],
                              "requests": [
                                "map",
                                "string"
                              ]
                            }
                          ],
                          "template": [
                            "object",
                            {
                              "apiService": [
                                "object",
                                {
                                  "ipFamilies": [
                                    "list",
                                    "string"
                                  ],
                                  "ipFamilyPolicy": "string",
                                  "metadata": [
                                    "object",
                                    {
                                      "annotations": [
                                        "map",
                                        "string"
                                      ],
                                      "labels": [
                                        "map",
                                        "string"
                                      ]
                                    }
                                  ]
                                }
                              ],
                              "cruiseControlContainer": [
                                "object",
                                {
                                  "env": [
                                    "list",
                                    [
                                      "object",
                                      {
                                        "name": "string",
                                        "value": "string",
                                        "valueFrom": [
                                          "object",
                                          {
                                            "configMapKeyRef": [
                                              "object",
                                              {
                                                "key": "string",
                                                "name": "string",
                                                "optional": "bool"
                                              }
                                            ],
                                            "secretKeyRef": [
                                              "object",
                                              {
                                                "key": "string",
                                                "name": "string",
                                                "optional": "bool"
                                              }
                                            ]
                                          }
                                        ]
                                      }
                                    ]
                                  ],
                                  "securityContext": [
                                    "object",
                                    {
                                      "allowPrivilegeEscalation": "bool",
                                      "appArmorProfile": [
                                        "object",
                                        {
                                          "localhostProfile": "string",
                                          "type": "string"
                                        }
                                      ],
                                      "capabilities": [
                                        "object",
                                        {
                                          "add": [
                                            "list",
                                            "string"
                                          ],
                                          "drop": [
                                            "list",
                                            "string"
                                          ]
                                        }
                                      ],
                                      "privileged": "bool",
                                      "procMount": "string",
                                      "readOnlyRootFilesystem": "bool",
                                      "runAsGroup": "number",
                                      "runAsNonRoot": "bool",
                                      "runAsUser": "number",
                                      "seLinuxOptions": [
                                        "object",
                                        {
                                          "level": "string",
                                          "role": "string",
                                          "type": "string",
                                          "user": "string"
                                        }
                                      ],
                                      "seccompProfile": [
                                        "object",
                                        {
                                          "localhostProfile": "string",
                                          "type": "string"
                                        }
                                      ],
                                      "windowsOptions": [
                                        "object",
                                        {
                                          "gmsaCredentialSpec": "string",
                                          "gmsaCredentialSpecName": "string",
                                          "hostProcess": "bool",
                                          "runAsUserName": "string"
                                        }
                                      ]
                                    }
                                  ],
                                  "volumeMounts": [
                                    "list",
                                    [
                                      "object",
                                      {
                                        "mountPath": "string",
                                        "mountPropagation": "string",
                                        "name": "string",
                                        "readOnly": "bool",
                                        "recursiveReadOnly": "string",
                                        "subPath": "string",
                                        "subPathExpr": "string"
                                      }
                                    ]
                                  ]
                                }
                              ],
                              "deployment": [
                                "object",
                                {
                                  "deploymentStrategy": "string",
                                  "metadata": [
                                    "object",
                                    {
                                      "annotations": [
                                        "map",
                                        "string"
                                      ],
                                      "labels": [
                                        "map",
                                        "string"
                                      ]
                                    }
                                  ]
                                }
                              ],
                              "pod": [
                                "object",
                                {
                                  "affinity": [
                                    "object",
                                    {
                                      "nodeAffinity": [
                                        "object",
                                        {
                                          "preferredDuringSchedulingIgnoredDuringExecution": [
                                            "list",
                                            [
                                              "object",
                                              {
                                                "preference": [
                                                  "object",
                                                  {
                                                    "matchExpressions": [
                                                      "list",
                                                      [
                                                        "object",
                                                        {
                                                          "key": "string",
                                                          "operator": "string",
                                                          "values": [
                                                            "list",
                                                            "string"
                                                          ]
                                                        }
                                                      ]
                                                    ],
                                                    "matchFields": [
                                                      "list",
                                                      [
                                                        "object",
                                                        {
                                                          "key": "string",
                                                          "operator": "string",
                                                          "values": [
                                                            "list",
                                                            "string"
                                                          ]
                                                        }
                                                      ]
                                                    ]
                                                  }
                                                ],
                                                "weight": "number"
                                              }
                                            ]
                                          ],
                                          "requiredDuringSchedulingIgnoredDuringExecution": [
                                            "object",
                                            {
                                              "nodeSelectorTerms": [
                                                "list",
                                                [
                                                  "object",
                                                  {
                                                    "matchExpressions": [
                                                      "list",
                                                      [
                                                        "object",
                                                        {
                                                          "key": "string",
                                                          "operator": "string",
                                                          "values": [
                                                            "list",
                                                            "string"
                                                          ]
                                                        }
                                                      ]
                                                    ],
                                                    "matchFields": [
                                                      "list",
                                                      [
                                                        "object",
                                                        {
                                                          "key": "string",
                                                          "operator": "string",
                                                          "values": [
                                                            "list",
                                                            "string"
                                                          ]
                                                        }
                                                      ]
                                                    ]
                                                  }
                                                ]
                                              ]
                                            }
                                          ]
                                        }
                                      ],
                                      "podAffinity": [
                                        "object",
                                        {
                                          "preferredDuringSchedulingIgnoredDuringExecution": [
                                            "list",
                                            [
                                              "object",
                                              {
                                                "podAffinityTerm": [
                                                  "object",
                                                  {
                                                    "labelSelector": [
                                                      "object",
                                                      {
                                                        "matchExpressions": [
                                                          "list",
                                                          [
                                                            "object",
                                                            {
                                                              "key": "string",
                                                              "operator": "string",
                                                              "values": [
                                                                "list",
                                                                "string"
                                                              ]
                                                            }
                                                          ]
                                                        ],
                                                        "matchLabels": [
                                                          "map",
                                                          "string"
                                                        ]
                                                      }
                                                    ],
                                                    "matchLabelKeys": [
                                                      "list",
                                                      "string"
                                                    ],
                                                    "mismatchLabelKeys": [
                                                      "list",
                                                      "string"
                                                    ],
                                                    "namespaceSelector": [
                                                      "object",
                                                      {
                                                        "matchExpressions": [
                                                          "list",
                                                          [
                                                            "object",
                                                            {
                                                              "key": "string",
                                                              "operator": "string",
                                                              "values": [
                                                                "list",
                                                                "string"
                                                              ]
                                                            }
                                                          ]
                                                        ],
                                                        "matchLabels": [
                                                          "map",
                                                          "string"
                                                        ]
                                                      }
                                                    ],
                                                    "namespaces": [
                                                      "list",
                                                      "string"
                                                    ],
                                                    "topologyKey": "string"
                                                  }
                                                ],
                                                "weight": "number"
                                              }
                                            ]
                                          ],
                                          "requiredDuringSchedulingIgnoredDuringExecution": [
                                            "list",
                                            [
                                              "object",
                                              {
                                                "labelSelector": [
                                                  "object",
                                                  {
                                                    "matchExpressions": [
                                                      "list",
                                                      [
                                                        "object",
                                                        {
                                                          "key": "string",
                                                          "operator": "string",
                                                          "values": [
                                                            "list",
                                                            "string"
                                                          ]
                                                        }
                                                      ]
                                                    ],
                                                    "matchLabels": [
                                                      "map",
                                                      "string"
                                                    ]
                                                  }
                                                ],
                                                "matchLabelKeys": [
                                                  "list",
                                                  "string"
                                                ],
                                                "mismatchLabelKeys": [
                                                  "list",
                                                  "string"
                                                ],
                                                "namespaceSelector": [
                                                  "object",
                                                  {
                                                    "matchExpressions": [
                                                      "list",
                                                      [
                                                        "object",
                                                        {
                                                          "key": "string",
                                                          "operator": "string",
                                                          "values": [
                                                            "list",
                                                            "string"
                                                          ]
                                                        }
                                                      ]
                                                    ],
                                                    "matchLabels": [
                                                      "map",
                                                      "string"
                                                    ]
                                                  }
                                                ],
                                                "namespaces": [
                                                  "list",
                                                  "string"
                                                ],
                                                "topologyKey": "string"
                                              }
                                            ]
                                          ]
                                        }
                                      ],
                                      "podAntiAffinity": [
                                        "object",
                                        {
                                          "preferredDuringSchedulingIgnoredDuringExecution": [
                                            "list",
                                            [
                                              "object",
                                              {
                                                "podAffinityTerm": [
                                                  "object",
                                                  {
                                                    "labelSelector": [
                                                      "object",
                                                      {
                                                        "matchExpressions": [
                                                          "list",
                                                          [
                                                            "object",
                                                            {
                                                              "key": "string",
                                                              "operator": "string",
                                                              "values": [
                                                                "list",
                                                                "string"
                                                              ]
                                                            }
                                                          ]
                                                        ],
                                                        "matchLabels": [
                                                          "map",
                                                          "string"
                                                        ]
                                                      }
                                                    ],
                                                    "matchLabelKeys": [
                                                      "list",
                                                      "string"
                                                    ],
                                                    "mismatchLabelKeys": [
                                                      "list",
                                                      "string"
                                                    ],
                                                    "namespaceSelector": [
                                                      "object",
                                                      {
                                                        "matchExpressions": [
                                                          "list",
                                                          [
                                                            "object",
                                                            {
                                                              "key": "string",
                                                              "operator": "string",
                                                              "values": [
                                                                "list",
                                                                "string"
                                                              ]
                                                            }
                                                          ]
                                                        ],
                                                        "matchLabels": [
                                                          "map",
                                                          "string"
                                                        ]
                                                      }
                                                    ],
                                                    "namespaces": [
                                                      "list",
                                                      "string"
                                                    ],
                                                    "topologyKey": "string"
                                                  }
                                                ],
                                                "weight": "number"
                                              }
                                            ]
                                          ],
                                          "requiredDuringSchedulingIgnoredDuringExecution": [
                                            "list",
                                            [
                                              "object",
                                              {
                                                "labelSelector": [
                                                  "object",
                                                  {
                                                    "matchExpressions": [
                                                      "list",
                                                      [
                                                        "object",
                                                        {
                                                          "key": "string",
                                                          "operator": "string",
                                                          "values": [
                                                            "list",
                                                            "string"
                                                          ]
                                                        }
                                                      ]
                                                    ],
                                                    "matchLabels": [
                                                      "map",
                                                      "string"
                                                    ]
                                                  }
                                                ],
                                                "matchLabelKeys": [
                                                  "list",
                                                  "string"
                                                ],
                                                "mismatchLabelKeys": [
                                                  "list",
                                                  "string"
                                                ],
                                                "namespaceSelector": [
                                                  "object",
                                                  {
                                                    "matchExpressions": [
                                                      "list",
                                                      [
                                                        "object",
                                                        {
                                                          "key": "string",
                                                          "operator": "string",
                                                          "values": [
                                                            "list",
                                                            "string"
                                                          ]
                                                        }
                                                      ]
                                                    ],
                                                    "matchLabels": [
                                                      "map",
                                                      "string"
                                                    ]
                                                  }
                                                ],
                                                "namespaces": [
                                                  "list",
                                                  "string"
                                                ],
                                                "topologyKey": "string"
                                              }
                                            ]
                                          ]
                                        }
                                      ]
                                    }
                                  ],
                                  "dnsConfig": [
                                    "object",
                                    {
                                      "nameservers": [
                                        "list",
                                        "string"
                                      ],
                                      "options": [
                                        "list",
                                        [
                                          "object",
                                          {
                                            "name": "string",
                                            "value": "string"
                                          }
                                        ]
                                      ],
                                      "searches": [
                                        "list",
                                        "string"
                                      ]
                                    }
                                  ],
                                  "dnsPolicy": "string",
                                  "enableServiceLinks": "bool",
                                  "hostAliases": [
                                    "list",
                                    [
                                      "object",
                                      {
                                        "hostnames": [
                                          "list",
                                          "string"
                                        ],
                                        "ip": "string"
                                      }
                                    ]
                                  ],
                                  "imagePullSecrets": [
                                    "list",
                                    [
                                      "object",
                                      {
                                        "name": "string"
                                      }
                                    ]
                                  ],
                                  "metadata": [
                                    "object",
                                    {
                                      "annotations": [
                                        "map",
                                        "string"
                                      ],
                                      "labels": [
                                        "map",
                                        "string"
                                      ]
                                    }
                                  ],
                                  "priorityClassName": "string",
                                  "schedulerName": "string",
                                  "securityContext": [
                                    "object",
                                    {
                                      "appArmorProfile": [
                                        "object",
                                        {
                                          "localhostProfile": "string",
                                          "type": "string"
                                        }
                                      ],
                                      "fsGroup": "number",
                                      "fsGroupChangePolicy": "string",
                                      "runAsGroup": "number",
                                      "runAsNonRoot": "bool",
                                      "runAsUser": "number",
                                      "seLinuxChangePolicy": "string",
                                      "seLinuxOptions": [
                                        "object",
                                        {
                                          "level": "string",
                                          "role": "string",
                                          "type": "string",
                                          "user": "string"
                                        }
                                      ],
                                      "seccompProfile": [
                                        "object",
                                        {
                                          "localhostProfile": "string",
                                          "type": "string"
                                        }
                                      ],
                                      "supplementalGroups": [
                                        "list",
                                        "number"
                                      ],
                                      "supplementalGroupsPolicy": "string",
                                      "sysctls": [
                                        "list",
                                        [
                                          "object",
                                          {
                                            "name": "string",
                                            "value": "string"
                                          }
                                        ]
                                      ],
                                      "windowsOptions": [
                                        "object",
                                        {
                                          "gmsaCredentialSpec": "string",
                                          "gmsaCredentialSpecName": "string",
                                          "hostProcess": "bool",
                                          "runAsUserName": "string"
                                        }
                                      ]
                                    }
                                  ],
                                  "terminationGracePeriodSeconds": "number",
                                  "tmpDirSizeLimit": "string",
                                  "tolerations": [
                                    "list",
                                    [
                                      "object",
                                      {
                                        "effect": "string",
                                        "key": "string",
                                        "operator": "string",
                                        "tolerationSeconds": "number",
                                        "value": "string"
                                      }
                                    ]
                                  ],
                                  "topologySpreadConstraints": [
                                    "list",
                                    [
                                      "object",
                                      {
                                        "labelSelector": [
                                          "object",
                                          {
                                            "matchExpressions": [
                                              "list",
                                              [
                                                "object",
                                                {
                                                  "key": "string",
                                                  "operator": "string",
                                                  "values": [
                                                    "list",
                                                    "string"
                                                  ]
                                                }
                                              ]
                                            ],
                                            "matchLabels": [
                                              "map",
                                              "string"
                                            ]
                                          }
                                        ],
                                        "matchLabelKeys": [
                                          "list",
                                          "string"
                                        ],
                                        "maxSkew": "number",
                                        "minDomains": "number",
                                        "nodeAffinityPolicy": "string",
                                        "nodeTaintsPolicy": "string",
                                        "topologyKey": "string",
                                        "whenUnsatisfiable": "string"
                                      }
                                    ]
                                  ],
                                  "volumes": [
                                    "list",
                                    [
                                      "object",
                                      {
                                        "configMap": [
                                          "object",
                                          {
                                            "defaultMode": "number",
                                            "items": [
                                              "list",
                                              [
                                                "object",
                                                {
                                                  "key": "string",
                                                  "mode": "number",
                                                  "path": "string"
                                                }
                                              ]
                                            ],
                                            "name": "string",
                                            "optional": "bool"
                                          }
                                        ],
                                        "csi": [
                                          "object",
                                          {
                                            "driver": "string",
                                            "fsType": "string",
                                            "nodePublishSecretRef": [
                                              "object",
                                              {
                                                "name": "string"
                                              }
                                            ],
                                            "readOnly": "bool",
                                            "volumeAttributes": [
                                              "map",
                                              "string"
                                            ]
                                          }
                                        ],
                                        "emptyDir": [
                                          "object",
                                          {
                                            "medium": "string",
                                            "sizeLimit": "string"
                                          }
                                        ],
                                        "image": [
                                          "object",
                                          {
                                            "pullPolicy": "string",
                                            "reference": "string"
                                          }
                                        ],
                                        "name": "string",
                                        "persistentVolumeClaim": [
                                          "object",
                                          {
                                            "claimName": "string",
                                            "readOnly": "bool"
                                          }
                                        ],
                                        "secret": [
                                          "object",
                                          {
                                            "defaultMode": "number",
                                            "items": [
                                              "list",
                                              [
                                                "object",
                                                {
                                                  "key": "string",
                                                  "mode": "number",
                                                  "path": "string"
                                                }
                                              ]
                                            ],
                                            "optional": "bool",
                                            "secretName": "string"
                                          }
                                        ]
                                      }
                                    ]
                                  ]
                                }
                              ],
                              "podDisruptionBudget": [
                                "object",
                                {
                                  "maxUnavailable": "number",
                                  "metadata": [
                                    "object",
                                    {
                                      "annotations": [
                                        "map",
                                        "string"
                                      ],
                                      "labels": [
                                        "map",
                                        "string"
                                      ]
                                    }
                                  ]
                                }
                              ],
                              "serviceAccount": [
                                "object",
                                {
                                  "metadata": [
                                    "object",
                                    {
                                      "annotations": [
                                        "map",
                                        "string"
                                      ],
                                      "labels": [
                                        "map",
                                        "string"
                                      ]
                                    }
                                  ]
                                }
                              ],
                              "tlsSidecarContainer": [
                                "object",
                                {
                                  "env": [
                                    "list",
                                    [
                                      "object",
                                      {
                                        "name": "string",
                                        "value": "string",
                                        "valueFrom": [
                                          "object",
                                          {
                                            "configMapKeyRef": [
                                              "object",
                                              {
                                                "key": "string",
                                                "name": "string",
                                                "optional": "bool"
                                              }
                                            ],
                                            "secretKeyRef": [
                                              "object",
                                              {
                                                "key": "string",
                                                "name": "string",
                                                "optional": "bool"
                                              }
                                            ]
                                          }
                                        ]
                                      }
                                    ]
                                  ],
                                  "securityContext": [
                                    "object",
                                    {
                                      "allowPrivilegeEscalation": "bool",
                                      "appArmorProfile": [
                                        "object",
                                        {
                                          "localhostProfile": "string",
                                          "type": "string"
                                        }
                                      ],
                                      "capabilities": [
                                        "object",
                                        {
                                          "add": [
                                            "list",
                                            "string"
                                          ],
                                          "drop": [
                                            "list",
                                            "string"
                                          ]
                                        }
                                      ],
                                      "privileged": "bool",
                                      "procMount": "string",
                                      "readOnlyRootFilesystem": "bool",
                                      "runAsGroup": "number",
                                      "runAsNonRoot": "bool",
                                      "runAsUser": "number",
                                      "seLinuxOptions": [
                                        "object",
                                        {
                                          "level": "string",
                                          "role": "string",
                                          "type": "string",
                                          "user": "string"
                                        }
                                      ],
                                      "seccompProfile": [
                                        "object",
                                        {
                                          "localhostProfile": "string",
                                          "type": "string"
                                        }
                                      ],
                                      "windowsOptions": [
                                        "object",
                                        {
                                          "gmsaCredentialSpec": "string",
                                          "gmsaCredentialSpecName": "string",
                                          "hostProcess": "bool",
                                          "runAsUserName": "string"
                                        }
                                      ]
                                    }
                                  ],
                                  "volumeMounts": [
                                    "list",
                                    [
                                      "object",
                                      {
                                        "mountPath": "string",
                                        "mountPropagation": "string",
                                        "name": "string",
                                        "readOnly": "bool",
                                        "recursiveReadOnly": "string",
                                        "subPath": "string",
                                        "subPathExpr": "string"
                                      }
                                    ]
                                  ]
                                }
                              ]
                            }
                          ],
                          "tlsSidecar": [
                            "object",
                            {
                              "image": "string",
                              "livenessProbe": [
                                "object",
                                {
                                  "failureThreshold": "number",
                                  "initialDelaySeconds": "number",
                                  "periodSeconds": "number",
                                  "successThreshold": "number",
                                  "timeoutSeconds": "number"
                                }
                              ],
                              "logLevel": "string",
                              "readinessProbe": [
                                "object",
                                {
                                  "failureThreshold": "number",
                                  "initialDelaySeconds": "number",
                                  "periodSeconds": "number",
                                  "successThreshold": "number",
                                  "timeoutSeconds": "number"
                                }
                              ],
                              "resources": [
                                "object",
                                {
                                  "claims": [
                                    "list",
                                    [
                                      "object",
                                      {
                                        "name": "string",
                                        "request": "string"
                                      }
                                    ]
                                  ],
                                  "limits": [
                                    "map",
                                    "string"
                                  ],
                                  "requests": [
                                    "map",
                                    "string"
                                  ]
                                }
                              ]
                            }
                          ]
                        }
                      ],
                      "entityOperator": [
                        "object",
                        {
                          "template": [
                            "object",
                            {
                              "deployment": [
                                "object",
                                {
                                  "deploymentStrategy": "string",
                                  "metadata": [
                                    "object",
                                    {
                                      "annotations": [
                                        "map",
                                        "string"
                                      ],
                                      "labels": [
                                        "map",
                                        "string"
                                      ]
                                    }
                                  ]
                                }
                              ],
                              "entityOperatorRole": [
                                "object",
                                {
                                  "metadata": [
                                    "object",
                                    {
                                      "annotations": [
                                        "map",
                                        "string"
                                      ],
                                      "labels": [
                                        "map",
                                        "string"
                                      ]
                                    }
                                  ]
                                }
                              ],
                              "pod": [
                                "object",
                                {
                                  "affinity": [
                                    "object",
                                    {
                                      "nodeAffinity": [
                                        "object",
                                        {
                                          "preferredDuringSchedulingIgnoredDuringExecution": [
                                            "list",
                                            [
                                              "object",
                                              {
                                                "preference": [
                                                  "object",
                                                  {
                                                    "matchExpressions": [
                                                      "list",
                                                      [
                                                        "object",
                                                        {
                                                          "key": "string",
                                                          "operator": "string",
                                                          "values": [
                                                            "list",
                                                            "string"
                                                          ]
                                                        }
                                                      ]
                                                    ],
                                                    "matchFields": [
                                                      "list",
                                                      [
                                                        "object",
                                                        {
                                                          "key": "string",
                                                          "operator": "string",
                                                          "values": [
                                                            "list",
                                                            "string"
                                                          ]
                                                        }
                                                      ]
                                                    ]
                                                  }
                                                ],
                                                "weight": "number"
                                              }
                                            ]
                                          ],
                                          "requiredDuringSchedulingIgnoredDuringExecution": [
                                            "object",
                                            {
                                              "nodeSelectorTerms": [
                                                "list",
                                                [
                                                  "object",
                                                  {
                                                    "matchExpressions": [
                                                      "list",
                                                      [
                                                        "object",
                                                        {
                                                          "key": "string",
                                                          "operator": "string",
                                                          "values": [
                                                            "list",
                                                            "string"
                                                          ]
                                                        }
                                                      ]
                                                    ],
                                                    "matchFields": [
                                                      "list",
                                                      [
                                                        "object",
                                                        {
                                                          "key": "string",
                                                          "operator": "string",
                                                          "values": [
                                                            "list",
                                                            "string"
                                                          ]
                                                        }
                                                      ]
                                                    ]
                                                  }
                                                ]
                                              ]
                                            }
                                          ]
                                        }
                                      ],
                                      "podAffinity": [
                                        "object",
                                        {
                                          "preferredDuringSchedulingIgnoredDuringExecution": [
                                            "list",
                                            [
                                              "object",
                                              {
                                                "podAffinityTerm": [
                                                  "object",
                                                  {
                                                    "labelSelector": [
                                                      "object",
                                                      {
                                                        "matchExpressions": [
                                                          "list",
                                                          [
                                                            "object",
                                                            {
                                                              "key": "string",
                                                              "operator": "string",
                                                              "values": [
                                                                "list",
                                                                "string"
                                                              ]
                                                            }
                                                          ]
                                                        ],
                                                        "matchLabels": [
                                                          "map",
                                                          "string"
                                                        ]
                                                      }
                                                    ],
                                                    "matchLabelKeys": [
                                                      "list",
                                                      "string"
                                                    ],
                                                    "mismatchLabelKeys": [
                                                      "list",
                                                      "string"
                                                    ],
                                                    "namespaceSelector": [
                                                      "object",
                                                      {
                                                        "matchExpressions": [
                                                          "list",
                                                          [
                                                            "object",
                                                            {
                                                              "key": "string",
                                                              "operator": "string",
                                                              "values": [
                                                                "list",
                                                                "string"
                                                              ]
                                                            }
                                                          ]
                                                        ],
                                                        "matchLabels": [
                                                          "map",
                                                          "string"
                                                        ]
                                                      }
                                                    ],
                                                    "namespaces": [
                                                      "list",
                                                      "string"
                                                    ],
                                                    "topologyKey": "string"
                                                  }
                                                ],
                                                "weight": "number"
                                              }
                                            ]
                                          ],
                                          "requiredDuringSchedulingIgnoredDuringExecution": [
                                            "list",
                                            [
                                              "object",
                                              {
                                                "labelSelector": [
                                                  "object",
                                                  {
                                                    "matchExpressions": [
                                                      "list",
                                                      [
                                                        "object",
                                                        {
                                                          "key": "string",
                                                          "operator": "string",
                                                          "values": [
                                                            "list",
                                                            "string"
                                                          ]
                                                        }
                                                      ]
                                                    ],
                                                    "matchLabels": [
                                                      "map",
                                                      "string"
                                                    ]
                                                  }
                                                ],
                                                "matchLabelKeys": [
                                                  "list",
                                                  "string"
                                                ],
                                                "mismatchLabelKeys": [
                                                  "list",
                                                  "string"
                                                ],
                                                "namespaceSelector": [
                                                  "object",
                                                  {
                                                    "matchExpressions": [
                                                      "list",
                                                      [
                                                        "object",
                                                        {
                                                          "key": "string",
                                                          "operator": "string",
                                                          "values": [
                                                            "list",
                                                            "string"
                                                          ]
                                                        }
                                                      ]
                                                    ],
                                                    "matchLabels": [
                                                      "map",
                                                      "string"
                                                    ]
                                                  }
                                                ],
                                                "namespaces": [
                                                  "list",
                                                  "string"
                                                ],
                                                "topologyKey": "string"
                                              }
                                            ]
                                          ]
                                        }
                                      ],
                                      "podAntiAffinity": [
                                        "object",
                                        {
                                          "preferredDuringSchedulingIgnoredDuringExecution": [
                                            "list",
                                            [
                                              "object",
                                              {
                                                "podAffinityTerm": [
                                                  "object",
                                                  {
                                                    "labelSelector": [
                                                      "object",
                                                      {
                                                        "matchExpressions": [
                                                          "list",
                                                          [
                                                            "object",
                                                            {
                                                              "key": "string",
                                                              "operator": "string",
                                                              "values": [
                                                                "list",
                                                                "string"
                                                              ]
                                                            }
                                                          ]
                                                        ],
                                                        "matchLabels": [
                                                          "map",
                                                          "string"
                                                        ]
                                                      }
                                                    ],
                                                    "matchLabelKeys": [
                                                      "list",
                                                      "string"
                                                    ],
                                                    "mismatchLabelKeys": [
                                                      "list",
                                                      "string"
                                                    ],
                                                    "namespaceSelector": [
                                                      "object",
                                                      {
                                                        "matchExpressions": [
                                                          "list",
                                                          [
                                                            "object",
                                                            {
                                                              "key": "string",
                                                              "operator": "string",
                                                              "values": [
                                                                "list",
                                                                "string"
                                                              ]
                                                            }
                                                          ]
                                                        ],
                                                        "matchLabels": [
                                                          "map",
                                                          "string"
                                                        ]
                                                      }
                                                    ],
                                                    "namespaces": [
                                                      "list",
                                                      "string"
                                                    ],
                                                    "topologyKey": "string"
                                                  }
                                                ],
                                                "weight": "number"
                                              }
                                            ]
                                          ],
                                          "requiredDuringSchedulingIgnoredDuringExecution": [
                                            "list",
                                            [
                                              "object",
                                              {
                                                "labelSelector": [
                                                  "object",
                                                  {
                                                    "matchExpressions": [
                                                      "list",
                                                      [
                                                        "object",
                                                        {
                                                          "key": "string",
                                                          "operator": "string",
                                                          "values": [
                                                            "list",
                                                            "string"
                                                          ]
                                                        }
                                                      ]
                                                    ],
                                                    "matchLabels": [
                                                      "map",
                                                      "string"
                                                    ]
                                                  }
                                                ],
                                                "matchLabelKeys": [
                                                  "list",
                                                  "string"
                                                ],
                                                "mismatchLabelKeys": [
                                                  "list",
                                                  "string"
                                                ],
                                                "namespaceSelector": [
                                                  "object",
                                                  {
                                                    "matchExpressions": [
                                                      "list",
                                                      [
                                                        "object",
                                                        {
                                                          "key": "string",
                                                          "operator": "string",
                                                          "values": [
                                                            "list",
                                                            "string"
                                                          ]
                                                        }
                                                      ]
                                                    ],
                                                    "matchLabels": [
                                                      "map",
                                                      "string"
                                                    ]
                                                  }
                                                ],
                                                "namespaces": [
                                                  "list",
                                                  "string"
                                                ],
                                                "topologyKey": "string"
                                              }
                                            ]
                                          ]
                                        }
                                      ]
                                    }
                                  ],
                                  "dnsConfig": [
                                    "object",
                                    {
                                      "nameservers": [
                                        "list",
                                        "string"
                                      ],
                                      "options": [
                                        "list",
                                        [
                                          "object",
                                          {
                                            "name": "string",
                                            "value": "string"
                                          }
                                        ]
                                      ],
                                      "searches": [
                                        "list",
                                        "string"
                                      ]
                                    }
                                  ],
                                  "dnsPolicy": "string",
                                  "enableServiceLinks": "bool",
                                  "hostAliases": [
                                    "list",
                                    [
                                      "object",
                                      {
                                        "hostnames": [
                                          "list",
                                          "string"
                                        ],
                                        "ip": "string"
                                      }
                                    ]
                                  ],
                                  "imagePullSecrets": [
                                    "list",
                                    [
                                      "object",
                                      {
                                        "name": "string"
                                      }
                                    ]
                                  ],
                                  "metadata": [
                                    "object",
                                    {
                                      "annotations": [
                                        "map",
                                        "string"
                                      ],
                                      "labels": [
                                        "map",
                                        "string"
                                      ]
                                    }
                                  ],
                                  "priorityClassName": "string",
                                  "schedulerName": "string",
                                  "securityContext": [
                                    "object",
                                    {
                                      "appArmorProfile": [
                                        "object",
                                        {
                                          "localhostProfile": "string",
                                          "type": "string"
                                        }
                                      ],
                                      "fsGroup": "number",
                                      "fsGroupChangePolicy": "string",
                                      "runAsGroup": "number",
                                      "runAsNonRoot": "bool",
                                      "runAsUser": "number",
                                      "seLinuxChangePolicy": "string",
                                      "seLinuxOptions": [
                                        "object",
                                        {
                                          "level": "string",
                                          "role": "string",
                                          "type": "string",
                                          "user": "string"
                                        }
                                      ],
                                      "seccompProfile": [
                                        "object",
                                        {
                                          "localhostProfile": "string",
                                          "type": "string"
                                        }
                                      ],
                                      "supplementalGroups": [
                                        "list",
                                        "number"
                                      ],
                                      "supplementalGroupsPolicy": "string",
                                      "sysctls": [
                                        "list",
                                        [
                                          "object",
                                          {
                                            "name": "string",
                                            "value": "string"
                                          }
                                        ]
                                      ],
                                      "windowsOptions": [
                                        "object",
                                        {
                                          "gmsaCredentialSpec": "string",
                                          "gmsaCredentialSpecName": "string",
                                          "hostProcess": "bool",
                                          "runAsUserName": "string"
                                        }
                                      ]
                                    }
                                  ],
                                  "terminationGracePeriodSeconds": "number",
                                  "tmpDirSizeLimit": "string",
                                  "tolerations": [
                                    "list",
                                    [
                                      "object",
                                      {
                                        "effect": "string",
                                        "key": "string",
                                        "operator": "string",
                                        "tolerationSeconds": "number",
                                        "value": "string"
                                      }
                                    ]
                                  ],
                                  "topologySpreadConstraints": [
                                    "list",
                                    [
                                      "object",
                                      {
                                        "labelSelector": [
                                          "object",
                                          {
                                            "matchExpressions": [
                                              "list",
                                              [
                                                "object",
                                                {
                                                  "key": "string",
                                                  "operator": "string",
                                                  "values": [
                                                    "list",
                                                    "string"
                                                  ]
                                                }
                                              ]
                                            ],
                                            "matchLabels": [
                                              "map",
                                              "string"
                                            ]
                                          }
                                        ],
                                        "matchLabelKeys": [
                                          "list",
                                          "string"
                                        ],
                                        "maxSkew": "number",
                                        "minDomains": "number",
                                        "nodeAffinityPolicy": "string",
                                        "nodeTaintsPolicy": "string",
                                        "topologyKey": "string",
                                        "whenUnsatisfiable": "string"
                                      }
                                    ]
                                  ],
                                  "volumes": [
                                    "list",
                                    [
                                      "object",
                                      {
                                        "configMap": [
                                          "object",
                                          {
                                            "defaultMode": "number",
                                            "items": [
                                              "list",
                                              [
                                                "object",
                                                {
                                                  "key": "string",
                                                  "mode": "number",
                                                  "path": "string"
                                                }
                                              ]
                                            ],
                                            "name": "string",
                                            "optional": "bool"
                                          }
                                        ],
                                        "csi": [
                                          "object",
                                          {
                                            "driver": "string",
                                            "fsType": "string",
                                            "nodePublishSecretRef": [
                                              "object",
                                              {
                                                "name": "string"
                                              }
                                            ],
                                            "readOnly": "bool",
                                            "volumeAttributes": [
                                              "map",
                                              "string"
                                            ]
                                          }
                                        ],
                                        "emptyDir": [
                                          "object",
                                          {
                                            "medium": "string",
                                            "sizeLimit": "string"
                                          }
                                        ],
                                        "image": [
                                          "object",
                                          {
                                            "pullPolicy": "string",
                                            "reference": "string"
                                          }
                                        ],
                                        "name": "string",
                                        "persistentVolumeClaim": [
                                          "object",
                                          {
                                            "claimName": "string",
                                            "readOnly": "bool"
                                          }
                                        ],
                                        "secret": [
                                          "object",
                                          {
                                            "defaultMode": "number",
                                            "items": [
                                              "list",
                                              [
                                                "object",
                                                {
                                                  "key": "string",
                                                  "mode": "number",
                                                  "path": "string"
                                                }
                                              ]
                                            ],
                                            "optional": "bool",
                                            "secretName": "string"
                                          }
                                        ]
                                      }
                                    ]
                                  ]
                                }
                              ],
                              "podDisruptionBudget": [
                                "object",
                                {
                                  "maxUnavailable": "number",
                                  "metadata": [
                                    "object",
                                    {
                                      "annotations": [
                                        "map",
                                        "string"
                                      ],
                                      "labels": [
                                        "map",
                                        "string"
                                      ]
                                    }
                                  ]
                                }
                              ],
                              "serviceAccount": [
                                "object",
                                {
                                  "metadata": [
                                    "object",
                                    {
                                      "annotations": [
                                        "map",
                                        "string"
                                      ],
                                      "labels": [
                                        "map",
                                        "string"
                                      ]
                                    }
                                  ]
                                }
                              ],
                              "tlsSidecarContainer": [
                                "object",
                                {
                                  "env": [
                                    "list",
                                    [
                                      "object",
                                      {
                                        "name": "string",
                                        "value": "string",
                                        "valueFrom": [
                                          "object",
                                          {
                                            "configMapKeyRef": [
                                              "object",
                                              {
                                                "key": "string",
                                                "name": "string",
                                                "optional": "bool"
                                              }
                                            ],
                                            "secretKeyRef": [
                                              "object",
                                              {
                                                "key": "string",
                                                "name": "string",
                                                "optional": "bool"
                                              }
                                            ]
                                          }
                                        ]
                                      }
                                    ]
                                  ],
                                  "securityContext": [
                                    "object",
                                    {
                                      "allowPrivilegeEscalation": "bool",
                                      "appArmorProfile": [
                                        "object",
                                        {
                                          "localhostProfile": "string",
                                          "type": "string"
                                        }
                                      ],
                                      "capabilities": [
                                        "object",
                                        {
                                          "add": [
                                            "list",
                                            "string"
                                          ],
                                          "drop": [
                                            "list",
                                            "string"
                                          ]
                                        }
                                      ],
                                      "privileged": "bool",
                                      "procMount": "string",
                                      "readOnlyRootFilesystem": "bool",
                                      "runAsGroup": "number",
                                      "runAsNonRoot": "bool",
                                      "runAsUser": "number",
                                      "seLinuxOptions": [
                                        "object",
                                        {
                                          "level": "string",
                                          "role": "string",
                                          "type": "string",
                                          "user": "string"
                                        }
                                      ],
                                      "seccompProfile": [
                                        "object",
                                        {
                                          "localhostProfile": "string",
                                          "type": "string"
                                        }
                                      ],
                                      "windowsOptions": [
                                        "object",
                                        {
                                          "gmsaCredentialSpec": "string",
                                          "gmsaCredentialSpecName": "string",
                                          "hostProcess": "bool",
                                          "runAsUserName": "string"
                                        }
                                      ]
                                    }
                                  ],
                                  "volumeMounts": [
                                    "list",
                                    [
                                      "object",
                                      {
                                        "mountPath": "string",
                                        "mountPropagation": "string",
                                        "name": "string",
                                        "readOnly": "bool",
                                        "recursiveReadOnly": "string",
                                        "subPath": "string",
                                        "subPathExpr": "string"
                                      }
                                    ]
                                  ]
                                }
                              ],
                              "topicOperatorContainer": [
                                "object",
                                {
                                  "env": [
                                    "list",
                                    [
                                      "object",
                                      {
                                        "name": "string",
                                        "value": "string",
                                        "valueFrom": [
                                          "object",
                                          {
                                            "configMapKeyRef": [
                                              "object",
                                              {
                                                "key": "string",
                                                "name": "string",
                                                "optional": "bool"
                                              }
                                            ],
                                            "secretKeyRef": [
                                              "object",
                                              {
                                                "key": "string",
                                                "name": "string",
                                                "optional": "bool"
                                              }
                                            ]
                                          }
                                        ]
                                      }
                                    ]
                                  ],
                                  "securityContext": [
                                    "object",
                                    {
                                      "allowPrivilegeEscalation": "bool",
                                      "appArmorProfile": [
                                        "object",
                                        {
                                          "localhostProfile": "string",
                                          "type": "string"
                                        }
                                      ],
                                      "capabilities": [
                                        "object",
                                        {
                                          "add": [
                                            "list",
                                            "string"
                                          ],
                                          "drop": [
                                            "list",
                                            "string"
                                          ]
                                        }
                                      ],
                                      "privileged": "bool",
                                      "procMount": "string",
                                      "readOnlyRootFilesystem": "bool",
                                      "runAsGroup": "number",
                                      "runAsNonRoot": "bool",
                                      "runAsUser": "number",
                                      "seLinuxOptions": [
                                        "object",
                                        {
                                          "level": "string",
                                          "role": "string",
                                          "type": "string",
                                          "user": "string"
                                        }
                                      ],
                                      "seccompProfile": [
                                        "object",
                                        {
                                          "localhostProfile": "string",
                                          "type": "string"
                                        }
                                      ],
                                      "windowsOptions": [
                                        "object",
                                        {
                                          "gmsaCredentialSpec": "string",
                                          "gmsaCredentialSpecName": "string",
                                          "hostProcess": "bool",
                                          "runAsUserName": "string"
                                        }
                                      ]
                                    }
                                  ],
                                  "volumeMounts": [
                                    "list",
                                    [
                                      "object",
                                      {
                                        "mountPath": "string",
                                        "mountPropagation": "string",
                                        "name": "string",
                                        "readOnly": "bool",
                                        "recursiveReadOnly": "string",
                                        "subPath": "string",
                                        "subPathExpr": "string"
                                      }
                                    ]
                                  ]
                                }
                              ],
                              "topicOperatorRoleBinding": [
                                "object",
                                {
                                  "metadata": [
                                    "object",
                                    {
                                      "annotations": [
                                        "map",
                                        "string"
                                      ],
                                      "labels": [
                                        "map",
                                        "string"
                                      ]
                                    }
                                  ]
                                }
                              ],
                              "userOperatorContainer": [
                                "object",
                                {
                                  "env": [
                                    "list",
                                    [
                                      "object",
                                      {
                                        "name": "string",
                                        "value": "string",
                                        "valueFrom": [
                                          "object",
                                          {
                                            "configMapKeyRef": [
                                              "object",
                                              {
                                                "key": "string",
                                                "name": "string",
                                                "optional": "bool"
                                              }
                                            ],
                                            "secretKeyRef": [
                                              "object",
                                              {
                                                "key": "string",
                                                "name": "string",
                                                "optional": "bool"
                                              }
                                            ]
                                          }
                                        ]
                                      }
                                    ]
                                  ],
                                  "securityContext": [
                                    "object",
                                    {
                                      "allowPrivilegeEscalation": "bool",
                                      "appArmorProfile": [
                                        "object",
                                        {
                                          "localhostProfile": "string",
                                          "type": "string"
                                        }
                                      ],
                                      "capabilities": [
                                        "object",
                                        {
                                          "add": [
                                            "list",
                                            "string"
                                          ],
                                          "drop": [
                                            "list",
                                            "string"
                                          ]
                                        }
                                      ],
                                      "privileged": "bool",
                                      "procMount": "string",
                                      "readOnlyRootFilesystem": "bool",
                                      "runAsGroup": "number",
                                      "runAsNonRoot": "bool",
                                      "runAsUser": "number",
                                      "seLinuxOptions": [
                                        "object",
                                        {
                                          "level": "string",
                                          "role": "string",
                                          "type": "string",
                                          "user": "string"
                                        }
                                      ],
                                      "seccompProfile": [
                                        "object",
                                        {
                                          "localhostProfile": "string",
                                          "type": "string"
                                        }
                                      ],
                                      "windowsOptions": [
                                        "object",
                                        {
                                          "gmsaCredentialSpec": "string",
                                          "gmsaCredentialSpecName": "string",
                                          "hostProcess": "bool",
                                          "runAsUserName": "string"
                                        }
                                      ]
                                    }
                                  ],
                                  "volumeMounts": [
                                    "list",
                                    [
                                      "object",
                                      {
                                        "mountPath": "string",
                                        "mountPropagation": "string",
                                        "name": "string",
                                        "readOnly": "bool",
                                        "recursiveReadOnly": "string",
                                        "subPath": "string",
                                        "subPathExpr": "string"
                                      }
                                    ]
                                  ]
                                }
                              ],
                              "userOperatorRoleBinding": [
                                "object",
                                {
                                  "metadata": [
                                    "object",
                                    {
                                      "annotations": [
                                        "map",
                                        "string"
                                      ],
                                      "labels": [
                                        "map",
                                        "string"
                                      ]
                                    }
                                  ]
                                }
                              ]
                            }
                          ],
                          "tlsSidecar": [
                            "object",
                            {
                              "image": "string",
                              "livenessProbe": [
                                "object",
                                {
                                  "failureThreshold": "number",
                                  "initialDelaySeconds": "number",
                                  "periodSeconds": "number",
                                  "successThreshold": "number",
                                  "timeoutSeconds": "number"
                                }
                              ],
                              "logLevel": "string",
                              "readinessProbe": [
                                "object",
                                {
                                  "failureThreshold": "number",
                                  "initialDelaySeconds": "number",
                                  "periodSeconds": "number",
                                  "successThreshold": "number",
                                  "timeoutSeconds": "number"
                                }
                              ],
                              "resources": [
                                "object",
                                {
                                  "claims": [
                                    "list",
                                    [
                                      "object",
                                      {
                                        "name": "string",
                                        "request": "string"
                                      }
                                    ]
                                  ],
                                  "limits": [
                                    "map",
                                    "string"
                                  ],
                                  "requests": [
                                    "map",
                                    "string"
                                  ]
                                }
                              ]
                            }
                          ],
                          "topicOperator": [
                            "object",
                            {
                              "image": "string",
                              "jvmOptions": [
                                "object",
                                {
                                  "-XX": [
                                    "map",
                                    "string"
                                  ],
                                  "-Xms": "string",
                                  "-Xmx": "string",
                                  "gcLoggingEnabled": "bool",
                                  "javaSystemProperties": [
                                    "list",
                                    [
                                      "object",
                                      {
                                        "name": "string",
                                        "value": "string"
                                      }
                                    ]
                                  ]
                                }
                              ],
                              "livenessProbe": [
                                "object",
                                {
                                  "failureThreshold": "number",
                                  "initialDelaySeconds": "number",
                                  "periodSeconds": "number",
                                  "successThreshold": "number",
                                  "timeoutSeconds": "number"
                                }
                              ],
                              "logging": [
                                "object",
                                {
                                  "loggers": [
                                    "map",
                                    "string"
                                  ],
                                  "type": "string",
                                  "valueFrom": [
                                    "object",
                                    {
                                      "configMapKeyRef": [
                                        "object",
                                        {
                                          "key": "string",
                                          "name": "string",
                                          "optional": "bool"
                                        }
                                      ]
                                    }
                                  ]
                                }
                              ],
                              "readinessProbe": [
                                "object",
                                {
                                  "failureThreshold": "number",
                                  "initialDelaySeconds": "number",
                                  "periodSeconds": "number",
                                  "successThreshold": "number",
                                  "timeoutSeconds": "number"
                                }
                              ],
                              "reconciliationIntervalMs": "number",
                              "reconciliationIntervalSeconds": "number",
                              "resources": [
                                "object",
                                {
                                  "claims": [
                                    "list",
                                    [
                                      "object",
                                      {
                                        "name": "string",
                                        "request": "string"
                                      }
                                    ]
                                  ],
                                  "limits": [
                                    "map",
                                    "string"
                                  ],
                                  "requests": [
                                    "map",
                                    "string"
                                  ]
                                }
                              ],
                              "startupProbe": [
                                "object",
                                {
                                  "failureThreshold": "number",
                                  "initialDelaySeconds": "number",
                                  "periodSeconds": "number",
                                  "successThreshold": "number",
                                  "timeoutSeconds": "number"
                                }
                              ],
                              "topicMetadataMaxAttempts": "number",
                              "watchedNamespace": "string",
                              "zookeeperSessionTimeoutSeconds": "number"
                            }
                          ],
                          "userOperator": [
                            "object",
                            {
                              "image": "string",
                              "jvmOptions": [
                                "object",
                                {
                                  "-XX": [
                                    "map",
                                    "string"
                                  ],
                                  "-Xms": "string",
                                  "-Xmx": "string",
                                  "gcLoggingEnabled": "bool",
                                  "javaSystemProperties": [
                                    "list",
                                    [
                                      "object",
                                      {
                                        "name": "string",
                                        "value": "string"
                                      }
                                    ]
                                  ]
                                }
                              ],
                              "livenessProbe": [
                                "object",
                                {
                                  "failureThreshold": "number",
                                  "initialDelaySeconds": "number",
                                  "periodSeconds": "number",
                                  "successThreshold": "number",
                                  "timeoutSeconds": "number"
                                }
                              ],
                              "logging": [
                                "object",
                                {
                                  "loggers": [
                                    "map",
                                    "string"
                                  ],
                                  "type": "string",
                                  "valueFrom": [
                                    "object",
                                    {
                                      "configMapKeyRef": [
                                        "object",
                                        {
                                          "key": "string",
                                          "name": "string",
                                          "optional": "bool"
                                        }
                                      ]
                                    }
                                  ]
                                }
                              ],
                              "readinessProbe": [
                                "object",
                                {
                                  "failureThreshold": "number",
                                  "initialDelaySeconds": "number",
                                  "periodSeconds": "number",
                                  "successThreshold": "number",
                                  "timeoutSeconds": "number"
                                }
                              ],
                              "reconciliationIntervalMs": "number",
                              "reconciliationIntervalSeconds": "number",
                              "resources": [
                                "object",
                                {
                                  "claims": [
                                    "list",
                                    [
                                      "object",
                                      {
                                        "name": "string",
                                        "request": "string"
                                      }
                                    ]
                                  ],
                                  "limits": [
                                    "map",
                                    "string"
                                  ],
                                  "requests": [
                                    "map",
                                    "string"
                                  ]
                                }
                              ],
                              "secretPrefix": "string",
                              "watchedNamespace": "string",
                              "zookeeperSessionTimeoutSeconds": "number"
                            }
                          ]
                        }
                      ],
                      "jmxTrans": [
                        "object",
                        {
                          "image": "string",
                          "kafkaQueries": [
                            "list",
                            [
                              "object",
                              {
                                "attributes": [
                                  "list",
                                  "string"
                                ],
                                "outputs": [
                                  "list",
                                  "string"
                                ],
                                "targetMBean": "string"
                              }
                            ]
                          ],
                          "logLevel": "string",
                          "outputDefinitions": [
                            "list",
                            [
                              "object",
                              {
                                "flushDelayInSeconds": "number",
                                "host": "string",
                                "name": "string",
                                "outputType": "string",
                                "port": "number",
                                "typeNames": [
                                  "list",
                                  "string"
                                ]
                              }
                            ]
                          ],
                          "resources": [
                            "object",
                            {
                              "claims": [
                                "list",
                                [
                                  "object",
                                  {
                                    "name": "string",
                                    "request": "string"
                                  }
                                ]
                              ],
                              "limits": [
                                "map",
                                "string"
                              ],
                              "requests": [
                                "map",
                                "string"
                              ]
                            }
                          ],
                          "template": [
                            "object",
                            {
                              "container": [
                                "object",
                                {
                                  "env": [
                                    "list",
                                    [
                                      "object",
                                      {
                                        "name": "string",
                                        "value": "string",
                                        "valueFrom": [
                                          "object",
                                          {
                                            "configMapKeyRef": [
                                              "object",
                                              {
                                                "key": "string",
                                                "name": "string",
                                                "optional": "bool"
                                              }
                                            ],
                                            "secretKeyRef": [
                                              "object",
                                              {
                                                "key": "string",
                                                "name": "string",
                                                "optional": "bool"
                                              }
                                            ]
                                          }
                                        ]
                                      }
                                    ]
                                  ],
                                  "securityContext": [
                                    "object",
                                    {
                                      "allowPrivilegeEscalation": "bool",
                                      "appArmorProfile": [
                                        "object",
                                        {
                                          "localhostProfile": "string",
                                          "type": "string"
                                        }
                                      ],
                                      "capabilities": [
                                        "object",
                                        {
                                          "add": [
                                            "list",
                                            "string"
                                          ],
                                          "drop": [
                                            "list",
                                            "string"
                                          ]
                                        }
                                      ],
                                      "privileged": "bool",
                                      "procMount": "string",
                                      "readOnlyRootFilesystem": "bool",
                                      "runAsGroup": "number",
                                      "runAsNonRoot": "bool",
                                      "runAsUser": "number",
                                      "seLinuxOptions": [
                                        "object",
                                        {
                                          "level": "string",
                                          "role": "string",
                                          "type": "string",
                                          "user": "string"
                                        }
                                      ],
                                      "seccompProfile": [
                                        "object",
                                        {
                                          "localhostProfile": "string",
                                          "type": "string"
                                        }
                                      ],
                                      "windowsOptions": [
                                        "object",
                                        {
                                          "gmsaCredentialSpec": "string",
                                          "gmsaCredentialSpecName": "string",
                                          "hostProcess": "bool",
                                          "runAsUserName": "string"
                                        }
                                      ]
                                    }
                                  ],
                                  "volumeMounts": [
                                    "list",
                                    [
                                      "object",
                                      {
                                        "mountPath": "string",
                                        "mountPropagation": "string",
                                        "name": "string",
                                        "readOnly": "bool",
                                        "recursiveReadOnly": "string",
                                        "subPath": "string",
                                        "subPathExpr": "string"
                                      }
                                    ]
                                  ]
                                }
                              ],
                              "deployment": [
                                "object",
                                {
                                  "deploymentStrategy": "string",
                                  "metadata": [
                                    "object",
                                    {
                                      "annotations": [
                                        "map",
                                        "string"
                                      ],
                                      "labels": [
                                        "map",
                                        "string"
                                      ]
                                    }
                                  ]
                                }
                              ],
                              "pod": [
                                "object",
                                {
                                  "affinity": [
                                    "object",
                                    {
                                      "nodeAffinity": [
                                        "object",
                                        {
                                          "preferredDuringSchedulingIgnoredDuringExecution": [
                                            "list",
                                            [
                                              "object",
                                              {
                                                "preference": [
                                                  "object",
                                                  {
                                                    "matchExpressions": [
                                                      "list",
                                                      [
                                                        "object",
                                                        {
                                                          "key": "string",
                                                          "operator": "string",
                                                          "values": [
                                                            "list",
                                                            "string"
                                                          ]
                                                        }
                                                      ]
                                                    ],
                                                    "matchFields": [
                                                      "list",
                                                      [
                                                        "object",
                                                        {
                                                          "key": "string",
                                                          "operator": "string",
                                                          "values": [
                                                            "list",
                                                            "string"
                                                          ]
                                                        }
                                                      ]
                                                    ]
                                                  }
                                                ],
                                                "weight": "number"
                                              }
                                            ]
                                          ],
                                          "requiredDuringSchedulingIgnoredDuringExecution": [
                                            "object",
                                            {
                                              "nodeSelectorTerms": [
                                                "list",
                                                [
                                                  "object",
                                                  {
                                                    "matchExpressions": [
                                                      "list",
                                                      [
                                                        "object",
                                                        {
                                                          "key": "string",
                                                          "operator": "string",
                                                          "values": [
                                                            "list",
                                                            "string"
                                                          ]
                                                        }
                                                      ]
                                                    ],
                                                    "matchFields": [
                                                      "list",
                                                      [
                                                        "object",
                                                        {
                                                          "key": "string",
                                                          "operator": "string",
                                                          "values": [
                                                            "list",
                                                            "string"
                                                          ]
                                                        }
                                                      ]
                                                    ]
                                                  }
                                                ]
                                              ]
                                            }
                                          ]
                                        }
                                      ],
                                      "podAffinity": [
                                        "object",
                                        {
                                          "preferredDuringSchedulingIgnoredDuringExecution": [
                                            "list",
                                            [
                                              "object",
                                              {
                                                "podAffinityTerm": [
                                                  "object",
                                                  {
                                                    "labelSelector": [
                                                      "object",
                                                      {
                                                        "matchExpressions": [
                                                          "list",
                                                          [
                                                            "object",
                                                            {
                                                              "key": "string",
                                                              "operator": "string",
                                                              "values": [
                                                                "list",
                                                                "string"
                                                              ]
                                                            }
                                                          ]
                                                        ],
                                                        "matchLabels": [
                                                          "map",
                                                          "string"
                                                        ]
                                                      }
                                                    ],
                                                    "matchLabelKeys": [
                                                      "list",
                                                      "string"
                                                    ],
                                                    "mismatchLabelKeys": [
                                                      "list",
                                                      "string"
                                                    ],
                                                    "namespaceSelector": [
                                                      "object",
                                                      {
                                                        "matchExpressions": [
                                                          "list",
                                                          [
                                                            "object",
                                                            {
                                                              "key": "string",
                                                              "operator": "string",
                                                              "values": [
                                                                "list",
                                                                "string"
                                                              ]
                                                            }
                                                          ]
                                                        ],
                                                        "matchLabels": [
                                                          "map",
                                                          "string"
                                                        ]
                                                      }
                                                    ],
                                                    "namespaces": [
                                                      "list",
                                                      "string"
                                                    ],
                                                    "topologyKey": "string"
                                                  }
                                                ],
                                                "weight": "number"
                                              }
                                            ]
                                          ],
                                          "requiredDuringSchedulingIgnoredDuringExecution": [
                                            "list",
                                            [
                                              "object",
                                              {
                                                "labelSelector": [
                                                  "object",
                                                  {
                                                    "matchExpressions": [
                                                      "list",
                                                      [
                                                        "object",
                                                        {
                                                          "key": "string",
                                                          "operator": "string",
                                                          "values": [
                                                            "list",
                                                            "string"
                                                          ]
                                                        }
                                                      ]
                                                    ],
                                                    "matchLabels": [
                                                      "map",
                                                      "string"
                                                    ]
                                                  }
                                                ],
                                                "matchLabelKeys": [
                                                  "list",
                                                  "string"
                                                ],
                                                "mismatchLabelKeys": [
                                                  "list",
                                                  "string"
                                                ],
                                                "namespaceSelector": [
                                                  "object",
                                                  {
                                                    "matchExpressions": [
                                                      "list",
                                                      [
                                                        "object",
                                                        {
                                                          "key": "string",
                                                          "operator": "string",
                                                          "values": [
                                                            "list",
                                                            "string"
                                                          ]
                                                        }
                                                      ]
                                                    ],
                                                    "matchLabels": [
                                                      "map",
                                                      "string"
                                                    ]
                                                  }
                                                ],
                                                "namespaces": [
                                                  "list",
                                                  "string"
                                                ],
                                                "topologyKey": "string"
                                              }
                                            ]
                                          ]
                                        }
                                      ],
                                      "podAntiAffinity": [
                                        "object",
                                        {
                                          "preferredDuringSchedulingIgnoredDuringExecution": [
                                            "list",
                                            [
                                              "object",
                                              {
                                                "podAffinityTerm": [
                                                  "object",
                                                  {
                                                    "labelSelector": [
                                                      "object",
                                                      {
                                                        "matchExpressions": [
                                                          "list",
                                                          [
                                                            "object",
                                                            {
                                                              "key": "string",
                                                              "operator": "string",
                                                              "values": [
                                                                "list",
                                                                "string"
                                                              ]
                                                            }
                                                          ]
                                                        ],
                                                        "matchLabels": [
                                                          "map",
                                                          "string"
                                                        ]
                                                      }
                                                    ],
                                                    "matchLabelKeys": [
                                                      "list",
                                                      "string"
                                                    ],
                                                    "mismatchLabelKeys": [
                                                      "list",
                                                      "string"
                                                    ],
                                                    "namespaceSelector": [
                                                      "object",
                                                      {
                                                        "matchExpressions": [
                                                          "list",
                                                          [
                                                            "object",
                                                            {
                                                              "key": "string",
                                                              "operator": "string",
                                                              "values": [
                                                                "list",
                                                                "string"
                                                              ]
                                                            }
                                                          ]
                                                        ],
                                                        "matchLabels": [
                                                          "map",
                                                          "string"
                                                        ]
                                                      }
                                                    ],
                                                    "namespaces": [
                                                      "list",
                                                      "string"
                                                    ],
                                                    "topologyKey": "string"
                                                  }
                                                ],
                                                "weight": "number"
                                              }
                                            ]
                                          ],
                                          "requiredDuringSchedulingIgnoredDuringExecution": [
                                            "list",
                                            [
                                              "object",
                                              {
                                                "labelSelector": [
                                                  "object",
                                                  {
                                                    "matchExpressions": [
                                                      "list",
                                                      [
                                                        "object",
                                                        {
                                                          "key": "string",
                                                          "operator": "string",
                                                          "values": [
                                                            "list",
                                                            "string"
                                                          ]
                                                        }
                                                      ]
                                                    ],
                                                    "matchLabels": [
                                                      "map",
                                                      "string"
                                                    ]
                                                  }
                                                ],
                                                "matchLabelKeys": [
                                                  "list",
                                                  "string"
                                                ],
                                                "mismatchLabelKeys": [
                                                  "list",
                                                  "string"
                                                ],
                                                "namespaceSelector": [
                                                  "object",
                                                  {
                                                    "matchExpressions": [
                                                      "list",
                                                      [
                                                        "object",
                                                        {
                                                          "key": "string",
                                                          "operator": "string",
                                                          "values": [
                                                            "list",
                                                            "string"
                                                          ]
                                                        }
                                                      ]
                                                    ],
                                                    "matchLabels": [
                                                      "map",
                                                      "string"
                                                    ]
                                                  }
                                                ],
                                                "namespaces": [
                                                  "list",
                                                  "string"
                                                ],
                                                "topologyKey": "string"
                                              }
                                            ]
                                          ]
                                        }
                                      ]
                                    }
                                  ],
                                  "dnsConfig": [
                                    "object",
                                    {
                                      "nameservers": [
                                        "list",
                                        "string"
                                      ],
                                      "options": [
                                        "list",
                                        [
                                          "object",
                                          {
                                            "name": "string",
                                            "value": "string"
                                          }
                                        ]
                                      ],
                                      "searches": [
                                        "list",
                                        "string"
                                      ]
                                    }
                                  ],
                                  "dnsPolicy": "string",
                                  "enableServiceLinks": "bool",
                                  "hostAliases": [
                                    "list",
                                    [
                                      "object",
                                      {
                                        "hostnames": [
                                          "list",
                                          "string"
                                        ],
                                        "ip": "string"
                                      }
                                    ]
                                  ],
                                  "imagePullSecrets": [
                                    "list",
                                    [
                                      "object",
                                      {
                                        "name": "string"
                                      }
                                    ]
                                  ],
                                  "metadata": [
                                    "object",
                                    {
                                      "annotations": [
                                        "map",
                                        "string"
                                      ],
                                      "labels": [
                                        "map",
                                        "string"
                                      ]
                                    }
                                  ],
                                  "priorityClassName": "string",
                                  "schedulerName": "string",
                                  "securityContext": [
                                    "object",
                                    {
                                      "appArmorProfile": [
                                        "object",
                                        {
                                          "localhostProfile": "string",
                                          "type": "string"
                                        }
                                      ],
                                      "fsGroup": "number",
                                      "fsGroupChangePolicy": "string",
                                      "runAsGroup": "number",
                                      "runAsNonRoot": "bool",
                                      "runAsUser": "number",
                                      "seLinuxChangePolicy": "string",
                                      "seLinuxOptions": [
                                        "object",
                                        {
                                          "level": "string",
                                          "role": "string",
                                          "type": "string",
                                          "user": "string"
                                        }
                                      ],
                                      "seccompProfile": [
                                        "object",
                                        {
                                          "localhostProfile": "string",
                                          "type": "string"
                                        }
                                      ],
                                      "supplementalGroups": [
                                        "list",
                                        "number"
                                      ],
                                      "supplementalGroupsPolicy": "string",
                                      "sysctls": [
                                        "list",
                                        [
                                          "object",
                                          {
                                            "name": "string",
                                            "value": "string"
                                          }
                                        ]
                                      ],
                                      "windowsOptions": [
                                        "object",
                                        {
                                          "gmsaCredentialSpec": "string",
                                          "gmsaCredentialSpecName": "string",
                                          "hostProcess": "bool",
                                          "runAsUserName": "string"
                                        }
                                      ]
                                    }
                                  ],
                                  "terminationGracePeriodSeconds": "number",
                                  "tmpDirSizeLimit": "string",
                                  "tolerations": [
                                    "list",
                                    [
                                      "object",
                                      {
                                        "effect": "string",
                                        "key": "string",
                                        "operator": "string",
                                        "tolerationSeconds": "number",
                                        "value": "string"
                                      }
                                    ]
                                  ],
                                  "topologySpreadConstraints": [
                                    "list",
                                    [
                                      "object",
                                      {
                                        "labelSelector": [
                                          "object",
                                          {
                                            "matchExpressions": [
                                              "list",
                                              [
                                                "object",
                                                {
                                                  "key": "string",
                                                  "operator": "string",
                                                  "values": [
                                                    "list",
                                                    "string"
                                                  ]
                                                }
                                              ]
                                            ],
                                            "matchLabels": [
                                              "map",
                                              "string"
                                            ]
                                          }
                                        ],
                                        "matchLabelKeys": [
                                          "list",
                                          "string"
                                        ],
                                        "maxSkew": "number",
                                        "minDomains": "number",
                                        "nodeAffinityPolicy": "string",
                                        "nodeTaintsPolicy": "string",
                                        "topologyKey": "string",
                                        "whenUnsatisfiable": "string"
                                      }
                                    ]
                                  ],
                                  "volumes": [
                                    "list",
                                    [
                                      "object",
                                      {
                                        "configMap": [
                                          "object",
                                          {
                                            "defaultMode": "number",
                                            "items": [
                                              "list",
                                              [
                                                "object",
                                                {
                                                  "key": "string",
                                                  "mode": "number",
                                                  "path": "string"
                                                }
                                              ]
                                            ],
                                            "name": "string",
                                            "optional": "bool"
                                          }
                                        ],
                                        "csi": [
                                          "object",
                                          {
                                            "driver": "string",
                                            "fsType": "string",
                                            "nodePublishSecretRef": [
                                              "object",
                                              {
                                                "name": "string"
                                              }
                                            ],
                                            "readOnly": "bool",
                                            "volumeAttributes": [
                                              "map",
                                              "string"
                                            ]
                                          }
                                        ],
                                        "emptyDir": [
                                          "object",
                                          {
                                            "medium": "string",
                                            "sizeLimit": "string"
                                          }
                                        ],
                                        "image": [
                                          "object",
                                          {
                                            "pullPolicy": "string",
                                            "reference": "string"
                                          }
                                        ],
                                        "name": "string",
                                        "persistentVolumeClaim": [
                                          "object",
                                          {
                                            "claimName": "string",
                                            "readOnly": "bool"
                                          }
                                        ],
                                        "secret": [
                                          "object",
                                          {
                                            "defaultMode": "number",
                                            "items": [
                                              "list",
                                              [
                                                "object",
                                                {
                                                  "key": "string",
                                                  "mode": "number",
                                                  "path": "string"
                                                }
                                              ]
                                            ],
                                            "optional": "bool",
                                            "secretName": "string"
                                          }
                                        ]
                                      }
                                    ]
                                  ]
                                }
                              ],
                              "serviceAccount": [
                                "object",
                                {
                                  "metadata": [
                                    "object",
                                    {
                                      "annotations": [
                                        "map",
                                        "string"
                                      ],
                                      "labels": [
                                        "map",
                                        "string"
                                      ]
                                    }
                                  ]
                                }
                              ]
                            }
                          ]
                        }
                      ],
                      "kafka": [
                        "object",
                        {
                          "authorization": [
                            "object",
                            {
                              "allowOnError": "bool",
                              "authorizerClass": "string",
                              "clientId": "string",
                              "connectTimeoutSeconds": "number",
                              "delegateToKafkaAcls": "bool",
                              "disableTlsHostnameVerification": "bool",
                              "enableMetrics": "bool",
                              "expireAfterMs": "number",
                              "grantsAlwaysLatest": "bool",
                              "grantsGcPeriodSeconds": "number",
                              "grantsMaxIdleTimeSeconds": "number",
                              "grantsRefreshPeriodSeconds": "number",
                              "grantsRefreshPoolSize": "number",
                              "httpRetries": "number",
                              "includeAcceptHeader": "bool",
                              "initialCacheCapacity": "number",
                              "maximumCacheSize": "number",
                              "readTimeoutSeconds": "number",
                              "superUsers": [
                                "list",
                                "string"
                              ],
                              "supportsAdminApi": "bool",
                              "tlsTrustedCertificates": [
                                "list",
                                [
                                  "object",
                                  {
                                    "certificate": "string",
                                    "pattern": "string",
                                    "secretName": "string"
                                  }
                                ]
                              ],
                              "tokenEndpointUri": "string",
                              "type": "string",
                              "url": "string"
                            }
                          ],
                          "brokerRackInitImage": "string",
                          "config": [
                            "object",
                            {
                              "default.replication.factor": "number",
                              "min.insync.replicas": "number",
                              "offsets.topic.replication.factor": "number",
                              "transaction.state.log.min.isr": "number",
                              "transaction.state.log.replication.factor": "number"
                            }
                          ],
                          "image": "string",
                          "jmxOptions": [
                            "object",
                            {
                              "authentication": [
                                "object",
                                {
                                  "type": "string"
                                }
                              ]
                            }
                          ],
                          "jvmOptions": [
                            "object",
                            {
                              "-XX": [
                                "map",
                                "string"
                              ],
                              "-Xms": "string",
                              "-Xmx": "string",
                              "gcLoggingEnabled": "bool",
                              "javaSystemProperties": [
                                "list",
                                [
                                  "object",
                                  {
                                    "name": "string",
                                    "value": "string"
                                  }
                                ]
                              ]
                            }
                          ],
                          "listeners": [
                            "tuple",
                            [
                              [
                                "object",
                                {
                                  "authentication": [
                                    "object",
                                    {
                                      "accessTokenIsJwt": "bool",
                                      "checkAccessTokenType": "bool",
                                      "checkAudience": "bool",
                                      "checkIssuer": "bool",
                                      "clientAudience": "string",
                                      "clientGrantType": "string",
                                      "clientId": "string",
                                      "clientScope": "string",
                                      "clientSecret": [
                                        "object",
                                        {
                                          "key": "string",
                                          "secretName": "string"
                                        }
                                      ],
                                      "connectTimeoutSeconds": "number",
                                      "customClaimCheck": "string",
                                      "disableTlsHostnameVerification": "bool",
                                      "enableECDSA": "bool",
                                      "enableMetrics": "bool",
                                      "enableOauthBearer": "bool",
                                      "enablePlain": "bool",
                                      "failFast": "bool",
                                      "fallbackUserNameClaim": "string",
                                      "fallbackUserNamePrefix": "string",
                                      "groupsClaim": "string",
                                      "groupsClaimDelimiter": "string",
                                      "httpRetries": "number",
                                      "httpRetryPauseMs": "number",
                                      "includeAcceptHeader": "bool",
                                      "introspectionEndpointUri": "string",
                                      "jwksEndpointUri": "string",
                                      "jwksExpirySeconds": "number",
                                      "jwksIgnoreKeyUse": "bool",
                                      "jwksMinRefreshPauseSeconds": "number",
                                      "jwksRefreshSeconds": "number",
                                      "listenerConfig": "dynamic",
                                      "maxSecondsWithoutReauthentication": "number",
                                      "readTimeoutSeconds": "number",
                                      "sasl": "bool",
                                      "secrets": [
                                        "list",
                                        [
                                          "object",
                                          {
                                            "key": "string",
                                            "secretName": "string"
                                          }
                                        ]
                                      ],
                                      "serverBearerTokenLocation": "string",
                                      "tlsTrustedCertificates": [
                                        "list",
                                        [
                                          "object",
                                          {
                                            "certificate": "string",
                                            "pattern": "string",
                                            "secretName": "string"
                                          }
                                        ]
                                      ],
                                      "tokenEndpointUri": "string",
                                      "type": "string",
                                      "userInfoEndpointUri": "string",
                                      "userNameClaim": "string",
                                      "userNamePrefix": "string",
                                      "validIssuerUri": "string",
                                      "validTokenType": "string"
                                    }
                                  ],
                                  "configuration": [
                                    "object",
                                    {
                                      "advertisedHostTemplate": "string",
                                      "allocateLoadBalancerNodePorts": "bool",
                                      "bootstrap": [
                                        "object",
                                        {
                                          "alternativeNames": [
                                            "list",
                                            "string"
                                          ],
                                          "annotations": [
                                            "map",
                                            "string"
                                          ],
                                          "externalIPs": [
                                            "list",
                                            "string"
                                          ],
                                          "host": "string",
                                          "labels": [
                                            "map",
                                            "string"
                                          ],
                                          "loadBalancerIP": "string",
                                          "nodePort": "number"
                                        }
                                      ],
                                      "brokerCertChainAndKey": [
                                        "object",
                                        {
                                          "certificate": "string",
                                          "key": "string",
                                          "secretName": "string"
                                        }
                                      ],
                                      "brokers": [
                                        "list",
                                        [
                                          "object",
                                          {
                                            "advertisedHost": "string",
                                            "advertisedPort": "number",
                                            "annotations": [
                                              "map",
                                              "string"
                                            ],
                                            "broker": "number",
                                            "externalIPs": [
                                              "list",
                                              "string"
                                            ],
                                            "host": "string",
                                            "labels": [
                                              "map",
                                              "string"
                                            ],
                                            "loadBalancerIP": "string",
                                            "nodePort": "number"
                                          }
                                        ]
                                      ],
                                      "class": "string",
                                      "createBootstrapService": "bool",
                                      "externalTrafficPolicy": "string",
                                      "finalizers": [
                                        "list",
                                        "string"
                                      ],
                                      "hostTemplate": "string",
                                      "ipFamilies": [
                                        "list",
                                        "string"
                                      ],
                                      "ipFamilyPolicy": "string",
                                      "loadBalancerSourceRanges": [
                                        "list",
                                        "string"
                                      ],
                                      "maxConnectionCreationRate": "number",
                                      "maxConnections": "number",
                                      "preferredNodePortAddressType": "string",
                                      "publishNotReadyAddresses": "bool",
                                      "useServiceDnsDomain": "bool"
                                    }
                                  ],
                                  "name": "string",
                                  "networkPolicyPeers": [
                                    "list",
                                    [
                                      "object",
                                      {
                                        "ipBlock": [
                                          "object",
                                          {
                                            "cidr": "string",
                                            "except": [
                                              "list",
                                              "string"
                                            ]
                                          }
                                        ],
                                        "namespaceSelector": [
                                          "object",
                                          {
                                            "matchExpressions": [
                                              "list",
                                              [
                                                "object",
                                                {
                                                  "key": "string",
                                                  "operator": "string",
                                                  "values": [
                                                    "list",
                                                    "string"
                                                  ]
                                                }
                                              ]
                                            ],
                                            "matchLabels": [
                                              "map",
                                              "string"
                                            ]
                                          }
                                        ],
                                        "podSelector": [
                                          "object",
                                          {
                                            "matchExpressions": [
                                              "list",
                                              [
                                                "object",
                                                {
                                                  "key": "string",
                                                  "operator": "string",
                                                  "values": [
                                                    "list",
                                                    "string"
                                                  ]
                                                }
                                              ]
                                            ],
                                            "matchLabels": [
                                              "map",
                                              "string"
                                            ]
                                          }
                                        ]
                                      }
                                    ]
                                  ],
                                  "port": "number",
                                  "tls": "bool",
                                  "type": "string"
                                }
                              ]
                            ]
                          ],
                          "livenessProbe": [
                            "object",
                            {
                              "failureThreshold": "number",
                              "initialDelaySeconds": "number",
                              "periodSeconds": "number",
                              "successThreshold": "number",
                              "timeoutSeconds": "number"
                            }
                          ],
                          "logging": [
                            "object",
                            {
                              "loggers": [
                                "map",
                                "string"
                              ],
                              "type": "string",
                              "valueFrom": [
                                "object",
                                {
                                  "configMapKeyRef": [
                                    "object",
                                    {
                                      "key": "string",
                                      "name": "string",
                                      "optional": "bool"
                                    }
                                  ]
                                }
                              ]
                            }
                          ],
                          "metadataVersion": "string",
                          "metricsConfig": [
                            "object",
                            {
                              "type": "string",
                              "valueFrom": [
                                "object",
                                {
                                  "configMapKeyRef": [
                                    "object",
                                    {
                                      "key": "string",
                                      "name": "string",
                                      "optional": "bool"
                                    }
                                  ]
                                }
                              ],
                              "values": [
                                "object",
                                {
                                  "allowList": [
                                    "list",
                                    "string"
                                  ]
                                }
                              ]
                            }
                          ],
                          "quotas": [
                            "object",
                            {
                              "consumerByteRate": "number",
                              "controllerMutationRate": "number",
                              "excludedPrincipals": [
                                "list",
                                "string"
                              ],
                              "minAvailableBytesPerVolume": "number",
                              "minAvailableRatioPerVolume": "number",
                              "producerByteRate": "number",
                              "requestPercentage": "number",
                              "type": "string"
                            }
                          ],
                          "rack": [
                            "object",
                            {
                              "topologyKey": "string"
                            }
                          ],
                          "readinessProbe": [
                            "object",
                            {
                              "failureThreshold": "number",
                              "initialDelaySeconds": "number",
                              "periodSeconds": "number",
                              "successThreshold": "number",
                              "timeoutSeconds": "number"
                            }
                          ],
                          "replicas": "number",
                          "resources": [
                            "object",
                            {
                              "claims": [
                                "list",
                                [
                                  "object",
                                  {
                                    "name": "string",
                                    "request": "string"
                                  }
                                ]
                              ],
                              "limits": [
                                "map",
                                "string"
                              ],
                              "requests": [
                                "map",
                                "string"
                              ]
                            }
                          ],
                          "storage": [
                            "object",
                            {
                              "class": "string",
                              "deleteClaim": "bool",
                              "id": "number",
                              "kraftMetadata": "string",
                              "overrides": [
                                "list",
                                [
                                  "object",
                                  {
                                    "broker": "number",
                                    "class": "string"
                                  }
                                ]
                              ],
                              "selector": [
                                "map",
                                "string"
                              ],
                              "size": "string",
                              "sizeLimit": "string",
                              "type": "string",
                              "volumeAttributesClass": "string",
                              "volumes": [
                                "list",
                                [
                                  "object",
                                  {
                                    "class": "string",
                                    "deleteClaim": "bool",
                                    "id": "number",
                                    "kraftMetadata": "string",
                                    "overrides": [
                                      "list",
                                      [
                                        "object",
                                        {
                                          "broker": "number",
                                          "class": "string"
                                        }
                                      ]
                                    ],
                                    "selector": [
                                      "map",
                                      "string"
                                    ],
                                    "size": "string",
                                    "sizeLimit": "string",
                                    "type": "string",
                                    "volumeAttributesClass": "string"
                                  }
                                ]
                              ]
                            }
                          ],
                          "template": [
                            "object",
                            {
                              "bootstrapService": [
                                "object",
                                {
                                  "ipFamilies": [
                                    "list",
                                    "string"
                                  ],
                                  "ipFamilyPolicy": "string",
                                  "metadata": [
                                    "object",
                                    {
                                      "annotations": [
                                        "map",
                                        "string"
                                      ],
                                      "labels": [
                                        "map",
                                        "string"
                                      ]
                                    }
                                  ]
                                }
                              ],
                              "brokersService": [
                                "object",
                                {
                                  "ipFamilies": [
                                    "list",
                                    "string"
                                  ],
                                  "ipFamilyPolicy": "string",
                                  "metadata": [
                                    "object",
                                    {
                                      "annotations": [
                                        "map",
                                        "string"
                                      ],
                                      "labels": [
                                        "map",
                                        "string"
                                      ]
                                    }
                                  ]
                                }
                              ],
                              "clusterCaCert": [
                                "object",
                                {
                                  "metadata": [
                                    "object",
                                    {
                                      "annotations": [
                                        "map",
                                        "string"
                                      ],
                                      "labels": [
                                        "map",
                                        "string"
                                      ]
                                    }
                                  ]
                                }
                              ],
                              "clusterRoleBinding": [
                                "object",
                                {
                                  "metadata": [
                                    "object",
                                    {
                                      "annotations": [
                                        "map",
                                        "string"
                                      ],
                                      "labels": [
                                        "map",
                                        "string"
                                      ]
                                    }
                                  ]
                                }
                              ],
                              "externalBootstrapIngress": [
                                "object",
                                {
                                  "metadata": [
                                    "object",
                                    {
                                      "annotations": [
                                        "map",
                                        "string"
                                      ],
                                      "labels": [
                                        "map",
                                        "string"
                                      ]
                                    }
                                  ]
                                }
                              ],
                              "externalBootstrapRoute": [
                                "object",
                                {
                                  "metadata": [
                                    "object",
                                    {
                                      "annotations": [
                                        "map",
                                        "string"
                                      ],
                                      "labels": [
                                        "map",
                                        "string"
                                      ]
                                    }
                                  ]
                                }
                              ],
                              "externalBootstrapService": [
                                "object",
                                {
                                  "metadata": [
                                    "object",
                                    {
                                      "annotations": [
                                        "map",
                                        "string"
                                      ],
                                      "labels": [
                                        "map",
                                        "string"
                                      ]
                                    }
                                  ]
                                }
                              ],
                              "initContainer": [
                                "object",
                                {
                                  "env": [
                                    "list",
                                    [
                                      "object",
                                      {
                                        "name": "string",
                                        "value": "string",
                                        "valueFrom": [
                                          "object",
                                          {
                                            "configMapKeyRef": [
                                              "object",
                                              {
                                                "key": "string",
                                                "name": "string",
                                                "optional": "bool"
                                              }
                                            ],
                                            "secretKeyRef": [
                                              "object",
                                              {
                                                "key": "string",
                                                "name": "string",
                                                "optional": "bool"
                                              }
                                            ]
                                          }
                                        ]
                                      }
                                    ]
                                  ],
                                  "securityContext": [
                                    "object",
                                    {
                                      "allowPrivilegeEscalation": "bool",
                                      "appArmorProfile": [
                                        "object",
                                        {
                                          "localhostProfile": "string",
                                          "type": "string"
                                        }
                                      ],
                                      "capabilities": [
                                        "object",
                                        {
                                          "add": [
                                            "list",
                                            "string"
                                          ],
                                          "drop": [
                                            "list",
                                            "string"
                                          ]
                                        }
                                      ],
                                      "privileged": "bool",
                                      "procMount": "string",
                                      "readOnlyRootFilesystem": "bool",
                                      "runAsGroup": "number",
                                      "runAsNonRoot": "bool",
                                      "runAsUser": "number",
                                      "seLinuxOptions": [
                                        "object",
                                        {
                                          "level": "string",
                                          "role": "string",
                                          "type": "string",
                                          "user": "string"
                                        }
                                      ],
                                      "seccompProfile": [
                                        "object",
                                        {
                                          "localhostProfile": "string",
                                          "type": "string"
                                        }
                                      ],
                                      "windowsOptions": [
                                        "object",
                                        {
                                          "gmsaCredentialSpec": "string",
                                          "gmsaCredentialSpecName": "string",
                                          "hostProcess": "bool",
                                          "runAsUserName": "string"
                                        }
                                      ]
                                    }
                                  ],
                                  "volumeMounts": [
                                    "list",
                                    [
                                      "object",
                                      {
                                        "mountPath": "string",
                                        "mountPropagation": "string",
                                        "name": "string",
                                        "readOnly": "bool",
                                        "recursiveReadOnly": "string",
                                        "subPath": "string",
                                        "subPathExpr": "string"
                                      }
                                    ]
                                  ]
                                }
                              ],
                              "jmxSecret": [
                                "object",
                                {
                                  "metadata": [
                                    "object",
                                    {
                                      "annotations": [
                                        "map",
                                        "string"
                                      ],
                                      "labels": [
                                        "map",
                                        "string"
                                      ]
                                    }
                                  ]
                                }
                              ],
                              "kafkaContainer": [
                                "object",
                                {
                                  "env": [
                                    "list",
                                    [
                                      "object",
                                      {
                                        "name": "string",
                                        "value": "string",
                                        "valueFrom": [
                                          "object",
                                          {
                                            "configMapKeyRef": [
                                              "object",
                                              {
                                                "key": "string",
                                                "name": "string",
                                                "optional": "bool"
                                              }
                                            ],
                                            "secretKeyRef": [
                                              "object",
                                              {
                                                "key": "string",
                                                "name": "string",
                                                "optional": "bool"
                                              }
                                            ]
                                          }
                                        ]
                                      }
                                    ]
                                  ],
                                  "securityContext": [
                                    "object",
                                    {
                                      "allowPrivilegeEscalation": "bool",
                                      "appArmorProfile": [
                                        "object",
                                        {
                                          "localhostProfile": "string",
                                          "type": "string"
                                        }
                                      ],
                                      "capabilities": [
                                        "object",
                                        {
                                          "add": [
                                            "list",
                                            "string"
                                          ],
                                          "drop": [
                                            "list",
                                            "string"
                                          ]
                                        }
                                      ],
                                      "privileged": "bool",
                                      "procMount": "string",
                                      "readOnlyRootFilesystem": "bool",
                                      "runAsGroup": "number",
                                      "runAsNonRoot": "bool",
                                      "runAsUser": "number",
                                      "seLinuxOptions": [
                                        "object",
                                        {
                                          "level": "string",
                                          "role": "string",
                                          "type": "string",
                                          "user": "string"
                                        }
                                      ],
                                      "seccompProfile": [
                                        "object",
                                        {
                                          "localhostProfile": "string",
                                          "type": "string"
                                        }
                                      ],
                                      "windowsOptions": [
                                        "object",
                                        {
                                          "gmsaCredentialSpec": "string",
                                          "gmsaCredentialSpecName": "string",
                                          "hostProcess": "bool",
                                          "runAsUserName": "string"
                                        }
                                      ]
                                    }
                                  ],
                                  "volumeMounts": [
                                    "list",
                                    [
                                      "object",
                                      {
                                        "mountPath": "string",
                                        "mountPropagation": "string",
                                        "name": "string",
                                        "readOnly": "bool",
                                        "recursiveReadOnly": "string",
                                        "subPath": "string",
                                        "subPathExpr": "string"
                                      }
                                    ]
                                  ]
                                }
                              ],
                              "perPodIngress": [
                                "object",
                                {
                                  "metadata": [
                                    "object",
                                    {
                                      "annotations": [
                                        "map",
                                        "string"
                                      ],
                                      "labels": [
                                        "map",
                                        "string"
                                      ]
                                    }
                                  ]
                                }
                              ],
                              "perPodRoute": [
                                "object",
                                {
                                  "metadata": [
                                    "object",
                                    {
                                      "annotations": [
                                        "map",
                                        "string"
                                      ],
                                      "labels": [
                                        "map",
                                        "string"
                                      ]
                                    }
                                  ]
                                }
                              ],
                              "perPodService": [
                                "object",
                                {
                                  "metadata": [
                                    "object",
                                    {
                                      "annotations": [
                                        "map",
                                        "string"
                                      ],
                                      "labels": [
                                        "map",
                                        "string"
                                      ]
                                    }
                                  ]
                                }
                              ],
                              "persistentVolumeClaim": [
                                "object",
                                {
                                  "metadata": [
                                    "object",
                                    {
                                      "annotations": [
                                        "map",
                                        "string"
                                      ],
                                      "labels": [
                                        "map",
                                        "string"
                                      ]
                                    }
                                  ]
                                }
                              ],
                              "pod": [
                                "object",
                                {
                                  "affinity": [
                                    "object",
                                    {
                                      "nodeAffinity": [
                                        "object",
                                        {
                                          "preferredDuringSchedulingIgnoredDuringExecution": [
                                            "list",
                                            [
                                              "object",
                                              {
                                                "preference": [
                                                  "object",
                                                  {
                                                    "matchExpressions": [
                                                      "list",
                                                      [
                                                        "object",
                                                        {
                                                          "key": "string",
                                                          "operator": "string",
                                                          "values": [
                                                            "list",
                                                            "string"
                                                          ]
                                                        }
                                                      ]
                                                    ],
                                                    "matchFields": [
                                                      "list",
                                                      [
                                                        "object",
                                                        {
                                                          "key": "string",
                                                          "operator": "string",
                                                          "values": [
                                                            "list",
                                                            "string"
                                                          ]
                                                        }
                                                      ]
                                                    ]
                                                  }
                                                ],
                                                "weight": "number"
                                              }
                                            ]
                                          ],
                                          "requiredDuringSchedulingIgnoredDuringExecution": [
                                            "object",
                                            {
                                              "nodeSelectorTerms": [
                                                "list",
                                                [
                                                  "object",
                                                  {
                                                    "matchExpressions": [
                                                      "list",
                                                      [
                                                        "object",
                                                        {
                                                          "key": "string",
                                                          "operator": "string",
                                                          "values": [
                                                            "list",
                                                            "string"
                                                          ]
                                                        }
                                                      ]
                                                    ],
                                                    "matchFields": [
                                                      "list",
                                                      [
                                                        "object",
                                                        {
                                                          "key": "string",
                                                          "operator": "string",
                                                          "values": [
                                                            "list",
                                                            "string"
                                                          ]
                                                        }
                                                      ]
                                                    ]
                                                  }
                                                ]
                                              ]
                                            }
                                          ]
                                        }
                                      ],
                                      "podAffinity": [
                                        "object",
                                        {
                                          "preferredDuringSchedulingIgnoredDuringExecution": [
                                            "list",
                                            [
                                              "object",
                                              {
                                                "podAffinityTerm": [
                                                  "object",
                                                  {
                                                    "labelSelector": [
                                                      "object",
                                                      {
                                                        "matchExpressions": [
                                                          "list",
                                                          [
                                                            "object",
                                                            {
                                                              "key": "string",
                                                              "operator": "string",
                                                              "values": [
                                                                "list",
                                                                "string"
                                                              ]
                                                            }
                                                          ]
                                                        ],
                                                        "matchLabels": [
                                                          "map",
                                                          "string"
                                                        ]
                                                      }
                                                    ],
                                                    "matchLabelKeys": [
                                                      "list",
                                                      "string"
                                                    ],
                                                    "mismatchLabelKeys": [
                                                      "list",
                                                      "string"
                                                    ],
                                                    "namespaceSelector": [
                                                      "object",
                                                      {
                                                        "matchExpressions": [
                                                          "list",
                                                          [
                                                            "object",
                                                            {
                                                              "key": "string",
                                                              "operator": "string",
                                                              "values": [
                                                                "list",
                                                                "string"
                                                              ]
                                                            }
                                                          ]
                                                        ],
                                                        "matchLabels": [
                                                          "map",
                                                          "string"
                                                        ]
                                                      }
                                                    ],
                                                    "namespaces": [
                                                      "list",
                                                      "string"
                                                    ],
                                                    "topologyKey": "string"
                                                  }
                                                ],
                                                "weight": "number"
                                              }
                                            ]
                                          ],
                                          "requiredDuringSchedulingIgnoredDuringExecution": [
                                            "list",
                                            [
                                              "object",
                                              {
                                                "labelSelector": [
                                                  "object",
                                                  {
                                                    "matchExpressions": [
                                                      "list",
                                                      [
                                                        "object",
                                                        {
                                                          "key": "string",
                                                          "operator": "string",
                                                          "values": [
                                                            "list",
                                                            "string"
                                                          ]
                                                        }
                                                      ]
                                                    ],
                                                    "matchLabels": [
                                                      "map",
                                                      "string"
                                                    ]
                                                  }
                                                ],
                                                "matchLabelKeys": [
                                                  "list",
                                                  "string"
                                                ],
                                                "mismatchLabelKeys": [
                                                  "list",
                                                  "string"
                                                ],
                                                "namespaceSelector": [
                                                  "object",
                                                  {
                                                    "matchExpressions": [
                                                      "list",
                                                      [
                                                        "object",
                                                        {
                                                          "key": "string",
                                                          "operator": "string",
                                                          "values": [
                                                            "list",
                                                            "string"
                                                          ]
                                                        }
                                                      ]
                                                    ],
                                                    "matchLabels": [
                                                      "map",
                                                      "string"
                                                    ]
                                                  }
                                                ],
                                                "namespaces": [
                                                  "list",
                                                  "string"
                                                ],
                                                "topologyKey": "string"
                                              }
                                            ]
                                          ]
                                        }
                                      ],
                                      "podAntiAffinity": [
                                        "object",
                                        {
                                          "preferredDuringSchedulingIgnoredDuringExecution": [
                                            "list",
                                            [
                                              "object",
                                              {
                                                "podAffinityTerm": [
                                                  "object",
                                                  {
                                                    "labelSelector": [
                                                      "object",
                                                      {
                                                        "matchExpressions": [
                                                          "list",
                                                          [
                                                            "object",
                                                            {
                                                              "key": "string",
                                                              "operator": "string",
                                                              "values": [
                                                                "list",
                                                                "string"
                                                              ]
                                                            }
                                                          ]
                                                        ],
                                                        "matchLabels": [
                                                          "map",
                                                          "string"
                                                        ]
                                                      }
                                                    ],
                                                    "matchLabelKeys": [
                                                      "list",
                                                      "string"
                                                    ],
                                                    "mismatchLabelKeys": [
                                                      "list",
                                                      "string"
                                                    ],
                                                    "namespaceSelector": [
                                                      "object",
                                                      {
                                                        "matchExpressions": [
                                                          "list",
                                                          [
                                                            "object",
                                                            {
                                                              "key": "string",
                                                              "operator": "string",
                                                              "values": [
                                                                "list",
                                                                "string"
                                                              ]
                                                            }
                                                          ]
                                                        ],
                                                        "matchLabels": [
                                                          "map",
                                                          "string"
                                                        ]
                                                      }
                                                    ],
                                                    "namespaces": [
                                                      "list",
                                                      "string"
                                                    ],
                                                    "topologyKey": "string"
                                                  }
                                                ],
                                                "weight": "number"
                                              }
                                            ]
                                          ],
                                          "requiredDuringSchedulingIgnoredDuringExecution": [
                                            "list",
                                            [
                                              "object",
                                              {
                                                "labelSelector": [
                                                  "object",
                                                  {
                                                    "matchExpressions": [
                                                      "list",
                                                      [
                                                        "object",
                                                        {
                                                          "key": "string",
                                                          "operator": "string",
                                                          "values": [
                                                            "list",
                                                            "string"
                                                          ]
                                                        }
                                                      ]
                                                    ],
                                                    "matchLabels": [
                                                      "map",
                                                      "string"
                                                    ]
                                                  }
                                                ],
                                                "matchLabelKeys": [
                                                  "list",
                                                  "string"
                                                ],
                                                "mismatchLabelKeys": [
                                                  "list",
                                                  "string"
                                                ],
                                                "namespaceSelector": [
                                                  "object",
                                                  {
                                                    "matchExpressions": [
                                                      "list",
                                                      [
                                                        "object",
                                                        {
                                                          "key": "string",
                                                          "operator": "string",
                                                          "values": [
                                                            "list",
                                                            "string"
                                                          ]
                                                        }
                                                      ]
                                                    ],
                                                    "matchLabels": [
                                                      "map",
                                                      "string"
                                                    ]
                                                  }
                                                ],
                                                "namespaces": [
                                                  "list",
                                                  "string"
                                                ],
                                                "topologyKey": "string"
                                              }
                                            ]
                                          ]
                                        }
                                      ]
                                    }
                                  ],
                                  "dnsConfig": [
                                    "object",
                                    {
                                      "nameservers": [
                                        "list",
                                        "string"
                                      ],
                                      "options": [
                                        "list",
                                        [
                                          "object",
                                          {
                                            "name": "string",
                                            "value": "string"
                                          }
                                        ]
                                      ],
                                      "searches": [
                                        "list",
                                        "string"
                                      ]
                                    }
                                  ],
                                  "dnsPolicy": "string",
                                  "enableServiceLinks": "bool",
                                  "hostAliases": [
                                    "list",
                                    [
                                      "object",
                                      {
                                        "hostnames": [
                                          "list",
                                          "string"
                                        ],
                                        "ip": "string"
                                      }
                                    ]
                                  ],
                                  "imagePullSecrets": [
                                    "list",
                                    [
                                      "object",
                                      {
                                        "name": "string"
                                      }
                                    ]
                                  ],
                                  "metadata": [
                                    "object",
                                    {
                                      "annotations": [
                                        "map",
                                        "string"
                                      ],
                                      "labels": [
                                        "map",
                                        "string"
                                      ]
                                    }
                                  ],
                                  "priorityClassName": "string",
                                  "schedulerName": "string",
                                  "securityContext": [
                                    "object",
                                    {
                                      "appArmorProfile": [
                                        "object",
                                        {
                                          "localhostProfile": "string",
                                          "type": "string"
                                        }
                                      ],
                                      "fsGroup": "number",
                                      "fsGroupChangePolicy": "string",
                                      "runAsGroup": "number",
                                      "runAsNonRoot": "bool",
                                      "runAsUser": "number",
                                      "seLinuxChangePolicy": "string",
                                      "seLinuxOptions": [
                                        "object",
                                        {
                                          "level": "string",
                                          "role": "string",
                                          "type": "string",
                                          "user": "string"
                                        }
                                      ],
                                      "seccompProfile": [
                                        "object",
                                        {
                                          "localhostProfile": "string",
                                          "type": "string"
                                        }
                                      ],
                                      "supplementalGroups": [
                                        "list",
                                        "number"
                                      ],
                                      "supplementalGroupsPolicy": "string",
                                      "sysctls": [
                                        "list",
                                        [
                                          "object",
                                          {
                                            "name": "string",
                                            "value": "string"
                                          }
                                        ]
                                      ],
                                      "windowsOptions": [
                                        "object",
                                        {
                                          "gmsaCredentialSpec": "string",
                                          "gmsaCredentialSpecName": "string",
                                          "hostProcess": "bool",
                                          "runAsUserName": "string"
                                        }
                                      ]
                                    }
                                  ],
                                  "terminationGracePeriodSeconds": "number",
                                  "tmpDirSizeLimit": "string",
                                  "tolerations": [
                                    "list",
                                    [
                                      "object",
                                      {
                                        "effect": "string",
                                        "key": "string",
                                        "operator": "string",
                                        "tolerationSeconds": "number",
                                        "value": "string"
                                      }
                                    ]
                                  ],
                                  "topologySpreadConstraints": [
                                    "list",
                                    [
                                      "object",
                                      {
                                        "labelSelector": [
                                          "object",
                                          {
                                            "matchExpressions": [
                                              "list",
                                              [
                                                "object",
                                                {
                                                  "key": "string",
                                                  "operator": "string",
                                                  "values": [
                                                    "list",
                                                    "string"
                                                  ]
                                                }
                                              ]
                                            ],
                                            "matchLabels": [
                                              "map",
                                              "string"
                                            ]
                                          }
                                        ],
                                        "matchLabelKeys": [
                                          "list",
                                          "string"
                                        ],
                                        "maxSkew": "number",
                                        "minDomains": "number",
                                        "nodeAffinityPolicy": "string",
                                        "nodeTaintsPolicy": "string",
                                        "topologyKey": "string",
                                        "whenUnsatisfiable": "string"
                                      }
                                    ]
                                  ],
                                  "volumes": [
                                    "list",
                                    [
                                      "object",
                                      {
                                        "configMap": [
                                          "object",
                                          {
                                            "defaultMode": "number",
                                            "items": [
                                              "list",
                                              [
                                                "object",
                                                {
                                                  "key": "string",
                                                  "mode": "number",
                                                  "path": "string"
                                                }
                                              ]
                                            ],
                                            "name": "string",
                                            "optional": "bool"
                                          }
                                        ],
                                        "csi": [
                                          "object",
                                          {
                                            "driver": "string",
                                            "fsType": "string",
                                            "nodePublishSecretRef": [
                                              "object",
                                              {
                                                "name": "string"
                                              }
                                            ],
                                            "readOnly": "bool",
                                            "volumeAttributes": [
                                              "map",
                                              "string"
                                            ]
                                          }
                                        ],
                                        "emptyDir": [
                                          "object",
                                          {
                                            "medium": "string",
                                            "sizeLimit": "string"
                                          }
                                        ],
                                        "image": [
                                          "object",
                                          {
                                            "pullPolicy": "string",
                                            "reference": "string"
                                          }
                                        ],
                                        "name": "string",
                                        "persistentVolumeClaim": [
                                          "object",
                                          {
                                            "claimName": "string",
                                            "readOnly": "bool"
                                          }
                                        ],
                                        "secret": [
                                          "object",
                                          {
                                            "defaultMode": "number",
                                            "items": [
                                              "list",
                                              [
                                                "object",
                                                {
                                                  "key": "string",
                                                  "mode": "number",
                                                  "path": "string"
                                                }
                                              ]
                                            ],
                                            "optional": "bool",
                                            "secretName": "string"
                                          }
                                        ]
                                      }
                                    ]
                                  ]
                                }
                              ],
                              "podDisruptionBudget": [
                                "object",
                                {
                                  "maxUnavailable": "number",
                                  "metadata": [
                                    "object",
                                    {
                                      "annotations": [
                                        "map",
                                        "string"
                                      ],
                                      "labels": [
                                        "map",
                                        "string"
                                      ]
                                    }
                                  ]
                                }
                              ],
                              "podSet": [
                                "object",
                                {
                                  "metadata": [
                                    "object",
                                    {
                                      "annotations": [
                                        "map",
                                        "string"
                                      ],
                                      "labels": [
                                        "map",
                                        "string"
                                      ]
                                    }
                                  ]
                                }
                              ],
                              "serviceAccount": [
                                "object",
                                {
                                  "metadata": [
                                    "object",
                                    {
                                      "annotations": [
                                        "map",
                                        "string"
                                      ],
                                      "labels": [
                                        "map",
                                        "string"
                                      ]
                                    }
                                  ]
                                }
                              ],
                              "statefulset": [
                                "object",
                                {
                                  "metadata": [
                                    "object",
                                    {
                                      "annotations": [
                                        "map",
                                        "string"
                                      ],
                                      "labels": [
                                        "map",
                                        "string"
                                      ]
                                    }
                                  ],
                                  "podManagementPolicy": "string"
                                }
                              ]
                            }
                          ],
                          "tieredStorage": [
                            "object",
                            {
                              "remoteStorageManager": [
                                "object",
                                {
                                  "className": "string",
                                  "classPath": "string",
                                  "config": [
                                    "map",
                                    "string"
                                  ]
                                }
                              ],
                              "type": "string"
                            }
                          ],
                          "version": "string"
                        }
                      ],
                      "kafkaExporter": [
                        "object",
                        {
                          "enableSaramaLogging": "bool",
                          "groupExcludeRegex": "string",
                          "groupRegex": "string",
                          "image": "string",
                          "livenessProbe": [
                            "object",
                            {
                              "failureThreshold": "number",
                              "initialDelaySeconds": "number",
                              "periodSeconds": "number",
                              "successThreshold": "number",
                              "timeoutSeconds": "number"
                            }
                          ],
                          "logging": "string",
                          "readinessProbe": [
                            "object",
                            {
                              "failureThreshold": "number",
                              "initialDelaySeconds": "number",
                              "periodSeconds": "number",
                              "successThreshold": "number",
                              "timeoutSeconds": "number"
                            }
                          ],
                          "resources": [
                            "object",
                            {
                              "claims": [
                                "list",
                                [
                                  "object",
                                  {
                                    "name": "string",
                                    "request": "string"
                                  }
                                ]
                              ],
                              "limits": [
                                "map",
                                "string"
                              ],
                              "requests": [
                                "map",
                                "string"
                              ]
                            }
                          ],
                          "showAllOffsets": "bool",
                          "template": [
                            "object",
                            {
                              "container": [
                                "object",
                                {
                                  "env": [
                                    "list",
                                    [
                                      "object",
                                      {
                                        "name": "string",
                                        "value": "string",
                                        "valueFrom": [
                                          "object",
                                          {
                                            "configMapKeyRef": [
                                              "object",
                                              {
                                                "key": "string",
                                                "name": "string",
                                                "optional": "bool"
                                              }
                                            ],
                                            "secretKeyRef": [
                                              "object",
                                              {
                                                "key": "string",
                                                "name": "string",
                                                "optional": "bool"
                                              }
                                            ]
                                          }
                                        ]
                                      }
                                    ]
                                  ],
                                  "securityContext": [
                                    "object",
                                    {
                                      "allowPrivilegeEscalation": "bool",
                                      "appArmorProfile": [
                                        "object",
                                        {
                                          "localhostProfile": "string",
                                          "type": "string"
                                        }
                                      ],
                                      "capabilities": [
                                        "object",
                                        {
                                          "add": [
                                            "list",
                                            "string"
                                          ],
                                          "drop": [
                                            "list",
                                            "string"
                                          ]
                                        }
                                      ],
                                      "privileged": "bool",
                                      "procMount": "string",
                                      "readOnlyRootFilesystem": "bool",
                                      "runAsGroup": "number",
                                      "runAsNonRoot": "bool",
                                      "runAsUser": "number",
                                      "seLinuxOptions": [
                                        "object",
                                        {
                                          "level": "string",
                                          "role": "string",
                                          "type": "string",
                                          "user": "string"
                                        }
                                      ],
                                      "seccompProfile": [
                                        "object",
                                        {
                                          "localhostProfile": "string",
                                          "type": "string"
                                        }
                                      ],
                                      "windowsOptions": [
                                        "object",
                                        {
                                          "gmsaCredentialSpec": "string",
                                          "gmsaCredentialSpecName": "string",
                                          "hostProcess": "bool",
                                          "runAsUserName": "string"
                                        }
                                      ]
                                    }
                                  ],
                                  "volumeMounts": [
                                    "list",
                                    [
                                      "object",
                                      {
                                        "mountPath": "string",
                                        "mountPropagation": "string",
                                        "name": "string",
                                        "readOnly": "bool",
                                        "recursiveReadOnly": "string",
                                        "subPath": "string",
                                        "subPathExpr": "string"
                                      }
                                    ]
                                  ]
                                }
                              ],
                              "deployment": [
                                "object",
                                {
                                  "deploymentStrategy": "string",
                                  "metadata": [
                                    "object",
                                    {
                                      "annotations": [
                                        "map",
                                        "string"
                                      ],
                                      "labels": [
                                        "map",
                                        "string"
                                      ]
                                    }
                                  ]
                                }
                              ],
                              "pod": [
                                "object",
                                {
                                  "affinity": [
                                    "object",
                                    {
                                      "nodeAffinity": [
                                        "object",
                                        {
                                          "preferredDuringSchedulingIgnoredDuringExecution": [
                                            "list",
                                            [
                                              "object",
                                              {
                                                "preference": [
                                                  "object",
                                                  {
                                                    "matchExpressions": [
                                                      "list",
                                                      [
                                                        "object",
                                                        {
                                                          "key": "string",
                                                          "operator": "string",
                                                          "values": [
                                                            "list",
                                                            "string"
                                                          ]
                                                        }
                                                      ]
                                                    ],
                                                    "matchFields": [
                                                      "list",
                                                      [
                                                        "object",
                                                        {
                                                          "key": "string",
                                                          "operator": "string",
                                                          "values": [
                                                            "list",
                                                            "string"
                                                          ]
                                                        }
                                                      ]
                                                    ]
                                                  }
                                                ],
                                                "weight": "number"
                                              }
                                            ]
                                          ],
                                          "requiredDuringSchedulingIgnoredDuringExecution": [
                                            "object",
                                            {
                                              "nodeSelectorTerms": [
                                                "list",
                                                [
                                                  "object",
                                                  {
                                                    "matchExpressions": [
                                                      "list",
                                                      [
                                                        "object",
                                                        {
                                                          "key": "string",
                                                          "operator": "string",
                                                          "values": [
                                                            "list",
                                                            "string"
                                                          ]
                                                        }
                                                      ]
                                                    ],
                                                    "matchFields": [
                                                      "list",
                                                      [
                                                        "object",
                                                        {
                                                          "key": "string",
                                                          "operator": "string",
                                                          "values": [
                                                            "list",
                                                            "string"
                                                          ]
                                                        }
                                                      ]
                                                    ]
                                                  }
                                                ]
                                              ]
                                            }
                                          ]
                                        }
                                      ],
                                      "podAffinity": [
                                        "object",
                                        {
                                          "preferredDuringSchedulingIgnoredDuringExecution": [
                                            "list",
                                            [
                                              "object",
                                              {
                                                "podAffinityTerm": [
                                                  "object",
                                                  {
                                                    "labelSelector": [
                                                      "object",
                                                      {
                                                        "matchExpressions": [
                                                          "list",
                                                          [
                                                            "object",
                                                            {
                                                              "key": "string",
                                                              "operator": "string",
                                                              "values": [
                                                                "list",
                                                                "string"
                                                              ]
                                                            }
                                                          ]
                                                        ],
                                                        "matchLabels": [
                                                          "map",
                                                          "string"
                                                        ]
                                                      }
                                                    ],
                                                    "matchLabelKeys": [
                                                      "list",
                                                      "string"
                                                    ],
                                                    "mismatchLabelKeys": [
                                                      "list",
                                                      "string"
                                                    ],
                                                    "namespaceSelector": [
                                                      "object",
                                                      {
                                                        "matchExpressions": [
                                                          "list",
                                                          [
                                                            "object",
                                                            {
                                                              "key": "string",
                                                              "operator": "string",
                                                              "values": [
                                                                "list",
                                                                "string"
                                                              ]
                                                            }
                                                          ]
                                                        ],
                                                        "matchLabels": [
                                                          "map",
                                                          "string"
                                                        ]
                                                      }
                                                    ],
                                                    "namespaces": [
                                                      "list",
                                                      "string"
                                                    ],
                                                    "topologyKey": "string"
                                                  }
                                                ],
                                                "weight": "number"
                                              }
                                            ]
                                          ],
                                          "requiredDuringSchedulingIgnoredDuringExecution": [
                                            "list",
                                            [
                                              "object",
                                              {
                                                "labelSelector": [
                                                  "object",
                                                  {
                                                    "matchExpressions": [
                                                      "list",
                                                      [
                                                        "object",
                                                        {
                                                          "key": "string",
                                                          "operator": "string",
                                                          "values": [
                                                            "list",
                                                            "string"
                                                          ]
                                                        }
                                                      ]
                                                    ],
                                                    "matchLabels": [
                                                      "map",
                                                      "string"
                                                    ]
                                                  }
                                                ],
                                                "matchLabelKeys": [
                                                  "list",
                                                  "string"
                                                ],
                                                "mismatchLabelKeys": [
                                                  "list",
                                                  "string"
                                                ],
                                                "namespaceSelector": [
                                                  "object",
                                                  {
                                                    "matchExpressions": [
                                                      "list",
                                                      [
                                                        "object",
                                                        {
                                                          "key": "string",
                                                          "operator": "string",
                                                          "values": [
                                                            "list",
                                                            "string"
                                                          ]
                                                        }
                                                      ]
                                                    ],
                                                    "matchLabels": [
                                                      "map",
                                                      "string"
                                                    ]
                                                  }
                                                ],
                                                "namespaces": [
                                                  "list",
                                                  "string"
                                                ],
                                                "topologyKey": "string"
                                              }
                                            ]
                                          ]
                                        }
                                      ],
                                      "podAntiAffinity": [
                                        "object",
                                        {
                                          "preferredDuringSchedulingIgnoredDuringExecution": [
                                            "list",
                                            [
                                              "object",
                                              {
                                                "podAffinityTerm": [
                                                  "object",
                                                  {
                                                    "labelSelector": [
                                                      "object",
                                                      {
                                                        "matchExpressions": [
                                                          "list",
                                                          [
                                                            "object",
                                                            {
                                                              "key": "string",
                                                              "operator": "string",
                                                              "values": [
                                                                "list",
                                                                "string"
                                                              ]
                                                            }
                                                          ]
                                                        ],
                                                        "matchLabels": [
                                                          "map",
                                                          "string"
                                                        ]
                                                      }
                                                    ],
                                                    "matchLabelKeys": [
                                                      "list",
                                                      "string"
                                                    ],
                                                    "mismatchLabelKeys": [
                                                      "list",
                                                      "string"
                                                    ],
                                                    "namespaceSelector": [
                                                      "object",
                                                      {
                                                        "matchExpressions": [
                                                          "list",
                                                          [
                                                            "object",
                                                            {
                                                              "key": "string",
                                                              "operator": "string",
                                                              "values": [
                                                                "list",
                                                                "string"
                                                              ]
                                                            }
                                                          ]
                                                        ],
                                                        "matchLabels": [
                                                          "map",
                                                          "string"
                                                        ]
                                                      }
                                                    ],
                                                    "namespaces": [
                                                      "list",
                                                      "string"
                                                    ],
                                                    "topologyKey": "string"
                                                  }
                                                ],
                                                "weight": "number"
                                              }
                                            ]
                                          ],
                                          "requiredDuringSchedulingIgnoredDuringExecution": [
                                            "list",
                                            [
                                              "object",
                                              {
                                                "labelSelector": [
                                                  "object",
                                                  {
                                                    "matchExpressions": [
                                                      "list",
                                                      [
                                                        "object",
                                                        {
                                                          "key": "string",
                                                          "operator": "string",
                                                          "values": [
                                                            "list",
                                                            "string"
                                                          ]
                                                        }
                                                      ]
                                                    ],
                                                    "matchLabels": [
                                                      "map",
                                                      "string"
                                                    ]
                                                  }
                                                ],
                                                "matchLabelKeys": [
                                                  "list",
                                                  "string"
                                                ],
                                                "mismatchLabelKeys": [
                                                  "list",
                                                  "string"
                                                ],
                                                "namespaceSelector": [
                                                  "object",
                                                  {
                                                    "matchExpressions": [
                                                      "list",
                                                      [
                                                        "object",
                                                        {
                                                          "key": "string",
                                                          "operator": "string",
                                                          "values": [
                                                            "list",
                                                            "string"
                                                          ]
                                                        }
                                                      ]
                                                    ],
                                                    "matchLabels": [
                                                      "map",
                                                      "string"
                                                    ]
                                                  }
                                                ],
                                                "namespaces": [
                                                  "list",
                                                  "string"
                                                ],
                                                "topologyKey": "string"
                                              }
                                            ]
                                          ]
                                        }
                                      ]
                                    }
                                  ],
                                  "dnsConfig": [
                                    "object",
                                    {
                                      "nameservers": [
                                        "list",
                                        "string"
                                      ],
                                      "options": [
                                        "list",
                                        [
                                          "object",
                                          {
                                            "name": "string",
                                            "value": "string"
                                          }
                                        ]
                                      ],
                                      "searches": [
                                        "list",
                                        "string"
                                      ]
                                    }
                                  ],
                                  "dnsPolicy": "string",
                                  "enableServiceLinks": "bool",
                                  "hostAliases": [
                                    "list",
                                    [
                                      "object",
                                      {
                                        "hostnames": [
                                          "list",
                                          "string"
                                        ],
                                        "ip": "string"
                                      }
                                    ]
                                  ],
                                  "imagePullSecrets": [
                                    "list",
                                    [
                                      "object",
                                      {
                                        "name": "string"
                                      }
                                    ]
                                  ],
                                  "metadata": [
                                    "object",
                                    {
                                      "annotations": [
                                        "map",
                                        "string"
                                      ],
                                      "labels": [
                                        "map",
                                        "string"
                                      ]
                                    }
                                  ],
                                  "priorityClassName": "string",
                                  "schedulerName": "string",
                                  "securityContext": [
                                    "object",
                                    {
                                      "appArmorProfile": [
                                        "object",
                                        {
                                          "localhostProfile": "string",
                                          "type": "string"
                                        }
                                      ],
                                      "fsGroup": "number",
                                      "fsGroupChangePolicy": "string",
                                      "runAsGroup": "number",
                                      "runAsNonRoot": "bool",
                                      "runAsUser": "number",
                                      "seLinuxChangePolicy": "string",
                                      "seLinuxOptions": [
                                        "object",
                                        {
                                          "level": "string",
                                          "role": "string",
                                          "type": "string",
                                          "user": "string"
                                        }
                                      ],
                                      "seccompProfile": [
                                        "object",
                                        {
                                          "localhostProfile": "string",
                                          "type": "string"
                                        }
                                      ],
                                      "supplementalGroups": [
                                        "list",
                                        "number"
                                      ],
                                      "supplementalGroupsPolicy": "string",
                                      "sysctls": [
                                        "list",
                                        [
                                          "object",
                                          {
                                            "name": "string",
                                            "value": "string"
                                          }
                                        ]
                                      ],
                                      "windowsOptions": [
                                        "object",
                                        {
                                          "gmsaCredentialSpec": "string",
                                          "gmsaCredentialSpecName": "string",
                                          "hostProcess": "bool",
                                          "runAsUserName": "string"
                                        }
                                      ]
                                    }
                                  ],
                                  "terminationGracePeriodSeconds": "number",
                                  "tmpDirSizeLimit": "string",
                                  "tolerations": [
                                    "list",
                                    [
                                      "object",
                                      {
                                        "effect": "string",
                                        "key": "string",
                                        "operator": "string",
                                        "tolerationSeconds": "number",
                                        "value": "string"
                                      }
                                    ]
                                  ],
                                  "topologySpreadConstraints": [
                                    "list",
                                    [
                                      "object",
                                      {
                                        "labelSelector": [
                                          "object",
                                          {
                                            "matchExpressions": [
                                              "list",
                                              [
                                                "object",
                                                {
                                                  "key": "string",
                                                  "operator": "string",
                                                  "values": [
                                                    "list",
                                                    "string"
                                                  ]
                                                }
                                              ]
                                            ],
                                            "matchLabels": [
                                              "map",
                                              "string"
                                            ]
                                          }
                                        ],
                                        "matchLabelKeys": [
                                          "list",
                                          "string"
                                        ],
                                        "maxSkew": "number",
                                        "minDomains": "number",
                                        "nodeAffinityPolicy": "string",
                                        "nodeTaintsPolicy": "string",
                                        "topologyKey": "string",
                                        "whenUnsatisfiable": "string"
                                      }
                                    ]
                                  ],
                                  "volumes": [
                                    "list",
                                    [
                                      "object",
                                      {
                                        "configMap": [
                                          "object",
                                          {
                                            "defaultMode": "number",
                                            "items": [
                                              "list",
                                              [
                                                "object",
                                                {
                                                  "key": "string",
                                                  "mode": "number",
                                                  "path": "string"
                                                }
                                              ]
                                            ],
                                            "name": "string",
                                            "optional": "bool"
                                          }
                                        ],
                                        "csi": [
                                          "object",
                                          {
                                            "driver": "string",
                                            "fsType": "string",
                                            "nodePublishSecretRef": [
                                              "object",
                                              {
                                                "name": "string"
                                              }
                                            ],
                                            "readOnly": "bool",
                                            "volumeAttributes": [
                                              "map",
                                              "string"
                                            ]
                                          }
                                        ],
                                        "emptyDir": [
                                          "object",
                                          {
                                            "medium": "string",
                                            "sizeLimit": "string"
                                          }
                                        ],
                                        "image": [
                                          "object",
                                          {
                                            "pullPolicy": "string",
                                            "reference": "string"
                                          }
                                        ],
                                        "name": "string",
                                        "persistentVolumeClaim": [
                                          "object",
                                          {
                                            "claimName": "string",
                                            "readOnly": "bool"
                                          }
                                        ],
                                        "secret": [
                                          "object",
                                          {
                                            "defaultMode": "number",
                                            "items": [
                                              "list",
                                              [
                                                "object",
                                                {
                                                  "key": "string",
                                                  "mode": "number",
                                                  "path": "string"
                                                }
                                              ]
                                            ],
                                            "optional": "bool",
                                            "secretName": "string"
                                          }
                                        ]
                                      }
                                    ]
                                  ]
                                }
                              ],
                              "podDisruptionBudget": [
                                "object",
                                {
                                  "maxUnavailable": "number",
                                  "metadata": [
                                    "object",
                                    {
                                      "annotations": [
                                        "map",
                                        "string"
                                      ],
                                      "labels": [
                                        "map",
                                        "string"
                                      ]
                                    }
                                  ]
                                }
                              ],
                              "service": [
                                "object",
                                {
                                  "metadata": [
                                    "object",
                                    {
                                      "annotations": [
                                        "map",
                                        "string"
                                      ],
                                      "labels": [
                                        "map",
                                        "string"
                                      ]
                                    }
                                  ]
                                }
                              ],
                              "serviceAccount": [
                                "object",
                                {
                                  "metadata": [
                                    "object",
                                    {
                                      "annotations": [
                                        "map",
                                        "string"
                                      ],
                                      "labels": [
                                        "map",
                                        "string"
                                      ]
                                    }
                                  ]
                                }
                              ]
                            }
                          ],
                          "topicExcludeRegex": "string",
                          "topicRegex": "string"
                        }
                      ],
                      "maintenanceTimeWindows": [
                        "list",
                        "string"
                      ],
                      "zookeeper": [
                        "object",
                        {
                          "config": "dynamic",
                          "image": "string",
                          "jmxOptions": [
                            "object",
                            {
                              "authentication": [
                                "object",
                                {
                                  "type": "string"
                                }
                              ]
                            }
                          ],
                          "jvmOptions": [
                            "object",
                            {
                              "-XX": [
                                "map",
                                "string"
                              ],
                              "-Xms": "string",
                              "-Xmx": "string",
                              "gcLoggingEnabled": "bool",
                              "javaSystemProperties": [
                                "list",
                                [
                                  "object",
                                  {
                                    "name": "string",
                                    "value": "string"
                                  }
                                ]
                              ]
                            }
                          ],
                          "livenessProbe": [
                            "object",
                            {
                              "failureThreshold": "number",
                              "initialDelaySeconds": "number",
                              "periodSeconds": "number",
                              "successThreshold": "number",
                              "timeoutSeconds": "number"
                            }
                          ],
                          "logging": [
                            "object",
                            {
                              "loggers": [
                                "map",
                                "string"
                              ],
                              "type": "string",
                              "valueFrom": [
                                "object",
                                {
                                  "configMapKeyRef": [
                                    "object",
                                    {
                                      "key": "string",
                                      "name": "string",
                                      "optional": "bool"
                                    }
                                  ]
                                }
                              ]
                            }
                          ],
                          "metricsConfig": [
                            "object",
                            {
                              "type": "string",
                              "valueFrom": [
                                "object",
                                {
                                  "configMapKeyRef": [
                                    "object",
                                    {
                                      "key": "string",
                                      "name": "string",
                                      "optional": "bool"
                                    }
                                  ]
                                }
                              ],
                              "values": [
                                "object",
                                {
                                  "allowList": [
                                    "list",
                                    "string"
                                  ]
                                }
                              ]
                            }
                          ],
                          "readinessProbe": [
                            "object",
                            {
                              "failureThreshold": "number",
                              "initialDelaySeconds": "number",
                              "periodSeconds": "number",
                              "successThreshold": "number",
                              "timeoutSeconds": "number"
                            }
                          ],
                          "replicas": "number",
                          "resources": [
                            "object",
                            {
                              "claims": [
                                "list",
                                [
                                  "object",
                                  {
                                    "name": "string",
                                    "request": "string"
                                  }
                                ]
                              ],
                              "limits": [
                                "map",
                                "string"
                              ],
                              "requests": [
                                "map",
                                "string"
                              ]
                            }
                          ],
                          "storage": [
                            "object",
                            {
                              "class": "string",
                              "deleteClaim": "bool",
                              "id": "number",
                              "kraftMetadata": "string",
                              "overrides": [
                                "list",
                                [
                                  "object",
                                  {
                                    "broker": "number",
                                    "class": "string"
                                  }
                                ]
                              ],
                              "selector": [
                                "map",
                                "string"
                              ],
                              "size": "string",
                              "sizeLimit": "string",
                              "type": "string",
                              "volumeAttributesClass": "string"
                            }
                          ],
                          "template": [
                            "object",
                            {
                              "clientService": [
                                "object",
                                {
                                  "ipFamilies": [
                                    "list",
                                    "string"
                                  ],
                                  "ipFamilyPolicy": "string",
                                  "metadata": [
                                    "object",
                                    {
                                      "annotations": [
                                        "map",
                                        "string"
                                      ],
                                      "labels": [
                                        "map",
                                        "string"
                                      ]
                                    }
                                  ]
                                }
                              ],
                              "jmxSecret": [
                                "object",
                                {
                                  "metadata": [
                                    "object",
                                    {
                                      "annotations": [
                                        "map",
                                        "string"
                                      ],
                                      "labels": [
                                        "map",
                                        "string"
                                      ]
                                    }
                                  ]
                                }
                              ],
                              "nodesService": [
                                "object",
                                {
                                  "ipFamilies": [
                                    "list",
                                    "string"
                                  ],
                                  "ipFamilyPolicy": "string",
                                  "metadata": [
                                    "object",
                                    {
                                      "annotations": [
                                        "map",
                                        "string"
                                      ],
                                      "labels": [
                                        "map",
                                        "string"
                                      ]
                                    }
                                  ]
                                }
                              ],
                              "persistentVolumeClaim": [
                                "object",
                                {
                                  "metadata": [
                                    "object",
                                    {
                                      "annotations": [
                                        "map",
                                        "string"
                                      ],
                                      "labels": [
                                        "map",
                                        "string"
                                      ]
                                    }
                                  ]
                                }
                              ],
                              "pod": [
                                "object",
                                {
                                  "affinity": [
                                    "object",
                                    {
                                      "nodeAffinity": [
                                        "object",
                                        {
                                          "preferredDuringSchedulingIgnoredDuringExecution": [
                                            "list",
                                            [
                                              "object",
                                              {
                                                "preference": [
                                                  "object",
                                                  {
                                                    "matchExpressions": [
                                                      "list",
                                                      [
                                                        "object",
                                                        {
                                                          "key": "string",
                                                          "operator": "string",
                                                          "values": [
                                                            "list",
                                                            "string"
                                                          ]
                                                        }
                                                      ]
                                                    ],
                                                    "matchFields": [
                                                      "list",
                                                      [
                                                        "object",
                                                        {
                                                          "key": "string",
                                                          "operator": "string",
                                                          "values": [
                                                            "list",
                                                            "string"
                                                          ]
                                                        }
                                                      ]
                                                    ]
                                                  }
                                                ],
                                                "weight": "number"
                                              }
                                            ]
                                          ],
                                          "requiredDuringSchedulingIgnoredDuringExecution": [
                                            "object",
                                            {
                                              "nodeSelectorTerms": [
                                                "list",
                                                [
                                                  "object",
                                                  {
                                                    "matchExpressions": [
                                                      "list",
                                                      [
                                                        "object",
                                                        {
                                                          "key": "string",
                                                          "operator": "string",
                                                          "values": [
                                                            "list",
                                                            "string"
                                                          ]
                                                        }
                                                      ]
                                                    ],
                                                    "matchFields": [
                                                      "list",
                                                      [
                                                        "object",
                                                        {
                                                          "key": "string",
                                                          "operator": "string",
                                                          "values": [
                                                            "list",
                                                            "string"
                                                          ]
                                                        }
                                                      ]
                                                    ]
                                                  }
                                                ]
                                              ]
                                            }
                                          ]
                                        }
                                      ],
                                      "podAffinity": [
                                        "object",
                                        {
                                          "preferredDuringSchedulingIgnoredDuringExecution": [
                                            "list",
                                            [
                                              "object",
                                              {
                                                "podAffinityTerm": [
                                                  "object",
                                                  {
                                                    "labelSelector": [
                                                      "object",
                                                      {
                                                        "matchExpressions": [
                                                          "list",
                                                          [
                                                            "object",
                                                            {
                                                              "key": "string",
                                                              "operator": "string",
                                                              "values": [
                                                                "list",
                                                                "string"
                                                              ]
                                                            }
                                                          ]
                                                        ],
                                                        "matchLabels": [
                                                          "map",
                                                          "string"
                                                        ]
                                                      }
                                                    ],
                                                    "matchLabelKeys": [
                                                      "list",
                                                      "string"
                                                    ],
                                                    "mismatchLabelKeys": [
                                                      "list",
                                                      "string"
                                                    ],
                                                    "namespaceSelector": [
                                                      "object",
                                                      {
                                                        "matchExpressions": [
                                                          "list",
                                                          [
                                                            "object",
                                                            {
                                                              "key": "string",
                                                              "operator": "string",
                                                              "values": [
                                                                "list",
                                                                "string"
                                                              ]
                                                            }
                                                          ]
                                                        ],
                                                        "matchLabels": [
                                                          "map",
                                                          "string"
                                                        ]
                                                      }
                                                    ],
                                                    "namespaces": [
                                                      "list",
                                                      "string"
                                                    ],
                                                    "topologyKey": "string"
                                                  }
                                                ],
                                                "weight": "number"
                                              }
                                            ]
                                          ],
                                          "requiredDuringSchedulingIgnoredDuringExecution": [
                                            "list",
                                            [
                                              "object",
                                              {
                                                "labelSelector": [
                                                  "object",
                                                  {
                                                    "matchExpressions": [
                                                      "list",
                                                      [
                                                        "object",
                                                        {
                                                          "key": "string",
                                                          "operator": "string",
                                                          "values": [
                                                            "list",
                                                            "string"
                                                          ]
                                                        }
                                                      ]
                                                    ],
                                                    "matchLabels": [
                                                      "map",
                                                      "string"
                                                    ]
                                                  }
                                                ],
                                                "matchLabelKeys": [
                                                  "list",
                                                  "string"
                                                ],
                                                "mismatchLabelKeys": [
                                                  "list",
                                                  "string"
                                                ],
                                                "namespaceSelector": [
                                                  "object",
                                                  {
                                                    "matchExpressions": [
                                                      "list",
                                                      [
                                                        "object",
                                                        {
                                                          "key": "string",
                                                          "operator": "string",
                                                          "values": [
                                                            "list",
                                                            "string"
                                                          ]
                                                        }
                                                      ]
                                                    ],
                                                    "matchLabels": [
                                                      "map",
                                                      "string"
                                                    ]
                                                  }
                                                ],
                                                "namespaces": [
                                                  "list",
                                                  "string"
                                                ],
                                                "topologyKey": "string"
                                              }
                                            ]
                                          ]
                                        }
                                      ],
                                      "podAntiAffinity": [
                                        "object",
                                        {
                                          "preferredDuringSchedulingIgnoredDuringExecution": [
                                            "list",
                                            [
                                              "object",
                                              {
                                                "podAffinityTerm": [
                                                  "object",
                                                  {
                                                    "labelSelector": [
                                                      "object",
                                                      {
                                                        "matchExpressions": [
                                                          "list",
                                                          [
                                                            "object",
                                                            {
                                                              "key": "string",
                                                              "operator": "string",
                                                              "values": [
                                                                "list",
                                                                "string"
                                                              ]
                                                            }
                                                          ]
                                                        ],
                                                        "matchLabels": [
                                                          "map",
                                                          "string"
                                                        ]
                                                      }
                                                    ],
                                                    "matchLabelKeys": [
                                                      "list",
                                                      "string"
                                                    ],
                                                    "mismatchLabelKeys": [
                                                      "list",
                                                      "string"
                                                    ],
                                                    "namespaceSelector": [
                                                      "object",
                                                      {
                                                        "matchExpressions": [
                                                          "list",
                                                          [
                                                            "object",
                                                            {
                                                              "key": "string",
                                                              "operator": "string",
                                                              "values": [
                                                                "list",
                                                                "string"
                                                              ]
                                                            }
                                                          ]
                                                        ],
                                                        "matchLabels": [
                                                          "map",
                                                          "string"
                                                        ]
                                                      }
                                                    ],
                                                    "namespaces": [
                                                      "list",
                                                      "string"
                                                    ],
                                                    "topologyKey": "string"
                                                  }
                                                ],
                                                "weight": "number"
                                              }
                                            ]
                                          ],
                                          "requiredDuringSchedulingIgnoredDuringExecution": [
                                            "list",
                                            [
                                              "object",
                                              {
                                                "labelSelector": [
                                                  "object",
                                                  {
                                                    "matchExpressions": [
                                                      "list",
                                                      [
                                                        "object",
                                                        {
                                                          "key": "string",
                                                          "operator": "string",
                                                          "values": [
                                                            "list",
                                                            "string"
                                                          ]
                                                        }
                                                      ]
                                                    ],
                                                    "matchLabels": [
                                                      "map",
                                                      "string"
                                                    ]
                                                  }
                                                ],
                                                "matchLabelKeys": [
                                                  "list",
                                                  "string"
                                                ],
                                                "mismatchLabelKeys": [
                                                  "list",
                                                  "string"
                                                ],
                                                "namespaceSelector": [
                                                  "object",
                                                  {
                                                    "matchExpressions": [
                                                      "list",
                                                      [
                                                        "object",
                                                        {
                                                          "key": "string",
                                                          "operator": "string",
                                                          "values": [
                                                            "list",
                                                            "string"
                                                          ]
                                                        }
                                                      ]
                                                    ],
                                                    "matchLabels": [
                                                      "map",
                                                      "string"
                                                    ]
                                                  }
                                                ],
                                                "namespaces": [
                                                  "list",
                                                  "string"
                                                ],
                                                "topologyKey": "string"
                                              }
                                            ]
                                          ]
                                        }
                                      ]
                                    }
                                  ],
                                  "dnsConfig": [
                                    "object",
                                    {
                                      "nameservers": [
                                        "list",
                                        "string"
                                      ],
                                      "options": [
                                        "list",
                                        [
                                          "object",
                                          {
                                            "name": "string",
                                            "value": "string"
                                          }
                                        ]
                                      ],
                                      "searches": [
                                        "list",
                                        "string"
                                      ]
                                    }
                                  ],
                                  "dnsPolicy": "string",
                                  "enableServiceLinks": "bool",
                                  "hostAliases": [
                                    "list",
                                    [
                                      "object",
                                      {
                                        "hostnames": [
                                          "list",
                                          "string"
                                        ],
                                        "ip": "string"
                                      }
                                    ]
                                  ],
                                  "imagePullSecrets": [
                                    "list",
                                    [
                                      "object",
                                      {
                                        "name": "string"
                                      }
                                    ]
                                  ],
                                  "metadata": [
                                    "object",
                                    {
                                      "annotations": [
                                        "map",
                                        "string"
                                      ],
                                      "labels": [
                                        "map",
                                        "string"
                                      ]
                                    }
                                  ],
                                  "priorityClassName": "string",
                                  "schedulerName": "string",
                                  "securityContext": [
                                    "object",
                                    {
                                      "appArmorProfile": [
                                        "object",
                                        {
                                          "localhostProfile": "string",
                                          "type": "string"
                                        }
                                      ],
                                      "fsGroup": "number",
                                      "fsGroupChangePolicy": "string",
                                      "runAsGroup": "number",
                                      "runAsNonRoot": "bool",
                                      "runAsUser": "number",
                                      "seLinuxChangePolicy": "string",
                                      "seLinuxOptions": [
                                        "object",
                                        {
                                          "level": "string",
                                          "role": "string",
                                          "type": "string",
                                          "user": "string"
                                        }
                                      ],
                                      "seccompProfile": [
                                        "object",
                                        {
                                          "localhostProfile": "string",
                                          "type": "string"
                                        }
                                      ],
                                      "supplementalGroups": [
                                        "list",
                                        "number"
                                      ],
                                      "supplementalGroupsPolicy": "string",
                                      "sysctls": [
                                        "list",
                                        [
                                          "object",
                                          {
                                            "name": "string",
                                            "value": "string"
                                          }
                                        ]
                                      ],
                                      "windowsOptions": [
                                        "object",
                                        {
                                          "gmsaCredentialSpec": "string",
                                          "gmsaCredentialSpecName": "string",
                                          "hostProcess": "bool",
                                          "runAsUserName": "string"
                                        }
                                      ]
                                    }
                                  ],
                                  "terminationGracePeriodSeconds": "number",
                                  "tmpDirSizeLimit": "string",
                                  "tolerations": [
                                    "list",
                                    [
                                      "object",
                                      {
                                        "effect": "string",
                                        "key": "string",
                                        "operator": "string",
                                        "tolerationSeconds": "number",
                                        "value": "string"
                                      }
                                    ]
                                  ],
                                  "topologySpreadConstraints": [
                                    "list",
                                    [
                                      "object",
                                      {
                                        "labelSelector": [
                                          "object",
                                          {
                                            "matchExpressions": [
                                              "list",
                                              [
                                                "object",
                                                {
                                                  "key": "string",
                                                  "operator": "string",
                                                  "values": [
                                                    "list",
                                                    "string"
                                                  ]
                                                }
                                              ]
                                            ],
                                            "matchLabels": [
                                              "map",
                                              "string"
                                            ]
                                          }
                                        ],
                                        "matchLabelKeys": [
                                          "list",
                                          "string"
                                        ],
                                        "maxSkew": "number",
                                        "minDomains": "number",
                                        "nodeAffinityPolicy": "string",
                                        "nodeTaintsPolicy": "string",
                                        "topologyKey": "string",
                                        "whenUnsatisfiable": "string"
                                      }
                                    ]
                                  ],
                                  "volumes": [
                                    "list",
                                    [
                                      "object",
                                      {
                                        "configMap": [
                                          "object",
                                          {
                                            "defaultMode": "number",
                                            "items": [
                                              "list",
                                              [
                                                "object",
                                                {
                                                  "key": "string",
                                                  "mode": "number",
                                                  "path": "string"
                                                }
                                              ]
                                            ],
                                            "name": "string",
                                            "optional": "bool"
                                          }
                                        ],
                                        "csi": [
                                          "object",
                                          {
                                            "driver": "string",
                                            "fsType": "string",
                                            "nodePublishSecretRef": [
                                              "object",
                                              {
                                                "name": "string"
                                              }
                                            ],
                                            "readOnly": "bool",
                                            "volumeAttributes": [
                                              "map",
                                              "string"
                                            ]
                                          }
                                        ],
                                        "emptyDir": [
                                          "object",
                                          {
                                            "medium": "string",
                                            "sizeLimit": "string"
                                          }
                                        ],
                                        "image": [
                                          "object",
                                          {
                                            "pullPolicy": "string",
                                            "reference": "string"
                                          }
                                        ],
                                        "name": "string",
                                        "persistentVolumeClaim": [
                                          "object",
                                          {
                                            "claimName": "string",
                                            "readOnly": "bool"
                                          }
                                        ],
                                        "secret": [
                                          "object",
                                          {
                                            "defaultMode": "number",
                                            "items": [
                                              "list",
                                              [
                                                "object",
                                                {
                                                  "key": "string",
                                                  "mode": "number",
                                                  "path": "string"
                                                }
                                              ]
                                            ],
                                            "optional": "bool",
                                            "secretName": "string"
                                          }
                                        ]
                                      }
                                    ]
                                  ]
                                }
                              ],
                              "podDisruptionBudget": [
                                "object",
                                {
                                  "maxUnavailable": "number",
                                  "metadata": [
                                    "object",
                                    {
                                      "annotations": [
                                        "map",
                                        "string"
                                      ],
                                      "labels": [
                                        "map",
                                        "string"
                                      ]
                                    }
                                  ]
                                }
                              ],
                              "podSet": [
                                "object",
                                {
                                  "metadata": [
                                    "object",
                                    {
                                      "annotations": [
                                        "map",
                                        "string"
                                      ],
                                      "labels": [
                                        "map",
                                        "string"
                                      ]
                                    }
                                  ]
                                }
                              ],
                              "serviceAccount": [
                                "object",
                                {
                                  "metadata": [
                                    "object",
                                    {
                                      "annotations": [
                                        "map",
                                        "string"
                                      ],
                                      "labels": [
                                        "map",
                                        "string"
                                      ]
                                    }
                                  ]
                                }
                              ],
                              "statefulset": [
                                "object",
                                {
                                  "metadata": [
                                    "object",
                                    {
                                      "annotations": [
                                        "map",
                                        "string"
                                      ],
                                      "labels": [
                                        "map",
                                        "string"
                                      ]
                                    }
                                  ],
                                  "podManagementPolicy": "string"
                                }
                              ],
                              "zookeeperContainer": [
                                "object",
                                {
                                  "env": [
                                    "list",
                                    [
                                      "object",
                                      {
                                        "name": "string",
                                        "value": "string",
                                        "valueFrom": [
                                          "object",
                                          {
                                            "configMapKeyRef": [
                                              "object",
                                              {
                                                "key": "string",
                                                "name": "string",
                                                "optional": "bool"
                                              }
                                            ],
                                            "secretKeyRef": [
                                              "object",
                                              {
                                                "key": "string",
                                                "name": "string",
                                                "optional": "bool"
                                              }
                                            ]
                                          }
                                        ]
                                      }
                                    ]
                                  ],
                                  "securityContext": [
                                    "object",
                                    {
                                      "allowPrivilegeEscalation": "bool",
                                      "appArmorProfile": [
                                        "object",
                                        {
                                          "localhostProfile": "string",
                                          "type": "string"
                                        }
                                      ],
                                      "capabilities": [
                                        "object",
                                        {
                                          "add": [
                                            "list",
                                            "string"
                                          ],
                                          "drop": [
                                            "list",
                                            "string"
                                          ]
                                        }
                                      ],
                                      "privileged": "bool",
                                      "procMount": "string",
                                      "readOnlyRootFilesystem": "bool",
                                      "runAsGroup": "number",
                                      "runAsNonRoot": "bool",
                                      "runAsUser": "number",
                                      "seLinuxOptions": [
                                        "object",
                                        {
                                          "level": "string",
                                          "role": "string",
                                          "type": "string",
                                          "user": "string"
                                        }
                                      ],
                                      "seccompProfile": [
                                        "object",
                                        {
                                          "localhostProfile": "string",
                                          "type": "string"
                                        }
                                      ],
                                      "windowsOptions": [
                                        "object",
                                        {
                                          "gmsaCredentialSpec": "string",
                                          "gmsaCredentialSpecName": "string",
                                          "hostProcess": "bool",
                                          "runAsUserName": "string"
                                        }
                                      ]
                                    }
                                  ],
                                  "volumeMounts": [
                                    "list",
                                    [
                                      "object",
                                      {
                                        "mountPath": "string",
                                        "mountPropagation": "string",
                                        "name": "string",
                                        "readOnly": "bool",
                                        "recursiveReadOnly": "string",
                                        "subPath": "string",
                                        "subPathExpr": "string"
                                      }
                                    ]
                                  ]
                                }
                              ]
                            }
                          ]
                        }
                      ]
                    }
                  ]
                }
              ]
            },
            "timeouts": [],
            "wait": [],
            "wait_for": null
          },
          "sensitive_attributes": [],
          "identity_schema_version": 1,
          "identity": {
            "api_version": "kafka.strimzi.io/v1beta2",
            "kind": "Kafka",
            "name": "team4-kafka",
            "namespace": "team4"
          },
          "dependencies": [
            "kubernetes_namespace_v1.strimzi",
            "module.kafka.kubernetes_manifest.kafka_nodepool_dualrole",
            "module.namespace.kubernetes_namespace_v1.ns",
            "module.strimzi_operator.helm_release.strimzi",
            "null_resource.wait_for_strimzi_crds"
          ]
        }
      ]
    },
    {
      "module": "module.kafka",
      "mode": "managed",
      "type": "kubernetes_manifest",
      "name": "kafka_metrics_cm",
      "provider": "provider[\"registry.terraform.io/hashicorp/kubernetes\"]",
      "instances": [
        {
          "schema_version": 1,
          "attributes": {
            "computed_fields": null,
            "field_manager": [],
            "manifest": {
              "value": {
                "apiVersion": "v1",
                "data": {
                  "metrics-config.yml": "lowercaseOutputName: true\nrules:\n  - pattern: \"kafka.server\u003ctype=BrokerTopicMetrics, name=(.*)\u003e\u003c\u003eCount\"\n    name: kafka_server_brokertopicmetrics_$1_count\n"
                },
                "kind": "ConfigMap",
                "metadata": {
                  "name": "team4-kafka-metrics",
                  "namespace": "team4"
                }
              },
              "type": [
                "object",
                {
                  "apiVersion": "string",
                  "data": [
                    "object",
                    {
                      "metrics-config.yml": "string"
                    }
                  ],
                  "kind": "string",
                  "metadata": [
                    "object",
                    {
                      "name": "string",
                      "namespace": "string"
                    }
                  ]
                }
              ]
            },
            "object": {
              "value": {
                "apiVersion": "v1",
                "binaryData": null,
                "data": {
                  "metrics-config.yml": "lowercaseOutputName: true\nrules:\n  - pattern: \"kafka.server\u003ctype=BrokerTopicMetrics, name=(.*)\u003e\u003c\u003eCount\"\n    name: kafka_server_brokertopicmetrics_$1_count\n"
                },
                "immutable": null,
                "kind": "ConfigMap",
                "metadata": {
                  "annotations": null,
                  "creationTimestamp": null,
                  "deletionGracePeriodSeconds": null,
                  "deletionTimestamp": null,
                  "finalizers": null,
                  "generateName": null,
                  "generation": null,
                  "labels": null,
                  "managedFields": null,
                  "name": "team4-kafka-metrics",
                  "namespace": "team4",
                  "ownerReferences": null,
                  "resourceVersion": null,
                  "selfLink": null,
                  "uid": null
                }
              },
              "type": [
                "object",
                {
                  "apiVersion": "string",
                  "binaryData": [
                    "map",
                    "string"
                  ],
                  "data": [
                    "map",
                    "string"
                  ],
                  "immutable": "bool",
                  "kind": "string",
                  "metadata": [
                    "object",
                    {
                      "annotations": [
                        "map",
                        "string"
                      ],
                      "creationTimestamp": "string",
                      "deletionGracePeriodSeconds": "number",
                      "deletionTimestamp": "string",
                      "finalizers": [
                        "list",
                        "string"
                      ],
                      "generateName": "string",
                      "generation": "number",
                      "labels": [
                        "map",
                        "string"
                      ],
                      "managedFields": [
                        "tuple",
                        [
                          [
                            "object",
                            {
                              "apiVersion": "string",
                              "fieldsType": "string",
                              "fieldsV1": "dynamic",
                              "manager": "string",
                              "operation": "string",
                              "subresource": "string",
                              "time": "string"
                            }
                          ]
                        ]
                      ],
                      "name": "string",
                      "namespace": "string",
                      "ownerReferences": [
                        "list",
                        [
                          "object",
                          {
                            "apiVersion": "string",
                            "blockOwnerDeletion": "bool",
                            "controller": "bool",
                            "kind": "string",
                            "name": "string",
                            "uid": "string"
                          }
                        ]
                      ],
                      "resourceVersion": "string",
                      "selfLink": "string",
                      "uid": "string"
                    }
                  ]
                }
              ]
            },
            "timeouts": [],
            "wait": [],
            "wait_for": null
          },
          "sensitive_attributes": [],
          "identity_schema_version": 1,
          "identity": {
            "api_version": "v1",
            "kind": "ConfigMap",
            "name": "team4-kafka-metrics",
            "namespace": "team4"
          },
          "dependencies": [
            "kubernetes_namespace_v1.strimzi",
            "module.namespace.kubernetes_namespace_v1.ns",
            "module.strimzi_operator.helm_release.strimzi",
            "null_resource.wait_for_strimzi_crds"
          ]
        }
      ]
    },
    {
      "module": "module.kafka",
      "mode": "managed",
      "type": "kubernetes_manifest",
      "name": "kafka_nodepool_dualrole",
      "provider": "provider[\"registry.terraform.io/hashicorp/kubernetes\"]",
      "instances": [
        {
          "schema_version": 1,
          "attributes": {
            "computed_fields": null,
            "field_manager": [],
            "manifest": {
              "value": {
                "apiVersion": "kafka.strimzi.io/v1beta2",
                "kind": "KafkaNodePool",
                "metadata": {
                  "labels": {
                    "strimzi.io/cluster": "team4-kafka"
                  },
                  "name": "team4-kafka-np-dual",
                  "namespace": "team4"
                },
                "spec": {
                  "replicas": 1,
                  "roles": [
                    "controller",
                    "broker"
                  ],
                  "storage": {
                    "type": "ephemeral"
                  }
                }
              },
              "type": [
                "object",
                {
                  "apiVersion": "string",
                  "kind": "string",
                  "metadata": [
                    "object",
                    {
                      "labels": [
                        "object",
                        {
                          "strimzi.io/cluster": "string"
                        }
                      ],
                      "name": "string",
                      "namespace": "string"
                    }
                  ],
                  "spec": [
                    "object",
                    {
                      "replicas": "number",
                      "roles": [
                        "tuple",
                        [
                          "string",
                          "string"
                        ]
                      ],
                      "storage": [
                        "object",
                        {
                          "type": "string"
                        }
                      ]
                    }
                  ]
                }
              ]
            },
            "object": {
              "value": {
                "apiVersion": "kafka.strimzi.io/v1beta2",
                "kind": "KafkaNodePool",
                "metadata": {
                  "annotations": null,
                  "creationTimestamp": null,
                  "deletionGracePeriodSeconds": null,
                  "deletionTimestamp": null,
                  "finalizers": null,
                  "generateName": null,
                  "generation": null,
                  "labels": {
                    "strimzi.io/cluster": "team4-kafka"
                  },
                  "managedFields": null,
                  "name": "team4-kafka-np-dual",
                  "namespace": "team4",
                  "ownerReferences": null,
                  "resourceVersion": null,
                  "selfLink": null,
                  "uid": null
                },
                "spec": {
                  "jvmOptions": {
                    "-XX": null,
                    "-Xms": null,
                    "-Xmx": null,
                    "gcLoggingEnabled": null,
                    "javaSystemProperties": null
                  },
                  "replicas": 1,
                  "resources": {
                    "claims": null,
                    "limits": null,
                    "requests": null
                  },
                  "roles": [
                    "controller",
                    "broker"
                  ],
                  "storage": {
                    "class": null,
                    "deleteClaim": null,
                    "id": null,
                    "kraftMetadata": null,
                    "overrides": null,
                    "selector": null,
                    "size": null,
                    "sizeLimit": null,
                    "type": "ephemeral",
                    "volumeAttributesClass": null,
                    "volumes": null
                  },
                  "template": {
                    "initContainer": {
                      "env": null,
                      "securityContext": {
                        "allowPrivilegeEscalation": null,
                        "appArmorProfile": {
                          "localhostProfile": null,
                          "type": null
                        },
                        "capabilities": {
                          "add": null,
                          "drop": null
                        },
                        "privileged": null,
                        "procMount": null,
                        "readOnlyRootFilesystem": null,
                        "runAsGroup": null,
                        "runAsNonRoot": null,
                        "runAsUser": null,
                        "seLinuxOptions": {
                          "level": null,
                          "role": null,
                          "type": null,
                          "user": null
                        },
                        "seccompProfile": {
                          "localhostProfile": null,
                          "type": null
                        },
                        "windowsOptions": {
                          "gmsaCredentialSpec": null,
                          "gmsaCredentialSpecName": null,
                          "hostProcess": null,
                          "runAsUserName": null
                        }
                      },
                      "volumeMounts": null
                    },
                    "kafkaContainer": {
                      "env": null,
                      "securityContext": {
                        "allowPrivilegeEscalation": null,
                        "appArmorProfile": {
                          "localhostProfile": null,
                          "type": null
                        },
                        "capabilities": {
                          "add": null,
                          "drop": null
                        },
                        "privileged": null,
                        "procMount": null,
                        "readOnlyRootFilesystem": null,
                        "runAsGroup": null,
                        "runAsNonRoot": null,
                        "runAsUser": null,
                        "seLinuxOptions": {
                          "level": null,
                          "role": null,
                          "type": null,
                          "user": null
                        },
                        "seccompProfile": {
                          "localhostProfile": null,
                          "type": null
                        },
                        "windowsOptions": {
                          "gmsaCredentialSpec": null,
                          "gmsaCredentialSpecName": null,
                          "hostProcess": null,
                          "runAsUserName": null
                        }
                      },
                      "volumeMounts": null
                    },
                    "perPodIngress": {
                      "metadata": {
                        "annotations": null,
                        "labels": null
                      }
                    },
                    "perPodRoute": {
                      "metadata": {
                        "annotations": null,
                        "labels": null
                      }
                    },
                    "perPodService": {
                      "metadata": {
                        "annotations": null,
                        "labels": null
                      }
                    },
                    "persistentVolumeClaim": {
                      "metadata": {
                        "annotations": null,
                        "labels": null
                      }
                    },
                    "pod": {
                      "affinity": {
                        "nodeAffinity": {
                          "preferredDuringSchedulingIgnoredDuringExecution": null,
                          "requiredDuringSchedulingIgnoredDuringExecution": {
                            "nodeSelectorTerms": null
                          }
                        },
                        "podAffinity": {
                          "preferredDuringSchedulingIgnoredDuringExecution": null,
                          "requiredDuringSchedulingIgnoredDuringExecution": null
                        },
                        "podAntiAffinity": {
                          "preferredDuringSchedulingIgnoredDuringExecution": null,
                          "requiredDuringSchedulingIgnoredDuringExecution": null
                        }
                      },
                      "dnsConfig": {
                        "nameservers": null,
                        "options": null,
                        "searches": null
                      },
                      "dnsPolicy": null,
                      "enableServiceLinks": null,
                      "hostAliases": null,
                      "imagePullSecrets": null,
                      "metadata": {
                        "annotations": null,
                        "labels": null
                      },
                      "priorityClassName": null,
                      "schedulerName": null,
                      "securityContext": {
                        "appArmorProfile": {
                          "localhostProfile": null,
                          "type": null
                        },
                        "fsGroup": null,
                        "fsGroupChangePolicy": null,
                        "runAsGroup": null,
                        "runAsNonRoot": null,
                        "runAsUser": null,
                        "seLinuxChangePolicy": null,
                        "seLinuxOptions": {
                          "level": null,
                          "role": null,
                          "type": null,
                          "user": null
                        },
                        "seccompProfile": {
                          "localhostProfile": null,
                          "type": null
                        },
                        "supplementalGroups": null,
                        "supplementalGroupsPolicy": null,
                        "sysctls": null,
                        "windowsOptions": {
                          "gmsaCredentialSpec": null,
                          "gmsaCredentialSpecName": null,
                          "hostProcess": null,
                          "runAsUserName": null
                        }
                      },
                      "terminationGracePeriodSeconds": null,
                      "tmpDirSizeLimit": null,
                      "tolerations": null,
                      "topologySpreadConstraints": null,
                      "volumes": null
                    },
                    "podSet": {
                      "metadata": {
                        "annotations": null,
                        "labels": null
                      }
                    }
                  }
                }
              },
              "type": [
                "object",
                {
                  "apiVersion": "string",
                  "kind": "string",
                  "metadata": [
                    "object",
                    {
                      "annotations": [
                        "map",
                        "string"
                      ],
                      "creationTimestamp": "string",
                      "deletionGracePeriodSeconds": "number",
                      "deletionTimestamp": "string",
                      "finalizers": [
                        "list",
                        "string"
                      ],
                      "generateName": "string",
                      "generation": "number",
                      "labels": [
                        "map",
                        "string"
                      ],
                      "managedFields": [
                        "tuple",
                        [
                          [
                            "object",
                            {
                              "apiVersion": "string",
                              "fieldsType": "string",
                              "fieldsV1": "dynamic",
                              "manager": "string",
                              "operation": "string",
                              "subresource": "string",
                              "time": "string"
                            }
                          ]
                        ]
                      ],
                      "name": "string",
                      "namespace": "string",
                      "ownerReferences": [
                        "list",
                        [
                          "object",
                          {
                            "apiVersion": "string",
                            "blockOwnerDeletion": "bool",
                            "controller": "bool",
                            "kind": "string",
                            "name": "string",
                            "uid": "string"
                          }
                        ]
                      ],
                      "resourceVersion": "string",
                      "selfLink": "string",
                      "uid": "string"
                    }
                  ],
                  "spec": [
                    "object",
                    {
                      "jvmOptions": [
                        "object",
                        {
                          "-XX": [
                            "map",
                            "string"
                          ],
                          "-Xms": "string",
                          "-Xmx": "string",
                          "gcLoggingEnabled": "bool",
                          "javaSystemProperties": [
                            "list",
                            [
                              "object",
                              {
                                "name": "string",
                                "value": "string"
                              }
                            ]
                          ]
                        }
                      ],
                      "replicas": "number",
                      "resources": [
                        "object",
                        {
                          "claims": [
                            "list",
                            [
                              "object",
                              {
                                "name": "string",
                                "request": "string"
                              }
                            ]
                          ],
                          "limits": [
                            "map",
                            "string"
                          ],
                          "requests": [
                            "map",
                            "string"
                          ]
                        }
                      ],
                      "roles": [
                        "list",
                        "string"
                      ],
                      "storage": [
                        "object",
                        {
                          "class": "string",
                          "deleteClaim": "bool",
                          "id": "number",
                          "kraftMetadata": "string",
                          "overrides": [
                            "list",
                            [
                              "object",
                              {
                                "broker": "number",
                                "class": "string"
                              }
                            ]
                          ],
                          "selector": [
                            "map",
                            "string"
                          ],
                          "size": "string",
                          "sizeLimit": "string",
                          "type": "string",
                          "volumeAttributesClass": "string",
                          "volumes": [
                            "list",
                            [
                              "object",
                              {
                                "class": "string",
                                "deleteClaim": "bool",
                                "id": "number",
                                "kraftMetadata": "string",
                                "overrides": [
                                  "list",
                                  [
                                    "object",
                                    {
                                      "broker": "number",
                                      "class": "string"
                                    }
                                  ]
                                ],
                                "selector": [
                                  "map",
                                  "string"
                                ],
                                "size": "string",
                                "sizeLimit": "string",
                                "type": "string",
                                "volumeAttributesClass": "string"
                              }
                            ]
                          ]
                        }
                      ],
                      "template": [
                        "object",
                        {
                          "initContainer": [
                            "object",
                            {
                              "env": [
                                "list",
                                [
                                  "object",
                                  {
                                    "name": "string",
                                    "value": "string",
                                    "valueFrom": [
                                      "object",
                                      {
                                        "configMapKeyRef": [
                                          "object",
                                          {
                                            "key": "string",
                                            "name": "string",
                                            "optional": "bool"
                                          }
                                        ],
                                        "secretKeyRef": [
                                          "object",
                                          {
                                            "key": "string",
                                            "name": "string",
                                            "optional": "bool"
                                          }
                                        ]
                                      }
                                    ]
                                  }
                                ]
                              ],
                              "securityContext": [
                                "object",
                                {
                                  "allowPrivilegeEscalation": "bool",
                                  "appArmorProfile": [
                                    "object",
                                    {
                                      "localhostProfile": "string",
                                      "type": "string"
                                    }
                                  ],
                                  "capabilities": [
                                    "object",
                                    {
                                      "add": [
                                        "list",
                                        "string"
                                      ],
                                      "drop": [
                                        "list",
                                        "string"
                                      ]
                                    }
                                  ],
                                  "privileged": "bool",
                                  "procMount": "string",
                                  "readOnlyRootFilesystem": "bool",
                                  "runAsGroup": "number",
                                  "runAsNonRoot": "bool",
                                  "runAsUser": "number",
                                  "seLinuxOptions": [
                                    "object",
                                    {
                                      "level": "string",
                                      "role": "string",
                                      "type": "string",
                                      "user": "string"
                                    }
                                  ],
                                  "seccompProfile": [
                                    "object",
                                    {
                                      "localhostProfile": "string",
                                      "type": "string"
                                    }
                                  ],
                                  "windowsOptions": [
                                    "object",
                                    {
                                      "gmsaCredentialSpec": "string",
                                      "gmsaCredentialSpecName": "string",
                                      "hostProcess": "bool",
                                      "runAsUserName": "string"
                                    }
                                  ]
                                }
                              ],
                              "volumeMounts": [
                                "list",
                                [
                                  "object",
                                  {
                                    "mountPath": "string",
                                    "mountPropagation": "string",
                                    "name": "string",
                                    "readOnly": "bool",
                                    "recursiveReadOnly": "string",
                                    "subPath": "string",
                                    "subPathExpr": "string"
                                  }
                                ]
                              ]
                            }
                          ],
                          "kafkaContainer": [
                            "object",
                            {
                              "env": [
                                "list",
                                [
                                  "object",
                                  {
                                    "name": "string",
                                    "value": "string",
                                    "valueFrom": [
                                      "object",
                                      {
                                        "configMapKeyRef": [
                                          "object",
                                          {
                                            "key": "string",
                                            "name": "string",
                                            "optional": "bool"
                                          }
                                        ],
                                        "secretKeyRef": [
                                          "object",
                                          {
                                            "key": "string",
                                            "name": "string",
                                            "optional": "bool"
                                          }
                                        ]
                                      }
                                    ]
                                  }
                                ]
                              ],
                              "securityContext": [
                                "object",
                                {
                                  "allowPrivilegeEscalation": "bool",
                                  "appArmorProfile": [
                                    "object",
                                    {
                                      "localhostProfile": "string",
                                      "type": "string"
                                    }
                                  ],
                                  "capabilities": [
                                    "object",
                                    {
                                      "add": [
                                        "list",
                                        "string"
                                      ],
                                      "drop": [
                                        "list",
                                        "string"
                                      ]
                                    }
                                  ],
                                  "privileged": "bool",
                                  "procMount": "string",
                                  "readOnlyRootFilesystem": "bool",
                                  "runAsGroup": "number",
                                  "runAsNonRoot": "bool",
                                  "runAsUser": "number",
                                  "seLinuxOptions": [
                                    "object",
                                    {
                                      "level": "string",
                                      "role": "string",
                                      "type": "string",
                                      "user": "string"
                                    }
                                  ],
                                  "seccompProfile": [
                                    "object",
                                    {
                                      "localhostProfile": "string",
                                      "type": "string"
                                    }
                                  ],
                                  "windowsOptions": [
                                    "object",
                                    {
                                      "gmsaCredentialSpec": "string",
                                      "gmsaCredentialSpecName": "string",
                                      "hostProcess": "bool",
                                      "runAsUserName": "string"
                                    }
                                  ]
                                }
                              ],
                              "volumeMounts": [
                                "list",
                                [
                                  "object",
                                  {
                                    "mountPath": "string",
                                    "mountPropagation": "string",
                                    "name": "string",
                                    "readOnly": "bool",
                                    "recursiveReadOnly": "string",
                                    "subPath": "string",
                                    "subPathExpr": "string"
                                  }
                                ]
                              ]
                            }
                          ],
                          "perPodIngress": [
                            "object",
                            {
                              "metadata": [
                                "object",
                                {
                                  "annotations": [
                                    "map",
                                    "string"
                                  ],
                                  "labels": [
                                    "map",
                                    "string"
                                  ]
                                }
                              ]
                            }
                          ],
                          "perPodRoute": [
                            "object",
                            {
                              "metadata": [
                                "object",
                                {
                                  "annotations": [
                                    "map",
                                    "string"
                                  ],
                                  "labels": [
                                    "map",
                                    "string"
                                  ]
                                }
                              ]
                            }
                          ],
                          "perPodService": [
                            "object",
                            {
                              "metadata": [
                                "object",
                                {
                                  "annotations": [
                                    "map",
                                    "string"
                                  ],
                                  "labels": [
                                    "map",
                                    "string"
                                  ]
                                }
                              ]
                            }
                          ],
                          "persistentVolumeClaim": [
                            "object",
                            {
                              "metadata": [
                                "object",
                                {
                                  "annotations": [
                                    "map",
                                    "string"
                                  ],
                                  "labels": [
                                    "map",
                                    "string"
                                  ]
                                }
                              ]
                            }
                          ],
                          "pod": [
                            "object",
                            {
                              "affinity": [
                                "object",
                                {
                                  "nodeAffinity": [
                                    "object",
                                    {
                                      "preferredDuringSchedulingIgnoredDuringExecution": [
                                        "list",
                                        [
                                          "object",
                                          {
                                            "preference": [
                                              "object",
                                              {
                                                "matchExpressions": [
                                                  "list",
                                                  [
                                                    "object",
                                                    {
                                                      "key": "string",
                                                      "operator": "string",
                                                      "values": [
                                                        "list",
                                                        "string"
                                                      ]
                                                    }
                                                  ]
                                                ],
                                                "matchFields": [
                                                  "list",
                                                  [
                                                    "object",
                                                    {
                                                      "key": "string",
                                                      "operator": "string",
                                                      "values": [
                                                        "list",
                                                        "string"
                                                      ]
                                                    }
                                                  ]
                                                ]
                                              }
                                            ],
                                            "weight": "number"
                                          }
                                        ]
                                      ],
                                      "requiredDuringSchedulingIgnoredDuringExecution": [
                                        "object",
                                        {
                                          "nodeSelectorTerms": [
                                            "list",
                                            [
                                              "object",
                                              {
                                                "matchExpressions": [
                                                  "list",
                                                  [
                                                    "object",
                                                    {
                                                      "key": "string",
                                                      "operator": "string",
                                                      "values": [
                                                        "list",
                                                        "string"
                                                      ]
                                                    }
                                                  ]
                                                ],
                                                "matchFields": [
                                                  "list",
                                                  [
                                                    "object",
                                                    {
                                                      "key": "string",
                                                      "operator": "string",
                                                      "values": [
                                                        "list",
                                                        "string"
                                                      ]
                                                    }
                                                  ]
                                                ]
                                              }
                                            ]
                                          ]
                                        }
                                      ]
                                    }
                                  ],
                                  "podAffinity": [
                                    "object",
                                    {
                                      "preferredDuringSchedulingIgnoredDuringExecution": [
                                        "list",
                                        [
                                          "object",
                                          {
                                            "podAffinityTerm": [
                                              "object",
                                              {
                                                "labelSelector": [
                                                  "object",
                                                  {
                                                    "matchExpressions": [
                                                      "list",
                                                      [
                                                        "object",
                                                        {
                                                          "key": "string",
                                                          "operator": "string",
                                                          "values": [
                                                            "list",
                                                            "string"
                                                          ]
                                                        }
                                                      ]
                                                    ],
                                                    "matchLabels": [
                                                      "map",
                                                      "string"
                                                    ]
                                                  }
                                                ],
                                                "matchLabelKeys": [
                                                  "list",
                                                  "string"
                                                ],
                                                "mismatchLabelKeys": [
                                                  "list",
                                                  "string"
                                                ],
                                                "namespaceSelector": [
                                                  "object",
                                                  {
                                                    "matchExpressions": [
                                                      "list",
                                                      [
                                                        "object",
                                                        {
                                                          "key": "string",
                                                          "operator": "string",
                                                          "values": [
                                                            "list",
                                                            "string"
                                                          ]
                                                        }
                                                      ]
                                                    ],
                                                    "matchLabels": [
                                                      "map",
                                                      "string"
                                                    ]
                                                  }
                                                ],
                                                "namespaces": [
                                                  "list",
                                                  "string"
                                                ],
                                                "topologyKey": "string"
                                              }
                                            ],
                                            "weight": "number"
                                          }
                                        ]
                                      ],
                                      "requiredDuringSchedulingIgnoredDuringExecution": [
                                        "list",
                                        [
                                          "object",
                                          {
                                            "labelSelector": [
                                              "object",
                                              {
                                                "matchExpressions": [
                                                  "list",
                                                  [
                                                    "object",
                                                    {
                                                      "key": "string",
                                                      "operator": "string",
                                                      "values": [
                                                        "list",
                                                        "string"
                                                      ]
                                                    }
                                                  ]
                                                ],
                                                "matchLabels": [
                                                  "map",
                                                  "string"
                                                ]
                                              }
                                            ],
                                            "matchLabelKeys": [
                                              "list",
                                              "string"
                                            ],
                                            "mismatchLabelKeys": [
                                              "list",
                                              "string"
                                            ],
                                            "namespaceSelector": [
                                              "object",
                                              {
                                                "matchExpressions": [
                                                  "list",
                                                  [
                                                    "object",
                                                    {
                                                      "key": "string",
                                                      "operator": "string",
                                                      "values": [
                                                        "list",
                                                        "string"
                                                      ]
                                                    }
                                                  ]
                                                ],
                                                "matchLabels": [
                                                  "map",
                                                  "string"
                                                ]
                                              }
                                            ],
                                            "namespaces": [
                                              "list",
                                              "string"
                                            ],
                                            "topologyKey": "string"
                                          }
                                        ]
                                      ]
                                    }
                                  ],
                                  "podAntiAffinity": [
                                    "object",
                                    {
                                      "preferredDuringSchedulingIgnoredDuringExecution": [
                                        "list",
                                        [
                                          "object",
                                          {
                                            "podAffinityTerm": [
                                              "object",
                                              {
                                                "labelSelector": [
                                                  "object",
                                                  {
                                                    "matchExpressions": [
                                                      "list",
                                                      [
                                                        "object",
                                                        {
                                                          "key": "string",
                                                          "operator": "string",
                                                          "values": [
                                                            "list",
                                                            "string"
                                                          ]
                                                        }
                                                      ]
                                                    ],
                                                    "matchLabels": [
                                                      "map",
                                                      "string"
                                                    ]
                                                  }
                                                ],
                                                "matchLabelKeys": [
                                                  "list",
                                                  "string"
                                                ],
                                                "mismatchLabelKeys": [
                                                  "list",
                                                  "string"
                                                ],
                                                "namespaceSelector": [
                                                  "object",
                                                  {
                                                    "matchExpressions": [
                                                      "list",
                                                      [
                                                        "object",
                                                        {
                                                          "key": "string",
                                                          "operator": "string",
                                                          "values": [
                                                            "list",
                                                            "string"
                                                          ]
                                                        }
                                                      ]
                                                    ],
                                                    "matchLabels": [
                                                      "map",
                                                      "string"
                                                    ]
                                                  }
                                                ],
                                                "namespaces": [
                                                  "list",
                                                  "string"
                                                ],
                                                "topologyKey": "string"
                                              }
                                            ],
                                            "weight": "number"
                                          }
                                        ]
                                      ],
                                      "requiredDuringSchedulingIgnoredDuringExecution": [
                                        "list",
                                        [
                                          "object",
                                          {
                                            "labelSelector": [
                                              "object",
                                              {
                                                "matchExpressions": [
                                                  "list",
                                                  [
                                                    "object",
                                                    {
                                                      "key": "string",
                                                      "operator": "string",
                                                      "values": [
                                                        "list",
                                                        "string"
                                                      ]
                                                    }
                                                  ]
                                                ],
                                                "matchLabels": [
                                                  "map",
                                                  "string"
                                                ]
                                              }
                                            ],
                                            "matchLabelKeys": [
                                              "list",
                                              "string"
                                            ],
                                            "mismatchLabelKeys": [
                                              "list",
                                              "string"
                                            ],
                                            "namespaceSelector": [
                                              "object",
                                              {
                                                "matchExpressions": [
                                                  "list",
                                                  [
                                                    "object",
                                                    {
                                                      "key": "string",
                                                      "operator": "string",
                                                      "values": [
                                                        "list",
                                                        "string"
                                                      ]
                                                    }
                                                  ]
                                                ],
                                                "matchLabels": [
                                                  "map",
                                                  "string"
                                                ]
                                              }
                                            ],
                                            "namespaces": [
                                              "list",
                                              "string"
                                            ],
                                            "topologyKey": "string"
                                          }
                                        ]
                                      ]
                                    }
                                  ]
                                }
                              ],
                              "dnsConfig": [
                                "object",
                                {
                                  "nameservers": [
                                    "list",
                                    "string"
                                  ],
                                  "options": [
                                    "list",
                                    [
                                      "object",
                                      {
                                        "name": "string",
                                        "value": "string"
                                      }
                                    ]
                                  ],
                                  "searches": [
                                    "list",
                                    "string"
                                  ]
                                }
                              ],
                              "dnsPolicy": "string",
                              "enableServiceLinks": "bool",
                              "hostAliases": [
                                "list",
                                [
                                  "object",
                                  {
                                    "hostnames": [
                                      "list",
                                      "string"
                                    ],
                                    "ip": "string"
                                  }
                                ]
                              ],
                              "imagePullSecrets": [
                                "list",
                                [
                                  "object",
                                  {
                                    "name": "string"
                                  }
                                ]
                              ],
                              "metadata": [
                                "object",
                                {
                                  "annotations": [
                                    "map",
                                    "string"
                                  ],
                                  "labels": [
                                    "map",
                                    "string"
                                  ]
                                }
                              ],
                              "priorityClassName": "string",
                              "schedulerName": "string",
                              "securityContext": [
                                "object",
                                {
                                  "appArmorProfile": [
                                    "object",
                                    {
                                      "localhostProfile": "string",
                                      "type": "string"
                                    }
                                  ],
                                  "fsGroup": "number",
                                  "fsGroupChangePolicy": "string",
                                  "runAsGroup": "number",
                                  "runAsNonRoot": "bool",
                                  "runAsUser": "number",
                                  "seLinuxChangePolicy": "string",
                                  "seLinuxOptions": [
                                    "object",
                                    {
                                      "level": "string",
                                      "role": "string",
                                      "type": "string",
                                      "user": "string"
                                    }
                                  ],
                                  "seccompProfile": [
                                    "object",
                                    {
                                      "localhostProfile": "string",
                                      "type": "string"
                                    }
                                  ],
                                  "supplementalGroups": [
                                    "list",
                                    "number"
                                  ],
                                  "supplementalGroupsPolicy": "string",
                                  "sysctls": [
                                    "list",
                                    [
                                      "object",
                                      {
                                        "name": "string",
                                        "value": "string"
                                      }
                                    ]
                                  ],
                                  "windowsOptions": [
                                    "object",
                                    {
                                      "gmsaCredentialSpec": "string",
                                      "gmsaCredentialSpecName": "string",
                                      "hostProcess": "bool",
                                      "runAsUserName": "string"
                                    }
                                  ]
                                }
                              ],
                              "terminationGracePeriodSeconds": "number",
                              "tmpDirSizeLimit": "string",
                              "tolerations": [
                                "list",
                                [
                                  "object",
                                  {
                                    "effect": "string",
                                    "key": "string",
                                    "operator": "string",
                                    "tolerationSeconds": "number",
                                    "value": "string"
                                  }
                                ]
                              ],
                              "topologySpreadConstraints": [
                                "list",
                                [
                                  "object",
                                  {
                                    "labelSelector": [
                                      "object",
                                      {
                                        "matchExpressions": [
                                          "list",
                                          [
                                            "object",
                                            {
                                              "key": "string",
                                              "operator": "string",
                                              "values": [
                                                "list",
                                                "string"
                                              ]
                                            }
                                          ]
                                        ],
                                        "matchLabels": [
                                          "map",
                                          "string"
                                        ]
                                      }
                                    ],
                                    "matchLabelKeys": [
                                      "list",
                                      "string"
                                    ],
                                    "maxSkew": "number",
                                    "minDomains": "number",
                                    "nodeAffinityPolicy": "string",
                                    "nodeTaintsPolicy": "string",
                                    "topologyKey": "string",
                                    "whenUnsatisfiable": "string"
                                  }
                                ]
                              ],
                              "volumes": [
                                "list",
                                [
                                  "object",
                                  {
                                    "configMap": [
                                      "object",
                                      {
                                        "defaultMode": "number",
                                        "items": [
                                          "list",
                                          [
                                            "object",
                                            {
                                              "key": "string",
                                              "mode": "number",
                                              "path": "string"
                                            }
                                          ]
                                        ],
                                        "name": "string",
                                        "optional": "bool"
                                      }
                                    ],
                                    "csi": [
                                      "object",
                                      {
                                        "driver": "string",
                                        "fsType": "string",
                                        "nodePublishSecretRef": [
                                          "object",
                                          {
                                            "name": "string"
                                          }
                                        ],
                                        "readOnly": "bool",
                                        "volumeAttributes": [
                                          "map",
                                          "string"
                                        ]
                                      }
                                    ],
                                    "emptyDir": [
                                      "object",
                                      {
                                        "medium": "string",
                                        "sizeLimit": "string"
                                      }
                                    ],
                                    "image": [
                                      "object",
                                      {
                                        "pullPolicy": "string",
                                        "reference": "string"
                                      }
                                    ],
                                    "name": "string",
                                    "persistentVolumeClaim": [
                                      "object",
                                      {
                                        "claimName": "string",
                                        "readOnly": "bool"
                                      }
                                    ],
                                    "secret": [
                                      "object",
                                      {
                                        "defaultMode": "number",
                                        "items": [
                                          "list",
                                          [
                                            "object",
                                            {
                                              "key": "string",
                                              "mode": "number",
                                              "path": "string"
                                            }
                                          ]
                                        ],
                                        "optional": "bool",
                                        "secretName": "string"
                                      }
                                    ]
                                  }
                                ]
                              ]
                            }
                          ],
                          "podSet": [
                            "object",
                            {
                              "metadata": [
                                "object",
                                {
                                  "annotations": [
                                    "map",
                                    "string"
                                  ],
                                  "labels": [
                                    "map",
                                    "string"
                                  ]
                                }
                              ]
                            }
                          ]
                        }
                      ]
                    }
                  ]
                }
              ]
            },
            "timeouts": [],
            "wait": [],
            "wait_for": null
          },
          "sensitive_attributes": [],
          "identity_schema_version": 1,
          "identity": {
            "api_version": "kafka.strimzi.io/v1beta2",
            "kind": "KafkaNodePool",
            "name": "team4-kafka-np-dual",
            "namespace": "team4"
          },
          "dependencies": [
            "kubernetes_namespace_v1.strimzi",
            "module.namespace.kubernetes_namespace_v1.ns",
            "module.strimzi_operator.helm_release.strimzi",
            "null_resource.wait_for_strimzi_crds"
          ]
        }
      ]
    },
    {
      "module": "module.kafka_topic_analytics_events",
      "mode": "managed",
      "type": "kubernetes_manifest",
      "name": "topic",
      "provider": "provider[\"registry.terraform.io/hashicorp/kubernetes\"]",
      "instances": [
        {
          "schema_version": 1,
          "attributes": {
            "computed_fields": null,
            "field_manager": [],
            "manifest": {
              "value": {
                "apiVersion": "kafka.strimzi.io/v1beta2",
                "kind": "KafkaTopic",
                "metadata": {
                  "labels": {
                    "strimzi.io/cluster": "team4-kafka"
                  },
                  "name": "analytics-events",
                  "namespace": "team4"
                },
                "spec": {
                  "config": {},
                  "partitions": 1,
                  "replicas": 1,
                  "topicName": "analytics-events"
                }
              },
              "type": [
                "object",
                {
                  "apiVersion": "string",
                  "kind": "string",
                  "metadata": [
                    "object",
                    {
                      "labels": [
                        "object",
                        {
                          "strimzi.io/cluster": "string"
                        }
                      ],
                      "name": "string",
                      "namespace": "string"
                    }
                  ],
                  "spec": [
                    "object",
                    {
                      "config": [
                        "object",
                        {}
                      ],
                      "partitions": "number",
                      "replicas": "number",
                      "topicName": "string"
                    }
                  ]
                }
              ]
            },
            "object": {
              "value": {
                "apiVersion": "kafka.strimzi.io/v1beta2",
                "kind": "KafkaTopic",
                "metadata": {
                  "annotations": null,
                  "creationTimestamp": null,
                  "deletionGracePeriodSeconds": null,
                  "deletionTimestamp": null,
                  "finalizers": [
                    "strimzi.io/topic-operator"
                  ],
                  "generateName": null,
                  "generation": null,
                  "labels": {
                    "strimzi.io/cluster": "team4-kafka"
                  },
                  "managedFields": null,
                  "name": "analytics-events",
                  "namespace": "team4",
                  "ownerReferences": null,
                  "resourceVersion": null,
                  "selfLink": null,
                  "uid": null
                },
                "spec": {
                  "config": {},
                  "partitions": 1,
                  "replicas": 1,
                  "topicName": "analytics-events"
                }
              },
              "type": [
                "object",
                {
                  "apiVersion": "string",
                  "kind": "string",
                  "metadata": [
                    "object",
                    {
                      "annotations": [
                        "map",
                        "string"
                      ],
                      "creationTimestamp": "string",
                      "deletionGracePeriodSeconds": "number",
                      "deletionTimestamp": "string",
                      "finalizers": [
                        "list",
                        "string"
                      ],
                      "generateName": "string",
                      "generation": "number",
                      "labels": [
                        "map",
                        "string"
                      ],
                      "managedFields": [
                        "tuple",
                        [
                          [
                            "object",
                            {
                              "apiVersion": "string",
                              "fieldsType": "string",
                              "fieldsV1": "dynamic",
                              "manager": "string",
                              "operation": "string",
                              "subresource": "string",
                              "time": "string"
                            }
                          ]
                        ]
                      ],
                      "name": "string",
                      "namespace": "string",
                      "ownerReferences": [
                        "list",
                        [
                          "object",
                          {
                            "apiVersion": "string",
                            "blockOwnerDeletion": "bool",
                            "controller": "bool",
                            "kind": "string",
                            "name": "string",
                            "uid": "string"
                          }
                        ]
                      ],
                      "resourceVersion": "string",
                      "selfLink": "string",
                      "uid": "string"
                    }
                  ],
                  "spec": [
                    "object",
                    {
                      "config": [
                        "object",
                        {}
                      ],
                      "partitions": "number",
                      "replicas": "number",
                      "topicName": "string"
                    }
                  ]
                }
              ]
            },
            "timeouts": [],
            "wait": [],
            "wait_for": null
          },
          "sensitive_attributes": [],
          "identity_schema_version": 1,
          "identity": {
            "api_version": "kafka.strimzi.io/v1beta2",
            "kind": "KafkaTopic",
            "name": "analytics-events",
            "namespace": "team4"
          },
          "dependencies": [
            "kubernetes_namespace_v1.strimzi",
            "module.kafka.kubernetes_manifest.kafka_cluster",
            "module.kafka.kubernetes_manifest.kafka_metrics_cm",
            "module.kafka.kubernetes_manifest.kafka_nodepool_dualrole",
            "module.namespace.kubernetes_namespace_v1.ns",
            "module.strimzi_operator.helm_release.strimzi",
            "null_resource.wait_for_strimzi_crds"
          ]
        }
      ]
    },
    {
      "module": "module.kafka_topic_notification_events",
      "mode": "managed",
      "type": "kubernetes_manifest",
      "name": "topic",
      "provider": "provider[\"registry.terraform.io/hashicorp/kubernetes\"]",
      "instances": [
        {
          "schema_version": 1,
          "attributes": {
            "computed_fields": null,
            "field_manager": [],
            "manifest": {
              "value": {
                "apiVersion": "kafka.strimzi.io/v1beta2",
                "kind": "KafkaTopic",
                "metadata": {
                  "labels": {
                    "strimzi.io/cluster": "team4-kafka"
                  },
                  "name": "notification-events",
                  "namespace": "team4"
                },
                "spec": {
                  "config": {},
                  "partitions": 1,
                  "replicas": 1,
                  "topicName": "notification-events"
                }
              },
              "type": [
                "object",
                {
                  "apiVersion": "string",
                  "kind": "string",
                  "metadata": [
                    "object",
                    {
                      "labels": [
                        "object",
                        {
                          "strimzi.io/cluster": "string"
                        }
                      ],
                      "name": "string",
                      "namespace": "string"
                    }
                  ],
                  "spec": [
                    "object",
                    {
                      "config": [
                        "object",
                        {}
                      ],
                      "partitions": "number",
                      "replicas": "number",
                      "topicName": "string"
                    }
                  ]
                }
              ]
            },
            "object": {
              "value": {
                "apiVersion": "kafka.strimzi.io/v1beta2",
                "kind": "KafkaTopic",
                "metadata": {
                  "annotations": null,
                  "creationTimestamp": null,
                  "deletionGracePeriodSeconds": null,
                  "deletionTimestamp": null,
                  "finalizers": [
                    "strimzi.io/topic-operator"
                  ],
                  "generateName": null,
                  "generation": null,
                  "labels": {
                    "strimzi.io/cluster": "team4-kafka"
                  },
                  "managedFields": null,
                  "name": "notification-events",
                  "namespace": "team4",
                  "ownerReferences": null,
                  "resourceVersion": null,
                  "selfLink": null,
                  "uid": null
                },
                "spec": {
                  "config": {},
                  "partitions": 1,
                  "replicas": 1,
                  "topicName": "notification-events"
                }
              },
              "type": [
                "object",
                {
                  "apiVersion": "string",
                  "kind": "string",
                  "metadata": [
                    "object",
                    {
                      "annotations": [
                        "map",
                        "string"
                      ],
                      "creationTimestamp": "string",
                      "deletionGracePeriodSeconds": "number",
                      "deletionTimestamp": "string",
                      "finalizers": [
                        "list",
                        "string"
                      ],
                      "generateName": "string",
                      "generation": "number",
                      "labels": [
                        "map",
                        "string"
                      ],
                      "managedFields": [
                        "tuple",
                        [
                          [
                            "object",
                            {
                              "apiVersion": "string",
                              "fieldsType": "string",
                              "fieldsV1": "dynamic",
                              "manager": "string",
                              "operation": "string",
                              "subresource": "string",
                              "time": "string"
                            }
                          ]
                        ]
                      ],
                      "name": "string",
                      "namespace": "string",
                      "ownerReferences": [
                        "list",
                        [
                          "object",
                          {
                            "apiVersion": "string",
                            "blockOwnerDeletion": "bool",
                            "controller": "bool",
                            "kind": "string",
                            "name": "string",
                            "uid": "string"
                          }
                        ]
                      ],
                      "resourceVersion": "string",
                      "selfLink": "string",
                      "uid": "string"
                    }
                  ],
                  "spec": [
                    "object",
                    {
                      "config": [
                        "object",
                        {}
                      ],
                      "partitions": "number",
                      "replicas": "number",
                      "topicName": "string"
                    }
                  ]
                }
              ]
            },
            "timeouts": [],
            "wait": [],
            "wait_for": null
          },
          "sensitive_attributes": [],
          "identity_schema_version": 1,
          "identity": {
            "api_version": "kafka.strimzi.io/v1beta2",
            "kind": "KafkaTopic",
            "name": "notification-events",
            "namespace": "team4"
          },
          "dependencies": [
            "kubernetes_namespace_v1.strimzi",
            "module.kafka.kubernetes_manifest.kafka_cluster",
            "module.kafka.kubernetes_manifest.kafka_metrics_cm",
            "module.kafka.kubernetes_manifest.kafka_nodepool_dualrole",
            "module.namespace.kubernetes_namespace_v1.ns",
            "module.strimzi_operator.helm_release.strimzi",
            "null_resource.wait_for_strimzi_crds"
          ]
        }
      ]
    },
    {
      "module": "module.kafka_topic_order_events",
      "mode": "managed",
      "type": "kubernetes_manifest",
      "name": "topic",
      "provider": "provider[\"registry.terraform.io/hashicorp/kubernetes\"]",
      "instances": [
        {
          "schema_version": 1,
          "attributes": {
            "computed_fields": null,
            "field_manager": [],
            "manifest": {
              "value": {
                "apiVersion": "kafka.strimzi.io/v1beta2",
                "kind": "KafkaTopic",
                "metadata": {
                  "labels": {
                    "strimzi.io/cluster": "team4-kafka"
                  },
                  "name": "order-events",
                  "namespace": "team4"
                },
                "spec": {
                  "config": {},
                  "partitions": 1,
                  "replicas": 1,
                  "topicName": "order-events"
                }
              },
              "type": [
                "object",
                {
                  "apiVersion": "string",
                  "kind": "string",
                  "metadata": [
                    "object",
                    {
                      "labels": [
                        "object",
                        {
                          "strimzi.io/cluster": "string"
                        }
                      ],
                      "name": "string",
                      "namespace": "string"
                    }
                  ],
                  "spec": [
                    "object",
                    {
                      "config": [
                        "object",
                        {}
                      ],
                      "partitions": "number",
                      "replicas": "number",
                      "topicName": "string"
                    }
                  ]
                }
              ]
            },
            "object": {
              "value": {
                "apiVersion": "kafka.strimzi.io/v1beta2",
                "kind": "KafkaTopic",
                "metadata": {
                  "annotations": null,
                  "creationTimestamp": null,
                  "deletionGracePeriodSeconds": null,
                  "deletionTimestamp": null,
                  "finalizers": [
                    "strimzi.io/topic-operator"
                  ],
                  "generateName": null,
                  "generation": null,
                  "labels": {
                    "strimzi.io/cluster": "team4-kafka"
                  },
                  "managedFields": null,
                  "name": "order-events",
                  "namespace": "team4",
                  "ownerReferences": null,
                  "resourceVersion": null,
                  "selfLink": null,
                  "uid": null
                },
                "spec": {
                  "config": {},
                  "partitions": 1,
                  "replicas": 1,
                  "topicName": "order-events"
                }
              },
              "type": [
                "object",
                {
                  "apiVersion": "string",
                  "kind": "string",
                  "metadata": [
                    "object",
                    {
                      "annotations": [
                        "map",
                        "string"
                      ],
                      "creationTimestamp": "string",
                      "deletionGracePeriodSeconds": "number",
                      "deletionTimestamp": "string",
                      "finalizers": [
                        "list",
                        "string"
                      ],
                      "generateName": "string",
                      "generation": "number",
                      "labels": [
                        "map",
                        "string"
                      ],
                      "managedFields": [
                        "tuple",
                        [
                          [
                            "object",
                            {
                              "apiVersion": "string",
                              "fieldsType": "string",
                              "fieldsV1": "dynamic",
                              "manager": "string",
                              "operation": "string",
                              "subresource": "string",
                              "time": "string"
                            }
                          ]
                        ]
                      ],
                      "name": "string",
                      "namespace": "string",
                      "ownerReferences": [
                        "list",
                        [
                          "object",
                          {
                            "apiVersion": "string",
                            "blockOwnerDeletion": "bool",
                            "controller": "bool",
                            "kind": "string",
                            "name": "string",
                            "uid": "string"
                          }
                        ]
                      ],
                      "resourceVersion": "string",
                      "selfLink": "string",
                      "uid": "string"
                    }
                  ],
                  "spec": [
                    "object",
                    {
                      "config": [
                        "object",
                        {}
                      ],
                      "partitions": "number",
                      "replicas": "number",
                      "topicName": "string"
                    }
                  ]
                }
              ]
            },
            "timeouts": [],
            "wait": [],
            "wait_for": null
          },
          "sensitive_attributes": [],
          "identity_schema_version": 1,
          "identity": {
            "api_version": "kafka.strimzi.io/v1beta2",
            "kind": "KafkaTopic",
            "name": "order-events",
            "namespace": "team4"
          },
          "dependencies": [
            "kubernetes_namespace_v1.strimzi",
            "module.kafka.kubernetes_manifest.kafka_cluster",
            "module.kafka.kubernetes_manifest.kafka_metrics_cm",
            "module.kafka.kubernetes_manifest.kafka_nodepool_dualrole",
            "module.namespace.kubernetes_namespace_v1.ns",
            "module.strimzi_operator.helm_release.strimzi",
            "null_resource.wait_for_strimzi_crds"
          ]
        }
      ]
    },
    {
      "module": "module.kafka_topic_user_events",
      "mode": "managed",
      "type": "kubernetes_manifest",
      "name": "topic",
      "provider": "provider[\"registry.terraform.io/hashicorp/kubernetes\"]",
      "instances": [
        {
          "schema_version": 1,
          "attributes": {
            "computed_fields": null,
            "field_manager": [],
            "manifest": {
              "value": {
                "apiVersion": "kafka.strimzi.io/v1beta2",
                "kind": "KafkaTopic",
                "metadata": {
                  "labels": {
                    "strimzi.io/cluster": "team4-kafka"
                  },
                  "name": "user-events",
                  "namespace": "team4"
                },
                "spec": {
                  "config": {},
                  "partitions": 1,
                  "replicas": 1,
                  "topicName": "user-events"
                }
              },
              "type": [
                "object",
                {
                  "apiVersion": "string",
                  "kind": "string",
                  "metadata": [
                    "object",
                    {
                      "labels": [
                        "object",
                        {
                          "strimzi.io/cluster": "string"
                        }
                      ],
                      "name": "string",
                      "namespace": "string"
                    }
                  ],
                  "spec": [
                    "object",
                    {
                      "config": [
                        "object",
                        {}
                      ],
                      "partitions": "number",
                      "replicas": "number",
                      "topicName": "string"
                    }
                  ]
                }
              ]
            },
            "object": {
              "value": {
                "apiVersion": "kafka.strimzi.io/v1beta2",
                "kind": "KafkaTopic",
                "metadata": {
                  "annotations": null,
                  "creationTimestamp": null,
                  "deletionGracePeriodSeconds": null,
                  "deletionTimestamp": null,
                  "finalizers": [
                    "strimzi.io/topic-operator"
                  ],
                  "generateName": null,
                  "generation": null,
                  "labels": {
                    "strimzi.io/cluster": "team4-kafka"
                  },
                  "managedFields": null,
                  "name": "user-events",
                  "namespace": "team4",
                  "ownerReferences": null,
                  "resourceVersion": null,
                  "selfLink": null,
                  "uid": null
                },
                "spec": {
                  "config": {},
                  "partitions": 1,
                  "replicas": 1,
                  "topicName": "user-events"
                }
              },
              "type": [
                "object",
                {
                  "apiVersion": "string",
                  "kind": "string",
                  "metadata": [
                    "object",
                    {
                      "annotations": [
                        "map",
                        "string"
                      ],
                      "creationTimestamp": "string",
                      "deletionGracePeriodSeconds": "number",
                      "deletionTimestamp": "string",
                      "finalizers": [
                        "list",
                        "string"
                      ],
                      "generateName": "string",
                      "generation": "number",
                      "labels": [
                        "map",
                        "string"
                      ],
                      "managedFields": [
                        "tuple",
                        [
                          [
                            "object",
                            {
                              "apiVersion": "string",
                              "fieldsType": "string",
                              "fieldsV1": "dynamic",
                              "manager": "string",
                              "operation": "string",
                              "subresource": "string",
                              "time": "string"
                            }
                          ]
                        ]
                      ],
                      "name": "string",
                      "namespace": "string",
                      "ownerReferences": [
                        "list",
                        [
                          "object",
                          {
                            "apiVersion": "string",
                            "blockOwnerDeletion": "bool",
                            "controller": "bool",
                            "kind": "string",
                            "name": "string",
                            "uid": "string"
                          }
                        ]
                      ],
                      "resourceVersion": "string",
                      "selfLink": "string",
                      "uid": "string"
                    }
                  ],
                  "spec": [
                    "object",
                    {
                      "config": [
                        "object",
                        {}
                      ],
                      "partitions": "number",
                      "replicas": "number",
                      "topicName": "string"
                    }
                  ]
                }
              ]
            },
            "timeouts": [],
            "wait": [],
            "wait_for": null
          },
          "sensitive_attributes": [],
          "identity_schema_version": 1,
          "identity": {
            "api_version": "kafka.strimzi.io/v1beta2",
            "kind": "KafkaTopic",
            "name": "user-events",
            "namespace": "team4"
          },
          "dependencies": [
            "kubernetes_namespace_v1.strimzi",
            "module.kafka.kubernetes_manifest.kafka_cluster",
            "module.kafka.kubernetes_manifest.kafka_metrics_cm",
            "module.kafka.kubernetes_manifest.kafka_nodepool_dualrole",
            "module.namespace.kubernetes_namespace_v1.ns",
            "module.strimzi_operator.helm_release.strimzi",
            "null_resource.wait_for_strimzi_crds"
          ]
        }
      ]
    },
    {
      "module": "module.kibana",
      "mode": "managed",
      "type": "helm_release",
      "name": "kibana",
      "provider": "provider[\"registry.terraform.io/hashicorp/helm\"]",
      "instances": [
        {
          "schema_version": 2,
          "attributes": {
            "atomic": true,
            "chart": "kibana",
            "cleanup_on_fail": true,
            "create_namespace": false,
            "dependency_update": false,
            "description": null,
            "devel": null,
            "disable_crd_hooks": false,
            "disable_openapi_validation": false,
            "disable_webhooks": false,
            "force_update": true,
            "id": "kibana",
            "keyring": null,
            "lint": false,
            "manifest": null,
            "max_history": 0,
            "metadata": {
              "app_version": "8.5.1",
              "chart": "kibana",
              "first_deployed": 1770640378,
              "last_deployed": 1770640378,
              "name": "kibana",
              "namespace": "observability",
              "notes": "1. Watch all containers come up.\n  $ kubectl get pods --namespace=observability -l release=kibana -w\n2. Retrieve the elastic user's password.\n  $ kubectl get secrets --namespace=observability elasticsearch-master-credentials -ojsonpath='{.data.password}' | base64 -d\n3. Retrieve the kibana service account token.\n  $ kubectl get secrets --namespace=observability kibana-kibana-es-token -ojsonpath='{.data.token}' | base64 -d\n",
              "revision": 1,
              "values": "{\"env\":[{\"name\":\"ELASTICSEARCH_HOSTS\",\"value\":\"https://elasticsearch-master.observability.svc.cluster.local:9200\"},{\"name\":\"ELASTICSEARCH_USERNAME\",\"value\":\"elastic\"},{\"name\":\"ELASTICSEARCH_PASSWORD\",\"valueFrom\":{\"secretKeyRef\":{\"key\":\"password\",\"name\":\"elasticsearch-master-credentials\"}}},{\"name\":\"ELASTICSEARCH_SSL_VERIFICATIONMODE\",\"value\":\"none\"},{\"name\":\"NODE_OPTIONS\",\"value\":\"--max-old-space-size=768\"}],\"replicas\":1,\"resources\":{\"limits\":{\"cpu\":\"1\",\"memory\":\"1Gi\"},\"requests\":{\"cpu\":\"200m\",\"memory\":\"512Mi\"}}}",
              "version": "8.5.1"
            },
            "name": "kibana",
            "namespace": "observability",
            "pass_credentials": false,
            "postrender": null,
            "recreate_pods": false,
            "render_subchart_notes": true,
            "replace": true,
            "repository": "https://helm.elastic.co",
            "repository_ca_file": null,
            "repository_cert_file": null,
            "repository_key_file": null,
            "repository_password": null,
            "repository_username": null,
            "reset_values": false,
            "resources": null,
            "reuse_values": false,
            "set": null,
            "set_list": null,
            "set_sensitive": null,
            "set_wo": null,
            "set_wo_revision": null,
            "skip_crds": false,
            "status": "deployed",
            "take_ownership": false,
            "timeout": 600,
            "timeouts": null,
            "upgrade_install": false,
            "values": [
              "replicas: 1\n\n# ✅ Env: keep HTTPS + credentials (you already set these)\nenv:\n  - name: ELASTICSEARCH_HOSTS\n    value: \"https://elasticsearch-master.observability.svc.cluster.local:9200\"\n  - name: ELASTICSEARCH_USERNAME\n    value: \"elastic\"\n  - name: ELASTICSEARCH_PASSWORD\n    valueFrom:\n      secretKeyRef:\n        name: elasticsearch-master-credentials\n        key: password\n  - name: ELASTICSEARCH_SSL_VERIFICATIONMODE\n    value: \"none\"\n\n  # ✅ Cap Node.js heap to fit within container memory (adjust if you bump limits)\n  - name: NODE_OPTIONS\n    value: \"--max-old-space-size=768\"\n\n# ✅ Give Kibana enough memory to start reliably on dev clusters\nresources:\n  requests:\n    cpu: \"200m\"\n    memory: \"512Mi\"\n  limits:\n    cpu: \"1\"\n    memory: \"1Gi\"\n\n# (Optional) reduce some xpack features for dev to lower footprint\n# xpack:\n#   monitoring:\n#     ui:\n#       enabled: true\n#   reporting:\n#     enabled: false\n#   security:\n#     enabled: true"
            ],
            "verify": false,
            "version": "8.5.1",
            "wait": true,
            "wait_for_jobs": false
          },
          "sensitive_attributes": [
            [
              {
                "type": "get_attr",
                "value": "repository_password"
              }
            ]
          ],
          "identity_schema_version": 0,
          "identity": {
            "namespace": "observability",
            "release_name": "kibana"
          },
          "dependencies": [
            "module.elasticsearch.helm_release.elasticsearch",
            "module.ns_observability.kubernetes_namespace_v1.ns"
          ]
        }
      ]
    },
    {
      "module": "module.kibana_objects",
      "mode": "managed",
      "type": "kubernetes_manifest",
      "name": "kibana_seeder_job",
      "provider": "provider[\"registry.terraform.io/hashicorp/kubernetes\"]",
      "instances": [
        {
          "schema_version": 1,
          "attributes": {
            "computed_fields": [
              "metadata.labels",
              "spec.template.metadata.labels"
            ],
            "field_manager": [],
            "manifest": {
              "value": {
                "apiVersion": "batch/v1",
                "kind": "Job",
                "metadata": {
                  "labels": {
                    "app": "kibana-objects-seed"
                  },
                  "name": "kibana-objects-seed",
                  "namespace": "observability"
                },
                "spec": {
                  "backoffLimit": 3,
                  "template": {
                    "metadata": {
                      "labels": {
                        "app": "kibana-objects-seed"
                      },
                      "name": "kibana-objects-seed"
                    },
                    "spec": {
                      "containers": [
                        {
                          "command": [
                            "sh",
                            "-c",
                            "set -euo pipefail\n\nK=\"$KIBANA_URL\"\n\necho \"Waiting for Kibana at $K ...\"\nfor i in $(seq 1 60); do\n  if curl -sf \"$K/api/status\" | grep -q '\"level\":\"available\"'; then\n    echo \"Kibana is available.\"\n    break\n  fi\n  echo \"Kibana not ready yet, retry $i/60...\"\n  sleep 5\ndone\n\necho \"Create index pattern logs-* (idempotent)\"\ncurl -sf -X POST \"$K/api/saved_objects/index-pattern/logs-*\" \\\n  -H 'kbn-xsrf: true' -H 'Content-Type: application/json' \\\n  -d '{\"attributes\": {\"title\": \"logs-*\", \"timeFieldName\": \"@timestamp\"}}' || true\n\necho \"Saved search: ERROR last 1h\"\ncurl -sf -X POST \"$K/api/saved_objects/search/error_last_1h\" \\\n  -H 'kbn-xsrf: true' -H 'Content-Type: application/json' \\\n  -d '{\"attributes\":{\"title\":\"ERROR last 1h\",\"columns\":[\"timestamp\",\"level\",\"service\",\"message\",\"trace_id\"],\"kibanaSavedObjectMeta\":{\"searchSourceJSON\":\"{\\\\\"query\\\\\":{\\\\\"language\\\\\":\\\\\"kuery\\\\\",\\\\\"query\\\\\":\\\\\"level : \\\\\\\\\\\\\"ERROR\\\\\\\\\\\\\" and @timestamp \u003e= now()-1h\\\\\"},\\\\\"filter\\\\\":[]}\"}}' || true\n\necho \"Saved search: Slow requests\"\ncurl -sf -X POST \"$K/api/saved_objects/search/slow_requests\" \\\n  -H 'kbn-xsrf: true' -H 'Content-Type: application/json' \\\n  -d '{\"attributes\":{\"title\":\"Slow requests (latency_ms \u003e 500)\",\"columns\":[\"timestamp\",\"service\",\"endpoint\",\"latency_ms\",\"trace_id\",\"message\"],\"kibanaSavedObjectMeta\":{\"searchSourceJSON\":\"{\\\\\"query\\\\\":{\\\\\"language\\\\\":\\\\\"kuery\\\\\",\\\\\"query\\\\\":\\\\\"latency_ms \u003e 500\\\\\"},\\\\\"filter\\\\\":[]}\"}}' || true\n\necho \"Saved search: Logs by trace_id\"\ncurl -sf -X POST \"$K/api/saved_objects/search/trace_lookup\" \\\n  -H 'kbn-xsrf: true' -H 'Content-Type: application/json' \\\n  -d '{\"attributes\":{\"title\":\"Logs by trace_id\",\"columns\":[\"timestamp\",\"service\",\"message\",\"trace_id\",\"user_id\",\"order_id\"],\"kibanaSavedObjectMeta\":{\"searchSourceJSON\":\"{\\\\\"query\\\\\":{\\\\\"language\\\\\":\\\\\"kuery\\\\\",\\\\\"query\\\\\":\\\\\"\\\\\"},\\\\\"filter\\\\\":[]}\"}}' || true\n\necho \"Seeding complete.\"\n"
                          ],
                          "env": [
                            {
                              "name": "KIBANA_URL",
                              "value": "https://kibana-kibana.observability.svc.cluster.local:5601"
                            }
                          ],
                          "image": "curlimages/curl:8.6.0",
                          "name": "seed"
                        }
                      ],
                      "restartPolicy": "OnFailure"
                    }
                  }
                }
              },
              "type": [
                "object",
                {
                  "apiVersion": "string",
                  "kind": "string",
                  "metadata": [
                    "object",
                    {
                      "labels": [
                        "object",
                        {
                          "app": "string"
                        }
                      ],
                      "name": "string",
                      "namespace": "string"
                    }
                  ],
                  "spec": [
                    "object",
                    {
                      "backoffLimit": "number",
                      "template": [
                        "object",
                        {
                          "metadata": [
                            "object",
                            {
                              "labels": [
                                "object",
                                {
                                  "app": "string"
                                }
                              ],
                              "name": "string"
                            }
                          ],
                          "spec": [
                            "object",
                            {
                              "containers": [
                                "tuple",
                                [
                                  [
                                    "object",
                                    {
                                      "command": [
                                        "tuple",
                                        [
                                          "string",
                                          "string",
                                          "string"
                                        ]
                                      ],
                                      "env": [
                                        "tuple",
                                        [
                                          [
                                            "object",
                                            {
                                              "name": "string",
                                              "value": "string"
                                            }
                                          ]
                                        ]
                                      ],
                                      "image": "string",
                                      "name": "string"
                                    }
                                  ]
                                ]
                              ],
                              "restartPolicy": "string"
                            }
                          ]
                        }
                      ]
                    }
                  ]
                }
              ]
            },
            "object": {
              "value": {
                "apiVersion": "batch/v1",
                "kind": "Job",
                "metadata": {
                  "annotations": null,
                  "creationTimestamp": null,
                  "deletionGracePeriodSeconds": null,
                  "deletionTimestamp": null,
                  "finalizers": null,
                  "generateName": null,
                  "generation": null,
                  "labels": {
                    "app": "kibana-objects-seed"
                  },
                  "managedFields": null,
                  "name": "kibana-objects-seed",
                  "namespace": "observability",
                  "ownerReferences": null,
                  "resourceVersion": null,
                  "selfLink": null,
                  "uid": null
                },
                "spec": {
                  "activeDeadlineSeconds": null,
                  "backoffLimit": 3,
                  "backoffLimitPerIndex": null,
                  "completionMode": "NonIndexed",
                  "completions": 1,
                  "managedBy": null,
                  "manualSelector": false,
                  "maxFailedIndexes": null,
                  "parallelism": 1,
                  "podFailurePolicy": {
                    "rules": null
                  },
                  "podReplacementPolicy": "TerminatingOrFailed",
                  "selector": {
                    "matchExpressions": null,
                    "matchLabels": {
                      "batch.kubernetes.io/controller-uid": "701cd758-b26d-41a9-b668-2acd8594d3eb"
                    }
                  },
                  "successPolicy": {
                    "rules": null
                  },
                  "suspend": false,
                  "template": {
                    "metadata": {
                      "annotations": null,
                      "creationTimestamp": null,
                      "deletionGracePeriodSeconds": null,
                      "deletionTimestamp": null,
                      "finalizers": null,
                      "generateName": null,
                      "generation": null,
                      "labels": {
                        "app": "kibana-objects-seed",
                        "batch.kubernetes.io/controller-uid": "701cd758-b26d-41a9-b668-2acd8594d3eb",
                        "batch.kubernetes.io/job-name": "kibana-objects-seed",
                        "controller-uid": "701cd758-b26d-41a9-b668-2acd8594d3eb",
                        "job-name": "kibana-objects-seed"
                      },
                      "managedFields": null,
                      "name": "kibana-objects-seed",
                      "namespace": null,
                      "ownerReferences": null,
                      "resourceVersion": null,
                      "selfLink": null,
                      "uid": null
                    },
                    "spec": {
                      "activeDeadlineSeconds": null,
                      "affinity": {
                        "nodeAffinity": {
                          "preferredDuringSchedulingIgnoredDuringExecution": null,
                          "requiredDuringSchedulingIgnoredDuringExecution": {
                            "nodeSelectorTerms": null
                          }
                        },
                        "podAffinity": {
                          "preferredDuringSchedulingIgnoredDuringExecution": null,
                          "requiredDuringSchedulingIgnoredDuringExecution": null
                        },
                        "podAntiAffinity": {
                          "preferredDuringSchedulingIgnoredDuringExecution": null,
                          "requiredDuringSchedulingIgnoredDuringExecution": null
                        }
                      },
                      "automountServiceAccountToken": null,
                      "containers": [
                        {
                          "args": null,
                          "command": [
                            "sh",
                            "-c",
                            "set -euo pipefail\n\nK=\"$KIBANA_URL\"\n\necho \"Waiting for Kibana at $K ...\"\nfor i in $(seq 1 60); do\n  if curl -sf \"$K/api/status\" | grep -q '\"level\":\"available\"'; then\n    echo \"Kibana is available.\"\n    break\n  fi\n  echo \"Kibana not ready yet, retry $i/60...\"\n  sleep 5\ndone\n\necho \"Create index pattern logs-* (idempotent)\"\ncurl -sf -X POST \"$K/api/saved_objects/index-pattern/logs-*\" \\\n  -H 'kbn-xsrf: true' -H 'Content-Type: application/json' \\\n  -d '{\"attributes\": {\"title\": \"logs-*\", \"timeFieldName\": \"@timestamp\"}}' || true\n\necho \"Saved search: ERROR last 1h\"\ncurl -sf -X POST \"$K/api/saved_objects/search/error_last_1h\" \\\n  -H 'kbn-xsrf: true' -H 'Content-Type: application/json' \\\n  -d '{\"attributes\":{\"title\":\"ERROR last 1h\",\"columns\":[\"timestamp\",\"level\",\"service\",\"message\",\"trace_id\"],\"kibanaSavedObjectMeta\":{\"searchSourceJSON\":\"{\\\\\"query\\\\\":{\\\\\"language\\\\\":\\\\\"kuery\\\\\",\\\\\"query\\\\\":\\\\\"level : \\\\\\\\\\\\\"ERROR\\\\\\\\\\\\\" and @timestamp \u003e= now()-1h\\\\\"},\\\\\"filter\\\\\":[]}\"}}' || true\n\necho \"Saved search: Slow requests\"\ncurl -sf -X POST \"$K/api/saved_objects/search/slow_requests\" \\\n  -H 'kbn-xsrf: true' -H 'Content-Type: application/json' \\\n  -d '{\"attributes\":{\"title\":\"Slow requests (latency_ms \u003e 500)\",\"columns\":[\"timestamp\",\"service\",\"endpoint\",\"latency_ms\",\"trace_id\",\"message\"],\"kibanaSavedObjectMeta\":{\"searchSourceJSON\":\"{\\\\\"query\\\\\":{\\\\\"language\\\\\":\\\\\"kuery\\\\\",\\\\\"query\\\\\":\\\\\"latency_ms \u003e 500\\\\\"},\\\\\"filter\\\\\":[]}\"}}' || true\n\necho \"Saved search: Logs by trace_id\"\ncurl -sf -X POST \"$K/api/saved_objects/search/trace_lookup\" \\\n  -H 'kbn-xsrf: true' -H 'Content-Type: application/json' \\\n  -d '{\"attributes\":{\"title\":\"Logs by trace_id\",\"columns\":[\"timestamp\",\"service\",\"message\",\"trace_id\",\"user_id\",\"order_id\"],\"kibanaSavedObjectMeta\":{\"searchSourceJSON\":\"{\\\\\"query\\\\\":{\\\\\"language\\\\\":\\\\\"kuery\\\\\",\\\\\"query\\\\\":\\\\\"\\\\\"},\\\\\"filter\\\\\":[]}\"}}' || true\n\necho \"Seeding complete.\"\n"
                          ],
                          "env": [
                            {
                              "name": "KIBANA_URL",
                              "value": "https://kibana-kibana.observability.svc.cluster.local:5601",
                              "valueFrom": {
                                "configMapKeyRef": {
                                  "key": null,
                                  "name": null,
                                  "optional": null
                                },
                                "fieldRef": {
                                  "apiVersion": null,
                                  "fieldPath": null
                                },
                                "resourceFieldRef": {
                                  "containerName": null,
                                  "divisor": null,
                                  "resource": null
                                },
                                "secretKeyRef": {
                                  "key": null,
                                  "name": null,
                                  "optional": null
                                }
                              }
                            }
                          ],
                          "envFrom": null,
                          "image": "curlimages/curl:8.6.0",
                          "imagePullPolicy": "IfNotPresent",
                          "lifecycle": {
                            "postStart": {
                              "exec": {
                                "command": null
                              },
                              "httpGet": {
                                "host": null,
                                "httpHeaders": null,
                                "path": null,
                                "port": null,
                                "scheme": null
                              },
                              "sleep": {
                                "seconds": null
                              },
                              "tcpSocket": {
                                "host": null,
                                "port": null
                              }
                            },
                            "preStop": {
                              "exec": {
                                "command": null
                              },
                              "httpGet": {
                                "host": null,
                                "httpHeaders": null,
                                "path": null,
                                "port": null,
                                "scheme": null
                              },
                              "sleep": {
                                "seconds": null
                              },
                              "tcpSocket": {
                                "host": null,
                                "port": null
                              }
                            }
                          },
                          "livenessProbe": {
                            "exec": {
                              "command": null
                            },
                            "failureThreshold": null,
                            "grpc": {
                              "port": null,
                              "service": null
                            },
                            "httpGet": {
                              "host": null,
                              "httpHeaders": null,
                              "path": null,
                              "port": null,
                              "scheme": null
                            },
                            "initialDelaySeconds": null,
                            "periodSeconds": null,
                            "successThreshold": null,
                            "tcpSocket": {
                              "host": null,
                              "port": null
                            },
                            "terminationGracePeriodSeconds": null,
                            "timeoutSeconds": null
                          },
                          "name": "seed",
                          "ports": null,
                          "readinessProbe": {
                            "exec": {
                              "command": null
                            },
                            "failureThreshold": null,
                            "grpc": {
                              "port": null,
                              "service": null
                            },
                            "httpGet": {
                              "host": null,
                              "httpHeaders": null,
                              "path": null,
                              "port": null,
                              "scheme": null
                            },
                            "initialDelaySeconds": null,
                            "periodSeconds": null,
                            "successThreshold": null,
                            "tcpSocket": {
                              "host": null,
                              "port": null
                            },
                            "terminationGracePeriodSeconds": null,
                            "timeoutSeconds": null
                          },
                          "resizePolicy": null,
                          "resources": {
                            "claims": null,
                            "limits": null,
                            "requests": null
                          },
                          "restartPolicy": null,
                          "securityContext": {
                            "allowPrivilegeEscalation": null,
                            "appArmorProfile": {
                              "localhostProfile": null,
                              "type": null
                            },
                            "capabilities": {
                              "add": null,
                              "drop": null
                            },
                            "privileged": null,
                            "procMount": null,
                            "readOnlyRootFilesystem": null,
                            "runAsGroup": null,
                            "runAsNonRoot": null,
                            "runAsUser": null,
                            "seLinuxOptions": {
                              "level": null,
                              "role": null,
                              "type": null,
                              "user": null
                            },
                            "seccompProfile": {
                              "localhostProfile": null,
                              "type": null
                            },
                            "windowsOptions": {
                              "gmsaCredentialSpec": null,
                              "gmsaCredentialSpecName": null,
                              "hostProcess": null,
                              "runAsUserName": null
                            }
                          },
                          "startupProbe": {
                            "exec": {
                              "command": null
                            },
                            "failureThreshold": null,
                            "grpc": {
                              "port": null,
                              "service": null
                            },
                            "httpGet": {
                              "host": null,
                              "httpHeaders": null,
                              "path": null,
                              "port": null,
                              "scheme": null
                            },
                            "initialDelaySeconds": null,
                            "periodSeconds": null,
                            "successThreshold": null,
                            "tcpSocket": {
                              "host": null,
                              "port": null
                            },
                            "terminationGracePeriodSeconds": null,
                            "timeoutSeconds": null
                          },
                          "stdin": null,
                          "stdinOnce": null,
                          "terminationMessagePath": "/dev/termination-log",
                          "terminationMessagePolicy": "File",
                          "tty": null,
                          "volumeDevices": null,
                          "volumeMounts": null,
                          "workingDir": null
                        }
                      ],
                      "dnsConfig": {
                        "nameservers": null,
                        "options": null,
                        "searches": null
                      },
                      "dnsPolicy": "ClusterFirst",
                      "enableServiceLinks": null,
                      "ephemeralContainers": null,
                      "hostAliases": null,
                      "hostIPC": null,
                      "hostNetwork": null,
                      "hostPID": null,
                      "hostUsers": null,
                      "hostname": null,
                      "imagePullSecrets": null,
                      "initContainers": null,
                      "nodeName": null,
                      "nodeSelector": null,
                      "os": {
                        "name": null
                      },
                      "overhead": null,
                      "preemptionPolicy": null,
                      "priority": null,
                      "priorityClassName": null,
                      "readinessGates": null,
                      "resourceClaims": null,
                      "restartPolicy": "OnFailure",
                      "runtimeClassName": null,
                      "schedulerName": "default-scheduler",
                      "schedulingGates": null,
                      "securityContext": {
                        "appArmorProfile": {
                          "localhostProfile": null,
                          "type": null
                        },
                        "fsGroup": null,
                        "fsGroupChangePolicy": null,
                        "runAsGroup": null,
                        "runAsNonRoot": null,
                        "runAsUser": null,
                        "seLinuxOptions": {
                          "level": null,
                          "role": null,
                          "type": null,
                          "user": null
                        },
                        "seccompProfile": {
                          "localhostProfile": null,
                          "type": null
                        },
                        "supplementalGroups": null,
                        "sysctls": null,
                        "windowsOptions": {
                          "gmsaCredentialSpec": null,
                          "gmsaCredentialSpecName": null,
                          "hostProcess": null,
                          "runAsUserName": null
                        }
                      },
                      "serviceAccount": null,
                      "serviceAccountName": null,
                      "setHostnameAsFQDN": null,
                      "shareProcessNamespace": null,
                      "subdomain": null,
                      "terminationGracePeriodSeconds": 30,
                      "tolerations": null,
                      "topologySpreadConstraints": null,
                      "volumes": null
                    }
                  },
                  "ttlSecondsAfterFinished": null
                }
              },
              "type": [
                "object",
                {
                  "apiVersion": "string",
                  "kind": "string",
                  "metadata": [
                    "object",
                    {
                      "annotations": [
                        "map",
                        "string"
                      ],
                      "creationTimestamp": "string",
                      "deletionGracePeriodSeconds": "number",
                      "deletionTimestamp": "string",
                      "finalizers": [
                        "list",
                        "string"
                      ],
                      "generateName": "string",
                      "generation": "number",
                      "labels": [
                        "map",
                        "string"
                      ],
                      "managedFields": [
                        "tuple",
                        [
                          [
                            "object",
                            {
                              "apiVersion": "string",
                              "fieldsType": "string",
                              "fieldsV1": "dynamic",
                              "manager": "string",
                              "operation": "string",
                              "subresource": "string",
                              "time": "string"
                            }
                          ]
                        ]
                      ],
                      "name": "string",
                      "namespace": "string",
                      "ownerReferences": [
                        "list",
                        [
                          "object",
                          {
                            "apiVersion": "string",
                            "blockOwnerDeletion": "bool",
                            "controller": "bool",
                            "kind": "string",
                            "name": "string",
                            "uid": "string"
                          }
                        ]
                      ],
                      "resourceVersion": "string",
                      "selfLink": "string",
                      "uid": "string"
                    }
                  ],
                  "spec": [
                    "object",
                    {
                      "activeDeadlineSeconds": "number",
                      "backoffLimit": "number",
                      "backoffLimitPerIndex": "number",
                      "completionMode": "string",
                      "completions": "number",
                      "managedBy": "string",
                      "manualSelector": "bool",
                      "maxFailedIndexes": "number",
                      "parallelism": "number",
                      "podFailurePolicy": [
                        "object",
                        {
                          "rules": [
                            "list",
                            [
                              "object",
                              {
                                "action": "string",
                                "onExitCodes": [
                                  "object",
                                  {
                                    "containerName": "string",
                                    "operator": "string",
                                    "values": [
                                      "list",
                                      "number"
                                    ]
                                  }
                                ],
                                "onPodConditions": [
                                  "list",
                                  [
                                    "object",
                                    {
                                      "status": "string",
                                      "type": "string"
                                    }
                                  ]
                                ]
                              }
                            ]
                          ]
                        }
                      ],
                      "podReplacementPolicy": "string",
                      "selector": [
                        "object",
                        {
                          "matchExpressions": [
                            "list",
                            [
                              "object",
                              {
                                "key": "string",
                                "operator": "string",
                                "values": [
                                  "list",
                                  "string"
                                ]
                              }
                            ]
                          ],
                          "matchLabels": [
                            "map",
                            "string"
                          ]
                        }
                      ],
                      "successPolicy": [
                        "object",
                        {
                          "rules": [
                            "list",
                            [
                              "object",
                              {
                                "succeededCount": "number",
                                "succeededIndexes": "string"
                              }
                            ]
                          ]
                        }
                      ],
                      "suspend": "bool",
                      "template": [
                        "object",
                        {
                          "metadata": [
                            "object",
                            {
                              "annotations": [
                                "map",
                                "string"
                              ],
                              "creationTimestamp": "string",
                              "deletionGracePeriodSeconds": "number",
                              "deletionTimestamp": "string",
                              "finalizers": [
                                "list",
                                "string"
                              ],
                              "generateName": "string",
                              "generation": "number",
                              "labels": [
                                "map",
                                "string"
                              ],
                              "managedFields": [
                                "tuple",
                                [
                                  [
                                    "object",
                                    {
                                      "apiVersion": "string",
                                      "fieldsType": "string",
                                      "fieldsV1": "dynamic",
                                      "manager": "string",
                                      "operation": "string",
                                      "subresource": "string",
                                      "time": "string"
                                    }
                                  ]
                                ]
                              ],
                              "name": "string",
                              "namespace": "string",
                              "ownerReferences": [
                                "list",
                                [
                                  "object",
                                  {
                                    "apiVersion": "string",
                                    "blockOwnerDeletion": "bool",
                                    "controller": "bool",
                                    "kind": "string",
                                    "name": "string",
                                    "uid": "string"
                                  }
                                ]
                              ],
                              "resourceVersion": "string",
                              "selfLink": "string",
                              "uid": "string"
                            }
                          ],
                          "spec": [
                            "object",
                            {
                              "activeDeadlineSeconds": "number",
                              "affinity": [
                                "object",
                                {
                                  "nodeAffinity": [
                                    "object",
                                    {
                                      "preferredDuringSchedulingIgnoredDuringExecution": [
                                        "list",
                                        [
                                          "object",
                                          {
                                            "preference": [
                                              "object",
                                              {
                                                "matchExpressions": [
                                                  "list",
                                                  [
                                                    "object",
                                                    {
                                                      "key": "string",
                                                      "operator": "string",
                                                      "values": [
                                                        "list",
                                                        "string"
                                                      ]
                                                    }
                                                  ]
                                                ],
                                                "matchFields": [
                                                  "list",
                                                  [
                                                    "object",
                                                    {
                                                      "key": "string",
                                                      "operator": "string",
                                                      "values": [
                                                        "list",
                                                        "string"
                                                      ]
                                                    }
                                                  ]
                                                ]
                                              }
                                            ],
                                            "weight": "number"
                                          }
                                        ]
                                      ],
                                      "requiredDuringSchedulingIgnoredDuringExecution": [
                                        "object",
                                        {
                                          "nodeSelectorTerms": [
                                            "list",
                                            [
                                              "object",
                                              {
                                                "matchExpressions": [
                                                  "list",
                                                  [
                                                    "object",
                                                    {
                                                      "key": "string",
                                                      "operator": "string",
                                                      "values": [
                                                        "list",
                                                        "string"
                                                      ]
                                                    }
                                                  ]
                                                ],
                                                "matchFields": [
                                                  "list",
                                                  [
                                                    "object",
                                                    {
                                                      "key": "string",
                                                      "operator": "string",
                                                      "values": [
                                                        "list",
                                                        "string"
                                                      ]
                                                    }
                                                  ]
                                                ]
                                              }
                                            ]
                                          ]
                                        }
                                      ]
                                    }
                                  ],
                                  "podAffinity": [
                                    "object",
                                    {
                                      "preferredDuringSchedulingIgnoredDuringExecution": [
                                        "list",
                                        [
                                          "object",
                                          {
                                            "podAffinityTerm": [
                                              "object",
                                              {
                                                "labelSelector": [
                                                  "object",
                                                  {
                                                    "matchExpressions": [
                                                      "list",
                                                      [
                                                        "object",
                                                        {
                                                          "key": "string",
                                                          "operator": "string",
                                                          "values": [
                                                            "list",
                                                            "string"
                                                          ]
                                                        }
                                                      ]
                                                    ],
                                                    "matchLabels": [
                                                      "map",
                                                      "string"
                                                    ]
                                                  }
                                                ],
                                                "matchLabelKeys": [
                                                  "list",
                                                  "string"
                                                ],
                                                "mismatchLabelKeys": [
                                                  "list",
                                                  "string"
                                                ],
                                                "namespaceSelector": [
                                                  "object",
                                                  {
                                                    "matchExpressions": [
                                                      "list",
                                                      [
                                                        "object",
                                                        {
                                                          "key": "string",
                                                          "operator": "string",
                                                          "values": [
                                                            "list",
                                                            "string"
                                                          ]
                                                        }
                                                      ]
                                                    ],
                                                    "matchLabels": [
                                                      "map",
                                                      "string"
                                                    ]
                                                  }
                                                ],
                                                "namespaces": [
                                                  "list",
                                                  "string"
                                                ],
                                                "topologyKey": "string"
                                              }
                                            ],
                                            "weight": "number"
                                          }
                                        ]
                                      ],
                                      "requiredDuringSchedulingIgnoredDuringExecution": [
                                        "list",
                                        [
                                          "object",
                                          {
                                            "labelSelector": [
                                              "object",
                                              {
                                                "matchExpressions": [
                                                  "list",
                                                  [
                                                    "object",
                                                    {
                                                      "key": "string",
                                                      "operator": "string",
                                                      "values": [
                                                        "list",
                                                        "string"
                                                      ]
                                                    }
                                                  ]
                                                ],
                                                "matchLabels": [
                                                  "map",
                                                  "string"
                                                ]
                                              }
                                            ],
                                            "matchLabelKeys": [
                                              "list",
                                              "string"
                                            ],
                                            "mismatchLabelKeys": [
                                              "list",
                                              "string"
                                            ],
                                            "namespaceSelector": [
                                              "object",
                                              {
                                                "matchExpressions": [
                                                  "list",
                                                  [
                                                    "object",
                                                    {
                                                      "key": "string",
                                                      "operator": "string",
                                                      "values": [
                                                        "list",
                                                        "string"
                                                      ]
                                                    }
                                                  ]
                                                ],
                                                "matchLabels": [
                                                  "map",
                                                  "string"
                                                ]
                                              }
                                            ],
                                            "namespaces": [
                                              "list",
                                              "string"
                                            ],
                                            "topologyKey": "string"
                                          }
                                        ]
                                      ]
                                    }
                                  ],
                                  "podAntiAffinity": [
                                    "object",
                                    {
                                      "preferredDuringSchedulingIgnoredDuringExecution": [
                                        "list",
                                        [
                                          "object",
                                          {
                                            "podAffinityTerm": [
                                              "object",
                                              {
                                                "labelSelector": [
                                                  "object",
                                                  {
                                                    "matchExpressions": [
                                                      "list",
                                                      [
                                                        "object",
                                                        {
                                                          "key": "string",
                                                          "operator": "string",
                                                          "values": [
                                                            "list",
                                                            "string"
                                                          ]
                                                        }
                                                      ]
                                                    ],
                                                    "matchLabels": [
                                                      "map",
                                                      "string"
                                                    ]
                                                  }
                                                ],
                                                "matchLabelKeys": [
                                                  "list",
                                                  "string"
                                                ],
                                                "mismatchLabelKeys": [
                                                  "list",
                                                  "string"
                                                ],
                                                "namespaceSelector": [
                                                  "object",
                                                  {
                                                    "matchExpressions": [
                                                      "list",
                                                      [
                                                        "object",
                                                        {
                                                          "key": "string",
                                                          "operator": "string",
                                                          "values": [
                                                            "list",
                                                            "string"
                                                          ]
                                                        }
                                                      ]
                                                    ],
                                                    "matchLabels": [
                                                      "map",
                                                      "string"
                                                    ]
                                                  }
                                                ],
                                                "namespaces": [
                                                  "list",
                                                  "string"
                                                ],
                                                "topologyKey": "string"
                                              }
                                            ],
                                            "weight": "number"
                                          }
                                        ]
                                      ],
                                      "requiredDuringSchedulingIgnoredDuringExecution": [
                                        "list",
                                        [
                                          "object",
                                          {
                                            "labelSelector": [
                                              "object",
                                              {
                                                "matchExpressions": [
                                                  "list",
                                                  [
                                                    "object",
                                                    {
                                                      "key": "string",
                                                      "operator": "string",
                                                      "values": [
                                                        "list",
                                                        "string"
                                                      ]
                                                    }
                                                  ]
                                                ],
                                                "matchLabels": [
                                                  "map",
                                                  "string"
                                                ]
                                              }
                                            ],
                                            "matchLabelKeys": [
                                              "list",
                                              "string"
                                            ],
                                            "mismatchLabelKeys": [
                                              "list",
                                              "string"
                                            ],
                                            "namespaceSelector": [
                                              "object",
                                              {
                                                "matchExpressions": [
                                                  "list",
                                                  [
                                                    "object",
                                                    {
                                                      "key": "string",
                                                      "operator": "string",
                                                      "values": [
                                                        "list",
                                                        "string"
                                                      ]
                                                    }
                                                  ]
                                                ],
                                                "matchLabels": [
                                                  "map",
                                                  "string"
                                                ]
                                              }
                                            ],
                                            "namespaces": [
                                              "list",
                                              "string"
                                            ],
                                            "topologyKey": "string"
                                          }
                                        ]
                                      ]
                                    }
                                  ]
                                }
                              ],
                              "automountServiceAccountToken": "bool",
                              "containers": [
                                "list",
                                [
                                  "object",
                                  {
                                    "args": [
                                      "list",
                                      "string"
                                    ],
                                    "command": [
                                      "list",
                                      "string"
                                    ],
                                    "env": [
                                      "list",
                                      [
                                        "object",
                                        {
                                          "name": "string",
                                          "value": "string",
                                          "valueFrom": [
                                            "object",
                                            {
                                              "configMapKeyRef": [
                                                "object",
                                                {
                                                  "key": "string",
                                                  "name": "string",
                                                  "optional": "bool"
                                                }
                                              ],
                                              "fieldRef": [
                                                "object",
                                                {
                                                  "apiVersion": "string",
                                                  "fieldPath": "string"
                                                }
                                              ],
                                              "resourceFieldRef": [
                                                "object",
                                                {
                                                  "containerName": "string",
                                                  "divisor": "string",
                                                  "resource": "string"
                                                }
                                              ],
                                              "secretKeyRef": [
                                                "object",
                                                {
                                                  "key": "string",
                                                  "name": "string",
                                                  "optional": "bool"
                                                }
                                              ]
                                            }
                                          ]
                                        }
                                      ]
                                    ],
                                    "envFrom": [
                                      "list",
                                      [
                                        "object",
                                        {
                                          "configMapRef": [
                                            "object",
                                            {
                                              "name": "string",
                                              "optional": "bool"
                                            }
                                          ],
                                          "prefix": "string",
                                          "secretRef": [
                                            "object",
                                            {
                                              "name": "string",
                                              "optional": "bool"
                                            }
                                          ]
                                        }
                                      ]
                                    ],
                                    "image": "string",
                                    "imagePullPolicy": "string",
                                    "lifecycle": [
                                      "object",
                                      {
                                        "postStart": [
                                          "object",
                                          {
                                            "exec": [
                                              "object",
                                              {
                                                "command": [
                                                  "list",
                                                  "string"
                                                ]
                                              }
                                            ],
                                            "httpGet": [
                                              "object",
                                              {
                                                "host": "string",
                                                "httpHeaders": [
                                                  "list",
                                                  [
                                                    "object",
                                                    {
                                                      "name": "string",
                                                      "value": "string"
                                                    }
                                                  ]
                                                ],
                                                "path": "string",
                                                "port": "string",
                                                "scheme": "string"
                                              }
                                            ],
                                            "sleep": [
                                              "object",
                                              {
                                                "seconds": "number"
                                              }
                                            ],
                                            "tcpSocket": [
                                              "object",
                                              {
                                                "host": "string",
                                                "port": "string"
                                              }
                                            ]
                                          }
                                        ],
                                        "preStop": [
                                          "object",
                                          {
                                            "exec": [
                                              "object",
                                              {
                                                "command": [
                                                  "list",
                                                  "string"
                                                ]
                                              }
                                            ],
                                            "httpGet": [
                                              "object",
                                              {
                                                "host": "string",
                                                "httpHeaders": [
                                                  "list",
                                                  [
                                                    "object",
                                                    {
                                                      "name": "string",
                                                      "value": "string"
                                                    }
                                                  ]
                                                ],
                                                "path": "string",
                                                "port": "string",
                                                "scheme": "string"
                                              }
                                            ],
                                            "sleep": [
                                              "object",
                                              {
                                                "seconds": "number"
                                              }
                                            ],
                                            "tcpSocket": [
                                              "object",
                                              {
                                                "host": "string",
                                                "port": "string"
                                              }
                                            ]
                                          }
                                        ]
                                      }
                                    ],
                                    "livenessProbe": [
                                      "object",
                                      {
                                        "exec": [
                                          "object",
                                          {
                                            "command": [
                                              "list",
                                              "string"
                                            ]
                                          }
                                        ],
                                        "failureThreshold": "number",
                                        "grpc": [
                                          "object",
                                          {
                                            "port": "number",
                                            "service": "string"
                                          }
                                        ],
                                        "httpGet": [
                                          "object",
                                          {
                                            "host": "string",
                                            "httpHeaders": [
                                              "list",
                                              [
                                                "object",
                                                {
                                                  "name": "string",
                                                  "value": "string"
                                                }
                                              ]
                                            ],
                                            "path": "string",
                                            "port": "string",
                                            "scheme": "string"
                                          }
                                        ],
                                        "initialDelaySeconds": "number",
                                        "periodSeconds": "number",
                                        "successThreshold": "number",
                                        "tcpSocket": [
                                          "object",
                                          {
                                            "host": "string",
                                            "port": "string"
                                          }
                                        ],
                                        "terminationGracePeriodSeconds": "number",
                                        "timeoutSeconds": "number"
                                      }
                                    ],
                                    "name": "string",
                                    "ports": [
                                      "list",
                                      [
                                        "object",
                                        {
                                          "containerPort": "number",
                                          "hostIP": "string",
                                          "hostPort": "number",
                                          "name": "string",
                                          "protocol": "string"
                                        }
                                      ]
                                    ],
                                    "readinessProbe": [
                                      "object",
                                      {
                                        "exec": [
                                          "object",
                                          {
                                            "command": [
                                              "list",
                                              "string"
                                            ]
                                          }
                                        ],
                                        "failureThreshold": "number",
                                        "grpc": [
                                          "object",
                                          {
                                            "port": "number",
                                            "service": "string"
                                          }
                                        ],
                                        "httpGet": [
                                          "object",
                                          {
                                            "host": "string",
                                            "httpHeaders": [
                                              "list",
                                              [
                                                "object",
                                                {
                                                  "name": "string",
                                                  "value": "string"
                                                }
                                              ]
                                            ],
                                            "path": "string",
                                            "port": "string",
                                            "scheme": "string"
                                          }
                                        ],
                                        "initialDelaySeconds": "number",
                                        "periodSeconds": "number",
                                        "successThreshold": "number",
                                        "tcpSocket": [
                                          "object",
                                          {
                                            "host": "string",
                                            "port": "string"
                                          }
                                        ],
                                        "terminationGracePeriodSeconds": "number",
                                        "timeoutSeconds": "number"
                                      }
                                    ],
                                    "resizePolicy": [
                                      "list",
                                      [
                                        "object",
                                        {
                                          "resourceName": "string",
                                          "restartPolicy": "string"
                                        }
                                      ]
                                    ],
                                    "resources": [
                                      "object",
                                      {
                                        "claims": [
                                          "list",
                                          [
                                            "object",
                                            {
                                              "name": "string"
                                            }
                                          ]
                                        ],
                                        "limits": [
                                          "map",
                                          "string"
                                        ],
                                        "requests": [
                                          "map",
                                          "string"
                                        ]
                                      }
                                    ],
                                    "restartPolicy": "string",
                                    "securityContext": [
                                      "object",
                                      {
                                        "allowPrivilegeEscalation": "bool",
                                        "appArmorProfile": [
                                          "object",
                                          {
                                            "localhostProfile": "string",
                                            "type": "string"
                                          }
                                        ],
                                        "capabilities": [
                                          "object",
                                          {
                                            "add": [
                                              "list",
                                              "string"
                                            ],
                                            "drop": [
                                              "list",
                                              "string"
                                            ]
                                          }
                                        ],
                                        "privileged": "bool",
                                        "procMount": "string",
                                        "readOnlyRootFilesystem": "bool",
                                        "runAsGroup": "number",
                                        "runAsNonRoot": "bool",
                                        "runAsUser": "number",
                                        "seLinuxOptions": [
                                          "object",
                                          {
                                            "level": "string",
                                            "role": "string",
                                            "type": "string",
                                            "user": "string"
                                          }
                                        ],
                                        "seccompProfile": [
                                          "object",
                                          {
                                            "localhostProfile": "string",
                                            "type": "string"
                                          }
                                        ],
                                        "windowsOptions": [
                                          "object",
                                          {
                                            "gmsaCredentialSpec": "string",
                                            "gmsaCredentialSpecName": "string",
                                            "hostProcess": "bool",
                                            "runAsUserName": "string"
                                          }
                                        ]
                                      }
                                    ],
                                    "startupProbe": [
                                      "object",
                                      {
                                        "exec": [
                                          "object",
                                          {
                                            "command": [
                                              "list",
                                              "string"
                                            ]
                                          }
                                        ],
                                        "failureThreshold": "number",
                                        "grpc": [
                                          "object",
                                          {
                                            "port": "number",
                                            "service": "string"
                                          }
                                        ],
                                        "httpGet": [
                                          "object",
                                          {
                                            "host": "string",
                                            "httpHeaders": [
                                              "list",
                                              [
                                                "object",
                                                {
                                                  "name": "string",
                                                  "value": "string"
                                                }
                                              ]
                                            ],
                                            "path": "string",
                                            "port": "string",
                                            "scheme": "string"
                                          }
                                        ],
                                        "initialDelaySeconds": "number",
                                        "periodSeconds": "number",
                                        "successThreshold": "number",
                                        "tcpSocket": [
                                          "object",
                                          {
                                            "host": "string",
                                            "port": "string"
                                          }
                                        ],
                                        "terminationGracePeriodSeconds": "number",
                                        "timeoutSeconds": "number"
                                      }
                                    ],
                                    "stdin": "bool",
                                    "stdinOnce": "bool",
                                    "terminationMessagePath": "string",
                                    "terminationMessagePolicy": "string",
                                    "tty": "bool",
                                    "volumeDevices": [
                                      "list",
                                      [
                                        "object",
                                        {
                                          "devicePath": "string",
                                          "name": "string"
                                        }
                                      ]
                                    ],
                                    "volumeMounts": [
                                      "list",
                                      [
                                        "object",
                                        {
                                          "mountPath": "string",
                                          "mountPropagation": "string",
                                          "name": "string",
                                          "readOnly": "bool",
                                          "recursiveReadOnly": "string",
                                          "subPath": "string",
                                          "subPathExpr": "string"
                                        }
                                      ]
                                    ],
                                    "workingDir": "string"
                                  }
                                ]
                              ],
                              "dnsConfig": [
                                "object",
                                {
                                  "nameservers": [
                                    "list",
                                    "string"
                                  ],
                                  "options": [
                                    "list",
                                    [
                                      "object",
                                      {
                                        "name": "string",
                                        "value": "string"
                                      }
                                    ]
                                  ],
                                  "searches": [
                                    "list",
                                    "string"
                                  ]
                                }
                              ],
                              "dnsPolicy": "string",
                              "enableServiceLinks": "bool",
                              "ephemeralContainers": [
                                "list",
                                [
                                  "object",
                                  {
                                    "args": [
                                      "list",
                                      "string"
                                    ],
                                    "command": [
                                      "list",
                                      "string"
                                    ],
                                    "env": [
                                      "list",
                                      [
                                        "object",
                                        {
                                          "name": "string",
                                          "value": "string",
                                          "valueFrom": [
                                            "object",
                                            {
                                              "configMapKeyRef": [
                                                "object",
                                                {
                                                  "key": "string",
                                                  "name": "string",
                                                  "optional": "bool"
                                                }
                                              ],
                                              "fieldRef": [
                                                "object",
                                                {
                                                  "apiVersion": "string",
                                                  "fieldPath": "string"
                                                }
                                              ],
                                              "resourceFieldRef": [
                                                "object",
                                                {
                                                  "containerName": "string",
                                                  "divisor": "string",
                                                  "resource": "string"
                                                }
                                              ],
                                              "secretKeyRef": [
                                                "object",
                                                {
                                                  "key": "string",
                                                  "name": "string",
                                                  "optional": "bool"
                                                }
                                              ]
                                            }
                                          ]
                                        }
                                      ]
                                    ],
                                    "envFrom": [
                                      "list",
                                      [
                                        "object",
                                        {
                                          "configMapRef": [
                                            "object",
                                            {
                                              "name": "string",
                                              "optional": "bool"
                                            }
                                          ],
                                          "prefix": "string",
                                          "secretRef": [
                                            "object",
                                            {
                                              "name": "string",
                                              "optional": "bool"
                                            }
                                          ]
                                        }
                                      ]
                                    ],
                                    "image": "string",
                                    "imagePullPolicy": "string",
                                    "lifecycle": [
                                      "object",
                                      {
                                        "postStart": [
                                          "object",
                                          {
                                            "exec": [
                                              "object",
                                              {
                                                "command": [
                                                  "list",
                                                  "string"
                                                ]
                                              }
                                            ],
                                            "httpGet": [
                                              "object",
                                              {
                                                "host": "string",
                                                "httpHeaders": [
                                                  "list",
                                                  [
                                                    "object",
                                                    {
                                                      "name": "string",
                                                      "value": "string"
                                                    }
                                                  ]
                                                ],
                                                "path": "string",
                                                "port": "string",
                                                "scheme": "string"
                                              }
                                            ],
                                            "sleep": [
                                              "object",
                                              {
                                                "seconds": "number"
                                              }
                                            ],
                                            "tcpSocket": [
                                              "object",
                                              {
                                                "host": "string",
                                                "port": "string"
                                              }
                                            ]
                                          }
                                        ],
                                        "preStop": [
                                          "object",
                                          {
                                            "exec": [
                                              "object",
                                              {
                                                "command": [
                                                  "list",
                                                  "string"
                                                ]
                                              }
                                            ],
                                            "httpGet": [
                                              "object",
                                              {
                                                "host": "string",
                                                "httpHeaders": [
                                                  "list",
                                                  [
                                                    "object",
                                                    {
                                                      "name": "string",
                                                      "value": "string"
                                                    }
                                                  ]
                                                ],
                                                "path": "string",
                                                "port": "string",
                                                "scheme": "string"
                                              }
                                            ],
                                            "sleep": [
                                              "object",
                                              {
                                                "seconds": "number"
                                              }
                                            ],
                                            "tcpSocket": [
                                              "object",
                                              {
                                                "host": "string",
                                                "port": "string"
                                              }
                                            ]
                                          }
                                        ]
                                      }
                                    ],
                                    "livenessProbe": [
                                      "object",
                                      {
                                        "exec": [
                                          "object",
                                          {
                                            "command": [
                                              "list",
                                              "string"
                                            ]
                                          }
                                        ],
                                        "failureThreshold": "number",
                                        "grpc": [
                                          "object",
                                          {
                                            "port": "number",
                                            "service": "string"
                                          }
                                        ],
                                        "httpGet": [
                                          "object",
                                          {
                                            "host": "string",
                                            "httpHeaders": [
                                              "list",
                                              [
                                                "object",
                                                {
                                                  "name": "string",
                                                  "value": "string"
                                                }
                                              ]
                                            ],
                                            "path": "string",
                                            "port": "string",
                                            "scheme": "string"
                                          }
                                        ],
                                        "initialDelaySeconds": "number",
                                        "periodSeconds": "number",
                                        "successThreshold": "number",
                                        "tcpSocket": [
                                          "object",
                                          {
                                            "host": "string",
                                            "port": "string"
                                          }
                                        ],
                                        "terminationGracePeriodSeconds": "number",
                                        "timeoutSeconds": "number"
                                      }
                                    ],
                                    "name": "string",
                                    "ports": [
                                      "list",
                                      [
                                        "object",
                                        {
                                          "containerPort": "number",
                                          "hostIP": "string",
                                          "hostPort": "number",
                                          "name": "string",
                                          "protocol": "string"
                                        }
                                      ]
                                    ],
                                    "readinessProbe": [
                                      "object",
                                      {
                                        "exec": [
                                          "object",
                                          {
                                            "command": [
                                              "list",
                                              "string"
                                            ]
                                          }
                                        ],
                                        "failureThreshold": "number",
                                        "grpc": [
                                          "object",
                                          {
                                            "port": "number",
                                            "service": "string"
                                          }
                                        ],
                                        "httpGet": [
                                          "object",
                                          {
                                            "host": "string",
                                            "httpHeaders": [
                                              "list",
                                              [
                                                "object",
                                                {
                                                  "name": "string",
                                                  "value": "string"
                                                }
                                              ]
                                            ],
                                            "path": "string",
                                            "port": "string",
                                            "scheme": "string"
                                          }
                                        ],
                                        "initialDelaySeconds": "number",
                                        "periodSeconds": "number",
                                        "successThreshold": "number",
                                        "tcpSocket": [
                                          "object",
                                          {
                                            "host": "string",
                                            "port": "string"
                                          }
                                        ],
                                        "terminationGracePeriodSeconds": "number",
                                        "timeoutSeconds": "number"
                                      }
                                    ],
                                    "resizePolicy": [
                                      "list",
                                      [
                                        "object",
                                        {
                                          "resourceName": "string",
                                          "restartPolicy": "string"
                                        }
                                      ]
                                    ],
                                    "resources": [
                                      "object",
                                      {
                                        "claims": [
                                          "list",
                                          [
                                            "object",
                                            {
                                              "name": "string"
                                            }
                                          ]
                                        ],
                                        "limits": [
                                          "map",
                                          "string"
                                        ],
                                        "requests": [
                                          "map",
                                          "string"
                                        ]
                                      }
                                    ],
                                    "restartPolicy": "string",
                                    "securityContext": [
                                      "object",
                                      {
                                        "allowPrivilegeEscalation": "bool",
                                        "appArmorProfile": [
                                          "object",
                                          {
                                            "localhostProfile": "string",
                                            "type": "string"
                                          }
                                        ],
                                        "capabilities": [
                                          "object",
                                          {
                                            "add": [
                                              "list",
                                              "string"
                                            ],
                                            "drop": [
                                              "list",
                                              "string"
                                            ]
                                          }
                                        ],
                                        "privileged": "bool",
                                        "procMount": "string",
                                        "readOnlyRootFilesystem": "bool",
                                        "runAsGroup": "number",
                                        "runAsNonRoot": "bool",
                                        "runAsUser": "number",
                                        "seLinuxOptions": [
                                          "object",
                                          {
                                            "level": "string",
                                            "role": "string",
                                            "type": "string",
                                            "user": "string"
                                          }
                                        ],
                                        "seccompProfile": [
                                          "object",
                                          {
                                            "localhostProfile": "string",
                                            "type": "string"
                                          }
                                        ],
                                        "windowsOptions": [
                                          "object",
                                          {
                                            "gmsaCredentialSpec": "string",
                                            "gmsaCredentialSpecName": "string",
                                            "hostProcess": "bool",
                                            "runAsUserName": "string"
                                          }
                                        ]
                                      }
                                    ],
                                    "startupProbe": [
                                      "object",
                                      {
                                        "exec": [
                                          "object",
                                          {
                                            "command": [
                                              "list",
                                              "string"
                                            ]
                                          }
                                        ],
                                        "failureThreshold": "number",
                                        "grpc": [
                                          "object",
                                          {
                                            "port": "number",
                                            "service": "string"
                                          }
                                        ],
                                        "httpGet": [
                                          "object",
                                          {
                                            "host": "string",
                                            "httpHeaders": [
                                              "list",
                                              [
                                                "object",
                                                {
                                                  "name": "string",
                                                  "value": "string"
                                                }
                                              ]
                                            ],
                                            "path": "string",
                                            "port": "string",
                                            "scheme": "string"
                                          }
                                        ],
                                        "initialDelaySeconds": "number",
                                        "periodSeconds": "number",
                                        "successThreshold": "number",
                                        "tcpSocket": [
                                          "object",
                                          {
                                            "host": "string",
                                            "port": "string"
                                          }
                                        ],
                                        "terminationGracePeriodSeconds": "number",
                                        "timeoutSeconds": "number"
                                      }
                                    ],
                                    "stdin": "bool",
                                    "stdinOnce": "bool",
                                    "targetContainerName": "string",
                                    "terminationMessagePath": "string",
                                    "terminationMessagePolicy": "string",
                                    "tty": "bool",
                                    "volumeDevices": [
                                      "list",
                                      [
                                        "object",
                                        {
                                          "devicePath": "string",
                                          "name": "string"
                                        }
                                      ]
                                    ],
                                    "volumeMounts": [
                                      "list",
                                      [
                                        "object",
                                        {
                                          "mountPath": "string",
                                          "mountPropagation": "string",
                                          "name": "string",
                                          "readOnly": "bool",
                                          "recursiveReadOnly": "string",
                                          "subPath": "string",
                                          "subPathExpr": "string"
                                        }
                                      ]
                                    ],
                                    "workingDir": "string"
                                  }
                                ]
                              ],
                              "hostAliases": [
                                "list",
                                [
                                  "object",
                                  {
                                    "hostnames": [
                                      "list",
                                      "string"
                                    ],
                                    "ip": "string"
                                  }
                                ]
                              ],
                              "hostIPC": "bool",
                              "hostNetwork": "bool",
                              "hostPID": "bool",
                              "hostUsers": "bool",
                              "hostname": "string",
                              "imagePullSecrets": [
                                "list",
                                [
                                  "object",
                                  {
                                    "name": "string"
                                  }
                                ]
                              ],
                              "initContainers": [
                                "list",
                                [
                                  "object",
                                  {
                                    "args": [
                                      "list",
                                      "string"
                                    ],
                                    "command": [
                                      "list",
                                      "string"
                                    ],
                                    "env": [
                                      "list",
                                      [
                                        "object",
                                        {
                                          "name": "string",
                                          "value": "string",
                                          "valueFrom": [
                                            "object",
                                            {
                                              "configMapKeyRef": [
                                                "object",
                                                {
                                                  "key": "string",
                                                  "name": "string",
                                                  "optional": "bool"
                                                }
                                              ],
                                              "fieldRef": [
                                                "object",
                                                {
                                                  "apiVersion": "string",
                                                  "fieldPath": "string"
                                                }
                                              ],
                                              "resourceFieldRef": [
                                                "object",
                                                {
                                                  "containerName": "string",
                                                  "divisor": "string",
                                                  "resource": "string"
                                                }
                                              ],
                                              "secretKeyRef": [
                                                "object",
                                                {
                                                  "key": "string",
                                                  "name": "string",
                                                  "optional": "bool"
                                                }
                                              ]
                                            }
                                          ]
                                        }
                                      ]
                                    ],
                                    "envFrom": [
                                      "list",
                                      [
                                        "object",
                                        {
                                          "configMapRef": [
                                            "object",
                                            {
                                              "name": "string",
                                              "optional": "bool"
                                            }
                                          ],
                                          "prefix": "string",
                                          "secretRef": [
                                            "object",
                                            {
                                              "name": "string",
                                              "optional": "bool"
                                            }
                                          ]
                                        }
                                      ]
                                    ],
                                    "image": "string",
                                    "imagePullPolicy": "string",
                                    "lifecycle": [
                                      "object",
                                      {
                                        "postStart": [
                                          "object",
                                          {
                                            "exec": [
                                              "object",
                                              {
                                                "command": [
                                                  "list",
                                                  "string"
                                                ]
                                              }
                                            ],
                                            "httpGet": [
                                              "object",
                                              {
                                                "host": "string",
                                                "httpHeaders": [
                                                  "list",
                                                  [
                                                    "object",
                                                    {
                                                      "name": "string",
                                                      "value": "string"
                                                    }
                                                  ]
                                                ],
                                                "path": "string",
                                                "port": "string",
                                                "scheme": "string"
                                              }
                                            ],
                                            "sleep": [
                                              "object",
                                              {
                                                "seconds": "number"
                                              }
                                            ],
                                            "tcpSocket": [
                                              "object",
                                              {
                                                "host": "string",
                                                "port": "string"
                                              }
                                            ]
                                          }
                                        ],
                                        "preStop": [
                                          "object",
                                          {
                                            "exec": [
                                              "object",
                                              {
                                                "command": [
                                                  "list",
                                                  "string"
                                                ]
                                              }
                                            ],
                                            "httpGet": [
                                              "object",
                                              {
                                                "host": "string",
                                                "httpHeaders": [
                                                  "list",
                                                  [
                                                    "object",
                                                    {
                                                      "name": "string",
                                                      "value": "string"
                                                    }
                                                  ]
                                                ],
                                                "path": "string",
                                                "port": "string",
                                                "scheme": "string"
                                              }
                                            ],
                                            "sleep": [
                                              "object",
                                              {
                                                "seconds": "number"
                                              }
                                            ],
                                            "tcpSocket": [
                                              "object",
                                              {
                                                "host": "string",
                                                "port": "string"
                                              }
                                            ]
                                          }
                                        ]
                                      }
                                    ],
                                    "livenessProbe": [
                                      "object",
                                      {
                                        "exec": [
                                          "object",
                                          {
                                            "command": [
                                              "list",
                                              "string"
                                            ]
                                          }
                                        ],
                                        "failureThreshold": "number",
                                        "grpc": [
                                          "object",
                                          {
                                            "port": "number",
                                            "service": "string"
                                          }
                                        ],
                                        "httpGet": [
                                          "object",
                                          {
                                            "host": "string",
                                            "httpHeaders": [
                                              "list",
                                              [
                                                "object",
                                                {
                                                  "name": "string",
                                                  "value": "string"
                                                }
                                              ]
                                            ],
                                            "path": "string",
                                            "port": "string",
                                            "scheme": "string"
                                          }
                                        ],
                                        "initialDelaySeconds": "number",
                                        "periodSeconds": "number",
                                        "successThreshold": "number",
                                        "tcpSocket": [
                                          "object",
                                          {
                                            "host": "string",
                                            "port": "string"
                                          }
                                        ],
                                        "terminationGracePeriodSeconds": "number",
                                        "timeoutSeconds": "number"
                                      }
                                    ],
                                    "name": "string",
                                    "ports": [
                                      "list",
                                      [
                                        "object",
                                        {
                                          "containerPort": "number",
                                          "hostIP": "string",
                                          "hostPort": "number",
                                          "name": "string",
                                          "protocol": "string"
                                        }
                                      ]
                                    ],
                                    "readinessProbe": [
                                      "object",
                                      {
                                        "exec": [
                                          "object",
                                          {
                                            "command": [
                                              "list",
                                              "string"
                                            ]
                                          }
                                        ],
                                        "failureThreshold": "number",
                                        "grpc": [
                                          "object",
                                          {
                                            "port": "number",
                                            "service": "string"
                                          }
                                        ],
                                        "httpGet": [
                                          "object",
                                          {
                                            "host": "string",
                                            "httpHeaders": [
                                              "list",
                                              [
                                                "object",
                                                {
                                                  "name": "string",
                                                  "value": "string"
                                                }
                                              ]
                                            ],
                                            "path": "string",
                                            "port": "string",
                                            "scheme": "string"
                                          }
                                        ],
                                        "initialDelaySeconds": "number",
                                        "periodSeconds": "number",
                                        "successThreshold": "number",
                                        "tcpSocket": [
                                          "object",
                                          {
                                            "host": "string",
                                            "port": "string"
                                          }
                                        ],
                                        "terminationGracePeriodSeconds": "number",
                                        "timeoutSeconds": "number"
                                      }
                                    ],
                                    "resizePolicy": [
                                      "list",
                                      [
                                        "object",
                                        {
                                          "resourceName": "string",
                                          "restartPolicy": "string"
                                        }
                                      ]
                                    ],
                                    "resources": [
                                      "object",
                                      {
                                        "claims": [
                                          "list",
                                          [
                                            "object",
                                            {
                                              "name": "string"
                                            }
                                          ]
                                        ],
                                        "limits": [
                                          "map",
                                          "string"
                                        ],
                                        "requests": [
                                          "map",
                                          "string"
                                        ]
                                      }
                                    ],
                                    "restartPolicy": "string",
                                    "securityContext": [
                                      "object",
                                      {
                                        "allowPrivilegeEscalation": "bool",
                                        "appArmorProfile": [
                                          "object",
                                          {
                                            "localhostProfile": "string",
                                            "type": "string"
                                          }
                                        ],
                                        "capabilities": [
                                          "object",
                                          {
                                            "add": [
                                              "list",
                                              "string"
                                            ],
                                            "drop": [
                                              "list",
                                              "string"
                                            ]
                                          }
                                        ],
                                        "privileged": "bool",
                                        "procMount": "string",
                                        "readOnlyRootFilesystem": "bool",
                                        "runAsGroup": "number",
                                        "runAsNonRoot": "bool",
                                        "runAsUser": "number",
                                        "seLinuxOptions": [
                                          "object",
                                          {
                                            "level": "string",
                                            "role": "string",
                                            "type": "string",
                                            "user": "string"
                                          }
                                        ],
                                        "seccompProfile": [
                                          "object",
                                          {
                                            "localhostProfile": "string",
                                            "type": "string"
                                          }
                                        ],
                                        "windowsOptions": [
                                          "object",
                                          {
                                            "gmsaCredentialSpec": "string",
                                            "gmsaCredentialSpecName": "string",
                                            "hostProcess": "bool",
                                            "runAsUserName": "string"
                                          }
                                        ]
                                      }
                                    ],
                                    "startupProbe": [
                                      "object",
                                      {
                                        "exec": [
                                          "object",
                                          {
                                            "command": [
                                              "list",
                                              "string"
                                            ]
                                          }
                                        ],
                                        "failureThreshold": "number",
                                        "grpc": [
                                          "object",
                                          {
                                            "port": "number",
                                            "service": "string"
                                          }
                                        ],
                                        "httpGet": [
                                          "object",
                                          {
                                            "host": "string",
                                            "httpHeaders": [
                                              "list",
                                              [
                                                "object",
                                                {
                                                  "name": "string",
                                                  "value": "string"
                                                }
                                              ]
                                            ],
                                            "path": "string",
                                            "port": "string",
                                            "scheme": "string"
                                          }
                                        ],
                                        "initialDelaySeconds": "number",
                                        "periodSeconds": "number",
                                        "successThreshold": "number",
                                        "tcpSocket": [
                                          "object",
                                          {
                                            "host": "string",
                                            "port": "string"
                                          }
                                        ],
                                        "terminationGracePeriodSeconds": "number",
                                        "timeoutSeconds": "number"
                                      }
                                    ],
                                    "stdin": "bool",
                                    "stdinOnce": "bool",
                                    "terminationMessagePath": "string",
                                    "terminationMessagePolicy": "string",
                                    "tty": "bool",
                                    "volumeDevices": [
                                      "list",
                                      [
                                        "object",
                                        {
                                          "devicePath": "string",
                                          "name": "string"
                                        }
                                      ]
                                    ],
                                    "volumeMounts": [
                                      "list",
                                      [
                                        "object",
                                        {
                                          "mountPath": "string",
                                          "mountPropagation": "string",
                                          "name": "string",
                                          "readOnly": "bool",
                                          "recursiveReadOnly": "string",
                                          "subPath": "string",
                                          "subPathExpr": "string"
                                        }
                                      ]
                                    ],
                                    "workingDir": "string"
                                  }
                                ]
                              ],
                              "nodeName": "string",
                              "nodeSelector": [
                                "map",
                                "string"
                              ],
                              "os": [
                                "object",
                                {
                                  "name": "string"
                                }
                              ],
                              "overhead": [
                                "map",
                                "string"
                              ],
                              "preemptionPolicy": "string",
                              "priority": "number",
                              "priorityClassName": "string",
                              "readinessGates": [
                                "list",
                                [
                                  "object",
                                  {
                                    "conditionType": "string"
                                  }
                                ]
                              ],
                              "resourceClaims": [
                                "list",
                                [
                                  "object",
                                  {
                                    "name": "string",
                                    "source": [
                                      "object",
                                      {
                                        "resourceClaimName": "string",
                                        "resourceClaimTemplateName": "string"
                                      }
                                    ]
                                  }
                                ]
                              ],
                              "restartPolicy": "string",
                              "runtimeClassName": "string",
                              "schedulerName": "string",
                              "schedulingGates": [
                                "list",
                                [
                                  "object",
                                  {
                                    "name": "string"
                                  }
                                ]
                              ],
                              "securityContext": [
                                "object",
                                {
                                  "appArmorProfile": [
                                    "object",
                                    {
                                      "localhostProfile": "string",
                                      "type": "string"
                                    }
                                  ],
                                  "fsGroup": "number",
                                  "fsGroupChangePolicy": "string",
                                  "runAsGroup": "number",
                                  "runAsNonRoot": "bool",
                                  "runAsUser": "number",
                                  "seLinuxOptions": [
                                    "object",
                                    {
                                      "level": "string",
                                      "role": "string",
                                      "type": "string",
                                      "user": "string"
                                    }
                                  ],
                                  "seccompProfile": [
                                    "object",
                                    {
                                      "localhostProfile": "string",
                                      "type": "string"
                                    }
                                  ],
                                  "supplementalGroups": [
                                    "list",
                                    "number"
                                  ],
                                  "sysctls": [
                                    "list",
                                    [
                                      "object",
                                      {
                                        "name": "string",
                                        "value": "string"
                                      }
                                    ]
                                  ],
                                  "windowsOptions": [
                                    "object",
                                    {
                                      "gmsaCredentialSpec": "string",
                                      "gmsaCredentialSpecName": "string",
                                      "hostProcess": "bool",
                                      "runAsUserName": "string"
                                    }
                                  ]
                                }
                              ],
                              "serviceAccount": "string",
                              "serviceAccountName": "string",
                              "setHostnameAsFQDN": "bool",
                              "shareProcessNamespace": "bool",
                              "subdomain": "string",
                              "terminationGracePeriodSeconds": "number",
                              "tolerations": [
                                "list",
                                [
                                  "object",
                                  {
                                    "effect": "string",
                                    "key": "string",
                                    "operator": "string",
                                    "tolerationSeconds": "number",
                                    "value": "string"
                                  }
                                ]
                              ],
                              "topologySpreadConstraints": [
                                "list",
                                [
                                  "object",
                                  {
                                    "labelSelector": [
                                      "object",
                                      {
                                        "matchExpressions": [
                                          "list",
                                          [
                                            "object",
                                            {
                                              "key": "string",
                                              "operator": "string",
                                              "values": [
                                                "list",
                                                "string"
                                              ]
                                            }
                                          ]
                                        ],
                                        "matchLabels": [
                                          "map",
                                          "string"
                                        ]
                                      }
                                    ],
                                    "matchLabelKeys": [
                                      "list",
                                      "string"
                                    ],
                                    "maxSkew": "number",
                                    "minDomains": "number",
                                    "nodeAffinityPolicy": "string",
                                    "nodeTaintsPolicy": "string",
                                    "topologyKey": "string",
                                    "whenUnsatisfiable": "string"
                                  }
                                ]
                              ],
                              "volumes": [
                                "tuple",
                                [
                                  [
                                    "object",
                                    {
                                      "awsElasticBlockStore": [
                                        "object",
                                        {
                                          "fsType": "string",
                                          "partition": "number",
                                          "readOnly": "bool",
                                          "volumeID": "string"
                                        }
                                      ],
                                      "azureDisk": [
                                        "object",
                                        {
                                          "cachingMode": "string",
                                          "diskName": "string",
                                          "diskURI": "string",
                                          "fsType": "string",
                                          "kind": "string",
                                          "readOnly": "bool"
                                        }
                                      ],
                                      "azureFile": [
                                        "object",
                                        {
                                          "readOnly": "bool",
                                          "secretName": "string",
                                          "shareName": "string"
                                        }
                                      ],
                                      "cephfs": [
                                        "object",
                                        {
                                          "monitors": [
                                            "list",
                                            "string"
                                          ],
                                          "path": "string",
                                          "readOnly": "bool",
                                          "secretFile": "string",
                                          "secretRef": [
                                            "object",
                                            {
                                              "name": "string"
                                            }
                                          ],
                                          "user": "string"
                                        }
                                      ],
                                      "cinder": [
                                        "object",
                                        {
                                          "fsType": "string",
                                          "readOnly": "bool",
                                          "secretRef": [
                                            "object",
                                            {
                                              "name": "string"
                                            }
                                          ],
                                          "volumeID": "string"
                                        }
                                      ],
                                      "configMap": [
                                        "object",
                                        {
                                          "defaultMode": "number",
                                          "items": [
                                            "list",
                                            [
                                              "object",
                                              {
                                                "key": "string",
                                                "mode": "number",
                                                "path": "string"
                                              }
                                            ]
                                          ],
                                          "name": "string",
                                          "optional": "bool"
                                        }
                                      ],
                                      "csi": [
                                        "object",
                                        {
                                          "driver": "string",
                                          "fsType": "string",
                                          "nodePublishSecretRef": [
                                            "object",
                                            {
                                              "name": "string"
                                            }
                                          ],
                                          "readOnly": "bool",
                                          "volumeAttributes": [
                                            "map",
                                            "string"
                                          ]
                                        }
                                      ],
                                      "downwardAPI": [
                                        "object",
                                        {
                                          "defaultMode": "number",
                                          "items": [
                                            "list",
                                            [
                                              "object",
                                              {
                                                "fieldRef": [
                                                  "object",
                                                  {
                                                    "apiVersion": "string",
                                                    "fieldPath": "string"
                                                  }
                                                ],
                                                "mode": "number",
                                                "path": "string",
                                                "resourceFieldRef": [
                                                  "object",
                                                  {
                                                    "containerName": "string",
                                                    "divisor": "string",
                                                    "resource": "string"
                                                  }
                                                ]
                                              }
                                            ]
                                          ]
                                        }
                                      ],
                                      "emptyDir": [
                                        "object",
                                        {
                                          "medium": "string",
                                          "sizeLimit": "string"
                                        }
                                      ],
                                      "ephemeral": [
                                        "object",
                                        {
                                          "volumeClaimTemplate": [
                                            "object",
                                            {
                                              "metadata": [
                                                "object",
                                                {
                                                  "annotations": [
                                                    "map",
                                                    "string"
                                                  ],
                                                  "creationTimestamp": "string",
                                                  "deletionGracePeriodSeconds": "number",
                                                  "deletionTimestamp": "string",
                                                  "finalizers": [
                                                    "list",
                                                    "string"
                                                  ],
                                                  "generateName": "string",
                                                  "generation": "number",
                                                  "labels": [
                                                    "map",
                                                    "string"
                                                  ],
                                                  "managedFields": [
                                                    "tuple",
                                                    [
                                                      [
                                                        "object",
                                                        {
                                                          "apiVersion": "string",
                                                          "fieldsType": "string",
                                                          "fieldsV1": "dynamic",
                                                          "manager": "string",
                                                          "operation": "string",
                                                          "subresource": "string",
                                                          "time": "string"
                                                        }
                                                      ]
                                                    ]
                                                  ],
                                                  "name": "string",
                                                  "namespace": "string",
                                                  "ownerReferences": [
                                                    "list",
                                                    [
                                                      "object",
                                                      {
                                                        "apiVersion": "string",
                                                        "blockOwnerDeletion": "bool",
                                                        "controller": "bool",
                                                        "kind": "string",
                                                        "name": "string",
                                                        "uid": "string"
                                                      }
                                                    ]
                                                  ],
                                                  "resourceVersion": "string",
                                                  "selfLink": "string",
                                                  "uid": "string"
                                                }
                                              ],
                                              "spec": [
                                                "object",
                                                {
                                                  "accessModes": [
                                                    "list",
                                                    "string"
                                                  ],
                                                  "dataSource": [
                                                    "object",
                                                    {
                                                      "apiGroup": "string",
                                                      "kind": "string",
                                                      "name": "string"
                                                    }
                                                  ],
                                                  "dataSourceRef": [
                                                    "object",
                                                    {
                                                      "apiGroup": "string",
                                                      "kind": "string",
                                                      "name": "string",
                                                      "namespace": "string"
                                                    }
                                                  ],
                                                  "resources": [
                                                    "object",
                                                    {
                                                      "limits": [
                                                        "map",
                                                        "string"
                                                      ],
                                                      "requests": [
                                                        "map",
                                                        "string"
                                                      ]
                                                    }
                                                  ],
                                                  "selector": [
                                                    "object",
                                                    {
                                                      "matchExpressions": [
                                                        "list",
                                                        [
                                                          "object",
                                                          {
                                                            "key": "string",
                                                            "operator": "string",
                                                            "values": [
                                                              "list",
                                                              "string"
                                                            ]
                                                          }
                                                        ]
                                                      ],
                                                      "matchLabels": [
                                                        "map",
                                                        "string"
                                                      ]
                                                    }
                                                  ],
                                                  "storageClassName": "string",
                                                  "volumeAttributesClassName": "string",
                                                  "volumeMode": "string",
                                                  "volumeName": "string"
                                                }
                                              ]
                                            }
                                          ]
                                        }
                                      ],
                                      "fc": [
                                        "object",
                                        {
                                          "fsType": "string",
                                          "lun": "number",
                                          "readOnly": "bool",
                                          "targetWWNs": [
                                            "list",
                                            "string"
                                          ],
                                          "wwids": [
                                            "list",
                                            "string"
                                          ]
                                        }
                                      ],
                                      "flexVolume": [
                                        "object",
                                        {
                                          "driver": "string",
                                          "fsType": "string",
                                          "options": [
                                            "map",
                                            "string"
                                          ],
                                          "readOnly": "bool",
                                          "secretRef": [
                                            "object",
                                            {
                                              "name": "string"
                                            }
                                          ]
                                        }
                                      ],
                                      "flocker": [
                                        "object",
                                        {
                                          "datasetName": "string",
                                          "datasetUUID": "string"
                                        }
                                      ],
                                      "gcePersistentDisk": [
                                        "object",
                                        {
                                          "fsType": "string",
                                          "partition": "number",
                                          "pdName": "string",
                                          "readOnly": "bool"
                                        }
                                      ],
                                      "gitRepo": [
                                        "object",
                                        {
                                          "directory": "string",
                                          "repository": "string",
                                          "revision": "string"
                                        }
                                      ],
                                      "glusterfs": [
                                        "object",
                                        {
                                          "endpoints": "string",
                                          "path": "string",
                                          "readOnly": "bool"
                                        }
                                      ],
                                      "hostPath": [
                                        "object",
                                        {
                                          "path": "string",
                                          "type": "string"
                                        }
                                      ],
                                      "iscsi": [
                                        "object",
                                        {
                                          "chapAuthDiscovery": "bool",
                                          "chapAuthSession": "bool",
                                          "fsType": "string",
                                          "initiatorName": "string",
                                          "iqn": "string",
                                          "iscsiInterface": "string",
                                          "lun": "number",
                                          "portals": [
                                            "list",
                                            "string"
                                          ],
                                          "readOnly": "bool",
                                          "secretRef": [
                                            "object",
                                            {
                                              "name": "string"
                                            }
                                          ],
                                          "targetPortal": "string"
                                        }
                                      ],
                                      "name": "string",
                                      "nfs": [
                                        "object",
                                        {
                                          "path": "string",
                                          "readOnly": "bool",
                                          "server": "string"
                                        }
                                      ],
                                      "persistentVolumeClaim": [
                                        "object",
                                        {
                                          "claimName": "string",
                                          "readOnly": "bool"
                                        }
                                      ],
                                      "photonPersistentDisk": [
                                        "object",
                                        {
                                          "fsType": "string",
                                          "pdID": "string"
                                        }
                                      ],
                                      "portworxVolume": [
                                        "object",
                                        {
                                          "fsType": "string",
                                          "readOnly": "bool",
                                          "volumeID": "string"
                                        }
                                      ],
                                      "projected": [
                                        "object",
                                        {
                                          "defaultMode": "number",
                                          "sources": [
                                            "list",
                                            [
                                              "object",
                                              {
                                                "clusterTrustBundle": [
                                                  "object",
                                                  {
                                                    "labelSelector": [
                                                      "object",
                                                      {
                                                        "matchExpressions": [
                                                          "list",
                                                          [
                                                            "object",
                                                            {
                                                              "key": "string",
                                                              "operator": "string",
                                                              "values": [
                                                                "list",
                                                                "string"
                                                              ]
                                                            }
                                                          ]
                                                        ],
                                                        "matchLabels": [
                                                          "map",
                                                          "string"
                                                        ]
                                                      }
                                                    ],
                                                    "name": "string",
                                                    "optional": "bool",
                                                    "path": "string",
                                                    "signerName": "string"
                                                  }
                                                ],
                                                "configMap": [
                                                  "object",
                                                  {
                                                    "items": [
                                                      "list",
                                                      [
                                                        "object",
                                                        {
                                                          "key": "string",
                                                          "mode": "number",
                                                          "path": "string"
                                                        }
                                                      ]
                                                    ],
                                                    "name": "string",
                                                    "optional": "bool"
                                                  }
                                                ],
                                                "downwardAPI": [
                                                  "object",
                                                  {
                                                    "items": [
                                                      "list",
                                                      [
                                                        "object",
                                                        {
                                                          "fieldRef": [
                                                            "object",
                                                            {
                                                              "apiVersion": "string",
                                                              "fieldPath": "string"
                                                            }
                                                          ],
                                                          "mode": "number",
                                                          "path": "string",
                                                          "resourceFieldRef": [
                                                            "object",
                                                            {
                                                              "containerName": "string",
                                                              "divisor": "string",
                                                              "resource": "string"
                                                            }
                                                          ]
                                                        }
                                                      ]
                                                    ]
                                                  }
                                                ],
                                                "secret": [
                                                  "object",
                                                  {
                                                    "items": [
                                                      "list",
                                                      [
                                                        "object",
                                                        {
                                                          "key": "string",
                                                          "mode": "number",
                                                          "path": "string"
                                                        }
                                                      ]
                                                    ],
                                                    "name": "string",
                                                    "optional": "bool"
                                                  }
                                                ],
                                                "serviceAccountToken": [
                                                  "object",
                                                  {
                                                    "audience": "string",
                                                    "expirationSeconds": "number",
                                                    "path": "string"
                                                  }
                                                ]
                                              }
                                            ]
                                          ]
                                        }
                                      ],
                                      "quobyte": [
                                        "object",
                                        {
                                          "group": "string",
                                          "readOnly": "bool",
                                          "registry": "string",
                                          "tenant": "string",
                                          "user": "string",
                                          "volume": "string"
                                        }
                                      ],
                                      "rbd": [
                                        "object",
                                        {
                                          "fsType": "string",
                                          "image": "string",
                                          "keyring": "string",
                                          "monitors": [
                                            "list",
                                            "string"
                                          ],
                                          "pool": "string",
                                          "readOnly": "bool",
                                          "secretRef": [
                                            "object",
                                            {
                                              "name": "string"
                                            }
                                          ],
                                          "user": "string"
                                        }
                                      ],
                                      "scaleIO": [
                                        "object",
                                        {
                                          "fsType": "string",
                                          "gateway": "string",
                                          "protectionDomain": "string",
                                          "readOnly": "bool",
                                          "secretRef": [
                                            "object",
                                            {
                                              "name": "string"
                                            }
                                          ],
                                          "sslEnabled": "bool",
                                          "storageMode": "string",
                                          "storagePool": "string",
                                          "system": "string",
                                          "volumeName": "string"
                                        }
                                      ],
                                      "secret": [
                                        "object",
                                        {
                                          "defaultMode": "number",
                                          "items": [
                                            "list",
                                            [
                                              "object",
                                              {
                                                "key": "string",
                                                "mode": "number",
                                                "path": "string"
                                              }
                                            ]
                                          ],
                                          "optional": "bool",
                                          "secretName": "string"
                                        }
                                      ],
                                      "storageos": [
                                        "object",
                                        {
                                          "fsType": "string",
                                          "readOnly": "bool",
                                          "secretRef": [
                                            "object",
                                            {
                                              "name": "string"
                                            }
                                          ],
                                          "volumeName": "string",
                                          "volumeNamespace": "string"
                                        }
                                      ],
                                      "vsphereVolume": [
                                        "object",
                                        {
                                          "fsType": "string",
                                          "storagePolicyID": "string",
                                          "storagePolicyName": "string",
                                          "volumePath": "string"
                                        }
                                      ]
                                    }
                                  ]
                                ]
                              ]
                            }
                          ]
                        }
                      ],
                      "ttlSecondsAfterFinished": "number"
                    }
                  ]
                }
              ]
            },
            "timeouts": [],
            "wait": [],
            "wait_for": null
          },
          "sensitive_attributes": [],
          "identity_schema_version": 1,
          "identity": {
            "api_version": "batch/v1",
            "kind": "Job",
            "name": "kibana-objects-seed",
            "namespace": "observability"
          },
          "dependencies": [
            "module.elasticsearch.helm_release.elasticsearch",
            "module.kibana.helm_release.kibana",
            "module.ns_observability.kubernetes_namespace_v1.ns"
          ]
        }
      ]
    },
    {
      "module": "module.monitoring",
      "mode": "managed",
      "type": "helm_release",
      "name": "monitoring",
      "provider": "provider[\"registry.terraform.io/hashicorp/helm\"]",
      "instances": [
        {
          "schema_version": 2,
          "attributes": {
            "atomic": false,
            "chart": "kube-prometheus-stack",
            "cleanup_on_fail": false,
            "create_namespace": false,
            "dependency_update": false,
            "description": null,
            "devel": null,
            "disable_crd_hooks": false,
            "disable_openapi_validation": false,
            "disable_webhooks": false,
            "force_update": false,
            "id": "kube-prometheus-stack",
            "keyring": null,
            "lint": false,
            "manifest": null,
            "max_history": 0,
            "metadata": {
              "app_version": "v0.76.1",
              "chart": "kube-prometheus-stack",
              "first_deployed": 1770640319,
              "last_deployed": 1770640319,
              "name": "kube-prometheus-stack",
              "namespace": "monitoring",
              "notes": "1. Get your 'admin' user password by running:\n\n   kubectl get secret --namespace monitoring kube-prometheus-stack-grafana -o jsonpath=\"{.data.admin-password}\" | base64 --decode ; echo\n\n\n2. The Grafana server can be accessed via port 80 on the following DNS name from within your cluster:\n\n   kube-prometheus-stack-grafana.monitoring.svc.cluster.local\n\n   Get the Grafana URL to visit by running these commands in the same shell:\n     export POD_NAME=$(kubectl get pods --namespace monitoring -l \"app.kubernetes.io/name=grafana,app.kubernetes.io/instance=kube-prometheus-stack\" -o jsonpath=\"{.items[0].metadata.name}\")\n     kubectl --namespace monitoring port-forward $POD_NAME 3000\n\n3. Login with the password from step 1 and the username: admin\n#################################################################################\n######   WARNING: Persistence is disabled!!! You will lose your data when   #####\n######            the Grafana pod is terminated.                            #####\n#################################################################################\n\nkube-prometheus-stack has been installed. Check its status by running:\n  kubectl --namespace monitoring get pods -l \"release=kube-prometheus-stack\"\n\nVisit https://github.com/prometheus-operator/kube-prometheus for instructions on how to create \u0026 configure Alertmanager and Prometheus instances using the Operator.\n\nkube-state-metrics is a simple service that listens to the Kubernetes API server and generates metrics about the state of the objects.\nThe exposed metrics can be found here:\nhttps://github.com/kubernetes/kube-state-metrics/blob/master/docs/README.md#exposed-metrics\n\nThe metrics are exported on the HTTP endpoint /metrics on the listening port.\nIn your case, kube-prometheus-stack-kube-state-metrics.monitoring.svc.cluster.local:8080/metrics\n\nThey are served either as plaintext or protobuf depending on the Accept header.\nThey are designed to be consumed either by Prometheus itself or by a scraper that is compatible with scraping a Prometheus client endpoint.\n",
              "revision": 1,
              "values": "{\"alertmanager\":{\"enabled\":true},\"grafana\":{\"adminPassword\":\"admin123\"},\"nodeExporter\":{\"enabled\":false},\"prometheus\":{\"prometheusSpec\":{\"retention\":\"5d\",\"scrapeInterval\":\"30s\"}}}",
              "version": "62.7.0"
            },
            "name": "kube-prometheus-stack",
            "namespace": "monitoring",
            "pass_credentials": false,
            "postrender": null,
            "recreate_pods": false,
            "render_subchart_notes": true,
            "replace": false,
            "repository": "oci://ghcr.io/prometheus-community/charts",
            "repository_ca_file": null,
            "repository_cert_file": null,
            "repository_key_file": null,
            "repository_password": null,
            "repository_username": null,
            "reset_values": false,
            "resources": null,
            "reuse_values": false,
            "set": null,
            "set_list": null,
            "set_sensitive": null,
            "set_wo": null,
            "set_wo_revision": null,
            "skip_crds": false,
            "status": "deployed",
            "take_ownership": false,
            "timeout": 300,
            "timeouts": null,
            "upgrade_install": false,
            "values": [
              "\"alertmanager\":\n  \"enabled\": true\n\"grafana\":\n  \"adminPassword\": \"admin123\"\n\"nodeExporter\":\n  \"enabled\": false\n\"prometheus\":\n  \"prometheusSpec\":\n    \"retention\": \"5d\"\n    \"scrapeInterval\": \"30s\"\n"
            ],
            "verify": false,
            "version": "62.7.0",
            "wait": true,
            "wait_for_jobs": false
          },
          "sensitive_attributes": [
            [
              {
                "type": "get_attr",
                "value": "repository_password"
              }
            ]
          ],
          "identity_schema_version": 0,
          "identity": {
            "namespace": "monitoring",
            "release_name": "kube-prometheus-stack"
          },
          "dependencies": [
            "module.ns_monitoring.kubernetes_namespace_v1.ns"
          ]
        }
      ]
    },
    {
      "module": "module.namespace",
      "mode": "managed",
      "type": "kubernetes_namespace_v1",
      "name": "ns",
      "provider": "provider[\"registry.terraform.io/hashicorp/kubernetes\"]",
      "instances": [
        {
          "schema_version": 0,
          "attributes": {
            "id": "team4",
            "metadata": [
              {
                "annotations": {},
                "generate_name": "",
                "generation": 0,
                "labels": {},
                "name": "team4",
                "resource_version": "26474",
                "uid": "2b486ec5-0db3-48b9-ac45-4cf7093e1119"
              }
            ],
            "timeouts": null,
            "wait_for_default_service_account": false
          },
          "sensitive_attributes": [],
          "identity_schema_version": 1,
          "identity": {
            "api_version": "v1",
            "kind": "Namespace",
            "name": "team4"
          },
          "private": "eyJlMmJmYjczMC1lY2FhLTExZTYtOGY4OC0zNDM2M2JjN2M0YzAiOnsiZGVsZXRlIjozMDAwMDAwMDAwMDB9fQ=="
        }
      ]
    },
    {
      "module": "module.ns_monitoring",
      "mode": "managed",
      "type": "kubernetes_namespace_v1",
      "name": "ns",
      "provider": "provider[\"registry.terraform.io/hashicorp/kubernetes\"]",
      "instances": [
        {
          "schema_version": 0,
          "attributes": {
            "id": "monitoring",
            "metadata": [
              {
                "annotations": {},
                "generate_name": "",
                "generation": 0,
                "labels": {},
                "name": "monitoring",
                "resource_version": "26475",
                "uid": "dce1a835-105c-4620-b1fc-5cd417c6fb72"
              }
            ],
            "timeouts": null,
            "wait_for_default_service_account": false
          },
          "sensitive_attributes": [],
          "identity_schema_version": 1,
          "identity": {
            "api_version": "v1",
            "kind": "Namespace",
            "name": "monitoring"
          },
          "private": "eyJlMmJmYjczMC1lY2FhLTExZTYtOGY4OC0zNDM2M2JjN2M0YzAiOnsiZGVsZXRlIjozMDAwMDAwMDAwMDB9fQ=="
        }
      ]
    },
    {
      "module": "module.ns_observability",
      "mode": "managed",
      "type": "kubernetes_namespace_v1",
      "name": "ns",
      "provider": "provider[\"registry.terraform.io/hashicorp/kubernetes\"]",
      "instances": [
        {
          "schema_version": 0,
          "attributes": {
            "id": "observability",
            "metadata": [
              {
                "annotations": {},
                "generate_name": "",
                "generation": 0,
                "labels": {},
                "name": "observability",
                "resource_version": "26476",
                "uid": "048abde4-237b-48d6-9c0e-6240a92d247c"
              }
            ],
            "timeouts": null,
            "wait_for_default_service_account": false
          },
          "sensitive_attributes": [],
          "identity_schema_version": 1,
          "identity": {
            "api_version": "v1",
            "kind": "Namespace",
            "name": "observability"
          },
          "private": "eyJlMmJmYjczMC1lY2FhLTExZTYtOGY4OC0zNDM2M2JjN2M0YzAiOnsiZGVsZXRlIjozMDAwMDAwMDAwMDB9fQ=="
        }
      ]
    },
    {
      "module": "module.opentelemetry",
      "mode": "managed",
      "type": "helm_release",
      "name": "otel_collector",
      "provider": "provider[\"registry.terraform.io/hashicorp/helm\"]",
      "instances": [
        {
          "schema_version": 2,
          "attributes": {
            "atomic": false,
            "chart": "opentelemetry-collector",
            "cleanup_on_fail": true,
            "create_namespace": false,
            "dependency_update": false,
            "description": null,
            "devel": null,
            "disable_crd_hooks": false,
            "disable_openapi_validation": false,
            "disable_webhooks": false,
            "force_update": true,
            "id": "otel-collector",
            "keyring": null,
            "lint": false,
            "manifest": null,
            "max_history": 0,
            "metadata": {
              "app_version": "0.144.0",
              "chart": "opentelemetry-collector",
              "first_deployed": 1770640331,
              "last_deployed": 1770640331,
              "name": "otel-collector",
              "namespace": "monitoring",
              "notes": "\n\n\n[WARNING] config.service.telemetry.metrics.address should not be used and will be removed in the future. Use internalTelemetryViaOTLP or config.service.telemetry.metrics.readers  instead\"\n\n",
              "revision": 1,
              "values": "{\"command\":{\"name\":\"otelcol-contrib\"},\"config\":{\"exporters\":{\"debug\":{\"verbosity\":\"normal\"},\"otlp\":{\"endpoint\":\"jaeger.monitoring.svc.cluster.local:4317\",\"tls\":{\"insecure\":true}}},\"extensions\":{\"health_check\":{\"endpoint\":\"0.0.0.0:13133\"}},\"processors\":{\"batch\":{}},\"receivers\":{\"otlp\":{\"protocols\":{\"grpc\":{},\"http\":{}}}},\"service\":{\"extensions\":[\"health_check\"],\"pipelines\":{\"traces\":{\"exporters\":[\"otlp\",\"debug\"],\"processors\":[\"batch\"],\"receivers\":[\"otlp\"]}},\"telemetry\":{\"metrics\":{\"address\":\"0.0.0.0:8888\"}}}},\"image\":{\"repository\":\"otel/opentelemetry-collector-contrib\"},\"mode\":\"deployment\",\"resources\":{\"limits\":{\"cpu\":\"500m\",\"memory\":\"512Mi\"},\"requests\":{\"cpu\":\"100m\",\"memory\":\"256Mi\"}}}",
              "version": "0.144.0"
            },
            "name": "otel-collector",
            "namespace": "monitoring",
            "pass_credentials": false,
            "postrender": null,
            "recreate_pods": false,
            "render_subchart_notes": true,
            "replace": true,
            "repository": "https://open-telemetry.github.io/opentelemetry-helm-charts",
            "repository_ca_file": null,
            "repository_cert_file": null,
            "repository_key_file": null,
            "repository_password": null,
            "repository_username": null,
            "reset_values": false,
            "resources": null,
            "reuse_values": false,
            "set": null,
            "set_list": null,
            "set_sensitive": null,
            "set_wo": null,
            "set_wo_revision": null,
            "skip_crds": false,
            "status": "deployed",
            "take_ownership": false,
            "timeout": 900,
            "timeouts": null,
            "upgrade_install": false,
            "values": [
              "image:\n  repository: \"otel/opentelemetry-collector-contrib\"\n\ncommand:\n  name: \"otelcol-contrib\"\n\nmode: deployment\n\nresources:\n  requests: { cpu: 100m, memory: 256Mi }\n  limits:   { cpu: 500m, memory: 512Mi }\n\nconfig:\n  receivers:\n    otlp:\n      protocols:\n        grpc: {}\n        http: {}\n\n  processors:\n    batch: {}\n\n  exporters:\n    debug:\n      verbosity: normal\n\n    otlp:\n      endpoint: \"jaeger.monitoring.svc.cluster.local:4317\"\n      tls:\n        insecure: true\n\n  extensions:\n    health_check:\n      endpoint: \"0.0.0.0:13133\"\n\nconfig:\n  receivers:\n    otlp:\n      protocols:\n        grpc: {}\n        http: {}\n\n  processors:\n    batch: {}\n\n  exporters:\n    debug:\n      verbosity: normal\n\n    otlp:\n      endpoint: \"jaeger.monitoring.svc.cluster.local:4317\"\n      tls:\n        insecure: true\n\n  extensions:\n    health_check:\n      endpoint: \"0.0.0.0:13133\"\n\n  service:\n    telemetry:\n      metrics:\n        address: \"0.0.0.0:8888\"\n\n    extensions: [health_check]\n    pipelines:\n      traces:\n        receivers:  [otlp]\n        processors: [batch]\n        exporters:  [otlp, debug]"
            ],
            "verify": false,
            "version": "0.144.0",
            "wait": true,
            "wait_for_jobs": false
          },
          "sensitive_attributes": [
            [
              {
                "type": "get_attr",
                "value": "repository_password"
              }
            ]
          ],
          "identity_schema_version": 0,
          "identity": {
            "namespace": "monitoring",
            "release_name": "otel-collector"
          },
          "dependencies": [
            "module.jaeger.helm_release.jaeger",
            "module.ns_monitoring.kubernetes_namespace_v1.ns"
          ]
        }
      ]
    },
    {
      "module": "module.strimzi_operator",
      "mode": "managed",
      "type": "helm_release",
      "name": "strimzi",
      "provider": "provider[\"registry.terraform.io/hashicorp/helm\"]",
      "instances": [
        {
          "schema_version": 2,
          "attributes": {
            "atomic": false,
            "chart": "strimzi-kafka-operator",
            "cleanup_on_fail": false,
            "create_namespace": false,
            "dependency_update": false,
            "description": null,
            "devel": null,
            "disable_crd_hooks": false,
            "disable_openapi_validation": false,
            "disable_webhooks": false,
            "force_update": false,
            "id": "strimzi-operator",
            "keyring": null,
            "lint": false,
            "manifest": null,
            "max_history": 0,
            "metadata": {
              "app_version": "0.49.1",
              "chart": "strimzi-kafka-operator",
              "first_deployed": 1770640316,
              "last_deployed": 1770640316,
              "name": "strimzi-operator",
              "namespace": "strimzi",
              "notes": "Thank you for installing strimzi-kafka-operator-0.49.1\n\nTo create a Kafka cluster refer to the following documentation.\n\nhttps://strimzi.io/docs/operators/latest/deploying.html#deploying-cluster-operator-helm-chart-str\n",
              "revision": 1,
              "values": "{\"watchNamespaces\":[\"team4\"]}",
              "version": "0.49.1"
            },
            "name": "strimzi-operator",
            "namespace": "strimzi",
            "pass_credentials": false,
            "postrender": null,
            "recreate_pods": false,
            "render_subchart_notes": true,
            "replace": false,
            "repository": "oci://quay.io/strimzi-helm",
            "repository_ca_file": null,
            "repository_cert_file": null,
            "repository_key_file": null,
            "repository_password": null,
            "repository_username": null,
            "reset_values": false,
            "resources": null,
            "reuse_values": false,
            "set": null,
            "set_list": null,
            "set_sensitive": null,
            "set_wo": null,
            "set_wo_revision": null,
            "skip_crds": false,
            "status": "deployed",
            "take_ownership": false,
            "timeout": 300,
            "timeouts": null,
            "upgrade_install": false,
            "values": [
              "\"watchNamespaces\":\n- \"team4\"\n"
            ],
            "verify": false,
            "version": "0.49.1",
            "wait": true,
            "wait_for_jobs": false
          },
          "sensitive_attributes": [
            [
              {
                "type": "get_attr",
                "value": "repository_password"
              }
            ]
          ],
          "identity_schema_version": 0,
          "identity": {
            "namespace": "strimzi",
            "release_name": "strimzi-operator"
          },
          "dependencies": [
            "kubernetes_namespace_v1.strimzi"
          ]
        }
      ]
    }
  ],
  "check_results": null
}
